{
  "version": 4,
  "terraform_version": "1.12.2",
  "serial": 14,
  "lineage": "d97af7d8-3f7f-de76-c7ad-80f19c1f2446",
  "outputs": {},
  "resources": [
    {
      "mode": "data",
      "type": "nutanix_blueprint_runtime_editables",
      "name": "example",
      "provider": "provider[\"registry.terraform.io/nutanix/nutanix\"]",
      "instances": [
        {
          "schema_version": 0,
          "attributes": {
            "bp_name": "RHEL-Single-VPC",
            "bp_uuid": null,
            "id": "adf245e3-26d2-4100-a27c-9c9175559d3b",
            "runtime_editables": [
              {
                "action_list": [],
                "app_profile": [],
                "credential_list": [
                  {
                    "context": "app_profile.Default.deployment.2a3092de_deployment.substrate.VM1.credential",
                    "description": "",
                    "name": "RHEL",
                    "type": "KEY",
                    "uuid": "dea7dfb8-32c8-4ba2-85da-6ffa2fd7535f",
                    "value": "{\"username\":\"nutanix\",\"secret\":{\"attrs\":{\"is_secret_modified\":false},\"value\":\"\"}}"
                  }
                ],
                "deployment_list": [],
                "package_list": [],
                "restore_config_list": [
                  {
                    "context": "app_profile.Default.restore_config.Restore_ConfigRHEL9_Snapshot",
                    "description": "",
                    "name": "Restore_ConfigRHEL9_Snapshot",
                    "type": "",
                    "uuid": "21e1fd22-cb1e-45c3-93fa-f523a026f0fd",
                    "value": "{\"attrs_list\":[{\"app_protection_rule_reference\":\"\",\"app_protection_policy_reference\":\"\"}]}"
                  }
                ],
                "service_list": [],
                "snapshot_config_list": [],
                "substrate_list": [
                  {
                    "context": "app_profile.Default.deployment.2a3092de_deployment.substrate",
                    "description": "",
                    "name": "VM1",
                    "type": "AHV_VM",
                    "uuid": "8d9ca483-d350-4587-8979-22f2059102af",
                    "value": "{\"spec\":{\"name\":\"vm-@@{calm_time}@@\",\"resources\":{\"nic_list\":{\"0\":{\"subnet_reference\":{\"kind\":\"subnet\",\"name\":\"\",\"uuid\":\"5b938eb3-09cb-4172-aeec-d82e9d8b28ed\"},\"vpc_reference\":{\"kind\":\"vpc\",\"name\":\"\",\"uuid\":\"3eb51d5f-2758-4278-8754-36642f8aeaac\"}}},\"num_vcpus_per_socket\":1,\"memory_size_mib\":2048},\"categories\":\"\"}}"
                  }
                ],
                "task_list": [],
                "variable_list": []
              }
            ]
          },
          "sensitive_attributes": [],
          "identity_schema_version": 0
        }
      ]
    },
    {
      "mode": "managed",
      "type": "local_file",
      "name": "dump_runtime_value",
      "provider": "provider[\"registry.terraform.io/hashicorp/local\"]",
      "instances": [
        {
          "schema_version": 0,
          "attributes": {
            "content": "[{\"action_list\":[],\"app_profile\":[],\"credential_list\":[{\"context\":\"app_profile.Default.deployment.2a3092de_deployment.substrate.VM1.credential\",\"description\":\"\",\"name\":\"RHEL\",\"type\":\"KEY\",\"uuid\":\"dea7dfb8-32c8-4ba2-85da-6ffa2fd7535f\",\"value\":\"{\\\"username\\\":\\\"nutanix\\\",\\\"secret\\\":{\\\"attrs\\\":{\\\"is_secret_modified\\\":false},\\\"value\\\":\\\"\\\"}}\"}],\"deployment_list\":[],\"package_list\":[],\"restore_config_list\":[{\"context\":\"app_profile.Default.restore_config.Restore_ConfigRHEL9_Snapshot\",\"description\":\"\",\"name\":\"Restore_ConfigRHEL9_Snapshot\",\"type\":\"\",\"uuid\":\"21e1fd22-cb1e-45c3-93fa-f523a026f0fd\",\"value\":\"{\\\"attrs_list\\\":[{\\\"app_protection_rule_reference\\\":\\\"\\\",\\\"app_protection_policy_reference\\\":\\\"\\\"}]}\"}],\"service_list\":[],\"snapshot_config_list\":[],\"substrate_list\":[{\"context\":\"app_profile.Default.deployment.2a3092de_deployment.substrate\",\"description\":\"\",\"name\":\"VM1\",\"type\":\"AHV_VM\",\"uuid\":\"8d9ca483-d350-4587-8979-22f2059102af\",\"value\":\"{\\\"spec\\\":{\\\"name\\\":\\\"vm-@@{calm_time}@@\\\",\\\"resources\\\":{\\\"nic_list\\\":{\\\"0\\\":{\\\"subnet_reference\\\":{\\\"kind\\\":\\\"subnet\\\",\\\"name\\\":\\\"\\\",\\\"uuid\\\":\\\"5b938eb3-09cb-4172-aeec-d82e9d8b28ed\\\"},\\\"vpc_reference\\\":{\\\"kind\\\":\\\"vpc\\\",\\\"name\\\":\\\"\\\",\\\"uuid\\\":\\\"3eb51d5f-2758-4278-8754-36642f8aeaac\\\"}}},\\\"num_vcpus_per_socket\\\":1,\\\"memory_size_mib\\\":2048},\\\"categories\\\":\\\"\\\"}}\"}],\"task_list\":[],\"variable_list\":[]}]",
            "content_base64": null,
            "content_base64sha256": "49gbYUf1PLn1xT6uGiHa0ELyDaB+Q7Cb288npIXw4E8=",
            "content_base64sha512": "lRZxHHRXi90jwUgVUDiJA7pUvlZ+upbn4+SOXgOfQzzJN3Y2xZ96JfHlwAI6HUHlOrp6d/urKjFTa9BoaxAnvQ==",
            "content_md5": "422378397f7e075dfbad6b8b19ceb0f3",
            "content_sha1": "2bd099c808f07ce288e97504bb37f9e023057493",
            "content_sha256": "e3d81b6147f53cb9f5c53eae1a21dad042f20da07e43b09bdbcf27a485f0e04f",
            "content_sha512": "9516711c74578bdd23c1481550388903ba54be567eba96e7e3e48e5e039f433cc9377636c59f7a25f1e5c0023a1d41e53aba7a77fbab2a31536bd0686b1027bd",
            "directory_permission": "0777",
            "file_permission": "0777",
            "filename": "runtime_value.json",
            "id": "2bd099c808f07ce288e97504bb37f9e023057493",
            "sensitive_content": null,
            "source": null
          },
          "sensitive_attributes": [
            [
              {
                "type": "get_attr",
                "value": "sensitive_content"
              }
            ]
          ],
          "identity_schema_version": 0,
          "dependencies": [
            "data.nutanix_blueprint_runtime_editables.example"
          ]
        }
      ]
    },
    {
      "mode": "managed",
      "type": "nutanix_self_service_app_provision",
      "name": "test",
      "provider": "provider[\"registry.terraform.io/nutanix/nutanix\"]",
      "instances": []
    }
  ],
  "check_results": null
}
