{
  "version": 4,
  "terraform_version": "1.12.2",
  "serial": 3,
  "lineage": "99bc46ac-2892-f036-8b76-e97ee54eaf19",
  "outputs": {},
  "resources": [
    {
      "mode": "data",
      "type": "nutanix_blueprint_runtime_editables",
      "name": "example",
      "provider": "provider[\"registry.terraform.io/nutanix/nutanix\"]",
      "instances": [
        {
          "schema_version": 0,
          "attributes": {
            "bp_name": "RHEL-Single-VPC",
            "bp_uuid": null,
            "id": "adf245e3-26d2-4100-a27c-9c9175559d3b",
            "runtime_editables": [
              {
                "action_list": [],
                "app_profile": [],
                "credential_list": [
                  {
                    "context": "app_profile.Default.deployment.2a3092de_deployment.substrate.VM1.credential",
                    "description": "",
                    "name": "RHEL",
                    "type": "KEY",
                    "uuid": "dea7dfb8-32c8-4ba2-85da-6ffa2fd7535f",
                    "value": "{\"username\":\"nutanix\",\"secret\":{\"attrs\":{\"is_secret_modified\":false},\"value\":\"\"}}"
                  }
                ],
                "deployment_list": [],
                "package_list": [],
                "restore_config_list": [
                  {
                    "context": "app_profile.Default.restore_config.Restore_ConfigRHEL9_Snapshot",
                    "description": "",
                    "name": "Restore_ConfigRHEL9_Snapshot",
                    "type": "",
                    "uuid": "21e1fd22-cb1e-45c3-93fa-f523a026f0fd",
                    "value": "{\"attrs_list\":[{\"app_protection_rule_reference\":\"\",\"app_protection_policy_reference\":\"\"}]}"
                  }
                ],
                "service_list": [],
                "snapshot_config_list": [],
                "substrate_list": [
                  {
                    "context": "app_profile.Default.deployment.2a3092de_deployment.substrate",
                    "description": "",
                    "name": "VM1",
                    "type": "AHV_VM",
                    "uuid": "8d9ca483-d350-4587-8979-22f2059102af",
                    "value": "{\"spec\":{\"name\":\"vm-@@{calm_time}@@\",\"resources\":{\"nic_list\":{\"0\":{\"subnet_reference\":{\"kind\":\"subnet\",\"name\":\"\",\"uuid\":\"5b938eb3-09cb-4172-aeec-d82e9d8b28ed\"},\"vpc_reference\":{\"kind\":\"vpc\",\"name\":\"\",\"uuid\":\"3eb51d5f-2758-4278-8754-36642f8aeaac\"}}},\"num_vcpus_per_socket\":1,\"memory_size_mib\":2048},\"categories\":\"\"}}"
                  }
                ],
                "task_list": [],
                "variable_list": []
              }
            ]
          },
          "sensitive_attributes": [],
          "identity_schema_version": 0
        }
      ]
    },
    {
      "mode": "managed",
      "type": "local_file",
      "name": "dump_runtime_value",
      "provider": "provider[\"registry.terraform.io/hashicorp/local\"]",
      "instances": [
        {
          "schema_version": 0,
          "attributes": {
            "content": "[{\"action_list\":[],\"app_profile\":[],\"credential_list\":[{\"context\":\"app_profile.Default.deployment.2a3092de_deployment.substrate.VM1.credential\",\"description\":\"\",\"name\":\"RHEL\",\"type\":\"KEY\",\"uuid\":\"dea7dfb8-32c8-4ba2-85da-6ffa2fd7535f\",\"value\":\"{\\\"username\\\":\\\"nutanix\\\",\\\"secret\\\":{\\\"attrs\\\":{\\\"is_secret_modified\\\":false},\\\"value\\\":\\\"\\\"}}\"}],\"deployment_list\":[],\"package_list\":[],\"restore_config_list\":[{\"context\":\"app_profile.Default.restore_config.Restore_ConfigRHEL9_Snapshot\",\"description\":\"\",\"name\":\"Restore_ConfigRHEL9_Snapshot\",\"type\":\"\",\"uuid\":\"21e1fd22-cb1e-45c3-93fa-f523a026f0fd\",\"value\":\"{\\\"attrs_list\\\":[{\\\"app_protection_rule_reference\\\":\\\"\\\",\\\"app_protection_policy_reference\\\":\\\"\\\"}]}\"}],\"service_list\":[],\"snapshot_config_list\":[],\"substrate_list\":[{\"context\":\"app_profile.Default.deployment.2a3092de_deployment.substrate\",\"description\":\"\",\"name\":\"VM1\",\"type\":\"AHV_VM\",\"uuid\":\"8d9ca483-d350-4587-8979-22f2059102af\",\"value\":\"{\\\"spec\\\":{\\\"name\\\":\\\"vm-@@{calm_time}@@\\\",\\\"resources\\\":{\\\"nic_list\\\":{\\\"0\\\":{\\\"subnet_reference\\\":{\\\"kind\\\":\\\"subnet\\\",\\\"name\\\":\\\"\\\",\\\"uuid\\\":\\\"5b938eb3-09cb-4172-aeec-d82e9d8b28ed\\\"},\\\"vpc_reference\\\":{\\\"kind\\\":\\\"vpc\\\",\\\"name\\\":\\\"\\\",\\\"uuid\\\":\\\"3eb51d5f-2758-4278-8754-36642f8aeaac\\\"}}},\\\"num_vcpus_per_socket\\\":1,\\\"memory_size_mib\\\":2048},\\\"categories\\\":\\\"\\\"}}\"}],\"task_list\":[],\"variable_list\":[]}]",
            "content_base64": null,
            "content_base64sha256": "49gbYUf1PLn1xT6uGiHa0ELyDaB+Q7Cb288npIXw4E8=",
            "content_base64sha512": "lRZxHHRXi90jwUgVUDiJA7pUvlZ+upbn4+SOXgOfQzzJN3Y2xZ96JfHlwAI6HUHlOrp6d/urKjFTa9BoaxAnvQ==",
            "content_md5": "422378397f7e075dfbad6b8b19ceb0f3",
            "content_sha1": "2bd099c808f07ce288e97504bb37f9e023057493",
            "content_sha256": "e3d81b6147f53cb9f5c53eae1a21dad042f20da07e43b09bdbcf27a485f0e04f",
            "content_sha512": "9516711c74578bdd23c1481550388903ba54be567eba96e7e3e48e5e039f433cc9377636c59f7a25f1e5c0023a1d41e53aba7a77fbab2a31536bd0686b1027bd",
            "directory_permission": "0777",
            "file_permission": "0777",
            "filename": "runtime_value.json",
            "id": "2bd099c808f07ce288e97504bb37f9e023057493",
            "sensitive_content": null,
            "source": null
          },
          "sensitive_attributes": [
            [
              {
                "type": "get_attr",
                "value": "sensitive_content"
              }
            ]
          ],
          "identity_schema_version": 0,
          "dependencies": [
            "data.nutanix_blueprint_runtime_editables.example"
          ]
        }
      ]
    },
    {
      "mode": "managed",
      "type": "nutanix_self_service_app_provision",
      "name": "test",
      "provider": "provider[\"registry.terraform.io/nutanix/nutanix\"]",
      "instances": [
        {
          "schema_version": 0,
          "attributes": {
            "action": null,
            "actions": [
              {
                "description": "",
                "name": "Snapshot RHEL9 Snapshot",
                "uuid": "4dd7f901-a401-4de6-a685-4f26c5adfbd8"
              },
              {
                "description": "",
                "name": "Restore RHEL9 Snapshot",
                "uuid": "7b8fd653-8b83-454b-86d4-1b41d92ea334"
              },
              {
                "description": "System action for creating an application",
                "name": "create",
                "uuid": "75627dae-17ee-47ad-8697-021c63609ce7"
              },
              {
                "description": "System action for starting an application",
                "name": "start",
                "uuid": "de4f792c-cb09-4336-9f82-5905e6bf10e7"
              },
              {
                "description": "System action for restarting an application",
                "name": "restart",
                "uuid": "1c5b7597-1d2a-47f1-b435-a40f35535822"
              },
              {
                "description": "System action for stopping an application",
                "name": "stop",
                "uuid": "173300d3-6dad-42dc-84a9-c10f953c88b8"
              },
              {
                "description": "System action for deleting an application. Deletes created VMs as well",
                "name": "delete",
                "uuid": "8816c0e2-1e57-4080-999d-069b6068b5f2"
              },
              {
                "description": "System action for deleting an application. Does not delete created VMs",
                "name": "soft delete",
                "uuid": "f3e75145-6799-4f80-b893-cb64c64dd65f"
              },
              {
                "description": "System action for install ngt",
                "name": "install ngt",
                "uuid": "f0247c72-cbe4-455d-b077-1542f700304d"
              },
              {
                "description": "System action for manage ngt",
                "name": "manage ngt",
                "uuid": "9a5290fc-0ebd-49a2-8fb3-6b51b4cb8870"
              },
              {
                "description": "System action for uninstall ngt",
                "name": "uninstall ngt",
                "uuid": "3f093d5b-c708-4bcf-843a-d958c60f8039"
              },
              {
                "description": "System action for snapshot creation",
                "name": "snapshot create",
                "uuid": "d1b5a79c-e258-412c-9d93-1229290fc217"
              },
              {
                "description": "System action for snapshot deletion",
                "name": "snapshot delete",
                "uuid": "9c45c33e-c992-4d99-8c60-f8eebeda25db"
              },
              {
                "description": "System action for restore",
                "name": "restore",
                "uuid": "0e6cf099-1cab-41f2-83a7-75458f02f70d"
              },
              {
                "description": "System action for editing an application",
                "name": "update",
                "uuid": "f5e091e4-09b0-4746-8c7c-22160c03a46b"
              },
              {
                "description": "System action for clone",
                "name": "clone",
                "uuid": "afa76958-371e-48e4-8786-2b749113abe8"
              },
              {
                "description": "Seeded system action for image creation",
                "name": "image create",
                "uuid": "253ab88d-17f3-44e6-896c-3b9ef6ed1bd3"
              }
            ],
            "api_version": "",
            "app_description": "Initiated by Terraform",
            "app_name": "RHEL-Single-VPC",
            "app_summary": [
              {
                "application_profile": "Default",
                "application_uuid": "0080b821-c260-4255-91d0-8eb66a4d9c87",
                "blueprint": "RHEL-Single-VPC",
                "created_on": "1757315778641982",
                "last_updated_on": "1757316753400836",
                "owner": "ssp20admin",
                "project": "BP Design Project"
              }
            ],
            "bp_name": "RHEL-Single-VPC",
            "bp_uuid": null,
            "id": "0080b821-c260-4255-91d0-8eb66a4d9c87",
            "runtime_editables": [
              {
                "action_list": [],
                "app_profile": [],
                "credential_list": [],
                "deployment_list": [],
                "package_list": [],
                "restore_config_list": [],
                "service_list": [],
                "snapshot_config_list": [],
                "substrate_list": [
                  {
                    "context": "",
                    "description": "",
                    "name": "RHELVM",
                    "type": "",
                    "uuid": "",
                    "value": "  {\n   \"spec\": {\n      \"name\": \"w@@{calm_time}@@\",\n      \"resources\": {\n         \"memory_size_mib\": 3072,\n         \"num_sockets\": 2,\n         \"num_vcpus_per_socket\": 1\n      }\n   }\n  }\n"
                  }
                ],
                "task_list": [],
                "variable_list": []
              }
            ],
            "soft_delete": false,
            "spec": "{\"app_profile_reference\":{\"kind\":\"app_profile\",\"name\":\"Default\",\"uuid\":\"2b3afa11-77da-4394-b013-8490a8c2b3ca\"},\"runtime_editables\":{\"credential_list\":[{\"uuid\":\"dea7dfb8-32c8-4ba2-85da-6ffa2fd7535f\",\"context\":\"app_profile.Default.deployment.2a3092de_deployment.substrate.VM1.credential\",\"name\":\"RHEL\",\"type\":\"KEY\",\"value\":{\"username\":\"nutanix\",\"secret\":{\"attrs\":{\"is_secret_modified\":false},\"value\":\"\"}},\"description\":\"\"}],\"substrate_list\":[{\"uuid\":\"8d9ca483-d350-4587-8979-22f2059102af\",\"context\":\"app_profile.Default.deployment.2a3092de_deployment.substrate\",\"name\":\"VM1\",\"type\":\"AHV_VM\",\"value\":{\"spec\":{\"name\":\"vm-@@{calm_time}@@\",\"resources\":{\"nic_list\":{\"0\":{\"subnet_reference\":{\"kind\":\"subnet\",\"name\":\"\",\"uuid\":\"5b938eb3-09cb-4172-aeec-d82e9d8b28ed\"},\"vpc_reference\":{\"kind\":\"vpc\",\"name\":\"\",\"uuid\":\"3eb51d5f-2758-4278-8754-36642f8aeaac\"}}},\"num_vcpus_per_socket\":1,\"memory_size_mib\":2048},\"categories\":\"\"}},\"description\":\"\"}],\"snapshot_config_list\":[{\"uuid\":\"d6701b3b-c7a1-4d72-91dc-eb7749771403\",\"context\":\"app_profile.Default.snapshot_config.Snapshot_ConfigRHEL9_Snapshot\",\"name\":\"Snapshot_ConfigRHEL9_Snapshot\",\"value\":{\"attrs_list\":[{\"app_protection_rule_reference\":\"\",\"app_protection_policy_reference\":\"\"}]}}],\"restore_config_list\":[{\"uuid\":\"21e1fd22-cb1e-45c3-93fa-f523a026f0fd\",\"context\":\"app_profile.Default.restore_config.Restore_ConfigRHEL9_Snapshot\",\"name\":\"Restore_ConfigRHEL9_Snapshot\",\"value\":{\"attrs_list\":[{\"app_protection_rule_reference\":\"\",\"app_protection_policy_reference\":\"\"}]}}]},\"app_name\":\"RHEL-Single-VPC\",\"app_description\":\"Initiated by Terraform\"}",
            "state": "running",
            "status": null,
            "vm": [
              {
                "categories": {
                  "CalmApplication": "RHEL-Single-VPC",
                  "CalmClusterUuid": "50556902-b228-494d-8d88-ecd77853b160",
                  "CalmProject": "BP Design Project",
                  "CalmService": "Service1",
                  "CalmUsername": "ssp20admin",
                  "OSType": "Linux"
                },
                "cluster_info": [
                  {
                    "cluster_name": "PHX-POC155",
                    "cluster_uuid": "000629c0-d38a-d422-05f4-ac1f6b356a7c"
                  }
                ],
                "configuration": [
                  {
                    "cores": 1,
                    "image": "rhel95-calm-template.qcow2",
                    "ip_address": "192.168.1.68",
                    "memory": 2048,
                    "name": "vm-250908-001638",
                    "vcpus": 2,
                    "vm_uuid": "97a2b4a8-341b-4467-a1d8-ebd065eabe44"
                  }
                ],
                "nics": [
                  {
                    "mac_address": "50:6b:8d:30:a1:44",
                    "subnet": "subnet1",
                    "type": "NORMAL_NIC"
                  }
                ]
              }
            ]
          },
          "sensitive_attributes": [],
          "identity_schema_version": 0,
          "private": "bnVsbA=="
        }
      ]
    }
  ],
  "check_results": null
}
