{
  "version": 4,
  "terraform_version": "1.12.2",
  "serial": 8,
  "lineage": "a6268607-2f5e-60a2-325b-7502c1e8aac3",
  "outputs": {},
  "resources": [
    {
      "mode": "data",
      "type": "nutanix_blueprint_runtime_editables",
      "name": "example",
      "provider": "provider[\"registry.terraform.io/nutanix/nutanix\"]",
      "instances": [
        {
          "schema_version": 0,
          "attributes": {
            "bp_name": "RHELSimpleSingleVM",
            "bp_uuid": null,
            "id": "0f4faa9a-89f1-48ae-96e8-b36191dea93e",
            "runtime_editables": [
              {
                "action_list": [],
                "app_profile": [],
                "credential_list": [],
                "deployment_list": [],
                "package_list": [],
                "restore_config_list": [],
                "service_list": [],
                "snapshot_config_list": [],
                "substrate_list": [
                  {
                    "context": "app_profile.Default.deployment.b16f9bb1_deployment.substrate",
                    "description": "",
                    "name": "VM1",
                    "type": "AHV_VM",
                    "uuid": "c171f642-cd7e-49b4-b1a9-01c2b7faeb6f",
                    "value": "{\"readiness_probe\":{},\"spec\":{\"resources\":{\"nic_list\":{\"0\":{\"subnet_reference\":{\"kind\":\"subnet\",\"name\":\"\",\"uuid\":\"a7e37df9-745c-4c05-b8b4-4a7d8ca639ac\"},\"vpc_reference\":null}}}}}"
                  }
                ],
                "task_list": [],
                "variable_list": [
                  {
                    "context": "app_profile.Default.variable",
                    "description": "",
                    "name": "AD",
                    "type": "LOCAL",
                    "uuid": "50e0dfa2-b4e5-4346-a530-f1125062380a",
                    "value": "{\"value\":\"10.55.88.59\"}"
                  },
                  {
                    "context": "app_profile.Default.variable",
                    "description": "",
                    "name": "DOMAIN_NAME",
                    "type": "LOCAL",
                    "uuid": "2dd1d907-e029-49eb-9f3c-26e2753cc1f2",
                    "value": "{\"value\":\"ntnxlab1.local\"}"
                  }
                ]
              }
            ]
          },
          "sensitive_attributes": [],
          "identity_schema_version": 0
        }
      ]
    },
    {
      "mode": "managed",
      "type": "local_file",
      "name": "dump_runtime_value",
      "provider": "provider[\"registry.terraform.io/hashicorp/local\"]",
      "instances": [
        {
          "schema_version": 0,
          "attributes": {
            "content": "[{\"action_list\":[],\"app_profile\":[],\"credential_list\":[],\"deployment_list\":[],\"package_list\":[],\"restore_config_list\":[],\"service_list\":[],\"snapshot_config_list\":[],\"substrate_list\":[{\"context\":\"app_profile.Default.deployment.b16f9bb1_deployment.substrate\",\"description\":\"\",\"name\":\"VM1\",\"type\":\"AHV_VM\",\"uuid\":\"c171f642-cd7e-49b4-b1a9-01c2b7faeb6f\",\"value\":\"{\\\"readiness_probe\\\":{},\\\"spec\\\":{\\\"resources\\\":{\\\"nic_list\\\":{\\\"0\\\":{\\\"subnet_reference\\\":{\\\"kind\\\":\\\"subnet\\\",\\\"name\\\":\\\"\\\",\\\"uuid\\\":\\\"a7e37df9-745c-4c05-b8b4-4a7d8ca639ac\\\"},\\\"vpc_reference\\\":null}}}}}\"}],\"task_list\":[],\"variable_list\":[{\"context\":\"app_profile.Default.variable\",\"description\":\"\",\"name\":\"AD\",\"type\":\"LOCAL\",\"uuid\":\"50e0dfa2-b4e5-4346-a530-f1125062380a\",\"value\":\"{\\\"value\\\":\\\"10.55.88.59\\\"}\"},{\"context\":\"app_profile.Default.variable\",\"description\":\"\",\"name\":\"DOMAIN_NAME\",\"type\":\"LOCAL\",\"uuid\":\"2dd1d907-e029-49eb-9f3c-26e2753cc1f2\",\"value\":\"{\\\"value\\\":\\\"ntnxlab1.local\\\"}\"}]}]",
            "content_base64": null,
            "content_base64sha256": "SVH1mV89jVtryoTYtPN/z5sA7Twubo055fHji+o0pp4=",
            "content_base64sha512": "tqbWcyJvYjKaDVna8s14y4vfhYKFqd/jKV7Xfuu9RX5Ocd439QjIcvoK0bCQHlgq0VU52MG/e1xkR8vFxLrBBQ==",
            "content_md5": "7a7c59026e03efd160b9cacfbad9fdef",
            "content_sha1": "968564d2184bdb96911d7509c8c2466f831a4fd0",
            "content_sha256": "4951f5995f3d8d5b6bca84d8b4f37fcf9b00ed3c2e6e8d39e5f1e38bea34a69e",
            "content_sha512": "b6a6d673226f62329a0d59daf2cd78cb8bdf858285a9dfe3295ed77eebbd457e4e71de37f508c872fa0ad1b0901e582ad15539d8c1bf7b5c6447cbc5c4bac105",
            "directory_permission": "0777",
            "file_permission": "0777",
            "filename": "runtime_value.json",
            "id": "968564d2184bdb96911d7509c8c2466f831a4fd0",
            "sensitive_content": null,
            "source": null
          },
          "sensitive_attributes": [
            [
              {
                "type": "get_attr",
                "value": "sensitive_content"
              }
            ]
          ],
          "identity_schema_version": 0,
          "dependencies": [
            "data.nutanix_blueprint_runtime_editables.example"
          ]
        }
      ]
    },
    {
      "mode": "managed",
      "type": "nutanix_self_service_app_provision",
      "name": "test",
      "provider": "provider[\"registry.terraform.io/nutanix/nutanix\"]",
      "instances": [
        {
          "schema_version": 0,
          "attributes": {
            "action": "stop",
            "actions": [
              {
                "description": "System action for creating an application",
                "name": "create",
                "uuid": "19841978-32db-46aa-832a-95124635c316"
              },
              {
                "description": "System action for starting an application",
                "name": "start",
                "uuid": "54c04bcd-7f26-4dac-a422-6747cdbe04a1"
              },
              {
                "description": "System action for restarting an application",
                "name": "restart",
                "uuid": "16d7238c-d560-4d79-a879-3f2c07f86ab3"
              },
              {
                "description": "System action for stopping an application",
                "name": "stop",
                "uuid": "ecb0986d-52ab-4a4e-b801-1cadf185c4dc"
              },
              {
                "description": "System action for deleting an application. Deletes created VMs as well",
                "name": "delete",
                "uuid": "0bf5760d-3092-4d4a-a456-3dc939c23a78"
              },
              {
                "description": "System action for deleting an application. Does not delete created VMs",
                "name": "soft delete",
                "uuid": "03c3bb23-ac23-4daa-9202-70c1dabb3baf"
              },
              {
                "description": "System action for install ngt",
                "name": "install ngt",
                "uuid": "e1b7ab41-3f8a-4911-ab12-ccefa5b0d263"
              },
              {
                "description": "System action for manage ngt",
                "name": "manage ngt",
                "uuid": "187b8f0a-3cf7-4dfb-a2b4-b622dfb26e83"
              },
              {
                "description": "System action for uninstall ngt",
                "name": "uninstall ngt",
                "uuid": "b340adfd-846d-4ff6-b402-f43e6fce49ed"
              },
              {
                "description": "System action for snapshot creation",
                "name": "snapshot create",
                "uuid": "30e7e960-bee7-4e6c-a766-5743ef70952b"
              },
              {
                "description": "System action for snapshot deletion",
                "name": "snapshot delete",
                "uuid": "0d2f12ca-7624-43fd-8e87-9ee5721e7876"
              },
              {
                "description": "System action for restore",
                "name": "restore",
                "uuid": "9da314ef-cd5c-44d1-9432-bb2db9af82c1"
              },
              {
                "description": "System action for editing an application",
                "name": "update",
                "uuid": "b7bae49b-7559-4e45-a1cd-f065394980cb"
              },
              {
                "description": "System action for clone",
                "name": "clone",
                "uuid": "c0539270-3e97-4eb8-8355-069efc43acc7"
              },
              {
                "description": "",
                "name": "sys action ahv local snapshot create",
                "uuid": "2c493b82-fafd-48ae-8c61-1b8deea7b00a"
              },
              {
                "description": "",
                "name": "sys action ahv local snapshot restore",
                "uuid": "c8d620c2-253d-40cd-8eee-f67752958f32"
              },
              {
                "description": "Seeded system action for image creation",
                "name": "image create",
                "uuid": "b6ca63ad-d430-45f8-a41e-cfa2f27966fb"
              }
            ],
            "api_version": "",
            "app_description": "Initiated by Terraform",
            "app_name": "RHELSimpleSingleVM",
            "app_summary": [
              {
                "application_profile": "Default",
                "application_uuid": "aa80b91f-c099-48c4-a6e9-cb9d14160d32",
                "blueprint": "RHELSimpleSingleVM",
                "created_on": "1753201348773398",
                "last_updated_on": "1753202098125629",
                "owner": "admin",
                "project": "BP Design Project"
              }
            ],
            "bp_name": "RHELSimpleSingleVM",
            "bp_uuid": null,
            "id": "aa80b91f-c099-48c4-a6e9-cb9d14160d32",
            "runtime_editables": [
              {
                "action_list": [],
                "app_profile": [],
                "credential_list": [],
                "deployment_list": [],
                "package_list": [],
                "restore_config_list": [],
                "service_list": [],
                "snapshot_config_list": [],
                "substrate_list": [
                  {
                    "context": "",
                    "description": "",
                    "name": "WindowsVM",
                    "type": "",
                    "uuid": "",
                    "value": "  {\n   \"spec\": {\n      \"name\": \"w@@{calm_time}@@\",\n      \"resources\": {\n         \"memory_size_mib\": 3072,\n         \"num_sockets\": 2,\n         \"num_vcpus_per_socket\": 1\n      }\n   }\n  }\n"
                  }
                ],
                "task_list": [],
                "variable_list": []
              }
            ],
            "soft_delete": false,
            "spec": "{\"app_profile_reference\":{\"kind\":\"app_profile\",\"name\":\"Default\",\"uuid\":\"bf886283-d946-4525-adac-5434fbe013c5\"},\"runtime_editables\":{\"substrate_list\":[{\"uuid\":\"c171f642-cd7e-49b4-b1a9-01c2b7faeb6f\",\"context\":\"app_profile.Default.deployment.b16f9bb1_deployment.substrate\",\"name\":\"VM1\",\"type\":\"AHV_VM\",\"value\":{\"readiness_probe\":{},\"spec\":{\"resources\":{\"nic_list\":{\"0\":{\"subnet_reference\":{\"kind\":\"subnet\",\"name\":\"\",\"uuid\":\"a7e37df9-745c-4c05-b8b4-4a7d8ca639ac\"},\"vpc_reference\":null}}}}},\"description\":\"\"}],\"variable_list\":[{\"uuid\":\"50e0dfa2-b4e5-4346-a530-f1125062380a\",\"context\":\"app_profile.Default.variable\",\"name\":\"AD\",\"type\":\"LOCAL\",\"value\":{\"value\":\"10.55.88.59\"},\"description\":\"\"},{\"uuid\":\"2dd1d907-e029-49eb-9f3c-26e2753cc1f2\",\"context\":\"app_profile.Default.variable\",\"name\":\"DOMAIN_NAME\",\"type\":\"LOCAL\",\"value\":{\"value\":\"ntnxlab1.local\"},\"description\":\"\"}]},\"app_name\":\"RHELSimpleSingleVM\",\"app_description\":\"Initiated by Terraform\"}",
            "state": "stopped",
            "status": null,
            "vm": [
              {
                "categories": {
                  "CalmApplication": "RHELSimpleSingleVM",
                  "CalmClusterUuid": "e44ef49e-bfe5-4df2-9405-605ff0201315",
                  "CalmProject": "BP Design Project",
                  "CalmService": "Service1",
                  "CalmUsername": "admin",
                  "Criticality": "Significant",
                  "OSType": "Linux"
                },
                "cluster_info": [
                  {
                    "cluster_name": "PHX-POC155",
                    "cluster_uuid": "000629c0-d38a-d422-05f4-ac1f6b356a7c"
                  }
                ],
                "configuration": [
                  {
                    "cores": 1,
                    "image": "rhel95-calm-template.qcow2",
                    "ip_address": "10.38.142.202",
                    "memory": 3072,
                    "name": "w250722-092253",
                    "vcpus": 2,
                    "vm_uuid": "a3bed6eb-ba91-4511-ad23-2211d62da6f6"
                  }
                ],
                "nics": [
                  {
                    "mac_address": "50:6b:8d:f7:4b:63",
                    "subnet": "Calm_Secondary_ITC2",
                    "type": "NORMAL_NIC"
                  }
                ]
              }
            ]
          },
          "sensitive_attributes": [],
          "identity_schema_version": 0,
          "private": "bnVsbA=="
        }
      ]
    }
  ],
  "check_results": null
}
