{
  "version": 4,
  "terraform_version": "1.12.2",
  "serial": 15,
  "lineage": "a22104fc-6996-a0a1-cc61-f9834d05c1fa",
  "outputs": {},
  "resources": [
    {
      "mode": "data",
      "type": "nutanix_blueprint_runtime_editables",
      "name": "example",
      "provider": "provider[\"registry.terraform.io/nutanix/nutanix\"]",
      "instances": [
        {
          "schema_version": 0,
          "attributes": {
            "bp_name": "WindowsSingleVMVPC",
            "bp_uuid": null,
            "id": "8d160c01-2166-efc6-8fd4-9556da544953",
            "runtime_editables": [
              {
                "action_list": [],
                "app_profile": [],
                "credential_list": [],
                "deployment_list": [],
                "package_list": [],
                "restore_config_list": [
                  {
                    "context": "app_profile.Default.restore_config.Restore_ConfigVMSnapshot",
                    "description": "",
                    "name": "Restore_ConfigVMSnapshot",
                    "type": "",
                    "uuid": "d6147a41-a80a-7855-2747-a648df15c4c7",
                    "value": "{\"attrs_list\":[{\"app_protection_rule_reference\":\"\",\"app_protection_policy_reference\":\"\"}]}"
                  }
                ],
                "service_list": [],
                "snapshot_config_list": [],
                "substrate_list": [
                  {
                    "context": "app_profile.Default.deployment.deployment_97be73a9.substrate",
                    "description": "",
                    "name": "VM1",
                    "type": "AHV_VM",
                    "uuid": "bafe9d67-fc53-7a90-2e0a-b998c7127af0",
                    "value": "{\"spec\":{\"categories\":\"\",\"resources\":{\"nic_list\":{\"0\":{\"subnet_reference\":{\"kind\":\"subnet\",\"name\":\"\",\"uuid\":\"5b938eb3-09cb-4172-aeec-d82e9d8b28ed\"},\"vpc_reference\":{\"kind\":\"vpc\",\"name\":\"\",\"uuid\":\"3eb51d5f-2758-4278-8754-36642f8aeaac\"}}},\"num_sockets\":2,\"memory_size_mib\":2048},\"cluster_reference\":{\"kind\":\"cluster\",\"name\":\"PHX-POC155\",\"uuid\":\"000629c0-d38a-d422-05f4-ac1f6b356a7c\"},\"name\":\"vm-@@{calm_time}@@\"}}"
                  }
                ],
                "task_list": [],
                "variable_list": []
              }
            ]
          },
          "sensitive_attributes": [],
          "identity_schema_version": 0
        }
      ]
    },
    {
      "mode": "managed",
      "type": "local_file",
      "name": "dump_runtime_value",
      "provider": "provider[\"registry.terraform.io/hashicorp/local\"]",
      "instances": [
        {
          "schema_version": 0,
          "attributes": {
            "content": "[{\"action_list\":[],\"app_profile\":[],\"credential_list\":[],\"deployment_list\":[],\"package_list\":[],\"restore_config_list\":[{\"context\":\"app_profile.Default.restore_config.Restore_ConfigVMSnapshot\",\"description\":\"\",\"name\":\"Restore_ConfigVMSnapshot\",\"type\":\"\",\"uuid\":\"d6147a41-a80a-7855-2747-a648df15c4c7\",\"value\":\"{\\\"attrs_list\\\":[{\\\"app_protection_rule_reference\\\":\\\"\\\",\\\"app_protection_policy_reference\\\":\\\"\\\"}]}\"}],\"service_list\":[],\"snapshot_config_list\":[],\"substrate_list\":[{\"context\":\"app_profile.Default.deployment.deployment_97be73a9.substrate\",\"description\":\"\",\"name\":\"VM1\",\"type\":\"AHV_VM\",\"uuid\":\"bafe9d67-fc53-7a90-2e0a-b998c7127af0\",\"value\":\"{\\\"spec\\\":{\\\"categories\\\":\\\"\\\",\\\"resources\\\":{\\\"nic_list\\\":{\\\"0\\\":{\\\"subnet_reference\\\":{\\\"kind\\\":\\\"subnet\\\",\\\"name\\\":\\\"\\\",\\\"uuid\\\":\\\"5b938eb3-09cb-4172-aeec-d82e9d8b28ed\\\"},\\\"vpc_reference\\\":{\\\"kind\\\":\\\"vpc\\\",\\\"name\\\":\\\"\\\",\\\"uuid\\\":\\\"3eb51d5f-2758-4278-8754-36642f8aeaac\\\"}}},\\\"num_sockets\\\":2,\\\"memory_size_mib\\\":2048},\\\"cluster_reference\\\":{\\\"kind\\\":\\\"cluster\\\",\\\"name\\\":\\\"PHX-POC155\\\",\\\"uuid\\\":\\\"000629c0-d38a-d422-05f4-ac1f6b356a7c\\\"},\\\"name\\\":\\\"vm-@@{calm_time}@@\\\"}}\"}],\"task_list\":[],\"variable_list\":[]}]",
            "content_base64": null,
            "content_base64sha256": "JcIiBkZbV3nPw1vd6KDKM2V+x9yI4/4LJ05BBVZ0Wws=",
            "content_base64sha512": "M7g/Z+4LdOXVWcJwrjfgS06VqUwKp/wb432atI0TokEZuk303n3u1yXoA2fFOgiCtsScmnUENC38I9j9hcazQw==",
            "content_md5": "ea661932c1eb7ccb2204ea24e2ee9d6e",
            "content_sha1": "0d67f6ac585414cff4efc8996c84e9871a07909b",
            "content_sha256": "25c22206465b5779cfc35bdde8a0ca33657ec7dc88e3fe0b274e410556745b0b",
            "content_sha512": "33b83f67ee0b74e5d559c270ae37e04b4e95a94c0aa7fc1be37d9ab48d13a24119ba4df4de7deed725e80367c53a0882b6c49c9a7504342dfc23d8fd85c6b343",
            "directory_permission": "0777",
            "file_permission": "0777",
            "filename": "runtime_value.json",
            "id": "0d67f6ac585414cff4efc8996c84e9871a07909b",
            "sensitive_content": null,
            "source": null
          },
          "sensitive_attributes": [
            [
              {
                "type": "get_attr",
                "value": "sensitive_content"
              }
            ]
          ],
          "identity_schema_version": 0,
          "dependencies": [
            "data.nutanix_blueprint_runtime_editables.example"
          ]
        }
      ]
    },
    {
      "mode": "managed",
      "type": "nutanix_self_service_app_provision",
      "name": "test",
      "provider": "provider[\"registry.terraform.io/nutanix/nutanix\"]",
      "instances": [
        {
          "schema_version": 0,
          "attributes": {
            "action": "",
            "actions": [
              {
                "description": "System action for creating an application",
                "name": "create",
                "uuid": "7887fe9a-65f3-400e-9cb8-4dc951d7e97f"
              },
              {
                "description": "System action for starting an application",
                "name": "start",
                "uuid": "3869d904-ceca-45e8-9e36-4b441c3dfc0c"
              },
              {
                "description": "System action for restarting an application",
                "name": "restart",
                "uuid": "be6d5b66-1918-4955-873c-673f7caea58b"
              },
              {
                "description": "System action for stopping an application",
                "name": "stop",
                "uuid": "6999dcd1-e866-4b00-95e7-8172006009f2"
              },
              {
                "description": "System action for deleting an application. Deletes created VMs as well",
                "name": "delete",
                "uuid": "3d27ce9c-301b-4691-8d1b-435f086bf756"
              },
              {
                "description": "System action for deleting an application. Does not delete created VMs",
                "name": "soft delete",
                "uuid": "f505b541-093b-4ed2-8cbe-66a89a9151d7"
              },
              {
                "description": "System action for install ngt",
                "name": "install ngt",
                "uuid": "7463ec41-f621-4e37-b830-52d8f3c930a0"
              },
              {
                "description": "System action for manage ngt",
                "name": "manage ngt",
                "uuid": "5fbd7f5a-d0d4-4c56-9340-8c3f625da210"
              },
              {
                "description": "System action for uninstall ngt",
                "name": "uninstall ngt",
                "uuid": "b178eb0c-50c1-4acb-9b90-c5a9389a8fcb"
              },
              {
                "description": "System action for snapshot creation",
                "name": "snapshot create",
                "uuid": "6308d622-b569-404f-827c-3af9fd5beca0"
              },
              {
                "description": "System action for snapshot deletion",
                "name": "snapshot delete",
                "uuid": "d09b308a-fa21-45e6-9bc1-edc772f3b47f"
              },
              {
                "description": "System action for restore",
                "name": "restore",
                "uuid": "33e30d93-27f6-4eab-83de-53ac24394d7d"
              },
              {
                "description": "System action for editing an application",
                "name": "update",
                "uuid": "1e42bcf8-506c-4290-b02a-b29932c8b8f3"
              },
              {
                "description": "System action for clone",
                "name": "clone",
                "uuid": "de4b020d-b525-41cb-aa10-727fc3608eae"
              },
              {
                "description": "",
                "name": "Snapshot VMSnapshot",
                "uuid": "5938e103-9115-4d7d-b3d5-ccb3b84d9cac"
              },
              {
                "description": "",
                "name": "Restore VMSnapshot",
                "uuid": "432156c3-9834-4904-98a3-75981b174d7f"
              },
              {
                "description": "Seeded system action for image creation",
                "name": "image create",
                "uuid": "253ab88d-17f3-44e6-896c-3b9ef6ed1bd3"
              }
            ],
            "api_version": "",
            "app_description": "Initiated by Terraform",
            "app_name": "WindowsSingleVMVPC",
            "app_summary": [
              {
                "application_profile": "Default",
                "application_uuid": "34f5fc4b-5b22-461c-9b7b-ebc391066aeb",
                "blueprint": "WindowsSingleVMVPC",
                "created_on": "1754383373323700",
                "last_updated_on": "1754383859621087",
                "owner": "admin",
                "project": "BP Design Project"
              }
            ],
            "bp_name": "WindowsSingleVMVPC",
            "bp_uuid": null,
            "id": "34f5fc4b-5b22-461c-9b7b-ebc391066aeb",
            "runtime_editables": [
              {
                "action_list": [],
                "app_profile": [],
                "credential_list": [],
                "deployment_list": [],
                "package_list": [],
                "restore_config_list": [],
                "service_list": [],
                "snapshot_config_list": [],
                "substrate_list": [
                  {
                    "context": "",
                    "description": "",
                    "name": "WindowsVM",
                    "type": "",
                    "uuid": "",
                    "value": "  {\n   \"spec\": {\n      \"name\": \"w@@{calm_time}@@\",\n      \"resources\": {\n         \"memory_size_mib\": 3072,\n         \"num_sockets\": 2,\n         \"num_vcpus_per_socket\": 1\n      }\n   }\n  }\n"
                  }
                ],
                "task_list": [],
                "variable_list": []
              }
            ],
            "soft_delete": false,
            "spec": "{\"app_profile_reference\":{\"kind\":\"app_profile\",\"name\":\"Default\",\"uuid\":\"682c457a-7905-8924-c5de-be48069420f5\"},\"runtime_editables\":{\"substrate_list\":[{\"uuid\":\"bafe9d67-fc53-7a90-2e0a-b998c7127af0\",\"context\":\"app_profile.Default.deployment.deployment_97be73a9.substrate\",\"name\":\"VM1\",\"type\":\"AHV_VM\",\"value\":{\"spec\":{\"categories\":\"\",\"resources\":{\"nic_list\":{\"0\":{\"subnet_reference\":{\"kind\":\"subnet\",\"name\":\"\",\"uuid\":\"5b938eb3-09cb-4172-aeec-d82e9d8b28ed\"},\"vpc_reference\":{\"kind\":\"vpc\",\"name\":\"\",\"uuid\":\"3eb51d5f-2758-4278-8754-36642f8aeaac\"}}},\"num_sockets\":2,\"memory_size_mib\":2048},\"cluster_reference\":{\"kind\":\"cluster\",\"name\":\"PHX-POC155\",\"uuid\":\"000629c0-d38a-d422-05f4-ac1f6b356a7c\"},\"name\":\"vm-@@{calm_time}@@\"}},\"description\":\"\"}],\"snapshot_config_list\":[{\"uuid\":\"a08e28ad-0965-1402-7195-84d57dfe9c28\",\"context\":\"app_profile.Default.snapshot_config.Snapshot_ConfigVMSnapshot\",\"name\":\"Snapshot_ConfigVMSnapshot\",\"value\":{\"attrs_list\":[{\"app_protection_rule_reference\":\"\",\"app_protection_policy_reference\":\"\"}]}}],\"restore_config_list\":[{\"uuid\":\"d6147a41-a80a-7855-2747-a648df15c4c7\",\"context\":\"app_profile.Default.restore_config.Restore_ConfigVMSnapshot\",\"name\":\"Restore_ConfigVMSnapshot\",\"value\":{\"attrs_list\":[{\"app_protection_rule_reference\":\"\",\"app_protection_policy_reference\":\"\"}]}}]},\"app_name\":\"WindowsSingleVMVPC\",\"app_description\":\"Initiated by Terraform\"}",
            "state": "deleting",
            "status": null,
            "vm": [
              {
                "categories": {
                  "CalmApplication": "WindowsSingleVMVPC",
                  "CalmClusterUuid": "50556902-b228-494d-8d88-ecd77853b160",
                  "CalmProject": "BP Design Project",
                  "CalmService": "Service1",
                  "CalmUsername": "admin",
                  "Criticality": "Significant",
                  "OSType": "Linux"
                },
                "cluster_info": [
                  {
                    "cluster_name": "PHX-POC155",
                    "cluster_uuid": "000629c0-d38a-d422-05f4-ac1f6b356a7c"
                  }
                ],
                "configuration": [
                  {
                    "cores": 1,
                    "image": "windows-2022-calm-template.qcow2",
                    "ip_address": "192.168.1.19",
                    "memory": 3072,
                    "name": "vm-250805-014309",
                    "vcpus": 2,
                    "vm_uuid": "c0fbc830-caa6-4ed8-94c1-5c44bda2fb63"
                  }
                ],
                "nics": [
                  {
                    "mac_address": "50:6b:8d:78:52:e3",
                    "subnet": "subnet1",
                    "type": "NORMAL_NIC"
                  }
                ]
              }
            ]
          },
          "sensitive_attributes": [],
          "identity_schema_version": 0,
          "private": "bnVsbA=="
        }
      ]
    }
  ],
  "check_results": null
}
