{
  "version": 4,
  "terraform_version": "1.12.2",
  "serial": 19,
  "lineage": "36d55093-2e33-d41a-622c-c5be0ffd1567",
  "outputs": {},
  "resources": [
    {
      "mode": "data",
      "type": "nutanix_blueprint_runtime_editables",
      "name": "example",
      "provider": "provider[\"registry.terraform.io/nutanix/nutanix\"]",
      "instances": [
        {
          "schema_version": 0,
          "attributes": {
            "bp_name": "WindowsSingleVM",
            "bp_uuid": null,
            "id": "4194d0ed-9cb1-87f8-9513-5f048753171b",
            "runtime_editables": [
              {
                "action_list": [],
                "app_profile": [],
                "credential_list": [],
                "deployment_list": [],
                "package_list": [],
                "restore_config_list": [
                  {
                    "context": "app_profile.Default.restore_config.Restore_Configwindowssnapshot",
                    "description": "",
                    "name": "Restore_Configwindowssnapshot",
                    "type": "",
                    "uuid": "de09cac3-6728-b28a-f70d-b6376a952e3a",
                    "value": "{\"attrs_list\":[{\"app_protection_rule_reference\":\"\",\"app_protection_policy_reference\":\"\"}]}"
                  }
                ],
                "service_list": [],
                "snapshot_config_list": [],
                "substrate_list": [
                  {
                    "context": "app_profile.Default.deployment.deployment_98829252.substrate",
                    "description": "",
                    "name": "WindowsVM",
                    "type": "AHV_VM",
                    "uuid": "e4e2b0af-bdf1-e169-a4b6-f4dbd403fdb3",
                    "value": "{\"spec\":{\"categories\":\"{\\\"Owner\\\":\\\"Matthew\\\"}\",\"resources\":{\"disk_list\":{\"0\":{\"data_source_reference\":{\"kind\":\"image\",\"name\":\"windows-2022-calm-template.qcow2\",\"uuid\":\"fd88c985-4fe9-47a6-adf5-e2729c12e5e8\"},\"disk_size_mib\":204800}},\"num_sockets\":2,\"num_vcpus_per_socket\":1,\"memory_size_mib\":4096,\"boot_config\":{\"boot_device\":{\"disk_address\":{\"device_index\":0,\"adapter_type\":\"SCSI\"}}},\"nic_list\":{\"0\":{\"subnet_reference\":{\"kind\":\"subnet\",\"name\":\"\",\"uuid\":\"c440277c-4e77-46dc-a2df-a2af323bd332\"},\"vpc_reference\":null}}},\"name\":\"w@@{calm_time}@@\"}}"
                  }
                ],
                "task_list": [],
                "variable_list": []
              }
            ]
          },
          "sensitive_attributes": [],
          "identity_schema_version": 0
        }
      ]
    },
    {
      "mode": "managed",
      "type": "local_file",
      "name": "dump_runtime_value",
      "provider": "provider[\"registry.terraform.io/hashicorp/local\"]",
      "instances": [
        {
          "schema_version": 0,
          "attributes": {
            "content": "[{\"action_list\":[],\"app_profile\":[],\"credential_list\":[],\"deployment_list\":[],\"package_list\":[],\"restore_config_list\":[{\"context\":\"app_profile.Default.restore_config.Restore_Configwindowssnapshot\",\"description\":\"\",\"name\":\"Restore_Configwindowssnapshot\",\"type\":\"\",\"uuid\":\"de09cac3-6728-b28a-f70d-b6376a952e3a\",\"value\":\"{\\\"attrs_list\\\":[{\\\"app_protection_rule_reference\\\":\\\"\\\",\\\"app_protection_policy_reference\\\":\\\"\\\"}]}\"}],\"service_list\":[],\"snapshot_config_list\":[],\"substrate_list\":[{\"context\":\"app_profile.Default.deployment.deployment_98829252.substrate\",\"description\":\"\",\"name\":\"WindowsVM\",\"type\":\"AHV_VM\",\"uuid\":\"e4e2b0af-bdf1-e169-a4b6-f4dbd403fdb3\",\"value\":\"{\\\"spec\\\":{\\\"categories\\\":\\\"{\\\\\\\"Owner\\\\\\\":\\\\\\\"Matthew\\\\\\\"}\\\",\\\"resources\\\":{\\\"disk_list\\\":{\\\"0\\\":{\\\"data_source_reference\\\":{\\\"kind\\\":\\\"image\\\",\\\"name\\\":\\\"windows-2022-calm-template.qcow2\\\",\\\"uuid\\\":\\\"fd88c985-4fe9-47a6-adf5-e2729c12e5e8\\\"},\\\"disk_size_mib\\\":204800}},\\\"num_sockets\\\":2,\\\"num_vcpus_per_socket\\\":1,\\\"memory_size_mib\\\":4096,\\\"boot_config\\\":{\\\"boot_device\\\":{\\\"disk_address\\\":{\\\"device_index\\\":0,\\\"adapter_type\\\":\\\"SCSI\\\"}}},\\\"nic_list\\\":{\\\"0\\\":{\\\"subnet_reference\\\":{\\\"kind\\\":\\\"subnet\\\",\\\"name\\\":\\\"\\\",\\\"uuid\\\":\\\"c440277c-4e77-46dc-a2df-a2af323bd332\\\"},\\\"vpc_reference\\\":null}}},\\\"name\\\":\\\"w@@{calm_time}@@\\\"}}\"}],\"task_list\":[],\"variable_list\":[]}]",
            "content_base64": null,
            "content_base64sha256": "UQZqwi0tQM8fttEXGcIzz4noAaAXWmtHaWKc5vbAgXE=",
            "content_base64sha512": "5AGxx5wVP/klxJgPRg9qq3JwMzW//WvCgovsnZ9hLCOmzlxzKTpzl1YvipeS+E8eurSMkQ1CEUVL1FmJ52sPMw==",
            "content_md5": "3c66e101b97ecc94d5fbe3b898c8ffc3",
            "content_sha1": "b5761e5855aad09a3bb4301d88418ab28a12e414",
            "content_sha256": "51066ac22d2d40cf1fb6d11719c233cf89e801a0175a6b4769629ce6f6c08171",
            "content_sha512": "e401b1c79c153ff925c4980f460f6aab72703335bffd6bc2828bec9d9f612c23a6ce5c73293a7397562f8a9792f84f1ebab48c910d4211454bd45989e76b0f33",
            "directory_permission": "0777",
            "file_permission": "0777",
            "filename": "runtime_value.json",
            "id": "b5761e5855aad09a3bb4301d88418ab28a12e414",
            "sensitive_content": null,
            "source": null
          },
          "sensitive_attributes": [
            [
              {
                "type": "get_attr",
                "value": "sensitive_content"
              }
            ]
          ],
          "identity_schema_version": 0,
          "dependencies": [
            "data.nutanix_blueprint_runtime_editables.example"
          ]
        }
      ]
    },
    {
      "mode": "managed",
      "type": "nutanix_self_service_app_provision",
      "name": "test",
      "provider": "provider[\"registry.terraform.io/nutanix/nutanix\"]",
      "instances": [
        {
          "schema_version": 0,
          "attributes": {
            "action": "",
            "actions": [
              {
                "description": "System action for creating an application",
                "name": "create",
                "uuid": "e0bc082f-0edb-4874-b8f1-9640f6a32c98"
              },
              {
                "description": "System action for starting an application",
                "name": "start",
                "uuid": "a54ba354-f4a5-4316-b735-6686af9dc416"
              },
              {
                "description": "System action for restarting an application",
                "name": "restart",
                "uuid": "e06e0b07-64d5-4b04-93e0-daa37c923e4d"
              },
              {
                "description": "System action for stopping an application",
                "name": "stop",
                "uuid": "7f0c4459-7585-400d-872e-1d5be79000be"
              },
              {
                "description": "System action for deleting an application. Deletes created VMs as well",
                "name": "delete",
                "uuid": "081dbfb4-2148-4ae9-9737-5356a207622e"
              },
              {
                "description": "System action for deleting an application. Does not delete created VMs",
                "name": "soft delete",
                "uuid": "5a4fb62f-2f8b-4684-86bc-c19395c5f981"
              },
              {
                "description": "System action for install ngt",
                "name": "install ngt",
                "uuid": "4868e86f-5c8a-4fb5-a328-230509532740"
              },
              {
                "description": "System action for manage ngt",
                "name": "manage ngt",
                "uuid": "3942bba8-4eb0-49f3-a3cc-707d4d2511ea"
              },
              {
                "description": "System action for uninstall ngt",
                "name": "uninstall ngt",
                "uuid": "486b7a04-b0e2-4716-bf03-98ca5ac240c7"
              },
              {
                "description": "System action for snapshot creation",
                "name": "snapshot create",
                "uuid": "878c1c88-bc22-4363-9ea0-b724fa65bd0f"
              },
              {
                "description": "System action for snapshot deletion",
                "name": "snapshot delete",
                "uuid": "9f2ed534-5a36-47b2-bf2c-d314ccf391cc"
              },
              {
                "description": "System action for restore",
                "name": "restore",
                "uuid": "48442538-6358-4c73-a780-f2beabc26916"
              },
              {
                "description": "System action for editing an application",
                "name": "update",
                "uuid": "b37f8a88-1d4b-4216-a04f-5c92db827219"
              },
              {
                "description": "System action for clone",
                "name": "clone",
                "uuid": "f64a0338-144c-4a50-99fa-7e7586cbff5b"
              },
              {
                "description": "",
                "name": "Snapshot windowssnapshot",
                "uuid": "38ff426c-ace9-4138-ac84-759669f87b82"
              },
              {
                "description": "",
                "name": "Restore windowssnapshot",
                "uuid": "c8b85289-f51b-4a63-8111-fdda1ed6ab02"
              },
              {
                "description": "Seeded system action for image creation",
                "name": "image create",
                "uuid": "253ab88d-17f3-44e6-896c-3b9ef6ed1bd3"
              }
            ],
            "api_version": "",
            "app_description": "Initiated by Terraform",
            "app_name": "WindowsSingleVM",
            "app_summary": [
              {
                "application_profile": "Default",
                "application_uuid": "1d46985b-7899-4bd6-817c-8706389aaaef",
                "blueprint": "WindowsSingleVM",
                "created_on": "1753113639332393",
                "last_updated_on": "1753114161527016",
                "owner": "admin",
                "project": "BP Design Project"
              }
            ],
            "bp_name": "WindowsSingleVM",
            "bp_uuid": null,
            "id": "1d46985b-7899-4bd6-817c-8706389aaaef",
            "runtime_editables": [
              {
                "action_list": [],
                "app_profile": [],
                "credential_list": [],
                "deployment_list": [],
                "package_list": [],
                "restore_config_list": [],
                "service_list": [],
                "snapshot_config_list": [],
                "substrate_list": [
                  {
                    "context": "",
                    "description": "",
                    "name": "WindowsVM",
                    "type": "",
                    "uuid": "",
                    "value": "  {\n   \"spec\": {\n      \"name\": \"w@@{calm_time}@@\",\n      \"resources\": {\n         \"memory_size_mib\": 5128,\n         \"num_sockets\": 2,\n         \"num_vcpus_per_socket\": 1\n      }\n   }\n  }\n"
                  }
                ],
                "task_list": [],
                "variable_list": []
              }
            ],
            "soft_delete": false,
            "spec": "{\"app_profile_reference\":{\"kind\":\"app_profile\",\"name\":\"Default\",\"uuid\":\"204d7bcb-f217-f6b0-52af-7ba052e9980f\"},\"runtime_editables\":{},\"app_name\":\"WindowsSingleVM\",\"app_description\":\"Initiated by Terraform\"}",
            "state": "stopped",
            "status": null,
            "vm": [
              {
                "categories": {
                  "AppType": "Default",
                  "CalmApplication": "WindowsSingleVM",
                  "CalmClusterUuid": "50556902-b228-494d-8d88-ecd77853b160",
                  "CalmProject": "BP Design Project",
                  "CalmService": "Service1",
                  "CalmUsername": "admin",
                  "OSType": "Windows",
                  "Owner": "Matthew"
                },
                "cluster_info": [
                  {
                    "cluster_name": "DM3-POC088",
                    "cluster_uuid": "00063914-aba5-ad95-7dae-ac1f6b3fdedc"
                  }
                ],
                "configuration": [
                  {
                    "cores": 1,
                    "image": "windows-2022-calm-template.qcow2",
                    "ip_address": "10.55.88.49",
                    "memory": 4096,
                    "name": "w250721-090054",
                    "vcpus": 2,
                    "vm_uuid": "8c7e9f7e-2afe-49e5-98ac-e33da97e2a0e"
                  }
                ],
                "nics": [
                  {
                    "mac_address": "50:6b:8d:86:51:9b",
                    "subnet": "Primary",
                    "type": "NORMAL_NIC"
                  }
                ]
              }
            ]
          },
          "sensitive_attributes": [],
          "identity_schema_version": 0,
          "private": "bnVsbA=="
        }
      ]
    }
  ],
  "check_results": null
}
