{
  "version": 4,
  "terraform_version": "1.12.2",
  "serial": 3,
  "lineage": "85eb6c63-70bc-ba1c-2b7f-9254b12aa9a4",
  "outputs": {},
  "resources": [
    {
      "mode": "data",
      "type": "nutanix_blueprint_runtime_editables",
      "name": "example",
      "provider": "provider[\"registry.terraform.io/nutanix/nutanix\"]",
      "instances": [
        {
          "schema_version": 0,
          "attributes": {
            "bp_name": "WindowsSingleVM",
            "bp_uuid": null,
            "id": "4194d0ed-9cb1-87f8-9513-5f048753171b",
            "runtime_editables": [
              {
                "action_list": [],
                "app_profile": [],
                "credential_list": [],
                "deployment_list": [],
                "package_list": [],
                "restore_config_list": [
                  {
                    "context": "app_profile.Default.restore_config.Restore_Configwindowssnapshot",
                    "description": "",
                    "name": "Restore_Configwindowssnapshot",
                    "type": "",
                    "uuid": "de09cac3-6728-b28a-f70d-b6376a952e3a",
                    "value": "{\"attrs_list\":[{\"app_protection_rule_reference\":\"47b02520-a190-dcb6-dd2d-6f880dc59e46\",\"app_protection_policy_reference\":\"1e141d90-e311-cd39-389e-5987efd022cc\"}]}"
                  }
                ],
                "service_list": [],
                "snapshot_config_list": [],
                "substrate_list": [
                  {
                    "context": "app_profile.Default.deployment.deployment_98829252.substrate",
                    "description": "",
                    "name": "WindowsVM",
                    "type": "AHV_VM",
                    "uuid": "e4e2b0af-bdf1-e169-a4b6-f4dbd403fdb3",
                    "value": "{\"spec\":{\"categories\":\"{\\\"Owner\\\":\\\"Matthew\\\"}\",\"resources\":{\"disk_list\":{\"0\":{\"data_source_reference\":{\"kind\":\"image\",\"name\":\"windows-2022-calm-template.qcow2\",\"uuid\":\"fd88c985-4fe9-47a6-adf5-e2729c12e5e8\"},\"disk_size_mib\":204800}},\"num_sockets\":2,\"num_vcpus_per_socket\":1,\"memory_size_mib\":4096,\"boot_config\":{\"boot_device\":{\"disk_address\":{\"device_index\":0,\"adapter_type\":\"SCSI\"}}},\"nic_list\":{\"0\":{\"subnet_reference\":{\"kind\":\"subnet\",\"name\":\"\",\"uuid\":\"476630ed-d5ff-4e59-b072-3b346f642fa2\"},\"vpc_reference\":null}}},\"name\":\"w@@{calm_time}@@\"}}"
                  }
                ],
                "task_list": [],
                "variable_list": []
              }
            ]
          },
          "sensitive_attributes": [],
          "identity_schema_version": 0
        }
      ]
    },
    {
      "mode": "managed",
      "type": "local_file",
      "name": "dump_runtime_value",
      "provider": "provider[\"registry.terraform.io/hashicorp/local\"]",
      "instances": [
        {
          "schema_version": 0,
          "attributes": {
            "content": "[{\"action_list\":[],\"app_profile\":[],\"credential_list\":[],\"deployment_list\":[],\"package_list\":[],\"restore_config_list\":[{\"context\":\"app_profile.Default.restore_config.Restore_Configwindowssnapshot\",\"description\":\"\",\"name\":\"Restore_Configwindowssnapshot\",\"type\":\"\",\"uuid\":\"de09cac3-6728-b28a-f70d-b6376a952e3a\",\"value\":\"{\\\"attrs_list\\\":[{\\\"app_protection_rule_reference\\\":\\\"47b02520-a190-dcb6-dd2d-6f880dc59e46\\\",\\\"app_protection_policy_reference\\\":\\\"1e141d90-e311-cd39-389e-5987efd022cc\\\"}]}\"}],\"service_list\":[],\"snapshot_config_list\":[],\"substrate_list\":[{\"context\":\"app_profile.Default.deployment.deployment_98829252.substrate\",\"description\":\"\",\"name\":\"WindowsVM\",\"type\":\"AHV_VM\",\"uuid\":\"e4e2b0af-bdf1-e169-a4b6-f4dbd403fdb3\",\"value\":\"{\\\"spec\\\":{\\\"categories\\\":\\\"{\\\\\\\"Owner\\\\\\\":\\\\\\\"Matthew\\\\\\\"}\\\",\\\"resources\\\":{\\\"disk_list\\\":{\\\"0\\\":{\\\"data_source_reference\\\":{\\\"kind\\\":\\\"image\\\",\\\"name\\\":\\\"windows-2022-calm-template.qcow2\\\",\\\"uuid\\\":\\\"fd88c985-4fe9-47a6-adf5-e2729c12e5e8\\\"},\\\"disk_size_mib\\\":204800}},\\\"num_sockets\\\":2,\\\"num_vcpus_per_socket\\\":1,\\\"memory_size_mib\\\":4096,\\\"boot_config\\\":{\\\"boot_device\\\":{\\\"disk_address\\\":{\\\"device_index\\\":0,\\\"adapter_type\\\":\\\"SCSI\\\"}}},\\\"nic_list\\\":{\\\"0\\\":{\\\"subnet_reference\\\":{\\\"kind\\\":\\\"subnet\\\",\\\"name\\\":\\\"\\\",\\\"uuid\\\":\\\"476630ed-d5ff-4e59-b072-3b346f642fa2\\\"},\\\"vpc_reference\\\":null}}},\\\"name\\\":\\\"w@@{calm_time}@@\\\"}}\"}],\"task_list\":[],\"variable_list\":[]}]",
            "content_base64": null,
            "content_base64sha256": "0Jly66UkI4vY6/ObRglyC5Ry3axcw5ku0ru8gEJ1AVQ=",
            "content_base64sha512": "8G+sUq1Lo48yvOZzdKiGIURi/AuZMDOwueetAYG/FOE+u8s3YNmZDh1oU8oF0OwYrwYgxMqBWZyDiK+2zng/zQ==",
            "content_md5": "4564000a3c4f5b46118307b08957408e",
            "content_sha1": "d13b344393585b9aa40b67f7213552928d5bdbcf",
            "content_sha256": "d09972eba524238bd8ebf39b4609720b9472ddac5cc3992ed2bbbc8042750154",
            "content_sha512": "f06fac52ad4ba38f32bce67374a886214462fc0b993033b0b9e7ad0181bf14e13ebbcb3760d9990e1d6853ca05d0ec18af0620c4ca81599c8388afb6ce783fcd",
            "directory_permission": "0777",
            "file_permission": "0777",
            "filename": "runtime_value.json",
            "id": "d13b344393585b9aa40b67f7213552928d5bdbcf",
            "sensitive_content": null,
            "source": null
          },
          "sensitive_attributes": [
            [
              {
                "type": "get_attr",
                "value": "sensitive_content"
              }
            ]
          ],
          "identity_schema_version": 0,
          "dependencies": [
            "data.nutanix_blueprint_runtime_editables.example"
          ]
        }
      ]
    }
  ],
  "check_results": null
}
