{
  "version": 4,
  "terraform_version": "1.12.2",
  "serial": 3,
  "lineage": "a7145750-3f32-fa77-3dcf-579c73477657",
  "outputs": {},
  "resources": [
    {
      "mode": "data",
      "type": "nutanix_blueprint_runtime_editables",
      "name": "example",
      "provider": "provider[\"registry.terraform.io/nutanix/nutanix\"]",
      "instances": [
        {
          "schema_version": 0,
          "attributes": {
            "bp_name": "RHELAD",
            "bp_uuid": null,
            "id": "8514cf7d-7f5c-4308-85ff-5565c96cac58",
            "runtime_editables": [
              {
                "action_list": [],
                "app_profile": [],
                "credential_list": [
                  {
                    "context": "app_profile.Small.deployment.b1a5673a_deployment.substrate.RHEL_VM_Small.credential",
                    "description": "",
                    "name": "RHEL",
                    "type": "KEY",
                    "uuid": "68397d95-73bb-464d-a92b-ba797e6d8a44",
                    "value": "{\"username\":\"nutanix\",\"secret\":{\"attrs\":{\"is_secret_modified\":false},\"value\":\"\"}}"
                  }
                ],
                "deployment_list": [],
                "package_list": [],
                "restore_config_list": [],
                "service_list": [],
                "snapshot_config_list": [],
                "substrate_list": [
                  {
                    "context": "app_profile.Small.deployment.b1a5673a_deployment.substrate",
                    "description": "",
                    "name": "RHEL_VM_Small",
                    "type": "AHV_VM",
                    "uuid": "bc180db5-0cce-465a-9c89-6231e1ae2719",
                    "value": "{\"spec\":{\"name\":\"r@@{calm_time}@@\",\"resources\":{\"memory_size_mib\":2048,\"num_sockets\":2,\"num_vcpus_per_socket\":1}}}"
                  }
                ],
                "task_list": [],
                "variable_list": []
              }
            ]
          },
          "sensitive_attributes": [],
          "identity_schema_version": 0
        }
      ]
    },
    {
      "mode": "managed",
      "type": "local_file",
      "name": "dump_runtime_value",
      "provider": "provider[\"registry.terraform.io/hashicorp/local\"]",
      "instances": [
        {
          "schema_version": 0,
          "attributes": {
            "content": "[{\"action_list\":[],\"app_profile\":[],\"credential_list\":[{\"context\":\"app_profile.Small.deployment.b1a5673a_deployment.substrate.RHEL_VM_Small.credential\",\"description\":\"\",\"name\":\"RHEL\",\"type\":\"KEY\",\"uuid\":\"68397d95-73bb-464d-a92b-ba797e6d8a44\",\"value\":\"{\\\"username\\\":\\\"nutanix\\\",\\\"secret\\\":{\\\"attrs\\\":{\\\"is_secret_modified\\\":false},\\\"value\\\":\\\"\\\"}}\"}],\"deployment_list\":[],\"package_list\":[],\"restore_config_list\":[],\"service_list\":[],\"snapshot_config_list\":[],\"substrate_list\":[{\"context\":\"app_profile.Small.deployment.b1a5673a_deployment.substrate\",\"description\":\"\",\"name\":\"RHEL_VM_Small\",\"type\":\"AHV_VM\",\"uuid\":\"bc180db5-0cce-465a-9c89-6231e1ae2719\",\"value\":\"{\\\"spec\\\":{\\\"name\\\":\\\"r@@{calm_time}@@\\\",\\\"resources\\\":{\\\"memory_size_mib\\\":2048,\\\"num_sockets\\\":2,\\\"num_vcpus_per_socket\\\":1}}}\"}],\"task_list\":[],\"variable_list\":[]}]",
            "content_base64": null,
            "content_base64sha256": "VAEPDhVxSzBOGyYQrSsUNjYhhz0Ps/5kK8x8MTlOOkk=",
            "content_base64sha512": "ZZclyf8PHomx669Z2ycbMP562JwJhxBjfmqylLeUD3m3r/httyeXXUrw85e73QZJDAV++KJEDCvugk+AG/cZlg==",
            "content_md5": "a40a499bf008d693b542635bf35f67c9",
            "content_sha1": "94d499916c8842e03c0f1cde41af4083a9c1f8ee",
            "content_sha256": "54010f0e15714b304e1b2610ad2b14363621873d0fb3fe642bcc7c31394e3a49",
            "content_sha512": "659725c9ff0f1e89b1ebaf59db271b30fe7ad89c098710637e6ab294b7940f79b7aff86db727975d4af0f397bbdd06490c057ef8a2440c2bee824f801bf71996",
            "directory_permission": "0777",
            "file_permission": "0777",
            "filename": "runtime_value.json",
            "id": "94d499916c8842e03c0f1cde41af4083a9c1f8ee",
            "sensitive_content": null,
            "source": null
          },
          "sensitive_attributes": [
            [
              {
                "type": "get_attr",
                "value": "sensitive_content"
              }
            ]
          ],
          "identity_schema_version": 0,
          "dependencies": [
            "data.nutanix_blueprint_runtime_editables.example"
          ]
        }
      ]
    },
    {
      "mode": "managed",
      "type": "nutanix_self_service_app_provision",
      "name": "test",
      "provider": "provider[\"registry.terraform.io/nutanix/nutanix\"]",
      "instances": [
        {
          "schema_version": 0,
          "attributes": {
            "action": null,
            "actions": [
              {
                "description": "System action for creating an application",
                "name": "create",
                "uuid": "7d205f1d-0312-48e6-900c-c652a9eaa726"
              },
              {
                "description": "System action for starting an application",
                "name": "start",
                "uuid": "fadbd2d3-3672-4111-b749-d71dfca0a074"
              },
              {
                "description": "System action for restarting an application",
                "name": "restart",
                "uuid": "9c7947ea-b854-44be-a43d-71ae2ade5495"
              },
              {
                "description": "System action for stopping an application",
                "name": "stop",
                "uuid": "413ad5ce-9b38-4257-88e8-3b131cad0fd3"
              },
              {
                "description": "System action for deleting an application. Deletes created VMs as well",
                "name": "delete",
                "uuid": "17b02478-6acd-41eb-8fcb-d1d5917d285d"
              },
              {
                "description": "System action for deleting an application. Does not delete created VMs",
                "name": "soft delete",
                "uuid": "19d6fdaa-1da2-44fc-b248-62b821c8d4d5"
              },
              {
                "description": "System action for snapshot deletion",
                "name": "snapshot delete",
                "uuid": "d6ee74cc-1d2b-4fdf-a2d6-c317a1c5dbc6"
              },
              {
                "description": "Seeded system action for image creation",
                "name": "image create",
                "uuid": "253ab88d-17f3-44e6-896c-3b9ef6ed1bd3"
              }
            ],
            "api_version": "",
            "app_description": "Initiated by Terraform",
            "app_name": "RHEL102",
            "app_summary": [
              {
                "application_profile": "Large",
                "application_uuid": "d4461773-6855-4fbe-94e1-d1657d8fb6fa",
                "blueprint": "RHELAD",
                "created_on": "1765420410516569",
                "last_updated_on": "1765420476820591",
                "owner": "ncm_svc_user@ntnxlab1.local",
                "project": "BP Design Project"
              }
            ],
            "bp_name": "RHELAD",
            "bp_uuid": null,
            "id": "d4461773-6855-4fbe-94e1-d1657d8fb6fa",
            "runtime_editables": [],
            "soft_delete": false,
            "spec": "{\"app_profile_reference\":{\"kind\":\"app_profile\",\"name\":\"Large\",\"uuid\":\"b4bbfb7e-9d78-4ea3-bf7a-66d43fc4ed38\"},\"runtime_editables\":{},\"app_name\":\"RHEL102\",\"app_description\":\"Initiated by Terraform\"}",
            "state": "running",
            "status": null,
            "vm": [
              {
                "categories": {
                  "AppType": "Default",
                  "CalmApplication": "RHEL102",
                  "CalmClusterUuid": "50556902-b228-494d-8d88-ecd77853b160",
                  "CalmProject": "BP Design Project",
                  "CalmService": "RHEL_Svc",
                  "CalmUsername": "ncm_svc_user_ntnxlab1.local",
                  "OSType": "Linux",
                  "Owner": "Matthew"
                },
                "cluster_info": [
                  {
                    "cluster_name": "DM3-POC088",
                    "cluster_uuid": "00063914-aba5-ad95-7dae-ac1f6b3fdedc"
                  }
                ],
                "configuration": [
                  {
                    "cores": 1,
                    "image": "rhel10-calm-template-2.qcow2",
                    "ip_address": "10.54.58.22",
                    "memory": 8192,
                    "name": "r251210-183350",
                    "vcpus": 8,
                    "vm_uuid": "e3dda51e-f1db-4e56-baba-9d93f8b4b117"
                  }
                ],
                "nics": [
                  {
                    "mac_address": "50:6b:8d:ad:fd:4d",
                    "subnet": "Calm_Primary_OTC",
                    "type": "NORMAL_NIC"
                  }
                ]
              }
            ]
          },
          "sensitive_attributes": [],
          "identity_schema_version": 0,
          "private": "bnVsbA=="
        }
      ]
    }
  ],
  "check_results": null
}
