{
  "version": 4,
  "terraform_version": "1.12.2",
  "serial": 10,
  "lineage": "26a586aa-29ac-f093-6138-ea192998389e",
  "outputs": {},
  "resources": [
    {
      "mode": "data",
      "type": "nutanix_blueprint_runtime_editables",
      "name": "example",
      "provider": "provider[\"registry.terraform.io/nutanix/nutanix\"]",
      "instances": [
        {
          "schema_version": 0,
          "attributes": {
            "bp_name": "RHELAD",
            "bp_uuid": null,
            "id": "8514cf7d-7f5c-4308-85ff-5565c96cac58",
            "runtime_editables": [
              {
                "action_list": [],
                "app_profile": [],
                "credential_list": [],
                "deployment_list": [],
                "package_list": [],
                "restore_config_list": [],
                "service_list": [],
                "snapshot_config_list": [],
                "substrate_list": [
                  {
                    "context": "app_profile.Small.deployment.b1a5673a_deployment.substrate",
                    "description": "",
                    "name": "RHEL_VM_Small",
                    "type": "AHV_VM",
                    "uuid": "bc180db5-0cce-465a-9c89-6231e1ae2719",
                    "value": "{\"spec\":{\"name\":\"r@@{calm_time}@@\",\"resources\":{\"memory_size_mib\":2048,\"num_sockets\":2,\"num_vcpus_per_socket\":1}}}"
                  }
                ],
                "task_list": [],
                "variable_list": []
              }
            ]
          },
          "sensitive_attributes": [],
          "identity_schema_version": 0
        }
      ]
    },
    {
      "mode": "managed",
      "type": "local_file",
      "name": "dump_runtime_value",
      "provider": "provider[\"registry.terraform.io/hashicorp/local\"]",
      "instances": [
        {
          "schema_version": 0,
          "attributes": {
            "content": "[{\"action_list\":[],\"app_profile\":[],\"credential_list\":[],\"deployment_list\":[],\"package_list\":[],\"restore_config_list\":[],\"service_list\":[],\"snapshot_config_list\":[],\"substrate_list\":[{\"context\":\"app_profile.Small.deployment.b1a5673a_deployment.substrate\",\"description\":\"\",\"name\":\"RHEL_VM_Small\",\"type\":\"AHV_VM\",\"uuid\":\"bc180db5-0cce-465a-9c89-6231e1ae2719\",\"value\":\"{\\\"spec\\\":{\\\"name\\\":\\\"r@@{calm_time}@@\\\",\\\"resources\\\":{\\\"memory_size_mib\\\":2048,\\\"num_sockets\\\":2,\\\"num_vcpus_per_socket\\\":1}}}\"}],\"task_list\":[],\"variable_list\":[]}]",
            "content_base64": null,
            "content_base64sha256": "xbdhge5iq8DTrrt1FDP38ix8fgAQyOmf6wMEXwOUJj0=",
            "content_base64sha512": "JfOojujpxUY0/EL/eNi70zOAqKKyHomFCRc8znPltXPifvSShUUcEH0xLP+dYyENOQKr75EiqIaP/aAVL4ZRZA==",
            "content_md5": "a92176f84f98862358c761a6bb08fa69",
            "content_sha1": "7aa46ff2ef28500768f37028160c31f9faef4c8a",
            "content_sha256": "c5b76181ee62abc0d3aebb751433f7f22c7c7e0010c8e99feb03045f0394263d",
            "content_sha512": "25f3a88ee8e9c54634fc42ff78d8bbd33380a8a2b21e898509173cce73e5b573e27ef49285451c107d312cff9d63210d3902abef9122a8868ffda0152f865164",
            "directory_permission": "0777",
            "file_permission": "0777",
            "filename": "runtime_value.json",
            "id": "7aa46ff2ef28500768f37028160c31f9faef4c8a",
            "sensitive_content": null,
            "source": null
          },
          "sensitive_attributes": [
            [
              {
                "type": "get_attr",
                "value": "sensitive_content"
              }
            ]
          ],
          "identity_schema_version": 0,
          "dependencies": [
            "data.nutanix_blueprint_runtime_editables.example"
          ]
        }
      ]
    },
    {
      "mode": "managed",
      "type": "nutanix_self_service_app_provision",
      "name": "test",
      "provider": "provider[\"registry.terraform.io/nutanix/nutanix\"]",
      "instances": [
        {
          "schema_version": 0,
          "attributes": {
            "action": null,
            "actions": [
              {
                "description": "System action for creating an application",
                "name": "create",
                "uuid": "5c2aeec2-5c1f-49cc-827c-3efde98f9507"
              },
              {
                "description": "System action for starting an application",
                "name": "start",
                "uuid": "f9c30107-10a2-4e62-840e-9a78a81eeeb5"
              },
              {
                "description": "System action for restarting an application",
                "name": "restart",
                "uuid": "b743c819-b91e-4366-b340-9f3c3b3b42d8"
              },
              {
                "description": "System action for stopping an application",
                "name": "stop",
                "uuid": "0b3803e9-f6d1-4c7a-bc6b-01c3f8a98950"
              },
              {
                "description": "System action for deleting an application. Deletes created VMs as well",
                "name": "delete",
                "uuid": "b6a20bc0-e974-4e40-8a05-3a8dc3e5ef88"
              },
              {
                "description": "System action for deleting an application. Does not delete created VMs",
                "name": "soft delete",
                "uuid": "bb585a8d-3ff8-4420-bdc2-c0a11f9bc96d"
              },
              {
                "description": "System action for snapshot deletion",
                "name": "snapshot delete",
                "uuid": "93b53154-3594-44ab-85be-84d86fabebe2"
              },
              {
                "description": "Seeded system action for image creation",
                "name": "image create",
                "uuid": "253ab88d-17f3-44e6-896c-3b9ef6ed1bd3"
              }
            ],
            "api_version": "",
            "app_description": "Initiated by Terraform",
            "app_name": "RHEL10",
            "app_summary": [
              {
                "application_profile": "Large",
                "application_uuid": "6a17174f-1817-4062-8f44-5c720907548b",
                "blueprint": "RHELAD",
                "created_on": "1752056268499128",
                "last_updated_on": "1752056326438350",
                "owner": "admin",
                "project": "BP Design Project"
              }
            ],
            "bp_name": "RHELAD",
            "bp_uuid": null,
            "id": "6a17174f-1817-4062-8f44-5c720907548b",
            "runtime_editables": [],
            "soft_delete": false,
            "spec": "{\"app_profile_reference\":{\"kind\":\"app_profile\",\"name\":\"Large\",\"uuid\":\"b4bbfb7e-9d78-4ea3-bf7a-66d43fc4ed38\"},\"runtime_editables\":{},\"app_name\":\"RHEL10\",\"app_description\":\"Initiated by Terraform\"}",
            "state": "running",
            "status": null,
            "vm": [
              {
                "categories": {
                  "AppType": "Default",
                  "CalmApplication": "RHEL10",
                  "CalmClusterUuid": "50556902-b228-494d-8d88-ecd77853b160",
                  "CalmProject": "BP Design Project",
                  "CalmService": "RHEL_Svc",
                  "CalmUsername": "admin",
                  "OSType": "Linux",
                  "Owner": "Matthew"
                },
                "cluster_info": [
                  {
                    "cluster_name": "DM3-POC088",
                    "cluster_uuid": "00063914-aba5-ad95-7dae-ac1f6b3fdedc"
                  }
                ],
                "configuration": [
                  {
                    "cores": 1,
                    "image": "rhel10-calm-template.qcow2",
                    "ip_address": "10.55.88.89",
                    "memory": 8192,
                    "name": "r250709-031803",
                    "vcpus": 8,
                    "vm_uuid": "3c0d353f-2c71-426c-8f33-7991cd72a86d"
                  }
                ],
                "nics": [
                  {
                    "mac_address": "50:6b:8d:f5:bf:1f",
                    "subnet": "Primary",
                    "type": "NORMAL_NIC"
                  }
                ]
              }
            ]
          },
          "sensitive_attributes": [],
          "identity_schema_version": 0,
          "private": "bnVsbA=="
        }
      ]
    }
  ],
  "check_results": null
}
