{
  "version": 4,
  "terraform_version": "1.12.2",
  "serial": 17,
  "lineage": "b1cfb896-6eea-48d6-abfa-183a5c9980e9",
  "outputs": {},
  "resources": [
    {
      "mode": "data",
      "type": "nutanix_blueprint_runtime_editables",
      "name": "example",
      "provider": "provider[\"registry.terraform.io/nutanix/nutanix\"]",
      "instances": [
        {
          "schema_version": 0,
          "attributes": {
            "bp_name": "RHELAD",
            "bp_uuid": null,
            "id": "8514cf7d-7f5c-4308-85ff-5565c96cac58",
            "runtime_editables": [
              {
                "action_list": [],
                "app_profile": [],
                "credential_list": [],
                "deployment_list": [],
                "package_list": [],
                "restore_config_list": [],
                "service_list": [],
                "snapshot_config_list": [],
                "substrate_list": [
                  {
                    "context": "app_profile.Small.deployment.b1a5673a_deployment.substrate",
                    "description": "",
                    "name": "RHEL_VM_Small",
                    "type": "AHV_VM",
                    "uuid": "bc180db5-0cce-465a-9c89-6231e1ae2719",
                    "value": "{\"spec\":{\"name\":\"r@@{calm_time}@@\",\"resources\":{\"memory_size_mib\":2048,\"num_sockets\":2,\"num_vcpus_per_socket\":1}}}"
                  }
                ],
                "task_list": [],
                "variable_list": []
              }
            ]
          },
          "sensitive_attributes": [],
          "identity_schema_version": 0
        }
      ]
    },
    {
      "mode": "managed",
      "type": "local_file",
      "name": "dump_runtime_value",
      "provider": "provider[\"registry.terraform.io/hashicorp/local\"]",
      "instances": [
        {
          "schema_version": 0,
          "attributes": {
            "content": "[{\"action_list\":[],\"app_profile\":[],\"credential_list\":[],\"deployment_list\":[],\"package_list\":[],\"restore_config_list\":[],\"service_list\":[],\"snapshot_config_list\":[],\"substrate_list\":[{\"context\":\"app_profile.Small.deployment.b1a5673a_deployment.substrate\",\"description\":\"\",\"name\":\"RHEL_VM_Small\",\"type\":\"AHV_VM\",\"uuid\":\"bc180db5-0cce-465a-9c89-6231e1ae2719\",\"value\":\"{\\\"spec\\\":{\\\"name\\\":\\\"r@@{calm_time}@@\\\",\\\"resources\\\":{\\\"memory_size_mib\\\":2048,\\\"num_sockets\\\":2,\\\"num_vcpus_per_socket\\\":1}}}\"}],\"task_list\":[],\"variable_list\":[]}]",
            "content_base64": null,
            "content_base64sha256": "xbdhge5iq8DTrrt1FDP38ix8fgAQyOmf6wMEXwOUJj0=",
            "content_base64sha512": "JfOojujpxUY0/EL/eNi70zOAqKKyHomFCRc8znPltXPifvSShUUcEH0xLP+dYyENOQKr75EiqIaP/aAVL4ZRZA==",
            "content_md5": "a92176f84f98862358c761a6bb08fa69",
            "content_sha1": "7aa46ff2ef28500768f37028160c31f9faef4c8a",
            "content_sha256": "c5b76181ee62abc0d3aebb751433f7f22c7c7e0010c8e99feb03045f0394263d",
            "content_sha512": "25f3a88ee8e9c54634fc42ff78d8bbd33380a8a2b21e898509173cce73e5b573e27ef49285451c107d312cff9d63210d3902abef9122a8868ffda0152f865164",
            "directory_permission": "0777",
            "file_permission": "0777",
            "filename": "runtime_value.json",
            "id": "7aa46ff2ef28500768f37028160c31f9faef4c8a",
            "sensitive_content": null,
            "source": null
          },
          "sensitive_attributes": [
            [
              {
                "type": "get_attr",
                "value": "sensitive_content"
              }
            ]
          ],
          "identity_schema_version": 0,
          "dependencies": [
            "data.nutanix_blueprint_runtime_editables.example"
          ]
        }
      ]
    },
    {
      "mode": "managed",
      "type": "nutanix_self_service_app_provision",
      "name": "test",
      "provider": "provider[\"registry.terraform.io/nutanix/nutanix\"]",
      "instances": [
        {
          "schema_version": 0,
          "attributes": {
            "action": null,
            "actions": [
              {
                "description": "System action for creating an application",
                "name": "create",
                "uuid": "50e35c22-104b-435c-ad7c-8deb2922e13e"
              },
              {
                "description": "System action for starting an application",
                "name": "start",
                "uuid": "44263b1c-9f53-4334-96e7-fe0cb638ea73"
              },
              {
                "description": "System action for restarting an application",
                "name": "restart",
                "uuid": "4d013353-ca52-4828-a372-9078fde87cd2"
              },
              {
                "description": "System action for stopping an application",
                "name": "stop",
                "uuid": "8f94325a-7b5b-43b6-a645-365a9b66b7b4"
              },
              {
                "description": "System action for deleting an application. Deletes created VMs as well",
                "name": "delete",
                "uuid": "dd0828dd-8b1f-45e4-b4b0-c71e32e4a094"
              },
              {
                "description": "System action for deleting an application. Does not delete created VMs",
                "name": "soft delete",
                "uuid": "6d778138-0b54-4767-a81c-ecf600fb871b"
              },
              {
                "description": "System action for snapshot deletion",
                "name": "snapshot delete",
                "uuid": "9c1d44de-b665-4236-9b0b-f8fa048acfaf"
              },
              {
                "description": "Seeded system action for image creation",
                "name": "image create",
                "uuid": "253ab88d-17f3-44e6-896c-3b9ef6ed1bd3"
              }
            ],
            "api_version": "",
            "app_description": "Initiated by Terraform",
            "app_name": "RHEL104",
            "app_summary": [
              {
                "application_profile": "Large",
                "application_uuid": "520e5bc4-5273-4d2a-b192-73cf4a75aebe",
                "blueprint": "RHELAD",
                "created_on": "1753454917662470",
                "last_updated_on": "1753454979312879",
                "owner": "admin",
                "project": "BP Design Project"
              }
            ],
            "bp_name": "RHELAD",
            "bp_uuid": null,
            "id": "520e5bc4-5273-4d2a-b192-73cf4a75aebe",
            "runtime_editables": [],
            "soft_delete": false,
            "spec": "{\"app_profile_reference\":{\"kind\":\"app_profile\",\"name\":\"Large\",\"uuid\":\"b4bbfb7e-9d78-4ea3-bf7a-66d43fc4ed38\"},\"runtime_editables\":{},\"app_name\":\"RHEL104\",\"app_description\":\"Initiated by Terraform\"}",
            "state": "running",
            "status": null,
            "vm": [
              {
                "categories": {
                  "AppType": "Default",
                  "CalmApplication": "RHEL104",
                  "CalmClusterUuid": "50556902-b228-494d-8d88-ecd77853b160",
                  "CalmProject": "BP Design Project",
                  "CalmService": "RHEL_Svc",
                  "CalmUsername": "admin",
                  "OSType": "Linux",
                  "Owner": "Matthew"
                },
                "cluster_info": [
                  {
                    "cluster_name": "DM3-POC088",
                    "cluster_uuid": "00063914-aba5-ad95-7dae-ac1f6b3fdedc"
                  }
                ],
                "configuration": [
                  {
                    "cores": 1,
                    "image": "rhel10-calm-template.qcow2",
                    "ip_address": "10.55.88.66",
                    "memory": 8192,
                    "name": "r250725-074853",
                    "vcpus": 8,
                    "vm_uuid": "8dbec4a4-5f5d-40f4-9c3b-8986a5cc6601"
                  }
                ],
                "nics": [
                  {
                    "mac_address": "50:6b:8d:a6:5f:ae",
                    "subnet": "Primary",
                    "type": "NORMAL_NIC"
                  }
                ]
              }
            ]
          },
          "sensitive_attributes": [],
          "identity_schema_version": 0,
          "private": "bnVsbA=="
        }
      ]
    }
  ],
  "check_results": null
}
