{
  "version": 4,
  "terraform_version": "1.12.2",
  "serial": 10,
  "lineage": "b1cfb896-6eea-48d6-abfa-183a5c9980e9",
  "outputs": {},
  "resources": [
    {
      "mode": "data",
      "type": "nutanix_blueprint_runtime_editables",
      "name": "example",
      "provider": "provider[\"registry.terraform.io/nutanix/nutanix\"]",
      "instances": [
        {
          "schema_version": 0,
          "attributes": {
            "bp_name": "RHELAD",
            "bp_uuid": null,
            "id": "8514cf7d-7f5c-4308-85ff-5565c96cac58",
            "runtime_editables": [
              {
                "action_list": [],
                "app_profile": [],
                "credential_list": [],
                "deployment_list": [],
                "package_list": [],
                "restore_config_list": [],
                "service_list": [],
                "snapshot_config_list": [],
                "substrate_list": [
                  {
                    "context": "app_profile.Small.deployment.b1a5673a_deployment.substrate",
                    "description": "",
                    "name": "RHEL_VM_Small",
                    "type": "AHV_VM",
                    "uuid": "bc180db5-0cce-465a-9c89-6231e1ae2719",
                    "value": "{\"spec\":{\"name\":\"r@@{calm_time}@@\",\"resources\":{\"memory_size_mib\":2048,\"num_sockets\":2,\"num_vcpus_per_socket\":1}}}"
                  }
                ],
                "task_list": [],
                "variable_list": []
              }
            ]
          },
          "sensitive_attributes": [],
          "identity_schema_version": 0
        }
      ]
    },
    {
      "mode": "managed",
      "type": "local_file",
      "name": "dump_runtime_value",
      "provider": "provider[\"registry.terraform.io/hashicorp/local\"]",
      "instances": [
        {
          "schema_version": 0,
          "attributes": {
            "content": "[{\"action_list\":[],\"app_profile\":[],\"credential_list\":[],\"deployment_list\":[],\"package_list\":[],\"restore_config_list\":[],\"service_list\":[],\"snapshot_config_list\":[],\"substrate_list\":[{\"context\":\"app_profile.Small.deployment.b1a5673a_deployment.substrate\",\"description\":\"\",\"name\":\"RHEL_VM_Small\",\"type\":\"AHV_VM\",\"uuid\":\"bc180db5-0cce-465a-9c89-6231e1ae2719\",\"value\":\"{\\\"spec\\\":{\\\"name\\\":\\\"r@@{calm_time}@@\\\",\\\"resources\\\":{\\\"memory_size_mib\\\":2048,\\\"num_sockets\\\":2,\\\"num_vcpus_per_socket\\\":1}}}\"}],\"task_list\":[],\"variable_list\":[]}]",
            "content_base64": null,
            "content_base64sha256": "xbdhge5iq8DTrrt1FDP38ix8fgAQyOmf6wMEXwOUJj0=",
            "content_base64sha512": "JfOojujpxUY0/EL/eNi70zOAqKKyHomFCRc8znPltXPifvSShUUcEH0xLP+dYyENOQKr75EiqIaP/aAVL4ZRZA==",
            "content_md5": "a92176f84f98862358c761a6bb08fa69",
            "content_sha1": "7aa46ff2ef28500768f37028160c31f9faef4c8a",
            "content_sha256": "c5b76181ee62abc0d3aebb751433f7f22c7c7e0010c8e99feb03045f0394263d",
            "content_sha512": "25f3a88ee8e9c54634fc42ff78d8bbd33380a8a2b21e898509173cce73e5b573e27ef49285451c107d312cff9d63210d3902abef9122a8868ffda0152f865164",
            "directory_permission": "0777",
            "file_permission": "0777",
            "filename": "runtime_value.json",
            "id": "7aa46ff2ef28500768f37028160c31f9faef4c8a",
            "sensitive_content": null,
            "source": null
          },
          "sensitive_attributes": [
            [
              {
                "type": "get_attr",
                "value": "sensitive_content"
              }
            ]
          ],
          "identity_schema_version": 0,
          "dependencies": [
            "data.nutanix_blueprint_runtime_editables.example"
          ]
        }
      ]
    },
    {
      "mode": "managed",
      "type": "nutanix_self_service_app_provision",
      "name": "test",
      "provider": "provider[\"registry.terraform.io/nutanix/nutanix\"]",
      "instances": [
        {
          "schema_version": 0,
          "attributes": {
            "action": null,
            "actions": [
              {
                "description": "System action for creating an application",
                "name": "create",
                "uuid": "b2b0f1c9-f31e-41d6-bbb3-2c250b335712"
              },
              {
                "description": "System action for starting an application",
                "name": "start",
                "uuid": "186f9a74-4d88-4f05-b217-7ffa989621fa"
              },
              {
                "description": "System action for restarting an application",
                "name": "restart",
                "uuid": "d2ddfd96-f071-410e-a1a8-c0ea7fcb83ea"
              },
              {
                "description": "System action for stopping an application",
                "name": "stop",
                "uuid": "2bd8e122-7c7e-4db4-a59b-a769c977e1ca"
              },
              {
                "description": "System action for deleting an application. Deletes created VMs as well",
                "name": "delete",
                "uuid": "a94e4729-c297-4e9d-b1b6-c3ef11ec6548"
              },
              {
                "description": "System action for deleting an application. Does not delete created VMs",
                "name": "soft delete",
                "uuid": "2244c34f-3a3e-490d-9c57-bee1977e49c6"
              },
              {
                "description": "System action for snapshot deletion",
                "name": "snapshot delete",
                "uuid": "4abfba82-c31c-443e-9c45-0ec19e79ebcd"
              },
              {
                "description": "Seeded system action for image creation",
                "name": "image create",
                "uuid": "253ab88d-17f3-44e6-896c-3b9ef6ed1bd3"
              }
            ],
            "api_version": "",
            "app_description": "Initiated by Terraform",
            "app_name": "RHEL102",
            "app_summary": [
              {
                "application_profile": "Large",
                "application_uuid": "588878b9-ebc7-43a4-a580-e536797eb451",
                "blueprint": "RHELAD",
                "created_on": "1752488305444770",
                "last_updated_on": "1752488363573892",
                "owner": "admin",
                "project": "BP Design Project"
              }
            ],
            "bp_name": "RHELAD",
            "bp_uuid": null,
            "id": "588878b9-ebc7-43a4-a580-e536797eb451",
            "runtime_editables": [
              {
                "action_list": [],
                "app_profile": [],
                "credential_list": [],
                "deployment_list": [],
                "package_list": [],
                "restore_config_list": [],
                "service_list": [],
                "snapshot_config_list": [],
                "substrate_list": [
                  {
                    "context": "",
                    "description": "",
                    "name": "RHEL_VM_Large",
                    "type": "",
                    "uuid": "",
                    "value": "  {\n   \"spec\": {\n      \"name\": \"r@@{calm_time}@@\",\n      \"resources\": {\n         \"memory_size_mib\": 3072,\n         \"num_sockets\": 2,\n         \"num_vcpus_per_socket\": 1\n      }\n   }\n  }\n"
                  }
                ],
                "task_list": [],
                "variable_list": []
              }
            ],
            "soft_delete": false,
            "spec": "{\"app_profile_reference\":{\"kind\":\"app_profile\",\"name\":\"Large\",\"uuid\":\"b4bbfb7e-9d78-4ea3-bf7a-66d43fc4ed38\"},\"runtime_editables\":{\"substrate_list\":[{\"uuid\":\"bc180db5-0cce-465a-9c89-6231e1ae2719\",\"context\":\"app_profile.Small.deployment.b1a5673a_deployment.substrate\",\"name\":\"RHEL_VM_Small\",\"type\":\"AHV_VM\",\"value\":{\"spec\":{\"name\":\"r@@{calm_time}@@\",\"resources\":{\"memory_size_mib\":2048,\"num_sockets\":2,\"num_vcpus_per_socket\":1}}},\"description\":\"\"}]},\"app_name\":\"RHEL102\",\"app_description\":\"Initiated by Terraform\"}",
            "state": "running",
            "status": null,
            "vm": [
              {
                "categories": {
                  "AppType": "Default",
                  "CalmApplication": "RHEL102",
                  "CalmClusterUuid": "50556902-b228-494d-8d88-ecd77853b160",
                  "CalmProject": "BP Design Project",
                  "CalmService": "RHEL_Svc",
                  "CalmUsername": "admin",
                  "OSType": "Linux",
                  "Owner": "Matthew"
                },
                "cluster_info": [
                  {
                    "cluster_name": "DM3-POC088",
                    "cluster_uuid": "00063914-aba5-ad95-7dae-ac1f6b3fdedc"
                  }
                ],
                "configuration": [
                  {
                    "cores": 1,
                    "image": "rhel10-calm-template.qcow2",
                    "ip_address": "10.55.88.82",
                    "memory": 8192,
                    "name": "r250714-031839",
                    "vcpus": 8,
                    "vm_uuid": "7cca60c1-b598-49de-906a-1e3c43622a72"
                  }
                ],
                "nics": [
                  {
                    "mac_address": "50:6b:8d:dc:1c:49",
                    "subnet": "Primary",
                    "type": "NORMAL_NIC"
                  }
                ]
              }
            ]
          },
          "sensitive_attributes": [],
          "identity_schema_version": 0,
          "private": "bnVsbA=="
        }
      ]
    }
  ],
  "check_results": null
}
