{
  "version": 4,
  "terraform_version": "1.9.2",
  "serial": 634,
  "lineage": "595c7f6e-5f68-cb97-3265-8189ee500fab",
  "outputs": {},
  "resources": [
    {
      "mode": "data",
      "type": "nutanix_cluster",
      "name": "cluster",
      "provider": "provider[\"registry.terraform.io/nutanix/nutanix\"]",
      "instances": [
        {
          "schema_version": 0,
          "attributes": {
            "analysis_vm_efficiency_map": {},
            "api_version": "",
            "authorized_public_key_list": [],
            "build": {
              "build_type": "release",
              "commit_date": "",
              "commit_id": "5a8235dc188f15fe37dcc9f99a401917d31ad94e",
              "full_version": "el8.5-release-fraser-6.8.0.1-stable-5a8235dc188f15fe37dcc9f99a401917d31ad94e",
              "short_commit_id": "5a8235",
              "version": "6.8.0.1"
            },
            "ca_certificate_list": [],
            "categories": [],
            "certification_signing_info": {},
            "client_auth": {},
            "cluster_arch": "X86_64",
            "cluster_id": "00061b19-2e68-cdea-0000-00000001b539",
            "domain_server_credentials": {},
            "domain_server_name": "",
            "domain_server_nameserver": "",
            "enabled_feature_list": [
              "PASSWORD_REMOTE_LOGIN_ENABLED",
              "SHADOW_CLONES_ENABLED"
            ],
            "encryption_status": "NOT_SUPPORTED",
            "external_data_services_ip": "10.55.42.38",
            "external_ip": "10.55.42.37",
            "external_subnet": "10.55.42.0/255.255.255.128",
            "gpu_driver_version": "",
            "http_proxy_list": [],
            "http_proxy_whitelist": [],
            "id": "00061b19-2e68-cdea-0000-00000001b539",
            "internal_subnet": "192.168.5.0/255.255.255.128",
            "is_available": true,
            "management_server_list": [],
            "masquerading_ip": "",
            "masquerading_port": 0,
            "metadata": {
              "creation_time": "2024-06-18 03:41:03 +0000 UTC",
              "last_update_time": "2024-06-18 03:41:03 +0000 UTC",
              "name": "",
              "spec_hash": "00000000000000000000000000000000000000000000000000",
              "spec_version": "0",
              "uuid": "00061b19-2e68-cdea-0000-00000001b539"
            },
            "name": "DM3-POC042",
            "name_server_ip_list": [
              "10.54.1.5"
            ],
            "nfs_subnet_whitelist": [],
            "nodes": [
              {
                "ip": "10.55.42.28",
                "type": "AHV",
                "version": "el8.nutanix.20230302.100187"
              },
              {
                "ip": "127.0.0.1",
                "type": "AHV",
                "version": ""
              },
              {
                "ip": "10.55.42.26",
                "type": "AHV",
                "version": "el8.nutanix.20230302.100187"
              },
              {
                "ip": "10.55.42.25",
                "type": "AHV",
                "version": "el8.nutanix.20230302.100187"
              },
              {
                "ip": "10.55.42.27",
                "type": "AHV",
                "version": "el8.nutanix.20230302.100187"
              }
            ],
            "ntp_server_ip_list": [
              "10.54.1.5"
            ],
            "operation_mode": "NORMAL",
            "owner_reference": {},
            "project_reference": {},
            "service_list": [
              "AOS"
            ],
            "smtp_server_address": {
              "fqdn": "smtp.sendgrid.net",
              "ip": "",
              "ipv6": "",
              "port": "587"
            },
            "smtp_server_credentials": {
              "password": "",
              "username": "apikey"
            },
            "smtp_server_email_address": "noreply@nutanix.com",
            "smtp_server_proxy_type_list": [],
            "smtp_server_type": "STARTTLS",
            "software_map_ncc": {
              "software_type": "NCC",
              "status": "INSTALLED",
              "version": "ncc-5.0.0"
            },
            "software_map_nos": {
              "software_type": "NOS",
              "status": "INSTALLED",
              "version": "6.8.0.1"
            },
            "ssl_key_expire_datetime": "",
            "ssl_key_name": "",
            "ssl_key_signing_info": {},
            "ssl_key_type": "",
            "state": "COMPLETE",
            "supported_information_verbosity": "BASIC_PLUS_CORE_DUMP",
            "timezone": "UTC"
          },
          "sensitive_attributes": []
        }
      ]
    },
    {
      "mode": "data",
      "type": "nutanix_subnet",
      "name": "subnet",
      "provider": "provider[\"registry.terraform.io/nutanix/nutanix\"]",
      "instances": [
        {
          "schema_version": 0,
          "attributes": {
            "additional_filter": null,
            "api_version": "",
            "availability_zone_reference": {},
            "categories": [],
            "cluster_name": "DM3-POC042",
            "cluster_uuid": "00061b19-2e68-cdea-0000-00000001b539",
            "default_gateway_ip": "10.55.42.129",
            "description": "",
            "dhcp_domain_name_server_list": [
              "10.55.44.56"
            ],
            "dhcp_domain_search_list": [
              "ntnxlab.local"
            ],
            "dhcp_options": {
              "boot_file_name": "",
              "domain_name": "ntnxlab.local",
              "tftp_server_name": ""
            },
            "dhcp_server_address": {
              "fqdn": "",
              "ip": "10.55.42.254",
              "ipv6": ""
            },
            "dhcp_server_address_port": 0,
            "enable_nat": false,
            "id": "05eaa397-d398-4463-8a8a-b582e5628b5a",
            "ip_config_pool_list_ranges": [
              "10.55.42.140 10.55.42.250"
            ],
            "is_external": false,
            "message_list": null,
            "metadata": {
              "creation_time": "2024-06-19 15:08:58 +0000 UTC",
              "last_update_time": "2024-06-19 15:08:58 +0000 UTC",
              "name": "",
              "spec_hash": "00000000000000000000000000000000000000000000000000",
              "spec_version": "1",
              "uuid": "05eaa397-d398-4463-8a8a-b582e5628b5a"
            },
            "name": "Secondary_42",
            "network_function_chain_reference": {},
            "owner_reference": {
              "kind": "user",
              "name": "admin",
              "uuid": "00000000-0000-0000-0000-000000000000"
            },
            "prefix_length": 25,
            "project_reference": {},
            "state": "COMPLETE",
            "subnet_id": null,
            "subnet_ip": "10.55.42.128",
            "subnet_name": "Secondary_42",
            "subnet_type": "VLAN",
            "vlan_id": 421,
            "vpc_reference": {},
            "vswitch_name": "br0"
          },
          "sensitive_attributes": []
        }
      ]
    },
    {
      "mode": "managed",
      "type": "nutanix_virtual_machine",
      "name": "vm",
      "provider": "provider[\"registry.terraform.io/nutanix/nutanix\"]",
      "instances": [
        {
          "index_key": 0,
          "schema_version": 1,
          "attributes": {
            "api_version": "3.1",
            "availability_zone_reference": {},
            "boot_device_disk_address": {},
            "boot_device_mac_address": "",
            "boot_device_order_list": [
              "CDROM",
              "DISK",
              "NETWORK"
            ],
            "boot_type": "LEGACY",
            "categories": [],
            "cloud_init_cdrom_uuid": "",
            "cluster_name": "DM3-POC042",
            "cluster_uuid": "00061b19-2e68-cdea-0000-00000001b539",
            "description": "",
            "disk_list": [
              {
                "data_source_reference": {
                  "kind": "image",
                  "uuid": "82298037-0219-412a-8297-7070735fe447"
                },
                "device_properties": [
                  {
                    "device_type": "DISK",
                    "disk_address": {
                      "adapter_type": "SCSI",
                      "device_index": "0"
                    }
                  }
                ],
                "disk_size_bytes": 32212254720,
                "disk_size_mib": 30720,
                "storage_config": [
                  {
                    "flash_mode": "",
                    "storage_container_reference": [
                      {
                        "kind": "storage_container",
                        "name": "default-container-111929",
                        "url": "",
                        "uuid": "934302c8-9f37-4379-8fd6-ac06334fef10"
                      }
                    ]
                  }
                ],
                "uuid": "4ab652d2-cc97-4c04-b4b5-819dd92e394d",
                "volume_group_reference": {}
              },
              {
                "data_source_reference": {},
                "device_properties": [
                  {
                    "device_type": "DISK",
                    "disk_address": {
                      "adapter_type": "SCSI",
                      "device_index": "1"
                    }
                  }
                ],
                "disk_size_bytes": 10737418240,
                "disk_size_mib": 10240,
                "storage_config": [
                  {
                    "flash_mode": "",
                    "storage_container_reference": [
                      {
                        "kind": "storage_container",
                        "name": "SelfServiceContainer",
                        "url": "",
                        "uuid": "ba4b8c78-e099-41fc-a1b8-367e31b9973a"
                      }
                    ]
                  }
                ],
                "uuid": "673bb285-f63e-4b44-baae-38ee62f2eee1",
                "volume_group_reference": {}
              }
            ],
            "enable_cpu_passthrough": false,
            "enable_script_exec": false,
            "gpu_list": [],
            "guest_customization_cloud_init_custom_key_values": {},
            "guest_customization_cloud_init_meta_data": "",
            "guest_customization_cloud_init_user_data": "",
            "guest_customization_is_overridable": false,
            "guest_customization_sysprep": {},
            "guest_customization_sysprep_custom_key_values": {},
            "guest_os_id": "",
            "hardware_clock_timezone": "UTC",
            "host_reference": {
              "kind": "host",
              "name": "10.55.42.27",
              "uuid": "c9d70073-f27c-42c3-ba19-94f8cc93fe2f"
            },
            "hypervisor_type": null,
            "id": "b48c91a8-65bd-45b1-839e-8e07caf06f7b",
            "is_vcpu_hard_pinned": false,
            "machine_type": "PC",
            "memory_size_mib": 1024,
            "metadata": {
              "creation_time": "2024-07-22 13:16:17 +0000 UTC",
              "last_update_time": "2024-07-22 13:16:17 +0000 UTC",
              "name": "",
              "spec_hash": "",
              "spec_version": "0",
              "uuid": "b48c91a8-65bd-45b1-839e-8e07caf06f7b"
            },
            "name": "rocky-0",
            "ngt_credentials": {},
            "ngt_enabled_capability_list": [],
            "nic_list": [
              {
                "ip_endpoint_list": [
                  {
                    "ip": "10.55.42.207",
                    "type": "ASSIGNED"
                  }
                ],
                "is_connected": "true",
                "mac_address": "50:6b:8d:96:67:3b",
                "model": "",
                "network_function_chain_reference": {},
                "network_function_nic_type": "",
                "nic_type": "NORMAL_NIC",
                "num_queues": 1,
                "subnet_name": "Secondary_42",
                "subnet_uuid": "05eaa397-d398-4463-8a8a-b582e5628b5a",
                "uuid": "5d44d6e2-10b4-4649-8b80-6c0c6b1cb0e9"
              }
            ],
            "nic_list_status": [
              {
                "floating_ip": "",
                "ip_endpoint_list": [
                  {
                    "ip": "10.55.42.207",
                    "type": "ASSIGNED"
                  }
                ],
                "is_connected": "true",
                "mac_address": "50:6b:8d:96:67:3b",
                "model": "",
                "network_function_chain_reference": {},
                "network_function_nic_type": "",
                "nic_type": "NORMAL_NIC",
                "num_queues": 1,
                "subnet_name": "Secondary_42",
                "subnet_uuid": "05eaa397-d398-4463-8a8a-b582e5628b5a",
                "uuid": "5d44d6e2-10b4-4649-8b80-6c0c6b1cb0e9"
              }
            ],
            "num_sockets": 1,
            "num_vcpus_per_socket": 2,
            "num_vnuma_nodes": 0,
            "nutanix_guest_tools": {},
            "owner_reference": {
              "kind": "user",
              "name": "admin",
              "uuid": "00000000-0000-0000-0000-000000000000"
            },
            "parent_reference": {},
            "power_state": "ON",
            "power_state_mechanism": "HARD",
            "project_reference": {
              "kind": "project",
              "name": "_internal",
              "uuid": "48fbd98e-2217-481a-9f13-3a1c18ed088e"
            },
            "serial_port_list": [],
            "should_fail_on_script_failure": false,
            "state": "COMPLETE",
            "timeouts": null,
            "use_hot_add": true,
            "vga_console_enabled": true
          },
          "sensitive_attributes": [],
          "private": "eyJlMmJmYjczMC1lY2FhLTExZTYtOGY4OC0zNDM2M2JjN2M0YzAiOnsiY3JlYXRlIjozNjAwMDAwMDAwMDAwLCJkZWxldGUiOjM2MDAwMDAwMDAwMDAsInVwZGF0ZSI6MzYwMDAwMDAwMDAwMH0sInNjaGVtYV92ZXJzaW9uIjoiMSJ9",
          "dependencies": [
            "data.nutanix_cluster.cluster",
            "data.nutanix_subnet.subnet"
          ]
        },
        {
          "index_key": 1,
          "schema_version": 1,
          "attributes": {
            "api_version": "3.1",
            "availability_zone_reference": {},
            "boot_device_disk_address": {},
            "boot_device_mac_address": "",
            "boot_device_order_list": [
              "CDROM",
              "DISK",
              "NETWORK"
            ],
            "boot_type": "LEGACY",
            "categories": [],
            "cloud_init_cdrom_uuid": "",
            "cluster_name": "DM3-POC042",
            "cluster_uuid": "00061b19-2e68-cdea-0000-00000001b539",
            "description": "",
            "disk_list": [
              {
                "data_source_reference": {
                  "kind": "image",
                  "uuid": "82298037-0219-412a-8297-7070735fe447"
                },
                "device_properties": [
                  {
                    "device_type": "DISK",
                    "disk_address": {
                      "adapter_type": "SCSI",
                      "device_index": "0"
                    }
                  }
                ],
                "disk_size_bytes": 32212254720,
                "disk_size_mib": 30720,
                "storage_config": [
                  {
                    "flash_mode": "",
                    "storage_container_reference": [
                      {
                        "kind": "storage_container",
                        "name": "default-container-111929",
                        "url": "",
                        "uuid": "934302c8-9f37-4379-8fd6-ac06334fef10"
                      }
                    ]
                  }
                ],
                "uuid": "e84e67c0-e66c-47dc-93a6-e95d37713b79",
                "volume_group_reference": {}
              },
              {
                "data_source_reference": {},
                "device_properties": [
                  {
                    "device_type": "DISK",
                    "disk_address": {
                      "adapter_type": "SCSI",
                      "device_index": "1"
                    }
                  }
                ],
                "disk_size_bytes": 10737418240,
                "disk_size_mib": 10240,
                "storage_config": [
                  {
                    "flash_mode": "",
                    "storage_container_reference": [
                      {
                        "kind": "storage_container",
                        "name": "SelfServiceContainer",
                        "url": "",
                        "uuid": "ba4b8c78-e099-41fc-a1b8-367e31b9973a"
                      }
                    ]
                  }
                ],
                "uuid": "cea7f4e5-655e-4bc0-8553-af0688916a40",
                "volume_group_reference": {}
              }
            ],
            "enable_cpu_passthrough": false,
            "enable_script_exec": false,
            "gpu_list": [],
            "guest_customization_cloud_init_custom_key_values": {},
            "guest_customization_cloud_init_meta_data": "",
            "guest_customization_cloud_init_user_data": "",
            "guest_customization_is_overridable": false,
            "guest_customization_sysprep": {},
            "guest_customization_sysprep_custom_key_values": {},
            "guest_os_id": "",
            "hardware_clock_timezone": "UTC",
            "host_reference": {
              "kind": "host",
              "name": "10.55.42.27",
              "uuid": "c9d70073-f27c-42c3-ba19-94f8cc93fe2f"
            },
            "hypervisor_type": null,
            "id": "65746e4d-a392-4ef7-b7fc-875d3623994c",
            "is_vcpu_hard_pinned": false,
            "machine_type": "PC",
            "memory_size_mib": 1024,
            "metadata": {
              "creation_time": "2024-07-22 13:16:24 +0000 UTC",
              "last_update_time": "2024-07-22 13:16:24 +0000 UTC",
              "name": "",
              "spec_hash": "",
              "spec_version": "0",
              "uuid": "65746e4d-a392-4ef7-b7fc-875d3623994c"
            },
            "name": "rocky-1",
            "ngt_credentials": {},
            "ngt_enabled_capability_list": [],
            "nic_list": [
              {
                "ip_endpoint_list": [
                  {
                    "ip": "10.55.42.167",
                    "type": "ASSIGNED"
                  }
                ],
                "is_connected": "true",
                "mac_address": "50:6b:8d:e8:90:f3",
                "model": "",
                "network_function_chain_reference": {},
                "network_function_nic_type": "",
                "nic_type": "NORMAL_NIC",
                "num_queues": 1,
                "subnet_name": "Secondary_42",
                "subnet_uuid": "05eaa397-d398-4463-8a8a-b582e5628b5a",
                "uuid": "a5b43835-6a6c-4e24-9ad2-4d6d3943af74"
              }
            ],
            "nic_list_status": [
              {
                "floating_ip": "",
                "ip_endpoint_list": [
                  {
                    "ip": "10.55.42.167",
                    "type": "ASSIGNED"
                  }
                ],
                "is_connected": "true",
                "mac_address": "50:6b:8d:e8:90:f3",
                "model": "",
                "network_function_chain_reference": {},
                "network_function_nic_type": "",
                "nic_type": "NORMAL_NIC",
                "num_queues": 1,
                "subnet_name": "Secondary_42",
                "subnet_uuid": "05eaa397-d398-4463-8a8a-b582e5628b5a",
                "uuid": "a5b43835-6a6c-4e24-9ad2-4d6d3943af74"
              }
            ],
            "num_sockets": 1,
            "num_vcpus_per_socket": 2,
            "num_vnuma_nodes": 0,
            "nutanix_guest_tools": {},
            "owner_reference": {
              "kind": "user",
              "name": "admin",
              "uuid": "00000000-0000-0000-0000-000000000000"
            },
            "parent_reference": {},
            "power_state": "ON",
            "power_state_mechanism": "HARD",
            "project_reference": {
              "kind": "project",
              "name": "_internal",
              "uuid": "48fbd98e-2217-481a-9f13-3a1c18ed088e"
            },
            "serial_port_list": [],
            "should_fail_on_script_failure": false,
            "state": "COMPLETE",
            "timeouts": null,
            "use_hot_add": true,
            "vga_console_enabled": true
          },
          "sensitive_attributes": [],
          "private": "eyJlMmJmYjczMC1lY2FhLTExZTYtOGY4OC0zNDM2M2JjN2M0YzAiOnsiY3JlYXRlIjozNjAwMDAwMDAwMDAwLCJkZWxldGUiOjM2MDAwMDAwMDAwMDAsInVwZGF0ZSI6MzYwMDAwMDAwMDAwMH0sInNjaGVtYV92ZXJzaW9uIjoiMSJ9",
          "dependencies": [
            "data.nutanix_cluster.cluster",
            "data.nutanix_subnet.subnet"
          ]
        },
        {
          "index_key": 2,
          "schema_version": 1,
          "attributes": {
            "api_version": "3.1",
            "availability_zone_reference": {},
            "boot_device_disk_address": {},
            "boot_device_mac_address": "",
            "boot_device_order_list": [
              "CDROM",
              "DISK",
              "NETWORK"
            ],
            "boot_type": "LEGACY",
            "categories": [],
            "cloud_init_cdrom_uuid": "",
            "cluster_name": "DM3-POC042",
            "cluster_uuid": "00061b19-2e68-cdea-0000-00000001b539",
            "description": "",
            "disk_list": [
              {
                "data_source_reference": {
                  "kind": "image",
                  "uuid": "82298037-0219-412a-8297-7070735fe447"
                },
                "device_properties": [
                  {
                    "device_type": "DISK",
                    "disk_address": {
                      "adapter_type": "SCSI",
                      "device_index": "0"
                    }
                  }
                ],
                "disk_size_bytes": 32212254720,
                "disk_size_mib": 30720,
                "storage_config": [
                  {
                    "flash_mode": "",
                    "storage_container_reference": [
                      {
                        "kind": "storage_container",
                        "name": "default-container-111929",
                        "url": "",
                        "uuid": "934302c8-9f37-4379-8fd6-ac06334fef10"
                      }
                    ]
                  }
                ],
                "uuid": "e5424afb-75cb-4099-a9bf-1dd071303471",
                "volume_group_reference": {}
              },
              {
                "data_source_reference": {},
                "device_properties": [
                  {
                    "device_type": "DISK",
                    "disk_address": {
                      "adapter_type": "SCSI",
                      "device_index": "1"
                    }
                  }
                ],
                "disk_size_bytes": 10737418240,
                "disk_size_mib": 10240,
                "storage_config": [
                  {
                    "flash_mode": "",
                    "storage_container_reference": [
                      {
                        "kind": "storage_container",
                        "name": "SelfServiceContainer",
                        "url": "",
                        "uuid": "ba4b8c78-e099-41fc-a1b8-367e31b9973a"
                      }
                    ]
                  }
                ],
                "uuid": "f8b7639b-46aa-45a0-aaad-1cfbc0536846",
                "volume_group_reference": {}
              }
            ],
            "enable_cpu_passthrough": false,
            "enable_script_exec": false,
            "gpu_list": [],
            "guest_customization_cloud_init_custom_key_values": {},
            "guest_customization_cloud_init_meta_data": "",
            "guest_customization_cloud_init_user_data": "",
            "guest_customization_is_overridable": false,
            "guest_customization_sysprep": {},
            "guest_customization_sysprep_custom_key_values": {},
            "guest_os_id": "",
            "hardware_clock_timezone": "UTC",
            "host_reference": {
              "kind": "host",
              "name": "10.55.42.25",
              "uuid": "552483d4-bc58-4508-a262-4a64e13534c5"
            },
            "hypervisor_type": null,
            "id": "c9d48faa-145f-4279-a077-18f019b0e334",
            "is_vcpu_hard_pinned": false,
            "machine_type": "PC",
            "memory_size_mib": 1024,
            "metadata": {
              "creation_time": "2024-07-22 13:17:02 +0000 UTC",
              "last_update_time": "2024-07-22 13:17:02 +0000 UTC",
              "name": "",
              "spec_hash": "",
              "spec_version": "0",
              "uuid": "c9d48faa-145f-4279-a077-18f019b0e334"
            },
            "name": "rocky-2",
            "ngt_credentials": {},
            "ngt_enabled_capability_list": [],
            "nic_list": [
              {
                "ip_endpoint_list": [
                  {
                    "ip": "10.55.42.215",
                    "type": "ASSIGNED"
                  }
                ],
                "is_connected": "true",
                "mac_address": "50:6b:8d:92:d8:b3",
                "model": "",
                "network_function_chain_reference": {},
                "network_function_nic_type": "",
                "nic_type": "NORMAL_NIC",
                "num_queues": 1,
                "subnet_name": "Secondary_42",
                "subnet_uuid": "05eaa397-d398-4463-8a8a-b582e5628b5a",
                "uuid": "e79eb200-5e34-490d-a52a-a43afc6ead9b"
              }
            ],
            "nic_list_status": [
              {
                "floating_ip": "",
                "ip_endpoint_list": [
                  {
                    "ip": "10.55.42.215",
                    "type": "ASSIGNED"
                  }
                ],
                "is_connected": "true",
                "mac_address": "50:6b:8d:92:d8:b3",
                "model": "",
                "network_function_chain_reference": {},
                "network_function_nic_type": "",
                "nic_type": "NORMAL_NIC",
                "num_queues": 1,
                "subnet_name": "Secondary_42",
                "subnet_uuid": "05eaa397-d398-4463-8a8a-b582e5628b5a",
                "uuid": "e79eb200-5e34-490d-a52a-a43afc6ead9b"
              }
            ],
            "num_sockets": 1,
            "num_vcpus_per_socket": 2,
            "num_vnuma_nodes": 0,
            "nutanix_guest_tools": {},
            "owner_reference": {
              "kind": "user",
              "name": "admin",
              "uuid": "00000000-0000-0000-0000-000000000000"
            },
            "parent_reference": {},
            "power_state": "ON",
            "power_state_mechanism": "HARD",
            "project_reference": {
              "kind": "project",
              "name": "_internal",
              "uuid": "48fbd98e-2217-481a-9f13-3a1c18ed088e"
            },
            "serial_port_list": [],
            "should_fail_on_script_failure": false,
            "state": "COMPLETE",
            "timeouts": null,
            "use_hot_add": true,
            "vga_console_enabled": true
          },
          "sensitive_attributes": [],
          "private": "eyJlMmJmYjczMC1lY2FhLTExZTYtOGY4OC0zNDM2M2JjN2M0YzAiOnsiY3JlYXRlIjozNjAwMDAwMDAwMDAwLCJkZWxldGUiOjM2MDAwMDAwMDAwMDAsInVwZGF0ZSI6MzYwMDAwMDAwMDAwMH0sInNjaGVtYV92ZXJzaW9uIjoiMSJ9",
          "dependencies": [
            "data.nutanix_cluster.cluster",
            "data.nutanix_subnet.subnet"
          ]
        },
        {
          "index_key": 3,
          "schema_version": 1,
          "attributes": {
            "api_version": "3.1",
            "availability_zone_reference": {},
            "boot_device_disk_address": {},
            "boot_device_mac_address": "",
            "boot_device_order_list": [
              "CDROM",
              "DISK",
              "NETWORK"
            ],
            "boot_type": "LEGACY",
            "categories": [],
            "cloud_init_cdrom_uuid": "",
            "cluster_name": "DM3-POC042",
            "cluster_uuid": "00061b19-2e68-cdea-0000-00000001b539",
            "description": "",
            "disk_list": [
              {
                "data_source_reference": {
                  "kind": "image",
                  "uuid": "82298037-0219-412a-8297-7070735fe447"
                },
                "device_properties": [
                  {
                    "device_type": "DISK",
                    "disk_address": {
                      "adapter_type": "SCSI",
                      "device_index": "0"
                    }
                  }
                ],
                "disk_size_bytes": 32212254720,
                "disk_size_mib": 30720,
                "storage_config": [
                  {
                    "flash_mode": "",
                    "storage_container_reference": [
                      {
                        "kind": "storage_container",
                        "name": "default-container-111929",
                        "url": "",
                        "uuid": "934302c8-9f37-4379-8fd6-ac06334fef10"
                      }
                    ]
                  }
                ],
                "uuid": "912367f3-20f1-45b7-98f5-104449e6da19",
                "volume_group_reference": {}
              },
              {
                "data_source_reference": {},
                "device_properties": [
                  {
                    "device_type": "DISK",
                    "disk_address": {
                      "adapter_type": "SCSI",
                      "device_index": "1"
                    }
                  }
                ],
                "disk_size_bytes": 10737418240,
                "disk_size_mib": 10240,
                "storage_config": [
                  {
                    "flash_mode": "",
                    "storage_container_reference": [
                      {
                        "kind": "storage_container",
                        "name": "SelfServiceContainer",
                        "url": "",
                        "uuid": "ba4b8c78-e099-41fc-a1b8-367e31b9973a"
                      }
                    ]
                  }
                ],
                "uuid": "950eae7a-a4dd-4f38-b0c9-25d0444ecf1c",
                "volume_group_reference": {}
              }
            ],
            "enable_cpu_passthrough": false,
            "enable_script_exec": false,
            "gpu_list": [],
            "guest_customization_cloud_init_custom_key_values": {},
            "guest_customization_cloud_init_meta_data": "",
            "guest_customization_cloud_init_user_data": "",
            "guest_customization_is_overridable": false,
            "guest_customization_sysprep": {},
            "guest_customization_sysprep_custom_key_values": {},
            "guest_os_id": "",
            "hardware_clock_timezone": "UTC",
            "host_reference": {
              "kind": "host",
              "name": "10.55.42.28",
              "uuid": "ca6ea069-7ea3-4aaa-9d03-ec62d67f1865"
            },
            "hypervisor_type": null,
            "id": "9bec2bc2-2a9a-4188-bf7c-e8e398663360",
            "is_vcpu_hard_pinned": false,
            "machine_type": "PC",
            "memory_size_mib": 1024,
            "metadata": {
              "creation_time": "2024-07-22 13:16:53 +0000 UTC",
              "last_update_time": "2024-07-22 13:16:53 +0000 UTC",
              "name": "",
              "spec_hash": "",
              "spec_version": "0",
              "uuid": "9bec2bc2-2a9a-4188-bf7c-e8e398663360"
            },
            "name": "rocky-3",
            "ngt_credentials": {},
            "ngt_enabled_capability_list": [],
            "nic_list": [
              {
                "ip_endpoint_list": [
                  {
                    "ip": "10.55.42.195",
                    "type": "ASSIGNED"
                  }
                ],
                "is_connected": "true",
                "mac_address": "50:6b:8d:b9:89:33",
                "model": "",
                "network_function_chain_reference": {},
                "network_function_nic_type": "",
                "nic_type": "NORMAL_NIC",
                "num_queues": 1,
                "subnet_name": "Secondary_42",
                "subnet_uuid": "05eaa397-d398-4463-8a8a-b582e5628b5a",
                "uuid": "75a929c7-101b-428a-86ed-083f53bc6da4"
              }
            ],
            "nic_list_status": [
              {
                "floating_ip": "",
                "ip_endpoint_list": [
                  {
                    "ip": "10.55.42.195",
                    "type": "ASSIGNED"
                  }
                ],
                "is_connected": "true",
                "mac_address": "50:6b:8d:b9:89:33",
                "model": "",
                "network_function_chain_reference": {},
                "network_function_nic_type": "",
                "nic_type": "NORMAL_NIC",
                "num_queues": 1,
                "subnet_name": "Secondary_42",
                "subnet_uuid": "05eaa397-d398-4463-8a8a-b582e5628b5a",
                "uuid": "75a929c7-101b-428a-86ed-083f53bc6da4"
              }
            ],
            "num_sockets": 1,
            "num_vcpus_per_socket": 2,
            "num_vnuma_nodes": 0,
            "nutanix_guest_tools": {},
            "owner_reference": {
              "kind": "user",
              "name": "admin",
              "uuid": "00000000-0000-0000-0000-000000000000"
            },
            "parent_reference": {},
            "power_state": "ON",
            "power_state_mechanism": "HARD",
            "project_reference": {
              "kind": "project",
              "name": "_internal",
              "uuid": "48fbd98e-2217-481a-9f13-3a1c18ed088e"
            },
            "serial_port_list": [],
            "should_fail_on_script_failure": false,
            "state": "COMPLETE",
            "timeouts": null,
            "use_hot_add": true,
            "vga_console_enabled": true
          },
          "sensitive_attributes": [],
          "private": "eyJlMmJmYjczMC1lY2FhLTExZTYtOGY4OC0zNDM2M2JjN2M0YzAiOnsiY3JlYXRlIjozNjAwMDAwMDAwMDAwLCJkZWxldGUiOjM2MDAwMDAwMDAwMDAsInVwZGF0ZSI6MzYwMDAwMDAwMDAwMH0sInNjaGVtYV92ZXJzaW9uIjoiMSJ9",
          "dependencies": [
            "data.nutanix_cluster.cluster",
            "data.nutanix_subnet.subnet"
          ]
        },
        {
          "index_key": 4,
          "schema_version": 1,
          "attributes": {
            "api_version": "3.1",
            "availability_zone_reference": {},
            "boot_device_disk_address": {},
            "boot_device_mac_address": "",
            "boot_device_order_list": [
              "CDROM",
              "DISK",
              "NETWORK"
            ],
            "boot_type": "LEGACY",
            "categories": [],
            "cloud_init_cdrom_uuid": "",
            "cluster_name": "DM3-POC042",
            "cluster_uuid": "00061b19-2e68-cdea-0000-00000001b539",
            "description": "",
            "disk_list": [
              {
                "data_source_reference": {
                  "kind": "image",
                  "uuid": "82298037-0219-412a-8297-7070735fe447"
                },
                "device_properties": [
                  {
                    "device_type": "DISK",
                    "disk_address": {
                      "adapter_type": "SCSI",
                      "device_index": "0"
                    }
                  }
                ],
                "disk_size_bytes": 32212254720,
                "disk_size_mib": 30720,
                "storage_config": [
                  {
                    "flash_mode": "",
                    "storage_container_reference": [
                      {
                        "kind": "storage_container",
                        "name": "default-container-111929",
                        "url": "",
                        "uuid": "934302c8-9f37-4379-8fd6-ac06334fef10"
                      }
                    ]
                  }
                ],
                "uuid": "465d9885-e630-49ea-b11a-a30d3bdbd4c2",
                "volume_group_reference": {}
              },
              {
                "data_source_reference": {},
                "device_properties": [
                  {
                    "device_type": "DISK",
                    "disk_address": {
                      "adapter_type": "SCSI",
                      "device_index": "1"
                    }
                  }
                ],
                "disk_size_bytes": 10737418240,
                "disk_size_mib": 10240,
                "storage_config": [
                  {
                    "flash_mode": "",
                    "storage_container_reference": [
                      {
                        "kind": "storage_container",
                        "name": "SelfServiceContainer",
                        "url": "",
                        "uuid": "ba4b8c78-e099-41fc-a1b8-367e31b9973a"
                      }
                    ]
                  }
                ],
                "uuid": "4532d624-4dca-4d1a-aee5-343981b84c68",
                "volume_group_reference": {}
              }
            ],
            "enable_cpu_passthrough": false,
            "enable_script_exec": false,
            "gpu_list": [],
            "guest_customization_cloud_init_custom_key_values": {},
            "guest_customization_cloud_init_meta_data": "",
            "guest_customization_cloud_init_user_data": "",
            "guest_customization_is_overridable": false,
            "guest_customization_sysprep": {},
            "guest_customization_sysprep_custom_key_values": {},
            "guest_os_id": "",
            "hardware_clock_timezone": "UTC",
            "host_reference": {
              "kind": "host",
              "name": "10.55.42.27",
              "uuid": "c9d70073-f27c-42c3-ba19-94f8cc93fe2f"
            },
            "hypervisor_type": null,
            "id": "1eebb82e-728a-43ab-830e-103887a547ad",
            "is_vcpu_hard_pinned": false,
            "machine_type": "PC",
            "memory_size_mib": 1024,
            "metadata": {
              "creation_time": "2024-07-22 13:16:16 +0000 UTC",
              "last_update_time": "2024-07-22 13:16:16 +0000 UTC",
              "name": "",
              "spec_hash": "",
              "spec_version": "0",
              "uuid": "1eebb82e-728a-43ab-830e-103887a547ad"
            },
            "name": "rocky-4",
            "ngt_credentials": {},
            "ngt_enabled_capability_list": [],
            "nic_list": [
              {
                "ip_endpoint_list": [
                  {
                    "ip": "10.55.42.233",
                    "type": "ASSIGNED"
                  }
                ],
                "is_connected": "true",
                "mac_address": "50:6b:8d:cb:ef:c6",
                "model": "",
                "network_function_chain_reference": {},
                "network_function_nic_type": "",
                "nic_type": "NORMAL_NIC",
                "num_queues": 1,
                "subnet_name": "Secondary_42",
                "subnet_uuid": "05eaa397-d398-4463-8a8a-b582e5628b5a",
                "uuid": "092a03cc-2d4b-49bb-ab70-800c6ca8910c"
              }
            ],
            "nic_list_status": [
              {
                "floating_ip": "",
                "ip_endpoint_list": [
                  {
                    "ip": "10.55.42.233",
                    "type": "ASSIGNED"
                  }
                ],
                "is_connected": "true",
                "mac_address": "50:6b:8d:cb:ef:c6",
                "model": "",
                "network_function_chain_reference": {},
                "network_function_nic_type": "",
                "nic_type": "NORMAL_NIC",
                "num_queues": 1,
                "subnet_name": "Secondary_42",
                "subnet_uuid": "05eaa397-d398-4463-8a8a-b582e5628b5a",
                "uuid": "092a03cc-2d4b-49bb-ab70-800c6ca8910c"
              }
            ],
            "num_sockets": 1,
            "num_vcpus_per_socket": 2,
            "num_vnuma_nodes": 0,
            "nutanix_guest_tools": {},
            "owner_reference": {
              "kind": "user",
              "name": "admin",
              "uuid": "00000000-0000-0000-0000-000000000000"
            },
            "parent_reference": {},
            "power_state": "ON",
            "power_state_mechanism": "HARD",
            "project_reference": {
              "kind": "project",
              "name": "_internal",
              "uuid": "48fbd98e-2217-481a-9f13-3a1c18ed088e"
            },
            "serial_port_list": [],
            "should_fail_on_script_failure": false,
            "state": "COMPLETE",
            "timeouts": null,
            "use_hot_add": true,
            "vga_console_enabled": true
          },
          "sensitive_attributes": [],
          "private": "eyJlMmJmYjczMC1lY2FhLTExZTYtOGY4OC0zNDM2M2JjN2M0YzAiOnsiY3JlYXRlIjozNjAwMDAwMDAwMDAwLCJkZWxldGUiOjM2MDAwMDAwMDAwMDAsInVwZGF0ZSI6MzYwMDAwMDAwMDAwMH0sInNjaGVtYV92ZXJzaW9uIjoiMSJ9",
          "dependencies": [
            "data.nutanix_cluster.cluster",
            "data.nutanix_subnet.subnet"
          ]
        },
        {
          "index_key": 5,
          "schema_version": 1,
          "attributes": {
            "api_version": "3.1",
            "availability_zone_reference": {},
            "boot_device_disk_address": {},
            "boot_device_mac_address": "",
            "boot_device_order_list": [
              "CDROM",
              "DISK",
              "NETWORK"
            ],
            "boot_type": "LEGACY",
            "categories": [],
            "cloud_init_cdrom_uuid": "",
            "cluster_name": "DM3-POC042",
            "cluster_uuid": "00061b19-2e68-cdea-0000-00000001b539",
            "description": "",
            "disk_list": [
              {
                "data_source_reference": {
                  "kind": "image",
                  "uuid": "82298037-0219-412a-8297-7070735fe447"
                },
                "device_properties": [
                  {
                    "device_type": "DISK",
                    "disk_address": {
                      "adapter_type": "SCSI",
                      "device_index": "0"
                    }
                  }
                ],
                "disk_size_bytes": 32212254720,
                "disk_size_mib": 30720,
                "storage_config": [
                  {
                    "flash_mode": "",
                    "storage_container_reference": [
                      {
                        "kind": "storage_container",
                        "name": "default-container-111929",
                        "url": "",
                        "uuid": "934302c8-9f37-4379-8fd6-ac06334fef10"
                      }
                    ]
                  }
                ],
                "uuid": "9e59a301-417a-446c-b066-15a2de0a55ef",
                "volume_group_reference": {}
              },
              {
                "data_source_reference": {},
                "device_properties": [
                  {
                    "device_type": "DISK",
                    "disk_address": {
                      "adapter_type": "SCSI",
                      "device_index": "1"
                    }
                  }
                ],
                "disk_size_bytes": 10737418240,
                "disk_size_mib": 10240,
                "storage_config": [
                  {
                    "flash_mode": "",
                    "storage_container_reference": [
                      {
                        "kind": "storage_container",
                        "name": "SelfServiceContainer",
                        "url": "",
                        "uuid": "ba4b8c78-e099-41fc-a1b8-367e31b9973a"
                      }
                    ]
                  }
                ],
                "uuid": "a237f2c6-a664-41d0-a2ae-d76515de1a94",
                "volume_group_reference": {}
              }
            ],
            "enable_cpu_passthrough": false,
            "enable_script_exec": false,
            "gpu_list": [],
            "guest_customization_cloud_init_custom_key_values": {},
            "guest_customization_cloud_init_meta_data": "",
            "guest_customization_cloud_init_user_data": "",
            "guest_customization_is_overridable": false,
            "guest_customization_sysprep": {},
            "guest_customization_sysprep_custom_key_values": {},
            "guest_os_id": "",
            "hardware_clock_timezone": "UTC",
            "host_reference": {
              "kind": "host",
              "name": "10.55.42.25",
              "uuid": "552483d4-bc58-4508-a262-4a64e13534c5"
            },
            "hypervisor_type": null,
            "id": "6ee174fd-b0cd-4923-8f37-500f108d492a",
            "is_vcpu_hard_pinned": false,
            "machine_type": "PC",
            "memory_size_mib": 1024,
            "metadata": {
              "creation_time": "2024-07-22 13:16:24 +0000 UTC",
              "last_update_time": "2024-07-22 13:16:24 +0000 UTC",
              "name": "",
              "spec_hash": "",
              "spec_version": "0",
              "uuid": "6ee174fd-b0cd-4923-8f37-500f108d492a"
            },
            "name": "rocky-5",
            "ngt_credentials": {},
            "ngt_enabled_capability_list": [],
            "nic_list": [
              {
                "ip_endpoint_list": [
                  {
                    "ip": "10.55.42.202",
                    "type": "ASSIGNED"
                  }
                ],
                "is_connected": "true",
                "mac_address": "50:6b:8d:9c:70:1a",
                "model": "",
                "network_function_chain_reference": {},
                "network_function_nic_type": "",
                "nic_type": "NORMAL_NIC",
                "num_queues": 1,
                "subnet_name": "Secondary_42",
                "subnet_uuid": "05eaa397-d398-4463-8a8a-b582e5628b5a",
                "uuid": "56920104-8a26-4577-afec-b8a8ed452d6b"
              }
            ],
            "nic_list_status": [
              {
                "floating_ip": "",
                "ip_endpoint_list": [
                  {
                    "ip": "10.55.42.202",
                    "type": "ASSIGNED"
                  }
                ],
                "is_connected": "true",
                "mac_address": "50:6b:8d:9c:70:1a",
                "model": "",
                "network_function_chain_reference": {},
                "network_function_nic_type": "",
                "nic_type": "NORMAL_NIC",
                "num_queues": 1,
                "subnet_name": "Secondary_42",
                "subnet_uuid": "05eaa397-d398-4463-8a8a-b582e5628b5a",
                "uuid": "56920104-8a26-4577-afec-b8a8ed452d6b"
              }
            ],
            "num_sockets": 1,
            "num_vcpus_per_socket": 2,
            "num_vnuma_nodes": 0,
            "nutanix_guest_tools": {},
            "owner_reference": {
              "kind": "user",
              "name": "admin",
              "uuid": "00000000-0000-0000-0000-000000000000"
            },
            "parent_reference": {},
            "power_state": "ON",
            "power_state_mechanism": "HARD",
            "project_reference": {
              "kind": "project",
              "name": "_internal",
              "uuid": "48fbd98e-2217-481a-9f13-3a1c18ed088e"
            },
            "serial_port_list": [],
            "should_fail_on_script_failure": false,
            "state": "COMPLETE",
            "timeouts": null,
            "use_hot_add": true,
            "vga_console_enabled": true
          },
          "sensitive_attributes": [],
          "private": "eyJlMmJmYjczMC1lY2FhLTExZTYtOGY4OC0zNDM2M2JjN2M0YzAiOnsiY3JlYXRlIjozNjAwMDAwMDAwMDAwLCJkZWxldGUiOjM2MDAwMDAwMDAwMDAsInVwZGF0ZSI6MzYwMDAwMDAwMDAwMH0sInNjaGVtYV92ZXJzaW9uIjoiMSJ9",
          "dependencies": [
            "data.nutanix_cluster.cluster",
            "data.nutanix_subnet.subnet"
          ]
        },
        {
          "index_key": 6,
          "schema_version": 1,
          "attributes": {
            "api_version": "3.1",
            "availability_zone_reference": {},
            "boot_device_disk_address": {},
            "boot_device_mac_address": "",
            "boot_device_order_list": [
              "CDROM",
              "DISK",
              "NETWORK"
            ],
            "boot_type": "LEGACY",
            "categories": [],
            "cloud_init_cdrom_uuid": "",
            "cluster_name": "DM3-POC042",
            "cluster_uuid": "00061b19-2e68-cdea-0000-00000001b539",
            "description": "",
            "disk_list": [
              {
                "data_source_reference": {
                  "kind": "image",
                  "uuid": "82298037-0219-412a-8297-7070735fe447"
                },
                "device_properties": [
                  {
                    "device_type": "DISK",
                    "disk_address": {
                      "adapter_type": "SCSI",
                      "device_index": "0"
                    }
                  }
                ],
                "disk_size_bytes": 32212254720,
                "disk_size_mib": 30720,
                "storage_config": [
                  {
                    "flash_mode": "",
                    "storage_container_reference": [
                      {
                        "kind": "storage_container",
                        "name": "default-container-111929",
                        "url": "",
                        "uuid": "934302c8-9f37-4379-8fd6-ac06334fef10"
                      }
                    ]
                  }
                ],
                "uuid": "ab25d201-4de6-4b2c-97b7-d9730e5b2025",
                "volume_group_reference": {}
              },
              {
                "data_source_reference": {},
                "device_properties": [
                  {
                    "device_type": "DISK",
                    "disk_address": {
                      "adapter_type": "SCSI",
                      "device_index": "1"
                    }
                  }
                ],
                "disk_size_bytes": 10737418240,
                "disk_size_mib": 10240,
                "storage_config": [
                  {
                    "flash_mode": "",
                    "storage_container_reference": [
                      {
                        "kind": "storage_container",
                        "name": "SelfServiceContainer",
                        "url": "",
                        "uuid": "ba4b8c78-e099-41fc-a1b8-367e31b9973a"
                      }
                    ]
                  }
                ],
                "uuid": "646f677b-bd54-4d2c-91a4-e83c4efac835",
                "volume_group_reference": {}
              }
            ],
            "enable_cpu_passthrough": false,
            "enable_script_exec": false,
            "gpu_list": [],
            "guest_customization_cloud_init_custom_key_values": {},
            "guest_customization_cloud_init_meta_data": "",
            "guest_customization_cloud_init_user_data": "",
            "guest_customization_is_overridable": false,
            "guest_customization_sysprep": {},
            "guest_customization_sysprep_custom_key_values": {},
            "guest_os_id": "",
            "hardware_clock_timezone": "UTC",
            "host_reference": {
              "kind": "host",
              "name": "10.55.42.26",
              "uuid": "b7efea22-eb3b-49f1-b6a4-4d37f56f8627"
            },
            "hypervisor_type": null,
            "id": "33b8aa08-33cd-43d8-86e3-fcb9f959fa02",
            "is_vcpu_hard_pinned": false,
            "machine_type": "PC",
            "memory_size_mib": 1024,
            "metadata": {
              "creation_time": "2024-07-22 13:16:17 +0000 UTC",
              "last_update_time": "2024-07-22 13:16:17 +0000 UTC",
              "name": "",
              "spec_hash": "",
              "spec_version": "0",
              "uuid": "33b8aa08-33cd-43d8-86e3-fcb9f959fa02"
            },
            "name": "rocky-6",
            "ngt_credentials": {},
            "ngt_enabled_capability_list": [],
            "nic_list": [
              {
                "ip_endpoint_list": [
                  {
                    "ip": "10.55.42.140",
                    "type": "ASSIGNED"
                  }
                ],
                "is_connected": "true",
                "mac_address": "50:6b:8d:ed:b5:53",
                "model": "",
                "network_function_chain_reference": {},
                "network_function_nic_type": "",
                "nic_type": "NORMAL_NIC",
                "num_queues": 1,
                "subnet_name": "Secondary_42",
                "subnet_uuid": "05eaa397-d398-4463-8a8a-b582e5628b5a",
                "uuid": "10740f19-e92e-4768-9055-656936e778b0"
              }
            ],
            "nic_list_status": [
              {
                "floating_ip": "",
                "ip_endpoint_list": [
                  {
                    "ip": "10.55.42.140",
                    "type": "ASSIGNED"
                  }
                ],
                "is_connected": "true",
                "mac_address": "50:6b:8d:ed:b5:53",
                "model": "",
                "network_function_chain_reference": {},
                "network_function_nic_type": "",
                "nic_type": "NORMAL_NIC",
                "num_queues": 1,
                "subnet_name": "Secondary_42",
                "subnet_uuid": "05eaa397-d398-4463-8a8a-b582e5628b5a",
                "uuid": "10740f19-e92e-4768-9055-656936e778b0"
              }
            ],
            "num_sockets": 1,
            "num_vcpus_per_socket": 2,
            "num_vnuma_nodes": 0,
            "nutanix_guest_tools": {},
            "owner_reference": {
              "kind": "user",
              "name": "admin",
              "uuid": "00000000-0000-0000-0000-000000000000"
            },
            "parent_reference": {},
            "power_state": "ON",
            "power_state_mechanism": "HARD",
            "project_reference": {
              "kind": "project",
              "name": "_internal",
              "uuid": "48fbd98e-2217-481a-9f13-3a1c18ed088e"
            },
            "serial_port_list": [],
            "should_fail_on_script_failure": false,
            "state": "COMPLETE",
            "timeouts": null,
            "use_hot_add": true,
            "vga_console_enabled": true
          },
          "sensitive_attributes": [],
          "private": "eyJlMmJmYjczMC1lY2FhLTExZTYtOGY4OC0zNDM2M2JjN2M0YzAiOnsiY3JlYXRlIjozNjAwMDAwMDAwMDAwLCJkZWxldGUiOjM2MDAwMDAwMDAwMDAsInVwZGF0ZSI6MzYwMDAwMDAwMDAwMH0sInNjaGVtYV92ZXJzaW9uIjoiMSJ9",
          "dependencies": [
            "data.nutanix_cluster.cluster",
            "data.nutanix_subnet.subnet"
          ]
        },
        {
          "index_key": 7,
          "schema_version": 1,
          "attributes": {
            "api_version": "3.1",
            "availability_zone_reference": {},
            "boot_device_disk_address": {},
            "boot_device_mac_address": "",
            "boot_device_order_list": [
              "CDROM",
              "DISK",
              "NETWORK"
            ],
            "boot_type": "LEGACY",
            "categories": [],
            "cloud_init_cdrom_uuid": "",
            "cluster_name": "DM3-POC042",
            "cluster_uuid": "00061b19-2e68-cdea-0000-00000001b539",
            "description": "",
            "disk_list": [
              {
                "data_source_reference": {
                  "kind": "image",
                  "uuid": "82298037-0219-412a-8297-7070735fe447"
                },
                "device_properties": [
                  {
                    "device_type": "DISK",
                    "disk_address": {
                      "adapter_type": "SCSI",
                      "device_index": "0"
                    }
                  }
                ],
                "disk_size_bytes": 32212254720,
                "disk_size_mib": 30720,
                "storage_config": [
                  {
                    "flash_mode": "",
                    "storage_container_reference": [
                      {
                        "kind": "storage_container",
                        "name": "default-container-111929",
                        "url": "",
                        "uuid": "934302c8-9f37-4379-8fd6-ac06334fef10"
                      }
                    ]
                  }
                ],
                "uuid": "5db9baa7-944b-4a9b-9ad7-7271d3d78334",
                "volume_group_reference": {}
              },
              {
                "data_source_reference": {},
                "device_properties": [
                  {
                    "device_type": "DISK",
                    "disk_address": {
                      "adapter_type": "SCSI",
                      "device_index": "1"
                    }
                  }
                ],
                "disk_size_bytes": 10737418240,
                "disk_size_mib": 10240,
                "storage_config": [
                  {
                    "flash_mode": "",
                    "storage_container_reference": [
                      {
                        "kind": "storage_container",
                        "name": "SelfServiceContainer",
                        "url": "",
                        "uuid": "ba4b8c78-e099-41fc-a1b8-367e31b9973a"
                      }
                    ]
                  }
                ],
                "uuid": "0cf28acc-7a78-4adc-b9ba-5c29c174558b",
                "volume_group_reference": {}
              }
            ],
            "enable_cpu_passthrough": false,
            "enable_script_exec": false,
            "gpu_list": [],
            "guest_customization_cloud_init_custom_key_values": {},
            "guest_customization_cloud_init_meta_data": "",
            "guest_customization_cloud_init_user_data": "",
            "guest_customization_is_overridable": false,
            "guest_customization_sysprep": {},
            "guest_customization_sysprep_custom_key_values": {},
            "guest_os_id": "",
            "hardware_clock_timezone": "UTC",
            "host_reference": {
              "kind": "host",
              "name": "10.55.42.27",
              "uuid": "c9d70073-f27c-42c3-ba19-94f8cc93fe2f"
            },
            "hypervisor_type": null,
            "id": "0c0e8e7e-764d-4b01-b708-c9940cfd583c",
            "is_vcpu_hard_pinned": false,
            "machine_type": "PC",
            "memory_size_mib": 1024,
            "metadata": {
              "creation_time": "2024-07-22 13:16:16 +0000 UTC",
              "last_update_time": "2024-07-22 13:16:16 +0000 UTC",
              "name": "",
              "spec_hash": "",
              "spec_version": "0",
              "uuid": "0c0e8e7e-764d-4b01-b708-c9940cfd583c"
            },
            "name": "rocky-7",
            "ngt_credentials": {},
            "ngt_enabled_capability_list": [],
            "nic_list": [
              {
                "ip_endpoint_list": [
                  {
                    "ip": "10.55.42.196",
                    "type": "ASSIGNED"
                  }
                ],
                "is_connected": "true",
                "mac_address": "50:6b:8d:9b:9d:e3",
                "model": "",
                "network_function_chain_reference": {},
                "network_function_nic_type": "",
                "nic_type": "NORMAL_NIC",
                "num_queues": 1,
                "subnet_name": "Secondary_42",
                "subnet_uuid": "05eaa397-d398-4463-8a8a-b582e5628b5a",
                "uuid": "7b913441-54bc-4cab-bfd6-46a3f4c9adce"
              }
            ],
            "nic_list_status": [
              {
                "floating_ip": "",
                "ip_endpoint_list": [
                  {
                    "ip": "10.55.42.196",
                    "type": "ASSIGNED"
                  }
                ],
                "is_connected": "true",
                "mac_address": "50:6b:8d:9b:9d:e3",
                "model": "",
                "network_function_chain_reference": {},
                "network_function_nic_type": "",
                "nic_type": "NORMAL_NIC",
                "num_queues": 1,
                "subnet_name": "Secondary_42",
                "subnet_uuid": "05eaa397-d398-4463-8a8a-b582e5628b5a",
                "uuid": "7b913441-54bc-4cab-bfd6-46a3f4c9adce"
              }
            ],
            "num_sockets": 1,
            "num_vcpus_per_socket": 2,
            "num_vnuma_nodes": 0,
            "nutanix_guest_tools": {},
            "owner_reference": {
              "kind": "user",
              "name": "admin",
              "uuid": "00000000-0000-0000-0000-000000000000"
            },
            "parent_reference": {},
            "power_state": "ON",
            "power_state_mechanism": "HARD",
            "project_reference": {
              "kind": "project",
              "name": "_internal",
              "uuid": "48fbd98e-2217-481a-9f13-3a1c18ed088e"
            },
            "serial_port_list": [],
            "should_fail_on_script_failure": false,
            "state": "COMPLETE",
            "timeouts": null,
            "use_hot_add": true,
            "vga_console_enabled": true
          },
          "sensitive_attributes": [],
          "private": "eyJlMmJmYjczMC1lY2FhLTExZTYtOGY4OC0zNDM2M2JjN2M0YzAiOnsiY3JlYXRlIjozNjAwMDAwMDAwMDAwLCJkZWxldGUiOjM2MDAwMDAwMDAwMDAsInVwZGF0ZSI6MzYwMDAwMDAwMDAwMH0sInNjaGVtYV92ZXJzaW9uIjoiMSJ9",
          "dependencies": [
            "data.nutanix_cluster.cluster",
            "data.nutanix_subnet.subnet"
          ]
        },
        {
          "index_key": 8,
          "schema_version": 1,
          "attributes": {
            "api_version": "3.1",
            "availability_zone_reference": {},
            "boot_device_disk_address": {},
            "boot_device_mac_address": "",
            "boot_device_order_list": [
              "CDROM",
              "DISK",
              "NETWORK"
            ],
            "boot_type": "LEGACY",
            "categories": [],
            "cloud_init_cdrom_uuid": "",
            "cluster_name": "DM3-POC042",
            "cluster_uuid": "00061b19-2e68-cdea-0000-00000001b539",
            "description": "",
            "disk_list": [
              {
                "data_source_reference": {
                  "kind": "image",
                  "uuid": "82298037-0219-412a-8297-7070735fe447"
                },
                "device_properties": [
                  {
                    "device_type": "DISK",
                    "disk_address": {
                      "adapter_type": "SCSI",
                      "device_index": "0"
                    }
                  }
                ],
                "disk_size_bytes": 32212254720,
                "disk_size_mib": 30720,
                "storage_config": [
                  {
                    "flash_mode": "",
                    "storage_container_reference": [
                      {
                        "kind": "storage_container",
                        "name": "default-container-111929",
                        "url": "",
                        "uuid": "934302c8-9f37-4379-8fd6-ac06334fef10"
                      }
                    ]
                  }
                ],
                "uuid": "4c6310e0-cb51-406c-9a63-bee00b846909",
                "volume_group_reference": {}
              },
              {
                "data_source_reference": {},
                "device_properties": [
                  {
                    "device_type": "DISK",
                    "disk_address": {
                      "adapter_type": "SCSI",
                      "device_index": "1"
                    }
                  }
                ],
                "disk_size_bytes": 10737418240,
                "disk_size_mib": 10240,
                "storage_config": [
                  {
                    "flash_mode": "",
                    "storage_container_reference": [
                      {
                        "kind": "storage_container",
                        "name": "SelfServiceContainer",
                        "url": "",
                        "uuid": "ba4b8c78-e099-41fc-a1b8-367e31b9973a"
                      }
                    ]
                  }
                ],
                "uuid": "8f428f73-3c2c-49f2-bcc2-4acd220dde6f",
                "volume_group_reference": {}
              }
            ],
            "enable_cpu_passthrough": false,
            "enable_script_exec": false,
            "gpu_list": [],
            "guest_customization_cloud_init_custom_key_values": {},
            "guest_customization_cloud_init_meta_data": "",
            "guest_customization_cloud_init_user_data": "",
            "guest_customization_is_overridable": false,
            "guest_customization_sysprep": {},
            "guest_customization_sysprep_custom_key_values": {},
            "guest_os_id": "",
            "hardware_clock_timezone": "UTC",
            "host_reference": {
              "kind": "host",
              "name": "10.55.42.25",
              "uuid": "552483d4-bc58-4508-a262-4a64e13534c5"
            },
            "hypervisor_type": null,
            "id": "47afb6b3-a0bd-43c6-92fa-76afd3c88de4",
            "is_vcpu_hard_pinned": false,
            "machine_type": "PC",
            "memory_size_mib": 1024,
            "metadata": {
              "creation_time": "2024-07-22 13:17:09 +0000 UTC",
              "last_update_time": "2024-07-22 13:17:09 +0000 UTC",
              "name": "",
              "spec_hash": "",
              "spec_version": "0",
              "uuid": "47afb6b3-a0bd-43c6-92fa-76afd3c88de4"
            },
            "name": "rocky-8",
            "ngt_credentials": {},
            "ngt_enabled_capability_list": [],
            "nic_list": [
              {
                "ip_endpoint_list": [
                  {
                    "ip": "10.55.42.242",
                    "type": "ASSIGNED"
                  }
                ],
                "is_connected": "true",
                "mac_address": "50:6b:8d:e5:01:28",
                "model": "",
                "network_function_chain_reference": {},
                "network_function_nic_type": "",
                "nic_type": "NORMAL_NIC",
                "num_queues": 1,
                "subnet_name": "Secondary_42",
                "subnet_uuid": "05eaa397-d398-4463-8a8a-b582e5628b5a",
                "uuid": "709da698-ed8d-4e7a-a7c1-37282c184736"
              }
            ],
            "nic_list_status": [
              {
                "floating_ip": "",
                "ip_endpoint_list": [
                  {
                    "ip": "10.55.42.242",
                    "type": "ASSIGNED"
                  }
                ],
                "is_connected": "true",
                "mac_address": "50:6b:8d:e5:01:28",
                "model": "",
                "network_function_chain_reference": {},
                "network_function_nic_type": "",
                "nic_type": "NORMAL_NIC",
                "num_queues": 1,
                "subnet_name": "Secondary_42",
                "subnet_uuid": "05eaa397-d398-4463-8a8a-b582e5628b5a",
                "uuid": "709da698-ed8d-4e7a-a7c1-37282c184736"
              }
            ],
            "num_sockets": 1,
            "num_vcpus_per_socket": 2,
            "num_vnuma_nodes": 0,
            "nutanix_guest_tools": {},
            "owner_reference": {
              "kind": "user",
              "name": "admin",
              "uuid": "00000000-0000-0000-0000-000000000000"
            },
            "parent_reference": {},
            "power_state": "ON",
            "power_state_mechanism": "HARD",
            "project_reference": {
              "kind": "project",
              "name": "_internal",
              "uuid": "48fbd98e-2217-481a-9f13-3a1c18ed088e"
            },
            "serial_port_list": [],
            "should_fail_on_script_failure": false,
            "state": "COMPLETE",
            "timeouts": null,
            "use_hot_add": true,
            "vga_console_enabled": true
          },
          "sensitive_attributes": [],
          "private": "eyJlMmJmYjczMC1lY2FhLTExZTYtOGY4OC0zNDM2M2JjN2M0YzAiOnsiY3JlYXRlIjozNjAwMDAwMDAwMDAwLCJkZWxldGUiOjM2MDAwMDAwMDAwMDAsInVwZGF0ZSI6MzYwMDAwMDAwMDAwMH0sInNjaGVtYV92ZXJzaW9uIjoiMSJ9",
          "dependencies": [
            "data.nutanix_cluster.cluster",
            "data.nutanix_subnet.subnet"
          ]
        },
        {
          "index_key": 9,
          "schema_version": 1,
          "attributes": {
            "api_version": "3.1",
            "availability_zone_reference": {},
            "boot_device_disk_address": {},
            "boot_device_mac_address": "",
            "boot_device_order_list": [
              "CDROM",
              "DISK",
              "NETWORK"
            ],
            "boot_type": "LEGACY",
            "categories": [],
            "cloud_init_cdrom_uuid": "",
            "cluster_name": "DM3-POC042",
            "cluster_uuid": "00061b19-2e68-cdea-0000-00000001b539",
            "description": "",
            "disk_list": [
              {
                "data_source_reference": {
                  "kind": "image",
                  "uuid": "82298037-0219-412a-8297-7070735fe447"
                },
                "device_properties": [
                  {
                    "device_type": "DISK",
                    "disk_address": {
                      "adapter_type": "SCSI",
                      "device_index": "0"
                    }
                  }
                ],
                "disk_size_bytes": 32212254720,
                "disk_size_mib": 30720,
                "storage_config": [
                  {
                    "flash_mode": "",
                    "storage_container_reference": [
                      {
                        "kind": "storage_container",
                        "name": "default-container-111929",
                        "url": "",
                        "uuid": "934302c8-9f37-4379-8fd6-ac06334fef10"
                      }
                    ]
                  }
                ],
                "uuid": "e2f4d9ad-0ef4-4100-b3d8-f431412aac08",
                "volume_group_reference": {}
              },
              {
                "data_source_reference": {},
                "device_properties": [
                  {
                    "device_type": "DISK",
                    "disk_address": {
                      "adapter_type": "SCSI",
                      "device_index": "1"
                    }
                  }
                ],
                "disk_size_bytes": 10737418240,
                "disk_size_mib": 10240,
                "storage_config": [
                  {
                    "flash_mode": "",
                    "storage_container_reference": [
                      {
                        "kind": "storage_container",
                        "name": "SelfServiceContainer",
                        "url": "",
                        "uuid": "ba4b8c78-e099-41fc-a1b8-367e31b9973a"
                      }
                    ]
                  }
                ],
                "uuid": "f7da7723-48c7-41c5-b987-50ceddcc8e86",
                "volume_group_reference": {}
              }
            ],
            "enable_cpu_passthrough": false,
            "enable_script_exec": false,
            "gpu_list": [],
            "guest_customization_cloud_init_custom_key_values": {},
            "guest_customization_cloud_init_meta_data": "",
            "guest_customization_cloud_init_user_data": "",
            "guest_customization_is_overridable": false,
            "guest_customization_sysprep": {},
            "guest_customization_sysprep_custom_key_values": {},
            "guest_os_id": "",
            "hardware_clock_timezone": "UTC",
            "host_reference": {
              "kind": "host",
              "name": "10.55.42.26",
              "uuid": "b7efea22-eb3b-49f1-b6a4-4d37f56f8627"
            },
            "hypervisor_type": null,
            "id": "035496ed-f95f-4fc8-ada9-10740d4a544e",
            "is_vcpu_hard_pinned": false,
            "machine_type": "PC",
            "memory_size_mib": 1024,
            "metadata": {
              "creation_time": "2024-07-22 13:16:48 +0000 UTC",
              "last_update_time": "2024-07-22 13:16:48 +0000 UTC",
              "name": "",
              "spec_hash": "",
              "spec_version": "0",
              "uuid": "035496ed-f95f-4fc8-ada9-10740d4a544e"
            },
            "name": "rocky-9",
            "ngt_credentials": {},
            "ngt_enabled_capability_list": [],
            "nic_list": [
              {
                "ip_endpoint_list": [
                  {
                    "ip": "10.55.42.187",
                    "type": "ASSIGNED"
                  }
                ],
                "is_connected": "true",
                "mac_address": "50:6b:8d:b4:a4:03",
                "model": "",
                "network_function_chain_reference": {},
                "network_function_nic_type": "",
                "nic_type": "NORMAL_NIC",
                "num_queues": 1,
                "subnet_name": "Secondary_42",
                "subnet_uuid": "05eaa397-d398-4463-8a8a-b582e5628b5a",
                "uuid": "1170ef34-68fc-464d-a311-881a2c86a391"
              }
            ],
            "nic_list_status": [
              {
                "floating_ip": "",
                "ip_endpoint_list": [
                  {
                    "ip": "10.55.42.187",
                    "type": "ASSIGNED"
                  }
                ],
                "is_connected": "true",
                "mac_address": "50:6b:8d:b4:a4:03",
                "model": "",
                "network_function_chain_reference": {},
                "network_function_nic_type": "",
                "nic_type": "NORMAL_NIC",
                "num_queues": 1,
                "subnet_name": "Secondary_42",
                "subnet_uuid": "05eaa397-d398-4463-8a8a-b582e5628b5a",
                "uuid": "1170ef34-68fc-464d-a311-881a2c86a391"
              }
            ],
            "num_sockets": 1,
            "num_vcpus_per_socket": 2,
            "num_vnuma_nodes": 0,
            "nutanix_guest_tools": {},
            "owner_reference": {
              "kind": "user",
              "name": "admin",
              "uuid": "00000000-0000-0000-0000-000000000000"
            },
            "parent_reference": {},
            "power_state": "ON",
            "power_state_mechanism": "HARD",
            "project_reference": {
              "kind": "project",
              "name": "_internal",
              "uuid": "48fbd98e-2217-481a-9f13-3a1c18ed088e"
            },
            "serial_port_list": [],
            "should_fail_on_script_failure": false,
            "state": "COMPLETE",
            "timeouts": null,
            "use_hot_add": true,
            "vga_console_enabled": true
          },
          "sensitive_attributes": [],
          "private": "eyJlMmJmYjczMC1lY2FhLTExZTYtOGY4OC0zNDM2M2JjN2M0YzAiOnsiY3JlYXRlIjozNjAwMDAwMDAwMDAwLCJkZWxldGUiOjM2MDAwMDAwMDAwMDAsInVwZGF0ZSI6MzYwMDAwMDAwMDAwMH0sInNjaGVtYV92ZXJzaW9uIjoiMSJ9",
          "dependencies": [
            "data.nutanix_cluster.cluster",
            "data.nutanix_subnet.subnet"
          ]
        },
        {
          "index_key": 10,
          "schema_version": 1,
          "attributes": {
            "api_version": "3.1",
            "availability_zone_reference": {},
            "boot_device_disk_address": {},
            "boot_device_mac_address": "",
            "boot_device_order_list": [
              "CDROM",
              "DISK",
              "NETWORK"
            ],
            "boot_type": "LEGACY",
            "categories": [],
            "cloud_init_cdrom_uuid": "",
            "cluster_name": "DM3-POC042",
            "cluster_uuid": "00061b19-2e68-cdea-0000-00000001b539",
            "description": "",
            "disk_list": [
              {
                "data_source_reference": {
                  "kind": "image",
                  "uuid": "82298037-0219-412a-8297-7070735fe447"
                },
                "device_properties": [
                  {
                    "device_type": "DISK",
                    "disk_address": {
                      "adapter_type": "SCSI",
                      "device_index": "0"
                    }
                  }
                ],
                "disk_size_bytes": 32212254720,
                "disk_size_mib": 30720,
                "storage_config": [
                  {
                    "flash_mode": "",
                    "storage_container_reference": [
                      {
                        "kind": "storage_container",
                        "name": "default-container-111929",
                        "url": "",
                        "uuid": "934302c8-9f37-4379-8fd6-ac06334fef10"
                      }
                    ]
                  }
                ],
                "uuid": "4301e834-18d7-4794-ab60-34b8d99ffa1d",
                "volume_group_reference": {}
              },
              {
                "data_source_reference": {},
                "device_properties": [
                  {
                    "device_type": "DISK",
                    "disk_address": {
                      "adapter_type": "SCSI",
                      "device_index": "1"
                    }
                  }
                ],
                "disk_size_bytes": 10737418240,
                "disk_size_mib": 10240,
                "storage_config": [
                  {
                    "flash_mode": "",
                    "storage_container_reference": [
                      {
                        "kind": "storage_container",
                        "name": "SelfServiceContainer",
                        "url": "",
                        "uuid": "ba4b8c78-e099-41fc-a1b8-367e31b9973a"
                      }
                    ]
                  }
                ],
                "uuid": "380e7e5a-ede7-4d96-9577-674475d7f097",
                "volume_group_reference": {}
              }
            ],
            "enable_cpu_passthrough": false,
            "enable_script_exec": false,
            "gpu_list": [],
            "guest_customization_cloud_init_custom_key_values": {},
            "guest_customization_cloud_init_meta_data": "",
            "guest_customization_cloud_init_user_data": "",
            "guest_customization_is_overridable": false,
            "guest_customization_sysprep": {},
            "guest_customization_sysprep_custom_key_values": {},
            "guest_os_id": "",
            "hardware_clock_timezone": "UTC",
            "host_reference": {
              "kind": "host",
              "name": "10.55.42.27",
              "uuid": "c9d70073-f27c-42c3-ba19-94f8cc93fe2f"
            },
            "hypervisor_type": null,
            "id": "5aa2448d-d24a-4123-a538-f9e8d5c94c1c",
            "is_vcpu_hard_pinned": false,
            "machine_type": "PC",
            "memory_size_mib": 1024,
            "metadata": {
              "creation_time": "2024-07-22 13:16:40 +0000 UTC",
              "last_update_time": "2024-07-22 13:16:40 +0000 UTC",
              "name": "",
              "spec_hash": "",
              "spec_version": "0",
              "uuid": "5aa2448d-d24a-4123-a538-f9e8d5c94c1c"
            },
            "name": "rocky-10",
            "ngt_credentials": {},
            "ngt_enabled_capability_list": [],
            "nic_list": [
              {
                "ip_endpoint_list": [
                  {
                    "ip": "10.55.42.250",
                    "type": "ASSIGNED"
                  }
                ],
                "is_connected": "true",
                "mac_address": "50:6b:8d:d5:52:5b",
                "model": "",
                "network_function_chain_reference": {},
                "network_function_nic_type": "",
                "nic_type": "NORMAL_NIC",
                "num_queues": 1,
                "subnet_name": "Secondary_42",
                "subnet_uuid": "05eaa397-d398-4463-8a8a-b582e5628b5a",
                "uuid": "5c145ecc-395b-4e99-953e-a8eb1d123d93"
              }
            ],
            "nic_list_status": [
              {
                "floating_ip": "",
                "ip_endpoint_list": [
                  {
                    "ip": "10.55.42.250",
                    "type": "ASSIGNED"
                  }
                ],
                "is_connected": "true",
                "mac_address": "50:6b:8d:d5:52:5b",
                "model": "",
                "network_function_chain_reference": {},
                "network_function_nic_type": "",
                "nic_type": "NORMAL_NIC",
                "num_queues": 1,
                "subnet_name": "Secondary_42",
                "subnet_uuid": "05eaa397-d398-4463-8a8a-b582e5628b5a",
                "uuid": "5c145ecc-395b-4e99-953e-a8eb1d123d93"
              }
            ],
            "num_sockets": 1,
            "num_vcpus_per_socket": 2,
            "num_vnuma_nodes": 0,
            "nutanix_guest_tools": {},
            "owner_reference": {
              "kind": "user",
              "name": "admin",
              "uuid": "00000000-0000-0000-0000-000000000000"
            },
            "parent_reference": {},
            "power_state": "ON",
            "power_state_mechanism": "HARD",
            "project_reference": {
              "kind": "project",
              "name": "_internal",
              "uuid": "48fbd98e-2217-481a-9f13-3a1c18ed088e"
            },
            "serial_port_list": [],
            "should_fail_on_script_failure": false,
            "state": "COMPLETE",
            "timeouts": null,
            "use_hot_add": true,
            "vga_console_enabled": true
          },
          "sensitive_attributes": [],
          "private": "eyJlMmJmYjczMC1lY2FhLTExZTYtOGY4OC0zNDM2M2JjN2M0YzAiOnsiY3JlYXRlIjozNjAwMDAwMDAwMDAwLCJkZWxldGUiOjM2MDAwMDAwMDAwMDAsInVwZGF0ZSI6MzYwMDAwMDAwMDAwMH0sInNjaGVtYV92ZXJzaW9uIjoiMSJ9",
          "dependencies": [
            "data.nutanix_cluster.cluster",
            "data.nutanix_subnet.subnet"
          ]
        },
        {
          "index_key": 11,
          "schema_version": 1,
          "attributes": {
            "api_version": "3.1",
            "availability_zone_reference": {},
            "boot_device_disk_address": {},
            "boot_device_mac_address": "",
            "boot_device_order_list": [
              "CDROM",
              "DISK",
              "NETWORK"
            ],
            "boot_type": "LEGACY",
            "categories": [],
            "cloud_init_cdrom_uuid": "",
            "cluster_name": "DM3-POC042",
            "cluster_uuid": "00061b19-2e68-cdea-0000-00000001b539",
            "description": "",
            "disk_list": [
              {
                "data_source_reference": {
                  "kind": "image",
                  "uuid": "82298037-0219-412a-8297-7070735fe447"
                },
                "device_properties": [
                  {
                    "device_type": "DISK",
                    "disk_address": {
                      "adapter_type": "SCSI",
                      "device_index": "0"
                    }
                  }
                ],
                "disk_size_bytes": 32212254720,
                "disk_size_mib": 30720,
                "storage_config": [
                  {
                    "flash_mode": "",
                    "storage_container_reference": [
                      {
                        "kind": "storage_container",
                        "name": "default-container-111929",
                        "url": "",
                        "uuid": "934302c8-9f37-4379-8fd6-ac06334fef10"
                      }
                    ]
                  }
                ],
                "uuid": "306438a6-9c12-4bd6-8c2c-c648fd3438cf",
                "volume_group_reference": {}
              },
              {
                "data_source_reference": {},
                "device_properties": [
                  {
                    "device_type": "DISK",
                    "disk_address": {
                      "adapter_type": "SCSI",
                      "device_index": "1"
                    }
                  }
                ],
                "disk_size_bytes": 10737418240,
                "disk_size_mib": 10240,
                "storage_config": [
                  {
                    "flash_mode": "",
                    "storage_container_reference": [
                      {
                        "kind": "storage_container",
                        "name": "SelfServiceContainer",
                        "url": "",
                        "uuid": "ba4b8c78-e099-41fc-a1b8-367e31b9973a"
                      }
                    ]
                  }
                ],
                "uuid": "67ec8e74-dc00-4299-a783-f5be26938633",
                "volume_group_reference": {}
              }
            ],
            "enable_cpu_passthrough": false,
            "enable_script_exec": false,
            "gpu_list": [],
            "guest_customization_cloud_init_custom_key_values": {},
            "guest_customization_cloud_init_meta_data": "",
            "guest_customization_cloud_init_user_data": "",
            "guest_customization_is_overridable": false,
            "guest_customization_sysprep": {},
            "guest_customization_sysprep_custom_key_values": {},
            "guest_os_id": "",
            "hardware_clock_timezone": "UTC",
            "host_reference": {
              "kind": "host",
              "name": "10.55.42.28",
              "uuid": "ca6ea069-7ea3-4aaa-9d03-ec62d67f1865"
            },
            "hypervisor_type": null,
            "id": "96408631-8cd6-4931-bf69-013bfa2f125b",
            "is_vcpu_hard_pinned": false,
            "machine_type": "PC",
            "memory_size_mib": 1024,
            "metadata": {
              "creation_time": "2024-07-22 13:16:53 +0000 UTC",
              "last_update_time": "2024-07-22 13:16:53 +0000 UTC",
              "name": "",
              "spec_hash": "",
              "spec_version": "0",
              "uuid": "96408631-8cd6-4931-bf69-013bfa2f125b"
            },
            "name": "rocky-11",
            "ngt_credentials": {},
            "ngt_enabled_capability_list": [],
            "nic_list": [
              {
                "ip_endpoint_list": [
                  {
                    "ip": "10.55.42.172",
                    "type": "ASSIGNED"
                  }
                ],
                "is_connected": "true",
                "mac_address": "50:6b:8d:c4:e2:68",
                "model": "",
                "network_function_chain_reference": {},
                "network_function_nic_type": "",
                "nic_type": "NORMAL_NIC",
                "num_queues": 1,
                "subnet_name": "Secondary_42",
                "subnet_uuid": "05eaa397-d398-4463-8a8a-b582e5628b5a",
                "uuid": "43ae28a7-5252-442e-be7b-c1cdde87cb95"
              }
            ],
            "nic_list_status": [
              {
                "floating_ip": "",
                "ip_endpoint_list": [
                  {
                    "ip": "10.55.42.172",
                    "type": "ASSIGNED"
                  }
                ],
                "is_connected": "true",
                "mac_address": "50:6b:8d:c4:e2:68",
                "model": "",
                "network_function_chain_reference": {},
                "network_function_nic_type": "",
                "nic_type": "NORMAL_NIC",
                "num_queues": 1,
                "subnet_name": "Secondary_42",
                "subnet_uuid": "05eaa397-d398-4463-8a8a-b582e5628b5a",
                "uuid": "43ae28a7-5252-442e-be7b-c1cdde87cb95"
              }
            ],
            "num_sockets": 1,
            "num_vcpus_per_socket": 2,
            "num_vnuma_nodes": 0,
            "nutanix_guest_tools": {},
            "owner_reference": {
              "kind": "user",
              "name": "admin",
              "uuid": "00000000-0000-0000-0000-000000000000"
            },
            "parent_reference": {},
            "power_state": "ON",
            "power_state_mechanism": "HARD",
            "project_reference": {
              "kind": "project",
              "name": "_internal",
              "uuid": "48fbd98e-2217-481a-9f13-3a1c18ed088e"
            },
            "serial_port_list": [],
            "should_fail_on_script_failure": false,
            "state": "COMPLETE",
            "timeouts": null,
            "use_hot_add": true,
            "vga_console_enabled": true
          },
          "sensitive_attributes": [],
          "private": "eyJlMmJmYjczMC1lY2FhLTExZTYtOGY4OC0zNDM2M2JjN2M0YzAiOnsiY3JlYXRlIjozNjAwMDAwMDAwMDAwLCJkZWxldGUiOjM2MDAwMDAwMDAwMDAsInVwZGF0ZSI6MzYwMDAwMDAwMDAwMH0sInNjaGVtYV92ZXJzaW9uIjoiMSJ9",
          "dependencies": [
            "data.nutanix_cluster.cluster",
            "data.nutanix_subnet.subnet"
          ]
        },
        {
          "index_key": 12,
          "schema_version": 1,
          "attributes": {
            "api_version": "3.1",
            "availability_zone_reference": {},
            "boot_device_disk_address": {},
            "boot_device_mac_address": "",
            "boot_device_order_list": [
              "CDROM",
              "DISK",
              "NETWORK"
            ],
            "boot_type": "LEGACY",
            "categories": [],
            "cloud_init_cdrom_uuid": "",
            "cluster_name": "DM3-POC042",
            "cluster_uuid": "00061b19-2e68-cdea-0000-00000001b539",
            "description": "",
            "disk_list": [
              {
                "data_source_reference": {
                  "kind": "image",
                  "uuid": "82298037-0219-412a-8297-7070735fe447"
                },
                "device_properties": [
                  {
                    "device_type": "DISK",
                    "disk_address": {
                      "adapter_type": "SCSI",
                      "device_index": "0"
                    }
                  }
                ],
                "disk_size_bytes": 32212254720,
                "disk_size_mib": 30720,
                "storage_config": [
                  {
                    "flash_mode": "",
                    "storage_container_reference": [
                      {
                        "kind": "storage_container",
                        "name": "default-container-111929",
                        "url": "",
                        "uuid": "934302c8-9f37-4379-8fd6-ac06334fef10"
                      }
                    ]
                  }
                ],
                "uuid": "528b1260-fcc4-46b2-9fac-9591a8fd61cb",
                "volume_group_reference": {}
              },
              {
                "data_source_reference": {},
                "device_properties": [
                  {
                    "device_type": "DISK",
                    "disk_address": {
                      "adapter_type": "SCSI",
                      "device_index": "1"
                    }
                  }
                ],
                "disk_size_bytes": 10737418240,
                "disk_size_mib": 10240,
                "storage_config": [
                  {
                    "flash_mode": "",
                    "storage_container_reference": [
                      {
                        "kind": "storage_container",
                        "name": "SelfServiceContainer",
                        "url": "",
                        "uuid": "ba4b8c78-e099-41fc-a1b8-367e31b9973a"
                      }
                    ]
                  }
                ],
                "uuid": "974eb3b9-8213-4020-8c3d-58f1cc82524d",
                "volume_group_reference": {}
              }
            ],
            "enable_cpu_passthrough": false,
            "enable_script_exec": false,
            "gpu_list": [],
            "guest_customization_cloud_init_custom_key_values": {},
            "guest_customization_cloud_init_meta_data": "",
            "guest_customization_cloud_init_user_data": "",
            "guest_customization_is_overridable": false,
            "guest_customization_sysprep": {},
            "guest_customization_sysprep_custom_key_values": {},
            "guest_os_id": "",
            "hardware_clock_timezone": "UTC",
            "host_reference": {
              "kind": "host",
              "name": "10.55.42.25",
              "uuid": "552483d4-bc58-4508-a262-4a64e13534c5"
            },
            "hypervisor_type": null,
            "id": "5c7dc7a9-d237-4007-8d5e-6e230529654e",
            "is_vcpu_hard_pinned": false,
            "machine_type": "PC",
            "memory_size_mib": 1024,
            "metadata": {
              "creation_time": "2024-07-22 13:16:21 +0000 UTC",
              "last_update_time": "2024-07-22 13:16:21 +0000 UTC",
              "name": "",
              "spec_hash": "",
              "spec_version": "0",
              "uuid": "5c7dc7a9-d237-4007-8d5e-6e230529654e"
            },
            "name": "rocky-12",
            "ngt_credentials": {},
            "ngt_enabled_capability_list": [],
            "nic_list": [
              {
                "ip_endpoint_list": [
                  {
                    "ip": "10.55.42.143",
                    "type": "ASSIGNED"
                  }
                ],
                "is_connected": "true",
                "mac_address": "50:6b:8d:c2:14:a9",
                "model": "",
                "network_function_chain_reference": {},
                "network_function_nic_type": "",
                "nic_type": "NORMAL_NIC",
                "num_queues": 1,
                "subnet_name": "Secondary_42",
                "subnet_uuid": "05eaa397-d398-4463-8a8a-b582e5628b5a",
                "uuid": "8b38e470-a7d7-445f-96eb-2dce06f19270"
              }
            ],
            "nic_list_status": [
              {
                "floating_ip": "",
                "ip_endpoint_list": [
                  {
                    "ip": "10.55.42.143",
                    "type": "ASSIGNED"
                  }
                ],
                "is_connected": "true",
                "mac_address": "50:6b:8d:c2:14:a9",
                "model": "",
                "network_function_chain_reference": {},
                "network_function_nic_type": "",
                "nic_type": "NORMAL_NIC",
                "num_queues": 1,
                "subnet_name": "Secondary_42",
                "subnet_uuid": "05eaa397-d398-4463-8a8a-b582e5628b5a",
                "uuid": "8b38e470-a7d7-445f-96eb-2dce06f19270"
              }
            ],
            "num_sockets": 1,
            "num_vcpus_per_socket": 2,
            "num_vnuma_nodes": 0,
            "nutanix_guest_tools": {},
            "owner_reference": {
              "kind": "user",
              "name": "admin",
              "uuid": "00000000-0000-0000-0000-000000000000"
            },
            "parent_reference": {},
            "power_state": "ON",
            "power_state_mechanism": "HARD",
            "project_reference": {
              "kind": "project",
              "name": "_internal",
              "uuid": "48fbd98e-2217-481a-9f13-3a1c18ed088e"
            },
            "serial_port_list": [],
            "should_fail_on_script_failure": false,
            "state": "COMPLETE",
            "timeouts": null,
            "use_hot_add": true,
            "vga_console_enabled": true
          },
          "sensitive_attributes": [],
          "private": "eyJlMmJmYjczMC1lY2FhLTExZTYtOGY4OC0zNDM2M2JjN2M0YzAiOnsiY3JlYXRlIjozNjAwMDAwMDAwMDAwLCJkZWxldGUiOjM2MDAwMDAwMDAwMDAsInVwZGF0ZSI6MzYwMDAwMDAwMDAwMH0sInNjaGVtYV92ZXJzaW9uIjoiMSJ9",
          "dependencies": [
            "data.nutanix_cluster.cluster",
            "data.nutanix_subnet.subnet"
          ]
        },
        {
          "index_key": 13,
          "schema_version": 1,
          "attributes": {
            "api_version": "3.1",
            "availability_zone_reference": {},
            "boot_device_disk_address": {},
            "boot_device_mac_address": "",
            "boot_device_order_list": [
              "CDROM",
              "DISK",
              "NETWORK"
            ],
            "boot_type": "LEGACY",
            "categories": [],
            "cloud_init_cdrom_uuid": "",
            "cluster_name": "DM3-POC042",
            "cluster_uuid": "00061b19-2e68-cdea-0000-00000001b539",
            "description": "",
            "disk_list": [
              {
                "data_source_reference": {
                  "kind": "image",
                  "uuid": "82298037-0219-412a-8297-7070735fe447"
                },
                "device_properties": [
                  {
                    "device_type": "DISK",
                    "disk_address": {
                      "adapter_type": "SCSI",
                      "device_index": "0"
                    }
                  }
                ],
                "disk_size_bytes": 32212254720,
                "disk_size_mib": 30720,
                "storage_config": [
                  {
                    "flash_mode": "",
                    "storage_container_reference": [
                      {
                        "kind": "storage_container",
                        "name": "default-container-111929",
                        "url": "",
                        "uuid": "934302c8-9f37-4379-8fd6-ac06334fef10"
                      }
                    ]
                  }
                ],
                "uuid": "bc4716cb-aa10-469f-aea0-a32ae88bc032",
                "volume_group_reference": {}
              },
              {
                "data_source_reference": {},
                "device_properties": [
                  {
                    "device_type": "DISK",
                    "disk_address": {
                      "adapter_type": "SCSI",
                      "device_index": "1"
                    }
                  }
                ],
                "disk_size_bytes": 10737418240,
                "disk_size_mib": 10240,
                "storage_config": [
                  {
                    "flash_mode": "",
                    "storage_container_reference": [
                      {
                        "kind": "storage_container",
                        "name": "SelfServiceContainer",
                        "url": "",
                        "uuid": "ba4b8c78-e099-41fc-a1b8-367e31b9973a"
                      }
                    ]
                  }
                ],
                "uuid": "4b18e648-afe9-4d5a-9df9-b9bf72594cdc",
                "volume_group_reference": {}
              }
            ],
            "enable_cpu_passthrough": false,
            "enable_script_exec": false,
            "gpu_list": [],
            "guest_customization_cloud_init_custom_key_values": {},
            "guest_customization_cloud_init_meta_data": "",
            "guest_customization_cloud_init_user_data": "",
            "guest_customization_is_overridable": false,
            "guest_customization_sysprep": {},
            "guest_customization_sysprep_custom_key_values": {},
            "guest_os_id": "",
            "hardware_clock_timezone": "UTC",
            "host_reference": {
              "kind": "host",
              "name": "10.55.42.27",
              "uuid": "c9d70073-f27c-42c3-ba19-94f8cc93fe2f"
            },
            "hypervisor_type": null,
            "id": "ef052c18-8704-4b4b-b137-02b41d3d1ffb",
            "is_vcpu_hard_pinned": false,
            "machine_type": "PC",
            "memory_size_mib": 1024,
            "metadata": {
              "creation_time": "2024-07-22 13:16:19 +0000 UTC",
              "last_update_time": "2024-07-22 13:16:19 +0000 UTC",
              "name": "",
              "spec_hash": "",
              "spec_version": "0",
              "uuid": "ef052c18-8704-4b4b-b137-02b41d3d1ffb"
            },
            "name": "rocky-13",
            "ngt_credentials": {},
            "ngt_enabled_capability_list": [],
            "nic_list": [
              {
                "ip_endpoint_list": [
                  {
                    "ip": "10.55.42.204",
                    "type": "ASSIGNED"
                  }
                ],
                "is_connected": "true",
                "mac_address": "50:6b:8d:fc:b7:29",
                "model": "",
                "network_function_chain_reference": {},
                "network_function_nic_type": "",
                "nic_type": "NORMAL_NIC",
                "num_queues": 1,
                "subnet_name": "Secondary_42",
                "subnet_uuid": "05eaa397-d398-4463-8a8a-b582e5628b5a",
                "uuid": "1aac660d-874a-4478-ba17-b0f04a9930a9"
              }
            ],
            "nic_list_status": [
              {
                "floating_ip": "",
                "ip_endpoint_list": [
                  {
                    "ip": "10.55.42.204",
                    "type": "ASSIGNED"
                  }
                ],
                "is_connected": "true",
                "mac_address": "50:6b:8d:fc:b7:29",
                "model": "",
                "network_function_chain_reference": {},
                "network_function_nic_type": "",
                "nic_type": "NORMAL_NIC",
                "num_queues": 1,
                "subnet_name": "Secondary_42",
                "subnet_uuid": "05eaa397-d398-4463-8a8a-b582e5628b5a",
                "uuid": "1aac660d-874a-4478-ba17-b0f04a9930a9"
              }
            ],
            "num_sockets": 1,
            "num_vcpus_per_socket": 2,
            "num_vnuma_nodes": 0,
            "nutanix_guest_tools": {},
            "owner_reference": {
              "kind": "user",
              "name": "admin",
              "uuid": "00000000-0000-0000-0000-000000000000"
            },
            "parent_reference": {},
            "power_state": "ON",
            "power_state_mechanism": "HARD",
            "project_reference": {
              "kind": "project",
              "name": "_internal",
              "uuid": "48fbd98e-2217-481a-9f13-3a1c18ed088e"
            },
            "serial_port_list": [],
            "should_fail_on_script_failure": false,
            "state": "COMPLETE",
            "timeouts": null,
            "use_hot_add": true,
            "vga_console_enabled": true
          },
          "sensitive_attributes": [],
          "private": "eyJlMmJmYjczMC1lY2FhLTExZTYtOGY4OC0zNDM2M2JjN2M0YzAiOnsiY3JlYXRlIjozNjAwMDAwMDAwMDAwLCJkZWxldGUiOjM2MDAwMDAwMDAwMDAsInVwZGF0ZSI6MzYwMDAwMDAwMDAwMH0sInNjaGVtYV92ZXJzaW9uIjoiMSJ9",
          "dependencies": [
            "data.nutanix_cluster.cluster",
            "data.nutanix_subnet.subnet"
          ]
        },
        {
          "index_key": 14,
          "schema_version": 1,
          "attributes": {
            "api_version": "3.1",
            "availability_zone_reference": {},
            "boot_device_disk_address": {},
            "boot_device_mac_address": "",
            "boot_device_order_list": [
              "CDROM",
              "DISK",
              "NETWORK"
            ],
            "boot_type": "LEGACY",
            "categories": [],
            "cloud_init_cdrom_uuid": "",
            "cluster_name": "DM3-POC042",
            "cluster_uuid": "00061b19-2e68-cdea-0000-00000001b539",
            "description": "",
            "disk_list": [
              {
                "data_source_reference": {
                  "kind": "image",
                  "uuid": "82298037-0219-412a-8297-7070735fe447"
                },
                "device_properties": [
                  {
                    "device_type": "DISK",
                    "disk_address": {
                      "adapter_type": "SCSI",
                      "device_index": "0"
                    }
                  }
                ],
                "disk_size_bytes": 32212254720,
                "disk_size_mib": 30720,
                "storage_config": [
                  {
                    "flash_mode": "",
                    "storage_container_reference": [
                      {
                        "kind": "storage_container",
                        "name": "default-container-111929",
                        "url": "",
                        "uuid": "934302c8-9f37-4379-8fd6-ac06334fef10"
                      }
                    ]
                  }
                ],
                "uuid": "3b08ed58-f6ed-4bff-bc04-7a709d878227",
                "volume_group_reference": {}
              },
              {
                "data_source_reference": {},
                "device_properties": [
                  {
                    "device_type": "DISK",
                    "disk_address": {
                      "adapter_type": "SCSI",
                      "device_index": "1"
                    }
                  }
                ],
                "disk_size_bytes": 10737418240,
                "disk_size_mib": 10240,
                "storage_config": [
                  {
                    "flash_mode": "",
                    "storage_container_reference": [
                      {
                        "kind": "storage_container",
                        "name": "SelfServiceContainer",
                        "url": "",
                        "uuid": "ba4b8c78-e099-41fc-a1b8-367e31b9973a"
                      }
                    ]
                  }
                ],
                "uuid": "f56db45c-698b-4b10-907d-923942018308",
                "volume_group_reference": {}
              }
            ],
            "enable_cpu_passthrough": false,
            "enable_script_exec": false,
            "gpu_list": [],
            "guest_customization_cloud_init_custom_key_values": {},
            "guest_customization_cloud_init_meta_data": "",
            "guest_customization_cloud_init_user_data": "",
            "guest_customization_is_overridable": false,
            "guest_customization_sysprep": {},
            "guest_customization_sysprep_custom_key_values": {},
            "guest_os_id": "",
            "hardware_clock_timezone": "UTC",
            "host_reference": {
              "kind": "host",
              "name": "10.55.42.25",
              "uuid": "552483d4-bc58-4508-a262-4a64e13534c5"
            },
            "hypervisor_type": null,
            "id": "1e303557-84bc-4698-92b6-07d6ec8f7567",
            "is_vcpu_hard_pinned": false,
            "machine_type": "PC",
            "memory_size_mib": 1024,
            "metadata": {
              "creation_time": "2024-07-22 13:16:45 +0000 UTC",
              "last_update_time": "2024-07-22 13:16:45 +0000 UTC",
              "name": "",
              "spec_hash": "",
              "spec_version": "0",
              "uuid": "1e303557-84bc-4698-92b6-07d6ec8f7567"
            },
            "name": "rocky-14",
            "ngt_credentials": {},
            "ngt_enabled_capability_list": [],
            "nic_list": [
              {
                "ip_endpoint_list": [
                  {
                    "ip": "10.55.42.245",
                    "type": "ASSIGNED"
                  }
                ],
                "is_connected": "true",
                "mac_address": "50:6b:8d:ae:7f:b6",
                "model": "",
                "network_function_chain_reference": {},
                "network_function_nic_type": "",
                "nic_type": "NORMAL_NIC",
                "num_queues": 1,
                "subnet_name": "Secondary_42",
                "subnet_uuid": "05eaa397-d398-4463-8a8a-b582e5628b5a",
                "uuid": "dda42cfb-fda0-4830-aef8-4011ec963b84"
              }
            ],
            "nic_list_status": [
              {
                "floating_ip": "",
                "ip_endpoint_list": [
                  {
                    "ip": "10.55.42.245",
                    "type": "ASSIGNED"
                  }
                ],
                "is_connected": "true",
                "mac_address": "50:6b:8d:ae:7f:b6",
                "model": "",
                "network_function_chain_reference": {},
                "network_function_nic_type": "",
                "nic_type": "NORMAL_NIC",
                "num_queues": 1,
                "subnet_name": "Secondary_42",
                "subnet_uuid": "05eaa397-d398-4463-8a8a-b582e5628b5a",
                "uuid": "dda42cfb-fda0-4830-aef8-4011ec963b84"
              }
            ],
            "num_sockets": 1,
            "num_vcpus_per_socket": 2,
            "num_vnuma_nodes": 0,
            "nutanix_guest_tools": {},
            "owner_reference": {
              "kind": "user",
              "name": "admin",
              "uuid": "00000000-0000-0000-0000-000000000000"
            },
            "parent_reference": {},
            "power_state": "ON",
            "power_state_mechanism": "HARD",
            "project_reference": {
              "kind": "project",
              "name": "_internal",
              "uuid": "48fbd98e-2217-481a-9f13-3a1c18ed088e"
            },
            "serial_port_list": [],
            "should_fail_on_script_failure": false,
            "state": "COMPLETE",
            "timeouts": null,
            "use_hot_add": true,
            "vga_console_enabled": true
          },
          "sensitive_attributes": [],
          "private": "eyJlMmJmYjczMC1lY2FhLTExZTYtOGY4OC0zNDM2M2JjN2M0YzAiOnsiY3JlYXRlIjozNjAwMDAwMDAwMDAwLCJkZWxldGUiOjM2MDAwMDAwMDAwMDAsInVwZGF0ZSI6MzYwMDAwMDAwMDAwMH0sInNjaGVtYV92ZXJzaW9uIjoiMSJ9",
          "dependencies": [
            "data.nutanix_cluster.cluster",
            "data.nutanix_subnet.subnet"
          ]
        },
        {
          "index_key": 15,
          "schema_version": 1,
          "attributes": {
            "api_version": "3.1",
            "availability_zone_reference": {},
            "boot_device_disk_address": {},
            "boot_device_mac_address": "",
            "boot_device_order_list": [
              "CDROM",
              "DISK",
              "NETWORK"
            ],
            "boot_type": "LEGACY",
            "categories": [],
            "cloud_init_cdrom_uuid": "",
            "cluster_name": "DM3-POC042",
            "cluster_uuid": "00061b19-2e68-cdea-0000-00000001b539",
            "description": "",
            "disk_list": [
              {
                "data_source_reference": {
                  "kind": "image",
                  "uuid": "82298037-0219-412a-8297-7070735fe447"
                },
                "device_properties": [
                  {
                    "device_type": "DISK",
                    "disk_address": {
                      "adapter_type": "SCSI",
                      "device_index": "0"
                    }
                  }
                ],
                "disk_size_bytes": 32212254720,
                "disk_size_mib": 30720,
                "storage_config": [
                  {
                    "flash_mode": "",
                    "storage_container_reference": [
                      {
                        "kind": "storage_container",
                        "name": "default-container-111929",
                        "url": "",
                        "uuid": "934302c8-9f37-4379-8fd6-ac06334fef10"
                      }
                    ]
                  }
                ],
                "uuid": "e87501ec-14ca-415e-a76e-eab1d6c434a6",
                "volume_group_reference": {}
              },
              {
                "data_source_reference": {},
                "device_properties": [
                  {
                    "device_type": "DISK",
                    "disk_address": {
                      "adapter_type": "SCSI",
                      "device_index": "1"
                    }
                  }
                ],
                "disk_size_bytes": 10737418240,
                "disk_size_mib": 10240,
                "storage_config": [
                  {
                    "flash_mode": "",
                    "storage_container_reference": [
                      {
                        "kind": "storage_container",
                        "name": "SelfServiceContainer",
                        "url": "",
                        "uuid": "ba4b8c78-e099-41fc-a1b8-367e31b9973a"
                      }
                    ]
                  }
                ],
                "uuid": "92a95940-84cc-456c-81ce-f1326e89362a",
                "volume_group_reference": {}
              }
            ],
            "enable_cpu_passthrough": false,
            "enable_script_exec": false,
            "gpu_list": [],
            "guest_customization_cloud_init_custom_key_values": {},
            "guest_customization_cloud_init_meta_data": "",
            "guest_customization_cloud_init_user_data": "",
            "guest_customization_is_overridable": false,
            "guest_customization_sysprep": {},
            "guest_customization_sysprep_custom_key_values": {},
            "guest_os_id": "",
            "hardware_clock_timezone": "UTC",
            "host_reference": {
              "kind": "host",
              "name": "10.55.42.25",
              "uuid": "552483d4-bc58-4508-a262-4a64e13534c5"
            },
            "hypervisor_type": null,
            "id": "5824c0dd-620d-4f88-bc1d-33c6bb158315",
            "is_vcpu_hard_pinned": false,
            "machine_type": "PC",
            "memory_size_mib": 1024,
            "metadata": {
              "creation_time": "2024-07-22 13:17:05 +0000 UTC",
              "last_update_time": "2024-07-22 13:17:05 +0000 UTC",
              "name": "",
              "spec_hash": "",
              "spec_version": "0",
              "uuid": "5824c0dd-620d-4f88-bc1d-33c6bb158315"
            },
            "name": "rocky-15",
            "ngt_credentials": {},
            "ngt_enabled_capability_list": [],
            "nic_list": [
              {
                "ip_endpoint_list": [
                  {
                    "ip": "10.55.42.146",
                    "type": "ASSIGNED"
                  }
                ],
                "is_connected": "true",
                "mac_address": "50:6b:8d:ac:ef:99",
                "model": "",
                "network_function_chain_reference": {},
                "network_function_nic_type": "",
                "nic_type": "NORMAL_NIC",
                "num_queues": 1,
                "subnet_name": "Secondary_42",
                "subnet_uuid": "05eaa397-d398-4463-8a8a-b582e5628b5a",
                "uuid": "13ad111c-735e-41a7-985b-b5494e4bbcb4"
              }
            ],
            "nic_list_status": [
              {
                "floating_ip": "",
                "ip_endpoint_list": [
                  {
                    "ip": "10.55.42.146",
                    "type": "ASSIGNED"
                  }
                ],
                "is_connected": "true",
                "mac_address": "50:6b:8d:ac:ef:99",
                "model": "",
                "network_function_chain_reference": {},
                "network_function_nic_type": "",
                "nic_type": "NORMAL_NIC",
                "num_queues": 1,
                "subnet_name": "Secondary_42",
                "subnet_uuid": "05eaa397-d398-4463-8a8a-b582e5628b5a",
                "uuid": "13ad111c-735e-41a7-985b-b5494e4bbcb4"
              }
            ],
            "num_sockets": 1,
            "num_vcpus_per_socket": 2,
            "num_vnuma_nodes": 0,
            "nutanix_guest_tools": {},
            "owner_reference": {
              "kind": "user",
              "name": "admin",
              "uuid": "00000000-0000-0000-0000-000000000000"
            },
            "parent_reference": {},
            "power_state": "ON",
            "power_state_mechanism": "HARD",
            "project_reference": {
              "kind": "project",
              "name": "_internal",
              "uuid": "48fbd98e-2217-481a-9f13-3a1c18ed088e"
            },
            "serial_port_list": [],
            "should_fail_on_script_failure": false,
            "state": "COMPLETE",
            "timeouts": null,
            "use_hot_add": true,
            "vga_console_enabled": true
          },
          "sensitive_attributes": [],
          "private": "eyJlMmJmYjczMC1lY2FhLTExZTYtOGY4OC0zNDM2M2JjN2M0YzAiOnsiY3JlYXRlIjozNjAwMDAwMDAwMDAwLCJkZWxldGUiOjM2MDAwMDAwMDAwMDAsInVwZGF0ZSI6MzYwMDAwMDAwMDAwMH0sInNjaGVtYV92ZXJzaW9uIjoiMSJ9",
          "dependencies": [
            "data.nutanix_cluster.cluster",
            "data.nutanix_subnet.subnet"
          ]
        },
        {
          "index_key": 16,
          "schema_version": 1,
          "attributes": {
            "api_version": "3.1",
            "availability_zone_reference": {},
            "boot_device_disk_address": {},
            "boot_device_mac_address": "",
            "boot_device_order_list": [
              "CDROM",
              "DISK",
              "NETWORK"
            ],
            "boot_type": "LEGACY",
            "categories": [],
            "cloud_init_cdrom_uuid": "",
            "cluster_name": "DM3-POC042",
            "cluster_uuid": "00061b19-2e68-cdea-0000-00000001b539",
            "description": "",
            "disk_list": [
              {
                "data_source_reference": {
                  "kind": "image",
                  "uuid": "82298037-0219-412a-8297-7070735fe447"
                },
                "device_properties": [
                  {
                    "device_type": "DISK",
                    "disk_address": {
                      "adapter_type": "SCSI",
                      "device_index": "0"
                    }
                  }
                ],
                "disk_size_bytes": 32212254720,
                "disk_size_mib": 30720,
                "storage_config": [
                  {
                    "flash_mode": "",
                    "storage_container_reference": [
                      {
                        "kind": "storage_container",
                        "name": "default-container-111929",
                        "url": "",
                        "uuid": "934302c8-9f37-4379-8fd6-ac06334fef10"
                      }
                    ]
                  }
                ],
                "uuid": "d05d993b-336e-4b29-963b-bef8a9432610",
                "volume_group_reference": {}
              },
              {
                "data_source_reference": {},
                "device_properties": [
                  {
                    "device_type": "DISK",
                    "disk_address": {
                      "adapter_type": "SCSI",
                      "device_index": "1"
                    }
                  }
                ],
                "disk_size_bytes": 10737418240,
                "disk_size_mib": 10240,
                "storage_config": [
                  {
                    "flash_mode": "",
                    "storage_container_reference": [
                      {
                        "kind": "storage_container",
                        "name": "SelfServiceContainer",
                        "url": "",
                        "uuid": "ba4b8c78-e099-41fc-a1b8-367e31b9973a"
                      }
                    ]
                  }
                ],
                "uuid": "b2d57102-26f5-42bf-a655-ef894fb47a67",
                "volume_group_reference": {}
              }
            ],
            "enable_cpu_passthrough": false,
            "enable_script_exec": false,
            "gpu_list": [],
            "guest_customization_cloud_init_custom_key_values": {},
            "guest_customization_cloud_init_meta_data": "",
            "guest_customization_cloud_init_user_data": "",
            "guest_customization_is_overridable": false,
            "guest_customization_sysprep": {},
            "guest_customization_sysprep_custom_key_values": {},
            "guest_os_id": "",
            "hardware_clock_timezone": "UTC",
            "host_reference": {
              "kind": "host",
              "name": "10.55.42.26",
              "uuid": "b7efea22-eb3b-49f1-b6a4-4d37f56f8627"
            },
            "hypervisor_type": null,
            "id": "cebe14f5-72b1-4f92-af59-0189f5d84d09",
            "is_vcpu_hard_pinned": false,
            "machine_type": "PC",
            "memory_size_mib": 1024,
            "metadata": {
              "creation_time": "2024-07-22 13:16:49 +0000 UTC",
              "last_update_time": "2024-07-22 13:16:49 +0000 UTC",
              "name": "",
              "spec_hash": "",
              "spec_version": "0",
              "uuid": "cebe14f5-72b1-4f92-af59-0189f5d84d09"
            },
            "name": "rocky-16",
            "ngt_credentials": {},
            "ngt_enabled_capability_list": [],
            "nic_list": [
              {
                "ip_endpoint_list": [
                  {
                    "ip": "10.55.42.228",
                    "type": "ASSIGNED"
                  }
                ],
                "is_connected": "true",
                "mac_address": "50:6b:8d:d7:f4:61",
                "model": "",
                "network_function_chain_reference": {},
                "network_function_nic_type": "",
                "nic_type": "NORMAL_NIC",
                "num_queues": 1,
                "subnet_name": "Secondary_42",
                "subnet_uuid": "05eaa397-d398-4463-8a8a-b582e5628b5a",
                "uuid": "d45d1b5d-49ce-40e9-bd0f-279d7e250a67"
              }
            ],
            "nic_list_status": [
              {
                "floating_ip": "",
                "ip_endpoint_list": [
                  {
                    "ip": "10.55.42.228",
                    "type": "ASSIGNED"
                  }
                ],
                "is_connected": "true",
                "mac_address": "50:6b:8d:d7:f4:61",
                "model": "",
                "network_function_chain_reference": {},
                "network_function_nic_type": "",
                "nic_type": "NORMAL_NIC",
                "num_queues": 1,
                "subnet_name": "Secondary_42",
                "subnet_uuid": "05eaa397-d398-4463-8a8a-b582e5628b5a",
                "uuid": "d45d1b5d-49ce-40e9-bd0f-279d7e250a67"
              }
            ],
            "num_sockets": 1,
            "num_vcpus_per_socket": 2,
            "num_vnuma_nodes": 0,
            "nutanix_guest_tools": {},
            "owner_reference": {
              "kind": "user",
              "name": "admin",
              "uuid": "00000000-0000-0000-0000-000000000000"
            },
            "parent_reference": {},
            "power_state": "ON",
            "power_state_mechanism": "HARD",
            "project_reference": {
              "kind": "project",
              "name": "_internal",
              "uuid": "48fbd98e-2217-481a-9f13-3a1c18ed088e"
            },
            "serial_port_list": [],
            "should_fail_on_script_failure": false,
            "state": "COMPLETE",
            "timeouts": null,
            "use_hot_add": true,
            "vga_console_enabled": true
          },
          "sensitive_attributes": [],
          "private": "eyJlMmJmYjczMC1lY2FhLTExZTYtOGY4OC0zNDM2M2JjN2M0YzAiOnsiY3JlYXRlIjozNjAwMDAwMDAwMDAwLCJkZWxldGUiOjM2MDAwMDAwMDAwMDAsInVwZGF0ZSI6MzYwMDAwMDAwMDAwMH0sInNjaGVtYV92ZXJzaW9uIjoiMSJ9",
          "dependencies": [
            "data.nutanix_cluster.cluster",
            "data.nutanix_subnet.subnet"
          ]
        },
        {
          "index_key": 17,
          "schema_version": 1,
          "attributes": {
            "api_version": "3.1",
            "availability_zone_reference": {},
            "boot_device_disk_address": {},
            "boot_device_mac_address": "",
            "boot_device_order_list": [
              "CDROM",
              "DISK",
              "NETWORK"
            ],
            "boot_type": "LEGACY",
            "categories": [],
            "cloud_init_cdrom_uuid": "",
            "cluster_name": "DM3-POC042",
            "cluster_uuid": "00061b19-2e68-cdea-0000-00000001b539",
            "description": "",
            "disk_list": [
              {
                "data_source_reference": {
                  "kind": "image",
                  "uuid": "82298037-0219-412a-8297-7070735fe447"
                },
                "device_properties": [
                  {
                    "device_type": "DISK",
                    "disk_address": {
                      "adapter_type": "SCSI",
                      "device_index": "0"
                    }
                  }
                ],
                "disk_size_bytes": 32212254720,
                "disk_size_mib": 30720,
                "storage_config": [
                  {
                    "flash_mode": "",
                    "storage_container_reference": [
                      {
                        "kind": "storage_container",
                        "name": "default-container-111929",
                        "url": "",
                        "uuid": "934302c8-9f37-4379-8fd6-ac06334fef10"
                      }
                    ]
                  }
                ],
                "uuid": "256f4acd-b074-42a0-a7e8-eeb99240eba9",
                "volume_group_reference": {}
              },
              {
                "data_source_reference": {},
                "device_properties": [
                  {
                    "device_type": "DISK",
                    "disk_address": {
                      "adapter_type": "SCSI",
                      "device_index": "1"
                    }
                  }
                ],
                "disk_size_bytes": 10737418240,
                "disk_size_mib": 10240,
                "storage_config": [
                  {
                    "flash_mode": "",
                    "storage_container_reference": [
                      {
                        "kind": "storage_container",
                        "name": "SelfServiceContainer",
                        "url": "",
                        "uuid": "ba4b8c78-e099-41fc-a1b8-367e31b9973a"
                      }
                    ]
                  }
                ],
                "uuid": "c920e92c-3896-4ff6-ade2-b196e610bea4",
                "volume_group_reference": {}
              }
            ],
            "enable_cpu_passthrough": false,
            "enable_script_exec": false,
            "gpu_list": [],
            "guest_customization_cloud_init_custom_key_values": {},
            "guest_customization_cloud_init_meta_data": "",
            "guest_customization_cloud_init_user_data": "",
            "guest_customization_is_overridable": false,
            "guest_customization_sysprep": {},
            "guest_customization_sysprep_custom_key_values": {},
            "guest_os_id": "",
            "hardware_clock_timezone": "UTC",
            "host_reference": {
              "kind": "host",
              "name": "10.55.42.28",
              "uuid": "ca6ea069-7ea3-4aaa-9d03-ec62d67f1865"
            },
            "hypervisor_type": null,
            "id": "d66891d1-389a-4e07-8c80-381f893d9e32",
            "is_vcpu_hard_pinned": false,
            "machine_type": "PC",
            "memory_size_mib": 1024,
            "metadata": {
              "creation_time": "2024-07-22 13:16:55 +0000 UTC",
              "last_update_time": "2024-07-22 13:16:55 +0000 UTC",
              "name": "",
              "spec_hash": "",
              "spec_version": "0",
              "uuid": "d66891d1-389a-4e07-8c80-381f893d9e32"
            },
            "name": "rocky-17",
            "ngt_credentials": {},
            "ngt_enabled_capability_list": [],
            "nic_list": [
              {
                "ip_endpoint_list": [
                  {
                    "ip": "10.55.42.223",
                    "type": "ASSIGNED"
                  }
                ],
                "is_connected": "true",
                "mac_address": "50:6b:8d:cf:c3:af",
                "model": "",
                "network_function_chain_reference": {},
                "network_function_nic_type": "",
                "nic_type": "NORMAL_NIC",
                "num_queues": 1,
                "subnet_name": "Secondary_42",
                "subnet_uuid": "05eaa397-d398-4463-8a8a-b582e5628b5a",
                "uuid": "1f5fc793-8baa-49b0-9695-36180c1f603a"
              }
            ],
            "nic_list_status": [
              {
                "floating_ip": "",
                "ip_endpoint_list": [
                  {
                    "ip": "10.55.42.223",
                    "type": "ASSIGNED"
                  }
                ],
                "is_connected": "true",
                "mac_address": "50:6b:8d:cf:c3:af",
                "model": "",
                "network_function_chain_reference": {},
                "network_function_nic_type": "",
                "nic_type": "NORMAL_NIC",
                "num_queues": 1,
                "subnet_name": "Secondary_42",
                "subnet_uuid": "05eaa397-d398-4463-8a8a-b582e5628b5a",
                "uuid": "1f5fc793-8baa-49b0-9695-36180c1f603a"
              }
            ],
            "num_sockets": 1,
            "num_vcpus_per_socket": 2,
            "num_vnuma_nodes": 0,
            "nutanix_guest_tools": {},
            "owner_reference": {
              "kind": "user",
              "name": "admin",
              "uuid": "00000000-0000-0000-0000-000000000000"
            },
            "parent_reference": {},
            "power_state": "ON",
            "power_state_mechanism": "HARD",
            "project_reference": {
              "kind": "project",
              "name": "_internal",
              "uuid": "48fbd98e-2217-481a-9f13-3a1c18ed088e"
            },
            "serial_port_list": [],
            "should_fail_on_script_failure": false,
            "state": "COMPLETE",
            "timeouts": null,
            "use_hot_add": true,
            "vga_console_enabled": true
          },
          "sensitive_attributes": [],
          "private": "eyJlMmJmYjczMC1lY2FhLTExZTYtOGY4OC0zNDM2M2JjN2M0YzAiOnsiY3JlYXRlIjozNjAwMDAwMDAwMDAwLCJkZWxldGUiOjM2MDAwMDAwMDAwMDAsInVwZGF0ZSI6MzYwMDAwMDAwMDAwMH0sInNjaGVtYV92ZXJzaW9uIjoiMSJ9",
          "dependencies": [
            "data.nutanix_cluster.cluster",
            "data.nutanix_subnet.subnet"
          ]
        },
        {
          "index_key": 18,
          "schema_version": 1,
          "attributes": {
            "api_version": "3.1",
            "availability_zone_reference": {},
            "boot_device_disk_address": {},
            "boot_device_mac_address": "",
            "boot_device_order_list": [
              "CDROM",
              "DISK",
              "NETWORK"
            ],
            "boot_type": "LEGACY",
            "categories": [],
            "cloud_init_cdrom_uuid": "",
            "cluster_name": "DM3-POC042",
            "cluster_uuid": "00061b19-2e68-cdea-0000-00000001b539",
            "description": "",
            "disk_list": [
              {
                "data_source_reference": {
                  "kind": "image",
                  "uuid": "82298037-0219-412a-8297-7070735fe447"
                },
                "device_properties": [
                  {
                    "device_type": "DISK",
                    "disk_address": {
                      "adapter_type": "SCSI",
                      "device_index": "0"
                    }
                  }
                ],
                "disk_size_bytes": 32212254720,
                "disk_size_mib": 30720,
                "storage_config": [
                  {
                    "flash_mode": "",
                    "storage_container_reference": [
                      {
                        "kind": "storage_container",
                        "name": "default-container-111929",
                        "url": "",
                        "uuid": "934302c8-9f37-4379-8fd6-ac06334fef10"
                      }
                    ]
                  }
                ],
                "uuid": "cee5d947-b5ee-48da-a7ac-22191998164c",
                "volume_group_reference": {}
              },
              {
                "data_source_reference": {},
                "device_properties": [
                  {
                    "device_type": "DISK",
                    "disk_address": {
                      "adapter_type": "SCSI",
                      "device_index": "1"
                    }
                  }
                ],
                "disk_size_bytes": 10737418240,
                "disk_size_mib": 10240,
                "storage_config": [
                  {
                    "flash_mode": "",
                    "storage_container_reference": [
                      {
                        "kind": "storage_container",
                        "name": "SelfServiceContainer",
                        "url": "",
                        "uuid": "ba4b8c78-e099-41fc-a1b8-367e31b9973a"
                      }
                    ]
                  }
                ],
                "uuid": "d81edc84-3619-4c22-8d6b-481bfa0b8369",
                "volume_group_reference": {}
              }
            ],
            "enable_cpu_passthrough": false,
            "enable_script_exec": false,
            "gpu_list": [],
            "guest_customization_cloud_init_custom_key_values": {},
            "guest_customization_cloud_init_meta_data": "",
            "guest_customization_cloud_init_user_data": "",
            "guest_customization_is_overridable": false,
            "guest_customization_sysprep": {},
            "guest_customization_sysprep_custom_key_values": {},
            "guest_os_id": "",
            "hardware_clock_timezone": "UTC",
            "host_reference": {
              "kind": "host",
              "name": "10.55.42.26",
              "uuid": "b7efea22-eb3b-49f1-b6a4-4d37f56f8627"
            },
            "hypervisor_type": null,
            "id": "fcfd6c6e-cc80-410d-930c-8701d6ba62d3",
            "is_vcpu_hard_pinned": false,
            "machine_type": "PC",
            "memory_size_mib": 1024,
            "metadata": {
              "creation_time": "2024-07-22 13:16:41 +0000 UTC",
              "last_update_time": "2024-07-22 13:16:41 +0000 UTC",
              "name": "",
              "spec_hash": "",
              "spec_version": "0",
              "uuid": "fcfd6c6e-cc80-410d-930c-8701d6ba62d3"
            },
            "name": "rocky-18",
            "ngt_credentials": {},
            "ngt_enabled_capability_list": [],
            "nic_list": [
              {
                "ip_endpoint_list": [
                  {
                    "ip": "10.55.42.158",
                    "type": "ASSIGNED"
                  }
                ],
                "is_connected": "true",
                "mac_address": "50:6b:8d:96:d7:53",
                "model": "",
                "network_function_chain_reference": {},
                "network_function_nic_type": "",
                "nic_type": "NORMAL_NIC",
                "num_queues": 1,
                "subnet_name": "Secondary_42",
                "subnet_uuid": "05eaa397-d398-4463-8a8a-b582e5628b5a",
                "uuid": "8562daa3-16ae-453b-a103-e03feecb373f"
              }
            ],
            "nic_list_status": [
              {
                "floating_ip": "",
                "ip_endpoint_list": [
                  {
                    "ip": "10.55.42.158",
                    "type": "ASSIGNED"
                  }
                ],
                "is_connected": "true",
                "mac_address": "50:6b:8d:96:d7:53",
                "model": "",
                "network_function_chain_reference": {},
                "network_function_nic_type": "",
                "nic_type": "NORMAL_NIC",
                "num_queues": 1,
                "subnet_name": "Secondary_42",
                "subnet_uuid": "05eaa397-d398-4463-8a8a-b582e5628b5a",
                "uuid": "8562daa3-16ae-453b-a103-e03feecb373f"
              }
            ],
            "num_sockets": 1,
            "num_vcpus_per_socket": 2,
            "num_vnuma_nodes": 0,
            "nutanix_guest_tools": {},
            "owner_reference": {
              "kind": "user",
              "name": "admin",
              "uuid": "00000000-0000-0000-0000-000000000000"
            },
            "parent_reference": {},
            "power_state": "ON",
            "power_state_mechanism": "HARD",
            "project_reference": {
              "kind": "project",
              "name": "_internal",
              "uuid": "48fbd98e-2217-481a-9f13-3a1c18ed088e"
            },
            "serial_port_list": [],
            "should_fail_on_script_failure": false,
            "state": "COMPLETE",
            "timeouts": null,
            "use_hot_add": true,
            "vga_console_enabled": true
          },
          "sensitive_attributes": [],
          "private": "eyJlMmJmYjczMC1lY2FhLTExZTYtOGY4OC0zNDM2M2JjN2M0YzAiOnsiY3JlYXRlIjozNjAwMDAwMDAwMDAwLCJkZWxldGUiOjM2MDAwMDAwMDAwMDAsInVwZGF0ZSI6MzYwMDAwMDAwMDAwMH0sInNjaGVtYV92ZXJzaW9uIjoiMSJ9",
          "dependencies": [
            "data.nutanix_cluster.cluster",
            "data.nutanix_subnet.subnet"
          ]
        },
        {
          "index_key": 19,
          "schema_version": 1,
          "attributes": {
            "api_version": "3.1",
            "availability_zone_reference": {},
            "boot_device_disk_address": {},
            "boot_device_mac_address": "",
            "boot_device_order_list": [
              "CDROM",
              "DISK",
              "NETWORK"
            ],
            "boot_type": "LEGACY",
            "categories": [],
            "cloud_init_cdrom_uuid": "",
            "cluster_name": "DM3-POC042",
            "cluster_uuid": "00061b19-2e68-cdea-0000-00000001b539",
            "description": "",
            "disk_list": [
              {
                "data_source_reference": {
                  "kind": "image",
                  "uuid": "82298037-0219-412a-8297-7070735fe447"
                },
                "device_properties": [
                  {
                    "device_type": "DISK",
                    "disk_address": {
                      "adapter_type": "SCSI",
                      "device_index": "0"
                    }
                  }
                ],
                "disk_size_bytes": 32212254720,
                "disk_size_mib": 30720,
                "storage_config": [
                  {
                    "flash_mode": "",
                    "storage_container_reference": [
                      {
                        "kind": "storage_container",
                        "name": "default-container-111929",
                        "url": "",
                        "uuid": "934302c8-9f37-4379-8fd6-ac06334fef10"
                      }
                    ]
                  }
                ],
                "uuid": "62da7961-4e8f-42b2-bddf-d1072334295a",
                "volume_group_reference": {}
              },
              {
                "data_source_reference": {},
                "device_properties": [
                  {
                    "device_type": "DISK",
                    "disk_address": {
                      "adapter_type": "SCSI",
                      "device_index": "1"
                    }
                  }
                ],
                "disk_size_bytes": 10737418240,
                "disk_size_mib": 10240,
                "storage_config": [
                  {
                    "flash_mode": "",
                    "storage_container_reference": [
                      {
                        "kind": "storage_container",
                        "name": "SelfServiceContainer",
                        "url": "",
                        "uuid": "ba4b8c78-e099-41fc-a1b8-367e31b9973a"
                      }
                    ]
                  }
                ],
                "uuid": "a86e4da0-7a84-44b4-8ec0-4403cbe2cc5b",
                "volume_group_reference": {}
              }
            ],
            "enable_cpu_passthrough": false,
            "enable_script_exec": false,
            "gpu_list": [],
            "guest_customization_cloud_init_custom_key_values": {},
            "guest_customization_cloud_init_meta_data": "",
            "guest_customization_cloud_init_user_data": "",
            "guest_customization_is_overridable": false,
            "guest_customization_sysprep": {},
            "guest_customization_sysprep_custom_key_values": {},
            "guest_os_id": "",
            "hardware_clock_timezone": "UTC",
            "host_reference": {
              "kind": "host",
              "name": "10.55.42.27",
              "uuid": "c9d70073-f27c-42c3-ba19-94f8cc93fe2f"
            },
            "hypervisor_type": null,
            "id": "6b6a5822-ac61-4bac-808e-4e8bec01ce7e",
            "is_vcpu_hard_pinned": false,
            "machine_type": "PC",
            "memory_size_mib": 1024,
            "metadata": {
              "creation_time": "2024-07-22 13:16:25 +0000 UTC",
              "last_update_time": "2024-07-22 13:16:25 +0000 UTC",
              "name": "",
              "spec_hash": "",
              "spec_version": "0",
              "uuid": "6b6a5822-ac61-4bac-808e-4e8bec01ce7e"
            },
            "name": "rocky-19",
            "ngt_credentials": {},
            "ngt_enabled_capability_list": [],
            "nic_list": [
              {
                "ip_endpoint_list": [
                  {
                    "ip": "10.55.42.169",
                    "type": "ASSIGNED"
                  }
                ],
                "is_connected": "true",
                "mac_address": "50:6b:8d:95:ac:b7",
                "model": "",
                "network_function_chain_reference": {},
                "network_function_nic_type": "",
                "nic_type": "NORMAL_NIC",
                "num_queues": 1,
                "subnet_name": "Secondary_42",
                "subnet_uuid": "05eaa397-d398-4463-8a8a-b582e5628b5a",
                "uuid": "68d7daef-97e8-42a6-9693-7f6a3615e763"
              }
            ],
            "nic_list_status": [
              {
                "floating_ip": "",
                "ip_endpoint_list": [
                  {
                    "ip": "10.55.42.169",
                    "type": "ASSIGNED"
                  }
                ],
                "is_connected": "true",
                "mac_address": "50:6b:8d:95:ac:b7",
                "model": "",
                "network_function_chain_reference": {},
                "network_function_nic_type": "",
                "nic_type": "NORMAL_NIC",
                "num_queues": 1,
                "subnet_name": "Secondary_42",
                "subnet_uuid": "05eaa397-d398-4463-8a8a-b582e5628b5a",
                "uuid": "68d7daef-97e8-42a6-9693-7f6a3615e763"
              }
            ],
            "num_sockets": 1,
            "num_vcpus_per_socket": 2,
            "num_vnuma_nodes": 0,
            "nutanix_guest_tools": {},
            "owner_reference": {
              "kind": "user",
              "name": "admin",
              "uuid": "00000000-0000-0000-0000-000000000000"
            },
            "parent_reference": {},
            "power_state": "ON",
            "power_state_mechanism": "HARD",
            "project_reference": {
              "kind": "project",
              "name": "_internal",
              "uuid": "48fbd98e-2217-481a-9f13-3a1c18ed088e"
            },
            "serial_port_list": [],
            "should_fail_on_script_failure": false,
            "state": "COMPLETE",
            "timeouts": null,
            "use_hot_add": true,
            "vga_console_enabled": true
          },
          "sensitive_attributes": [],
          "private": "eyJlMmJmYjczMC1lY2FhLTExZTYtOGY4OC0zNDM2M2JjN2M0YzAiOnsiY3JlYXRlIjozNjAwMDAwMDAwMDAwLCJkZWxldGUiOjM2MDAwMDAwMDAwMDAsInVwZGF0ZSI6MzYwMDAwMDAwMDAwMH0sInNjaGVtYV92ZXJzaW9uIjoiMSJ9",
          "dependencies": [
            "data.nutanix_cluster.cluster",
            "data.nutanix_subnet.subnet"
          ]
        },
        {
          "index_key": 20,
          "schema_version": 1,
          "attributes": {
            "api_version": "3.1",
            "availability_zone_reference": {},
            "boot_device_disk_address": {},
            "boot_device_mac_address": "",
            "boot_device_order_list": [
              "CDROM",
              "DISK",
              "NETWORK"
            ],
            "boot_type": "LEGACY",
            "categories": [],
            "cloud_init_cdrom_uuid": "",
            "cluster_name": "DM3-POC042",
            "cluster_uuid": "00061b19-2e68-cdea-0000-00000001b539",
            "description": "",
            "disk_list": [
              {
                "data_source_reference": {
                  "kind": "image",
                  "uuid": "82298037-0219-412a-8297-7070735fe447"
                },
                "device_properties": [
                  {
                    "device_type": "DISK",
                    "disk_address": {
                      "adapter_type": "SCSI",
                      "device_index": "0"
                    }
                  }
                ],
                "disk_size_bytes": 32212254720,
                "disk_size_mib": 30720,
                "storage_config": [
                  {
                    "flash_mode": "",
                    "storage_container_reference": [
                      {
                        "kind": "storage_container",
                        "name": "default-container-111929",
                        "url": "",
                        "uuid": "934302c8-9f37-4379-8fd6-ac06334fef10"
                      }
                    ]
                  }
                ],
                "uuid": "038b2509-6831-4a5c-b813-6478c09d25d0",
                "volume_group_reference": {}
              },
              {
                "data_source_reference": {},
                "device_properties": [
                  {
                    "device_type": "DISK",
                    "disk_address": {
                      "adapter_type": "SCSI",
                      "device_index": "1"
                    }
                  }
                ],
                "disk_size_bytes": 10737418240,
                "disk_size_mib": 10240,
                "storage_config": [
                  {
                    "flash_mode": "",
                    "storage_container_reference": [
                      {
                        "kind": "storage_container",
                        "name": "SelfServiceContainer",
                        "url": "",
                        "uuid": "ba4b8c78-e099-41fc-a1b8-367e31b9973a"
                      }
                    ]
                  }
                ],
                "uuid": "8782ccb3-364e-4a91-826b-f0e366f920e3",
                "volume_group_reference": {}
              }
            ],
            "enable_cpu_passthrough": false,
            "enable_script_exec": false,
            "gpu_list": [],
            "guest_customization_cloud_init_custom_key_values": {},
            "guest_customization_cloud_init_meta_data": "",
            "guest_customization_cloud_init_user_data": "",
            "guest_customization_is_overridable": false,
            "guest_customization_sysprep": {},
            "guest_customization_sysprep_custom_key_values": {},
            "guest_os_id": "",
            "hardware_clock_timezone": "UTC",
            "host_reference": {
              "kind": "host",
              "name": "10.55.42.26",
              "uuid": "b7efea22-eb3b-49f1-b6a4-4d37f56f8627"
            },
            "hypervisor_type": null,
            "id": "28efc3c5-6ad1-4e58-ad57-6495c3600f70",
            "is_vcpu_hard_pinned": false,
            "machine_type": "PC",
            "memory_size_mib": 1024,
            "metadata": {
              "creation_time": "2024-07-22 13:16:21 +0000 UTC",
              "last_update_time": "2024-07-22 13:16:21 +0000 UTC",
              "name": "",
              "spec_hash": "",
              "spec_version": "0",
              "uuid": "28efc3c5-6ad1-4e58-ad57-6495c3600f70"
            },
            "name": "rocky-20",
            "ngt_credentials": {},
            "ngt_enabled_capability_list": [],
            "nic_list": [
              {
                "ip_endpoint_list": [
                  {
                    "ip": "10.55.42.216",
                    "type": "ASSIGNED"
                  }
                ],
                "is_connected": "true",
                "mac_address": "50:6b:8d:e1:2c:8b",
                "model": "",
                "network_function_chain_reference": {},
                "network_function_nic_type": "",
                "nic_type": "NORMAL_NIC",
                "num_queues": 1,
                "subnet_name": "Secondary_42",
                "subnet_uuid": "05eaa397-d398-4463-8a8a-b582e5628b5a",
                "uuid": "7055f347-c3cf-41b9-9ca5-3f87047d30f4"
              }
            ],
            "nic_list_status": [
              {
                "floating_ip": "",
                "ip_endpoint_list": [
                  {
                    "ip": "10.55.42.216",
                    "type": "ASSIGNED"
                  }
                ],
                "is_connected": "true",
                "mac_address": "50:6b:8d:e1:2c:8b",
                "model": "",
                "network_function_chain_reference": {},
                "network_function_nic_type": "",
                "nic_type": "NORMAL_NIC",
                "num_queues": 1,
                "subnet_name": "Secondary_42",
                "subnet_uuid": "05eaa397-d398-4463-8a8a-b582e5628b5a",
                "uuid": "7055f347-c3cf-41b9-9ca5-3f87047d30f4"
              }
            ],
            "num_sockets": 1,
            "num_vcpus_per_socket": 2,
            "num_vnuma_nodes": 0,
            "nutanix_guest_tools": {},
            "owner_reference": {
              "kind": "user",
              "name": "admin",
              "uuid": "00000000-0000-0000-0000-000000000000"
            },
            "parent_reference": {},
            "power_state": "ON",
            "power_state_mechanism": "HARD",
            "project_reference": {
              "kind": "project",
              "name": "_internal",
              "uuid": "48fbd98e-2217-481a-9f13-3a1c18ed088e"
            },
            "serial_port_list": [],
            "should_fail_on_script_failure": false,
            "state": "COMPLETE",
            "timeouts": null,
            "use_hot_add": true,
            "vga_console_enabled": true
          },
          "sensitive_attributes": [],
          "private": "eyJlMmJmYjczMC1lY2FhLTExZTYtOGY4OC0zNDM2M2JjN2M0YzAiOnsiY3JlYXRlIjozNjAwMDAwMDAwMDAwLCJkZWxldGUiOjM2MDAwMDAwMDAwMDAsInVwZGF0ZSI6MzYwMDAwMDAwMDAwMH0sInNjaGVtYV92ZXJzaW9uIjoiMSJ9",
          "dependencies": [
            "data.nutanix_cluster.cluster",
            "data.nutanix_subnet.subnet"
          ]
        },
        {
          "index_key": 21,
          "schema_version": 1,
          "attributes": {
            "api_version": "3.1",
            "availability_zone_reference": {},
            "boot_device_disk_address": {},
            "boot_device_mac_address": "",
            "boot_device_order_list": [
              "CDROM",
              "DISK",
              "NETWORK"
            ],
            "boot_type": "LEGACY",
            "categories": [],
            "cloud_init_cdrom_uuid": "",
            "cluster_name": "DM3-POC042",
            "cluster_uuid": "00061b19-2e68-cdea-0000-00000001b539",
            "description": "",
            "disk_list": [
              {
                "data_source_reference": {
                  "kind": "image",
                  "uuid": "82298037-0219-412a-8297-7070735fe447"
                },
                "device_properties": [
                  {
                    "device_type": "DISK",
                    "disk_address": {
                      "adapter_type": "SCSI",
                      "device_index": "0"
                    }
                  }
                ],
                "disk_size_bytes": 32212254720,
                "disk_size_mib": 30720,
                "storage_config": [
                  {
                    "flash_mode": "",
                    "storage_container_reference": [
                      {
                        "kind": "storage_container",
                        "name": "default-container-111929",
                        "url": "",
                        "uuid": "934302c8-9f37-4379-8fd6-ac06334fef10"
                      }
                    ]
                  }
                ],
                "uuid": "dc4cd209-2f3e-4a97-b67c-b372b3809abe",
                "volume_group_reference": {}
              },
              {
                "data_source_reference": {},
                "device_properties": [
                  {
                    "device_type": "DISK",
                    "disk_address": {
                      "adapter_type": "SCSI",
                      "device_index": "1"
                    }
                  }
                ],
                "disk_size_bytes": 10737418240,
                "disk_size_mib": 10240,
                "storage_config": [
                  {
                    "flash_mode": "",
                    "storage_container_reference": [
                      {
                        "kind": "storage_container",
                        "name": "SelfServiceContainer",
                        "url": "",
                        "uuid": "ba4b8c78-e099-41fc-a1b8-367e31b9973a"
                      }
                    ]
                  }
                ],
                "uuid": "e7592d7d-58eb-4b5e-b778-bb0f23fe3c1b",
                "volume_group_reference": {}
              }
            ],
            "enable_cpu_passthrough": false,
            "enable_script_exec": false,
            "gpu_list": [],
            "guest_customization_cloud_init_custom_key_values": {},
            "guest_customization_cloud_init_meta_data": "",
            "guest_customization_cloud_init_user_data": "",
            "guest_customization_is_overridable": false,
            "guest_customization_sysprep": {},
            "guest_customization_sysprep_custom_key_values": {},
            "guest_os_id": "",
            "hardware_clock_timezone": "UTC",
            "host_reference": {
              "kind": "host",
              "name": "10.55.42.27",
              "uuid": "c9d70073-f27c-42c3-ba19-94f8cc93fe2f"
            },
            "hypervisor_type": null,
            "id": "c1267b1e-b586-4ac1-ada2-378d7d77e96f",
            "is_vcpu_hard_pinned": false,
            "machine_type": "PC",
            "memory_size_mib": 1024,
            "metadata": {
              "creation_time": "2024-07-22 13:16:22 +0000 UTC",
              "last_update_time": "2024-07-22 13:16:22 +0000 UTC",
              "name": "",
              "spec_hash": "",
              "spec_version": "0",
              "uuid": "c1267b1e-b586-4ac1-ada2-378d7d77e96f"
            },
            "name": "rocky-21",
            "ngt_credentials": {},
            "ngt_enabled_capability_list": [],
            "nic_list": [
              {
                "ip_endpoint_list": [
                  {
                    "ip": "10.55.42.186",
                    "type": "ASSIGNED"
                  }
                ],
                "is_connected": "true",
                "mac_address": "50:6b:8d:c5:f3:69",
                "model": "",
                "network_function_chain_reference": {},
                "network_function_nic_type": "",
                "nic_type": "NORMAL_NIC",
                "num_queues": 1,
                "subnet_name": "Secondary_42",
                "subnet_uuid": "05eaa397-d398-4463-8a8a-b582e5628b5a",
                "uuid": "f6db5ad6-9636-48f2-b6eb-77623b39b7e3"
              }
            ],
            "nic_list_status": [
              {
                "floating_ip": "",
                "ip_endpoint_list": [
                  {
                    "ip": "10.55.42.186",
                    "type": "ASSIGNED"
                  }
                ],
                "is_connected": "true",
                "mac_address": "50:6b:8d:c5:f3:69",
                "model": "",
                "network_function_chain_reference": {},
                "network_function_nic_type": "",
                "nic_type": "NORMAL_NIC",
                "num_queues": 1,
                "subnet_name": "Secondary_42",
                "subnet_uuid": "05eaa397-d398-4463-8a8a-b582e5628b5a",
                "uuid": "f6db5ad6-9636-48f2-b6eb-77623b39b7e3"
              }
            ],
            "num_sockets": 1,
            "num_vcpus_per_socket": 2,
            "num_vnuma_nodes": 0,
            "nutanix_guest_tools": {},
            "owner_reference": {
              "kind": "user",
              "name": "admin",
              "uuid": "00000000-0000-0000-0000-000000000000"
            },
            "parent_reference": {},
            "power_state": "ON",
            "power_state_mechanism": "HARD",
            "project_reference": {
              "kind": "project",
              "name": "_internal",
              "uuid": "48fbd98e-2217-481a-9f13-3a1c18ed088e"
            },
            "serial_port_list": [],
            "should_fail_on_script_failure": false,
            "state": "COMPLETE",
            "timeouts": null,
            "use_hot_add": true,
            "vga_console_enabled": true
          },
          "sensitive_attributes": [],
          "private": "eyJlMmJmYjczMC1lY2FhLTExZTYtOGY4OC0zNDM2M2JjN2M0YzAiOnsiY3JlYXRlIjozNjAwMDAwMDAwMDAwLCJkZWxldGUiOjM2MDAwMDAwMDAwMDAsInVwZGF0ZSI6MzYwMDAwMDAwMDAwMH0sInNjaGVtYV92ZXJzaW9uIjoiMSJ9",
          "dependencies": [
            "data.nutanix_cluster.cluster",
            "data.nutanix_subnet.subnet"
          ]
        },
        {
          "index_key": 22,
          "schema_version": 1,
          "attributes": {
            "api_version": "3.1",
            "availability_zone_reference": {},
            "boot_device_disk_address": {},
            "boot_device_mac_address": "",
            "boot_device_order_list": [
              "CDROM",
              "DISK",
              "NETWORK"
            ],
            "boot_type": "LEGACY",
            "categories": [],
            "cloud_init_cdrom_uuid": "",
            "cluster_name": "DM3-POC042",
            "cluster_uuid": "00061b19-2e68-cdea-0000-00000001b539",
            "description": "",
            "disk_list": [
              {
                "data_source_reference": {
                  "kind": "image",
                  "uuid": "82298037-0219-412a-8297-7070735fe447"
                },
                "device_properties": [
                  {
                    "device_type": "DISK",
                    "disk_address": {
                      "adapter_type": "SCSI",
                      "device_index": "0"
                    }
                  }
                ],
                "disk_size_bytes": 32212254720,
                "disk_size_mib": 30720,
                "storage_config": [
                  {
                    "flash_mode": "",
                    "storage_container_reference": [
                      {
                        "kind": "storage_container",
                        "name": "default-container-111929",
                        "url": "",
                        "uuid": "934302c8-9f37-4379-8fd6-ac06334fef10"
                      }
                    ]
                  }
                ],
                "uuid": "1dc741fc-1b69-4d6c-9343-b8780bfb5ce1",
                "volume_group_reference": {}
              },
              {
                "data_source_reference": {},
                "device_properties": [
                  {
                    "device_type": "DISK",
                    "disk_address": {
                      "adapter_type": "SCSI",
                      "device_index": "1"
                    }
                  }
                ],
                "disk_size_bytes": 10737418240,
                "disk_size_mib": 10240,
                "storage_config": [
                  {
                    "flash_mode": "",
                    "storage_container_reference": [
                      {
                        "kind": "storage_container",
                        "name": "SelfServiceContainer",
                        "url": "",
                        "uuid": "ba4b8c78-e099-41fc-a1b8-367e31b9973a"
                      }
                    ]
                  }
                ],
                "uuid": "ca28be2a-1562-4387-b1b5-baa35431c913",
                "volume_group_reference": {}
              }
            ],
            "enable_cpu_passthrough": false,
            "enable_script_exec": false,
            "gpu_list": [],
            "guest_customization_cloud_init_custom_key_values": {},
            "guest_customization_cloud_init_meta_data": "",
            "guest_customization_cloud_init_user_data": "",
            "guest_customization_is_overridable": false,
            "guest_customization_sysprep": {},
            "guest_customization_sysprep_custom_key_values": {},
            "guest_os_id": "",
            "hardware_clock_timezone": "UTC",
            "host_reference": {
              "kind": "host",
              "name": "10.55.42.27",
              "uuid": "c9d70073-f27c-42c3-ba19-94f8cc93fe2f"
            },
            "hypervisor_type": null,
            "id": "b7cbc8be-d881-4962-97ca-d63e19665178",
            "is_vcpu_hard_pinned": false,
            "machine_type": "PC",
            "memory_size_mib": 1024,
            "metadata": {
              "creation_time": "2024-07-22 13:16:18 +0000 UTC",
              "last_update_time": "2024-07-22 13:16:18 +0000 UTC",
              "name": "",
              "spec_hash": "",
              "spec_version": "0",
              "uuid": "b7cbc8be-d881-4962-97ca-d63e19665178"
            },
            "name": "rocky-22",
            "ngt_credentials": {},
            "ngt_enabled_capability_list": [],
            "nic_list": [
              {
                "ip_endpoint_list": [
                  {
                    "ip": "10.55.42.160",
                    "type": "ASSIGNED"
                  }
                ],
                "is_connected": "true",
                "mac_address": "50:6b:8d:d0:21:66",
                "model": "",
                "network_function_chain_reference": {},
                "network_function_nic_type": "",
                "nic_type": "NORMAL_NIC",
                "num_queues": 1,
                "subnet_name": "Secondary_42",
                "subnet_uuid": "05eaa397-d398-4463-8a8a-b582e5628b5a",
                "uuid": "3f3fcbec-d4fc-4378-a645-c6696407088e"
              }
            ],
            "nic_list_status": [
              {
                "floating_ip": "",
                "ip_endpoint_list": [
                  {
                    "ip": "10.55.42.160",
                    "type": "ASSIGNED"
                  }
                ],
                "is_connected": "true",
                "mac_address": "50:6b:8d:d0:21:66",
                "model": "",
                "network_function_chain_reference": {},
                "network_function_nic_type": "",
                "nic_type": "NORMAL_NIC",
                "num_queues": 1,
                "subnet_name": "Secondary_42",
                "subnet_uuid": "05eaa397-d398-4463-8a8a-b582e5628b5a",
                "uuid": "3f3fcbec-d4fc-4378-a645-c6696407088e"
              }
            ],
            "num_sockets": 1,
            "num_vcpus_per_socket": 2,
            "num_vnuma_nodes": 0,
            "nutanix_guest_tools": {},
            "owner_reference": {
              "kind": "user",
              "name": "admin",
              "uuid": "00000000-0000-0000-0000-000000000000"
            },
            "parent_reference": {},
            "power_state": "ON",
            "power_state_mechanism": "HARD",
            "project_reference": {
              "kind": "project",
              "name": "_internal",
              "uuid": "48fbd98e-2217-481a-9f13-3a1c18ed088e"
            },
            "serial_port_list": [],
            "should_fail_on_script_failure": false,
            "state": "COMPLETE",
            "timeouts": null,
            "use_hot_add": true,
            "vga_console_enabled": true
          },
          "sensitive_attributes": [],
          "private": "eyJlMmJmYjczMC1lY2FhLTExZTYtOGY4OC0zNDM2M2JjN2M0YzAiOnsiY3JlYXRlIjozNjAwMDAwMDAwMDAwLCJkZWxldGUiOjM2MDAwMDAwMDAwMDAsInVwZGF0ZSI6MzYwMDAwMDAwMDAwMH0sInNjaGVtYV92ZXJzaW9uIjoiMSJ9",
          "dependencies": [
            "data.nutanix_cluster.cluster",
            "data.nutanix_subnet.subnet"
          ]
        },
        {
          "index_key": 23,
          "schema_version": 1,
          "attributes": {
            "api_version": "3.1",
            "availability_zone_reference": {},
            "boot_device_disk_address": {},
            "boot_device_mac_address": "",
            "boot_device_order_list": [
              "CDROM",
              "DISK",
              "NETWORK"
            ],
            "boot_type": "LEGACY",
            "categories": [],
            "cloud_init_cdrom_uuid": "",
            "cluster_name": "DM3-POC042",
            "cluster_uuid": "00061b19-2e68-cdea-0000-00000001b539",
            "description": "",
            "disk_list": [
              {
                "data_source_reference": {
                  "kind": "image",
                  "uuid": "82298037-0219-412a-8297-7070735fe447"
                },
                "device_properties": [
                  {
                    "device_type": "DISK",
                    "disk_address": {
                      "adapter_type": "SCSI",
                      "device_index": "0"
                    }
                  }
                ],
                "disk_size_bytes": 32212254720,
                "disk_size_mib": 30720,
                "storage_config": [
                  {
                    "flash_mode": "",
                    "storage_container_reference": [
                      {
                        "kind": "storage_container",
                        "name": "default-container-111929",
                        "url": "",
                        "uuid": "934302c8-9f37-4379-8fd6-ac06334fef10"
                      }
                    ]
                  }
                ],
                "uuid": "0b720a53-01e5-4952-84a7-82cdd0e8468f",
                "volume_group_reference": {}
              },
              {
                "data_source_reference": {},
                "device_properties": [
                  {
                    "device_type": "DISK",
                    "disk_address": {
                      "adapter_type": "SCSI",
                      "device_index": "1"
                    }
                  }
                ],
                "disk_size_bytes": 10737418240,
                "disk_size_mib": 10240,
                "storage_config": [
                  {
                    "flash_mode": "",
                    "storage_container_reference": [
                      {
                        "kind": "storage_container",
                        "name": "SelfServiceContainer",
                        "url": "",
                        "uuid": "ba4b8c78-e099-41fc-a1b8-367e31b9973a"
                      }
                    ]
                  }
                ],
                "uuid": "d6b36adb-5b1b-4cdd-93e0-962b1e73da2c",
                "volume_group_reference": {}
              }
            ],
            "enable_cpu_passthrough": false,
            "enable_script_exec": false,
            "gpu_list": [],
            "guest_customization_cloud_init_custom_key_values": {},
            "guest_customization_cloud_init_meta_data": "",
            "guest_customization_cloud_init_user_data": "",
            "guest_customization_is_overridable": false,
            "guest_customization_sysprep": {},
            "guest_customization_sysprep_custom_key_values": {},
            "guest_os_id": "",
            "hardware_clock_timezone": "UTC",
            "host_reference": {
              "kind": "host",
              "name": "10.55.42.27",
              "uuid": "c9d70073-f27c-42c3-ba19-94f8cc93fe2f"
            },
            "hypervisor_type": null,
            "id": "ef952c4e-9f12-4ac3-9173-570ffe6e8519",
            "is_vcpu_hard_pinned": false,
            "machine_type": "PC",
            "memory_size_mib": 1024,
            "metadata": {
              "creation_time": "2024-07-22 13:16:16 +0000 UTC",
              "last_update_time": "2024-07-22 13:16:16 +0000 UTC",
              "name": "",
              "spec_hash": "",
              "spec_version": "0",
              "uuid": "ef952c4e-9f12-4ac3-9173-570ffe6e8519"
            },
            "name": "rocky-23",
            "ngt_credentials": {},
            "ngt_enabled_capability_list": [],
            "nic_list": [
              {
                "ip_endpoint_list": [
                  {
                    "ip": "10.55.42.185",
                    "type": "ASSIGNED"
                  }
                ],
                "is_connected": "true",
                "mac_address": "50:6b:8d:a1:64:01",
                "model": "",
                "network_function_chain_reference": {},
                "network_function_nic_type": "",
                "nic_type": "NORMAL_NIC",
                "num_queues": 1,
                "subnet_name": "Secondary_42",
                "subnet_uuid": "05eaa397-d398-4463-8a8a-b582e5628b5a",
                "uuid": "4cb5bbef-9c9a-4192-a361-04e7cb7acef9"
              }
            ],
            "nic_list_status": [
              {
                "floating_ip": "",
                "ip_endpoint_list": [
                  {
                    "ip": "10.55.42.185",
                    "type": "ASSIGNED"
                  }
                ],
                "is_connected": "true",
                "mac_address": "50:6b:8d:a1:64:01",
                "model": "",
                "network_function_chain_reference": {},
                "network_function_nic_type": "",
                "nic_type": "NORMAL_NIC",
                "num_queues": 1,
                "subnet_name": "Secondary_42",
                "subnet_uuid": "05eaa397-d398-4463-8a8a-b582e5628b5a",
                "uuid": "4cb5bbef-9c9a-4192-a361-04e7cb7acef9"
              }
            ],
            "num_sockets": 1,
            "num_vcpus_per_socket": 2,
            "num_vnuma_nodes": 0,
            "nutanix_guest_tools": {},
            "owner_reference": {
              "kind": "user",
              "name": "admin",
              "uuid": "00000000-0000-0000-0000-000000000000"
            },
            "parent_reference": {},
            "power_state": "ON",
            "power_state_mechanism": "HARD",
            "project_reference": {
              "kind": "project",
              "name": "_internal",
              "uuid": "48fbd98e-2217-481a-9f13-3a1c18ed088e"
            },
            "serial_port_list": [],
            "should_fail_on_script_failure": false,
            "state": "COMPLETE",
            "timeouts": null,
            "use_hot_add": true,
            "vga_console_enabled": true
          },
          "sensitive_attributes": [],
          "private": "eyJlMmJmYjczMC1lY2FhLTExZTYtOGY4OC0zNDM2M2JjN2M0YzAiOnsiY3JlYXRlIjozNjAwMDAwMDAwMDAwLCJkZWxldGUiOjM2MDAwMDAwMDAwMDAsInVwZGF0ZSI6MzYwMDAwMDAwMDAwMH0sInNjaGVtYV92ZXJzaW9uIjoiMSJ9",
          "dependencies": [
            "data.nutanix_cluster.cluster",
            "data.nutanix_subnet.subnet"
          ]
        },
        {
          "index_key": 24,
          "schema_version": 1,
          "attributes": {
            "api_version": "3.1",
            "availability_zone_reference": {},
            "boot_device_disk_address": {},
            "boot_device_mac_address": "",
            "boot_device_order_list": [
              "CDROM",
              "DISK",
              "NETWORK"
            ],
            "boot_type": "LEGACY",
            "categories": [],
            "cloud_init_cdrom_uuid": "",
            "cluster_name": "DM3-POC042",
            "cluster_uuid": "00061b19-2e68-cdea-0000-00000001b539",
            "description": "",
            "disk_list": [
              {
                "data_source_reference": {
                  "kind": "image",
                  "uuid": "82298037-0219-412a-8297-7070735fe447"
                },
                "device_properties": [
                  {
                    "device_type": "DISK",
                    "disk_address": {
                      "adapter_type": "SCSI",
                      "device_index": "0"
                    }
                  }
                ],
                "disk_size_bytes": 32212254720,
                "disk_size_mib": 30720,
                "storage_config": [
                  {
                    "flash_mode": "",
                    "storage_container_reference": [
                      {
                        "kind": "storage_container",
                        "name": "default-container-111929",
                        "url": "",
                        "uuid": "934302c8-9f37-4379-8fd6-ac06334fef10"
                      }
                    ]
                  }
                ],
                "uuid": "f154638d-286e-411c-98f5-5705b8c80c80",
                "volume_group_reference": {}
              },
              {
                "data_source_reference": {},
                "device_properties": [
                  {
                    "device_type": "DISK",
                    "disk_address": {
                      "adapter_type": "SCSI",
                      "device_index": "1"
                    }
                  }
                ],
                "disk_size_bytes": 10737418240,
                "disk_size_mib": 10240,
                "storage_config": [
                  {
                    "flash_mode": "",
                    "storage_container_reference": [
                      {
                        "kind": "storage_container",
                        "name": "SelfServiceContainer",
                        "url": "",
                        "uuid": "ba4b8c78-e099-41fc-a1b8-367e31b9973a"
                      }
                    ]
                  }
                ],
                "uuid": "4c3a0476-70a0-4c70-95d6-bd0a7f17b41e",
                "volume_group_reference": {}
              }
            ],
            "enable_cpu_passthrough": false,
            "enable_script_exec": false,
            "gpu_list": [],
            "guest_customization_cloud_init_custom_key_values": {},
            "guest_customization_cloud_init_meta_data": "",
            "guest_customization_cloud_init_user_data": "",
            "guest_customization_is_overridable": false,
            "guest_customization_sysprep": {},
            "guest_customization_sysprep_custom_key_values": {},
            "guest_os_id": "",
            "hardware_clock_timezone": "UTC",
            "host_reference": {
              "kind": "host",
              "name": "10.55.42.26",
              "uuid": "b7efea22-eb3b-49f1-b6a4-4d37f56f8627"
            },
            "hypervisor_type": null,
            "id": "4f9351ce-97b6-4c98-908d-3adbe8b71813",
            "is_vcpu_hard_pinned": false,
            "machine_type": "PC",
            "memory_size_mib": 1024,
            "metadata": {
              "creation_time": "2024-07-22 13:16:22 +0000 UTC",
              "last_update_time": "2024-07-22 13:16:22 +0000 UTC",
              "name": "",
              "spec_hash": "",
              "spec_version": "0",
              "uuid": "4f9351ce-97b6-4c98-908d-3adbe8b71813"
            },
            "name": "rocky-24",
            "ngt_credentials": {},
            "ngt_enabled_capability_list": [],
            "nic_list": [
              {
                "ip_endpoint_list": [
                  {
                    "ip": "10.55.42.206",
                    "type": "ASSIGNED"
                  }
                ],
                "is_connected": "true",
                "mac_address": "50:6b:8d:9a:65:74",
                "model": "",
                "network_function_chain_reference": {},
                "network_function_nic_type": "",
                "nic_type": "NORMAL_NIC",
                "num_queues": 1,
                "subnet_name": "Secondary_42",
                "subnet_uuid": "05eaa397-d398-4463-8a8a-b582e5628b5a",
                "uuid": "5bea6d37-6f78-43df-8dfe-b5094fc72828"
              }
            ],
            "nic_list_status": [
              {
                "floating_ip": "",
                "ip_endpoint_list": [
                  {
                    "ip": "10.55.42.206",
                    "type": "ASSIGNED"
                  }
                ],
                "is_connected": "true",
                "mac_address": "50:6b:8d:9a:65:74",
                "model": "",
                "network_function_chain_reference": {},
                "network_function_nic_type": "",
                "nic_type": "NORMAL_NIC",
                "num_queues": 1,
                "subnet_name": "Secondary_42",
                "subnet_uuid": "05eaa397-d398-4463-8a8a-b582e5628b5a",
                "uuid": "5bea6d37-6f78-43df-8dfe-b5094fc72828"
              }
            ],
            "num_sockets": 1,
            "num_vcpus_per_socket": 2,
            "num_vnuma_nodes": 0,
            "nutanix_guest_tools": {},
            "owner_reference": {
              "kind": "user",
              "name": "admin",
              "uuid": "00000000-0000-0000-0000-000000000000"
            },
            "parent_reference": {},
            "power_state": "ON",
            "power_state_mechanism": "HARD",
            "project_reference": {
              "kind": "project",
              "name": "_internal",
              "uuid": "48fbd98e-2217-481a-9f13-3a1c18ed088e"
            },
            "serial_port_list": [],
            "should_fail_on_script_failure": false,
            "state": "COMPLETE",
            "timeouts": null,
            "use_hot_add": true,
            "vga_console_enabled": true
          },
          "sensitive_attributes": [],
          "private": "eyJlMmJmYjczMC1lY2FhLTExZTYtOGY4OC0zNDM2M2JjN2M0YzAiOnsiY3JlYXRlIjozNjAwMDAwMDAwMDAwLCJkZWxldGUiOjM2MDAwMDAwMDAwMDAsInVwZGF0ZSI6MzYwMDAwMDAwMDAwMH0sInNjaGVtYV92ZXJzaW9uIjoiMSJ9",
          "dependencies": [
            "data.nutanix_cluster.cluster",
            "data.nutanix_subnet.subnet"
          ]
        },
        {
          "index_key": 25,
          "schema_version": 1,
          "attributes": {
            "api_version": "3.1",
            "availability_zone_reference": {},
            "boot_device_disk_address": {},
            "boot_device_mac_address": "",
            "boot_device_order_list": [
              "CDROM",
              "DISK",
              "NETWORK"
            ],
            "boot_type": "LEGACY",
            "categories": [],
            "cloud_init_cdrom_uuid": "",
            "cluster_name": "DM3-POC042",
            "cluster_uuid": "00061b19-2e68-cdea-0000-00000001b539",
            "description": "",
            "disk_list": [
              {
                "data_source_reference": {
                  "kind": "image",
                  "uuid": "82298037-0219-412a-8297-7070735fe447"
                },
                "device_properties": [
                  {
                    "device_type": "DISK",
                    "disk_address": {
                      "adapter_type": "SCSI",
                      "device_index": "0"
                    }
                  }
                ],
                "disk_size_bytes": 32212254720,
                "disk_size_mib": 30720,
                "storage_config": [
                  {
                    "flash_mode": "",
                    "storage_container_reference": [
                      {
                        "kind": "storage_container",
                        "name": "default-container-111929",
                        "url": "",
                        "uuid": "934302c8-9f37-4379-8fd6-ac06334fef10"
                      }
                    ]
                  }
                ],
                "uuid": "acf18080-302a-4547-a8ae-c9342a4ee6a1",
                "volume_group_reference": {}
              },
              {
                "data_source_reference": {},
                "device_properties": [
                  {
                    "device_type": "DISK",
                    "disk_address": {
                      "adapter_type": "SCSI",
                      "device_index": "1"
                    }
                  }
                ],
                "disk_size_bytes": 10737418240,
                "disk_size_mib": 10240,
                "storage_config": [
                  {
                    "flash_mode": "",
                    "storage_container_reference": [
                      {
                        "kind": "storage_container",
                        "name": "SelfServiceContainer",
                        "url": "",
                        "uuid": "ba4b8c78-e099-41fc-a1b8-367e31b9973a"
                      }
                    ]
                  }
                ],
                "uuid": "01a391a5-8db7-4b6d-8b9a-88629ccff731",
                "volume_group_reference": {}
              }
            ],
            "enable_cpu_passthrough": false,
            "enable_script_exec": false,
            "gpu_list": [],
            "guest_customization_cloud_init_custom_key_values": {},
            "guest_customization_cloud_init_meta_data": "",
            "guest_customization_cloud_init_user_data": "",
            "guest_customization_is_overridable": false,
            "guest_customization_sysprep": {},
            "guest_customization_sysprep_custom_key_values": {},
            "guest_os_id": "",
            "hardware_clock_timezone": "UTC",
            "host_reference": {
              "kind": "host",
              "name": "10.55.42.26",
              "uuid": "b7efea22-eb3b-49f1-b6a4-4d37f56f8627"
            },
            "hypervisor_type": null,
            "id": "8cb0231c-c70d-429e-9b71-19bea3d9b43e",
            "is_vcpu_hard_pinned": false,
            "machine_type": "PC",
            "memory_size_mib": 1024,
            "metadata": {
              "creation_time": "2024-07-22 13:16:23 +0000 UTC",
              "last_update_time": "2024-07-22 13:16:23 +0000 UTC",
              "name": "",
              "spec_hash": "",
              "spec_version": "0",
              "uuid": "8cb0231c-c70d-429e-9b71-19bea3d9b43e"
            },
            "name": "rocky-25",
            "ngt_credentials": {},
            "ngt_enabled_capability_list": [],
            "nic_list": [
              {
                "ip_endpoint_list": [
                  {
                    "ip": "10.55.42.220",
                    "type": "ASSIGNED"
                  }
                ],
                "is_connected": "true",
                "mac_address": "50:6b:8d:ef:3f:57",
                "model": "",
                "network_function_chain_reference": {},
                "network_function_nic_type": "",
                "nic_type": "NORMAL_NIC",
                "num_queues": 1,
                "subnet_name": "Secondary_42",
                "subnet_uuid": "05eaa397-d398-4463-8a8a-b582e5628b5a",
                "uuid": "a2d45406-d7f8-47ec-bc0d-2055a4b834f7"
              }
            ],
            "nic_list_status": [
              {
                "floating_ip": "",
                "ip_endpoint_list": [
                  {
                    "ip": "10.55.42.220",
                    "type": "ASSIGNED"
                  }
                ],
                "is_connected": "true",
                "mac_address": "50:6b:8d:ef:3f:57",
                "model": "",
                "network_function_chain_reference": {},
                "network_function_nic_type": "",
                "nic_type": "NORMAL_NIC",
                "num_queues": 1,
                "subnet_name": "Secondary_42",
                "subnet_uuid": "05eaa397-d398-4463-8a8a-b582e5628b5a",
                "uuid": "a2d45406-d7f8-47ec-bc0d-2055a4b834f7"
              }
            ],
            "num_sockets": 1,
            "num_vcpus_per_socket": 2,
            "num_vnuma_nodes": 0,
            "nutanix_guest_tools": {},
            "owner_reference": {
              "kind": "user",
              "name": "admin",
              "uuid": "00000000-0000-0000-0000-000000000000"
            },
            "parent_reference": {},
            "power_state": "ON",
            "power_state_mechanism": "HARD",
            "project_reference": {
              "kind": "project",
              "name": "_internal",
              "uuid": "48fbd98e-2217-481a-9f13-3a1c18ed088e"
            },
            "serial_port_list": [],
            "should_fail_on_script_failure": false,
            "state": "COMPLETE",
            "timeouts": null,
            "use_hot_add": true,
            "vga_console_enabled": true
          },
          "sensitive_attributes": [],
          "private": "eyJlMmJmYjczMC1lY2FhLTExZTYtOGY4OC0zNDM2M2JjN2M0YzAiOnsiY3JlYXRlIjozNjAwMDAwMDAwMDAwLCJkZWxldGUiOjM2MDAwMDAwMDAwMDAsInVwZGF0ZSI6MzYwMDAwMDAwMDAwMH0sInNjaGVtYV92ZXJzaW9uIjoiMSJ9",
          "dependencies": [
            "data.nutanix_cluster.cluster",
            "data.nutanix_subnet.subnet"
          ]
        },
        {
          "index_key": 26,
          "schema_version": 1,
          "attributes": {
            "api_version": "3.1",
            "availability_zone_reference": {},
            "boot_device_disk_address": {},
            "boot_device_mac_address": "",
            "boot_device_order_list": [
              "CDROM",
              "DISK",
              "NETWORK"
            ],
            "boot_type": "LEGACY",
            "categories": [],
            "cloud_init_cdrom_uuid": "",
            "cluster_name": "DM3-POC042",
            "cluster_uuid": "00061b19-2e68-cdea-0000-00000001b539",
            "description": "",
            "disk_list": [
              {
                "data_source_reference": {
                  "kind": "image",
                  "uuid": "82298037-0219-412a-8297-7070735fe447"
                },
                "device_properties": [
                  {
                    "device_type": "DISK",
                    "disk_address": {
                      "adapter_type": "SCSI",
                      "device_index": "0"
                    }
                  }
                ],
                "disk_size_bytes": 32212254720,
                "disk_size_mib": 30720,
                "storage_config": [
                  {
                    "flash_mode": "",
                    "storage_container_reference": [
                      {
                        "kind": "storage_container",
                        "name": "default-container-111929",
                        "url": "",
                        "uuid": "934302c8-9f37-4379-8fd6-ac06334fef10"
                      }
                    ]
                  }
                ],
                "uuid": "ebace9c8-c2de-433b-8482-9c5e75e8e0e4",
                "volume_group_reference": {}
              },
              {
                "data_source_reference": {},
                "device_properties": [
                  {
                    "device_type": "DISK",
                    "disk_address": {
                      "adapter_type": "SCSI",
                      "device_index": "1"
                    }
                  }
                ],
                "disk_size_bytes": 10737418240,
                "disk_size_mib": 10240,
                "storage_config": [
                  {
                    "flash_mode": "",
                    "storage_container_reference": [
                      {
                        "kind": "storage_container",
                        "name": "SelfServiceContainer",
                        "url": "",
                        "uuid": "ba4b8c78-e099-41fc-a1b8-367e31b9973a"
                      }
                    ]
                  }
                ],
                "uuid": "a66d0dce-9434-418b-b85a-68325412df40",
                "volume_group_reference": {}
              }
            ],
            "enable_cpu_passthrough": false,
            "enable_script_exec": false,
            "gpu_list": [],
            "guest_customization_cloud_init_custom_key_values": {},
            "guest_customization_cloud_init_meta_data": "",
            "guest_customization_cloud_init_user_data": "",
            "guest_customization_is_overridable": false,
            "guest_customization_sysprep": {},
            "guest_customization_sysprep_custom_key_values": {},
            "guest_os_id": "",
            "hardware_clock_timezone": "UTC",
            "host_reference": {
              "kind": "host",
              "name": "10.55.42.28",
              "uuid": "ca6ea069-7ea3-4aaa-9d03-ec62d67f1865"
            },
            "hypervisor_type": null,
            "id": "35903ebf-8611-4d91-be82-3ae6b8b213b1",
            "is_vcpu_hard_pinned": false,
            "machine_type": "PC",
            "memory_size_mib": 1024,
            "metadata": {
              "creation_time": "2024-07-22 13:16:59 +0000 UTC",
              "last_update_time": "2024-07-22 13:16:59 +0000 UTC",
              "name": "",
              "spec_hash": "",
              "spec_version": "0",
              "uuid": "35903ebf-8611-4d91-be82-3ae6b8b213b1"
            },
            "name": "rocky-26",
            "ngt_credentials": {},
            "ngt_enabled_capability_list": [],
            "nic_list": [
              {
                "ip_endpoint_list": [
                  {
                    "ip": "10.55.42.234",
                    "type": "ASSIGNED"
                  }
                ],
                "is_connected": "true",
                "mac_address": "50:6b:8d:8d:fe:f9",
                "model": "",
                "network_function_chain_reference": {},
                "network_function_nic_type": "",
                "nic_type": "NORMAL_NIC",
                "num_queues": 1,
                "subnet_name": "Secondary_42",
                "subnet_uuid": "05eaa397-d398-4463-8a8a-b582e5628b5a",
                "uuid": "baa2e3ef-86eb-4bc9-b6b7-0da1a1379a5d"
              }
            ],
            "nic_list_status": [
              {
                "floating_ip": "",
                "ip_endpoint_list": [
                  {
                    "ip": "10.55.42.234",
                    "type": "ASSIGNED"
                  }
                ],
                "is_connected": "true",
                "mac_address": "50:6b:8d:8d:fe:f9",
                "model": "",
                "network_function_chain_reference": {},
                "network_function_nic_type": "",
                "nic_type": "NORMAL_NIC",
                "num_queues": 1,
                "subnet_name": "Secondary_42",
                "subnet_uuid": "05eaa397-d398-4463-8a8a-b582e5628b5a",
                "uuid": "baa2e3ef-86eb-4bc9-b6b7-0da1a1379a5d"
              }
            ],
            "num_sockets": 1,
            "num_vcpus_per_socket": 2,
            "num_vnuma_nodes": 0,
            "nutanix_guest_tools": {},
            "owner_reference": {
              "kind": "user",
              "name": "admin",
              "uuid": "00000000-0000-0000-0000-000000000000"
            },
            "parent_reference": {},
            "power_state": "ON",
            "power_state_mechanism": "HARD",
            "project_reference": {
              "kind": "project",
              "name": "_internal",
              "uuid": "48fbd98e-2217-481a-9f13-3a1c18ed088e"
            },
            "serial_port_list": [],
            "should_fail_on_script_failure": false,
            "state": "COMPLETE",
            "timeouts": null,
            "use_hot_add": true,
            "vga_console_enabled": true
          },
          "sensitive_attributes": [],
          "private": "eyJlMmJmYjczMC1lY2FhLTExZTYtOGY4OC0zNDM2M2JjN2M0YzAiOnsiY3JlYXRlIjozNjAwMDAwMDAwMDAwLCJkZWxldGUiOjM2MDAwMDAwMDAwMDAsInVwZGF0ZSI6MzYwMDAwMDAwMDAwMH0sInNjaGVtYV92ZXJzaW9uIjoiMSJ9",
          "dependencies": [
            "data.nutanix_cluster.cluster",
            "data.nutanix_subnet.subnet"
          ]
        },
        {
          "index_key": 27,
          "schema_version": 1,
          "attributes": {
            "api_version": "3.1",
            "availability_zone_reference": {},
            "boot_device_disk_address": {},
            "boot_device_mac_address": "",
            "boot_device_order_list": [
              "CDROM",
              "DISK",
              "NETWORK"
            ],
            "boot_type": "LEGACY",
            "categories": [],
            "cloud_init_cdrom_uuid": "",
            "cluster_name": "DM3-POC042",
            "cluster_uuid": "00061b19-2e68-cdea-0000-00000001b539",
            "description": "",
            "disk_list": [
              {
                "data_source_reference": {
                  "kind": "image",
                  "uuid": "82298037-0219-412a-8297-7070735fe447"
                },
                "device_properties": [
                  {
                    "device_type": "DISK",
                    "disk_address": {
                      "adapter_type": "SCSI",
                      "device_index": "0"
                    }
                  }
                ],
                "disk_size_bytes": 32212254720,
                "disk_size_mib": 30720,
                "storage_config": [
                  {
                    "flash_mode": "",
                    "storage_container_reference": [
                      {
                        "kind": "storage_container",
                        "name": "default-container-111929",
                        "url": "",
                        "uuid": "934302c8-9f37-4379-8fd6-ac06334fef10"
                      }
                    ]
                  }
                ],
                "uuid": "7775de06-e6f0-42fd-952c-b14bb5ea7d7f",
                "volume_group_reference": {}
              },
              {
                "data_source_reference": {},
                "device_properties": [
                  {
                    "device_type": "DISK",
                    "disk_address": {
                      "adapter_type": "SCSI",
                      "device_index": "1"
                    }
                  }
                ],
                "disk_size_bytes": 10737418240,
                "disk_size_mib": 10240,
                "storage_config": [
                  {
                    "flash_mode": "",
                    "storage_container_reference": [
                      {
                        "kind": "storage_container",
                        "name": "SelfServiceContainer",
                        "url": "",
                        "uuid": "ba4b8c78-e099-41fc-a1b8-367e31b9973a"
                      }
                    ]
                  }
                ],
                "uuid": "bb4c17fb-38a7-4b80-a180-dbd8943335fc",
                "volume_group_reference": {}
              }
            ],
            "enable_cpu_passthrough": false,
            "enable_script_exec": false,
            "gpu_list": [],
            "guest_customization_cloud_init_custom_key_values": {},
            "guest_customization_cloud_init_meta_data": "",
            "guest_customization_cloud_init_user_data": "",
            "guest_customization_is_overridable": false,
            "guest_customization_sysprep": {},
            "guest_customization_sysprep_custom_key_values": {},
            "guest_os_id": "",
            "hardware_clock_timezone": "UTC",
            "host_reference": {
              "kind": "host",
              "name": "10.55.42.25",
              "uuid": "552483d4-bc58-4508-a262-4a64e13534c5"
            },
            "hypervisor_type": null,
            "id": "9f9a4cf3-4e1e-4acb-84d2-62e98cc36d03",
            "is_vcpu_hard_pinned": false,
            "machine_type": "PC",
            "memory_size_mib": 1024,
            "metadata": {
              "creation_time": "2024-07-22 13:16:43 +0000 UTC",
              "last_update_time": "2024-07-22 13:16:43 +0000 UTC",
              "name": "",
              "spec_hash": "",
              "spec_version": "0",
              "uuid": "9f9a4cf3-4e1e-4acb-84d2-62e98cc36d03"
            },
            "name": "rocky-27",
            "ngt_credentials": {},
            "ngt_enabled_capability_list": [],
            "nic_list": [
              {
                "ip_endpoint_list": [
                  {
                    "ip": "10.55.42.142",
                    "type": "ASSIGNED"
                  }
                ],
                "is_connected": "true",
                "mac_address": "50:6b:8d:bb:44:89",
                "model": "",
                "network_function_chain_reference": {},
                "network_function_nic_type": "",
                "nic_type": "NORMAL_NIC",
                "num_queues": 1,
                "subnet_name": "Secondary_42",
                "subnet_uuid": "05eaa397-d398-4463-8a8a-b582e5628b5a",
                "uuid": "5b675f57-fbad-4119-b83a-6ca24b74d53b"
              }
            ],
            "nic_list_status": [
              {
                "floating_ip": "",
                "ip_endpoint_list": [
                  {
                    "ip": "10.55.42.142",
                    "type": "ASSIGNED"
                  }
                ],
                "is_connected": "true",
                "mac_address": "50:6b:8d:bb:44:89",
                "model": "",
                "network_function_chain_reference": {},
                "network_function_nic_type": "",
                "nic_type": "NORMAL_NIC",
                "num_queues": 1,
                "subnet_name": "Secondary_42",
                "subnet_uuid": "05eaa397-d398-4463-8a8a-b582e5628b5a",
                "uuid": "5b675f57-fbad-4119-b83a-6ca24b74d53b"
              }
            ],
            "num_sockets": 1,
            "num_vcpus_per_socket": 2,
            "num_vnuma_nodes": 0,
            "nutanix_guest_tools": {},
            "owner_reference": {
              "kind": "user",
              "name": "admin",
              "uuid": "00000000-0000-0000-0000-000000000000"
            },
            "parent_reference": {},
            "power_state": "ON",
            "power_state_mechanism": "HARD",
            "project_reference": {
              "kind": "project",
              "name": "_internal",
              "uuid": "48fbd98e-2217-481a-9f13-3a1c18ed088e"
            },
            "serial_port_list": [],
            "should_fail_on_script_failure": false,
            "state": "COMPLETE",
            "timeouts": null,
            "use_hot_add": true,
            "vga_console_enabled": true
          },
          "sensitive_attributes": [],
          "private": "eyJlMmJmYjczMC1lY2FhLTExZTYtOGY4OC0zNDM2M2JjN2M0YzAiOnsiY3JlYXRlIjozNjAwMDAwMDAwMDAwLCJkZWxldGUiOjM2MDAwMDAwMDAwMDAsInVwZGF0ZSI6MzYwMDAwMDAwMDAwMH0sInNjaGVtYV92ZXJzaW9uIjoiMSJ9",
          "dependencies": [
            "data.nutanix_cluster.cluster",
            "data.nutanix_subnet.subnet"
          ]
        },
        {
          "index_key": 28,
          "schema_version": 1,
          "attributes": {
            "api_version": "3.1",
            "availability_zone_reference": {},
            "boot_device_disk_address": {},
            "boot_device_mac_address": "",
            "boot_device_order_list": [
              "CDROM",
              "DISK",
              "NETWORK"
            ],
            "boot_type": "LEGACY",
            "categories": [],
            "cloud_init_cdrom_uuid": "",
            "cluster_name": "DM3-POC042",
            "cluster_uuid": "00061b19-2e68-cdea-0000-00000001b539",
            "description": "",
            "disk_list": [
              {
                "data_source_reference": {
                  "kind": "image",
                  "uuid": "82298037-0219-412a-8297-7070735fe447"
                },
                "device_properties": [
                  {
                    "device_type": "DISK",
                    "disk_address": {
                      "adapter_type": "SCSI",
                      "device_index": "0"
                    }
                  }
                ],
                "disk_size_bytes": 32212254720,
                "disk_size_mib": 30720,
                "storage_config": [
                  {
                    "flash_mode": "",
                    "storage_container_reference": [
                      {
                        "kind": "storage_container",
                        "name": "default-container-111929",
                        "url": "",
                        "uuid": "934302c8-9f37-4379-8fd6-ac06334fef10"
                      }
                    ]
                  }
                ],
                "uuid": "2f585c87-8ea0-458d-bdf5-1206ecaf5580",
                "volume_group_reference": {}
              },
              {
                "data_source_reference": {},
                "device_properties": [
                  {
                    "device_type": "DISK",
                    "disk_address": {
                      "adapter_type": "SCSI",
                      "device_index": "1"
                    }
                  }
                ],
                "disk_size_bytes": 10737418240,
                "disk_size_mib": 10240,
                "storage_config": [
                  {
                    "flash_mode": "",
                    "storage_container_reference": [
                      {
                        "kind": "storage_container",
                        "name": "SelfServiceContainer",
                        "url": "",
                        "uuid": "ba4b8c78-e099-41fc-a1b8-367e31b9973a"
                      }
                    ]
                  }
                ],
                "uuid": "940c022b-21e6-4c6a-a358-1fef6269906c",
                "volume_group_reference": {}
              }
            ],
            "enable_cpu_passthrough": false,
            "enable_script_exec": false,
            "gpu_list": [],
            "guest_customization_cloud_init_custom_key_values": {},
            "guest_customization_cloud_init_meta_data": "",
            "guest_customization_cloud_init_user_data": "",
            "guest_customization_is_overridable": false,
            "guest_customization_sysprep": {},
            "guest_customization_sysprep_custom_key_values": {},
            "guest_os_id": "",
            "hardware_clock_timezone": "UTC",
            "host_reference": {
              "kind": "host",
              "name": "10.55.42.26",
              "uuid": "b7efea22-eb3b-49f1-b6a4-4d37f56f8627"
            },
            "hypervisor_type": null,
            "id": "123fcc5e-da03-4ce9-8610-1d943f89c2be",
            "is_vcpu_hard_pinned": false,
            "machine_type": "PC",
            "memory_size_mib": 1024,
            "metadata": {
              "creation_time": "2024-07-22 13:16:17 +0000 UTC",
              "last_update_time": "2024-07-22 13:16:17 +0000 UTC",
              "name": "",
              "spec_hash": "",
              "spec_version": "0",
              "uuid": "123fcc5e-da03-4ce9-8610-1d943f89c2be"
            },
            "name": "rocky-28",
            "ngt_credentials": {},
            "ngt_enabled_capability_list": [],
            "nic_list": [
              {
                "ip_endpoint_list": [
                  {
                    "ip": "10.55.42.212",
                    "type": "ASSIGNED"
                  }
                ],
                "is_connected": "true",
                "mac_address": "50:6b:8d:ec:c0:b8",
                "model": "",
                "network_function_chain_reference": {},
                "network_function_nic_type": "",
                "nic_type": "NORMAL_NIC",
                "num_queues": 1,
                "subnet_name": "Secondary_42",
                "subnet_uuid": "05eaa397-d398-4463-8a8a-b582e5628b5a",
                "uuid": "47ab1ae8-1f05-4c65-ab3c-56464920b4d3"
              }
            ],
            "nic_list_status": [
              {
                "floating_ip": "",
                "ip_endpoint_list": [
                  {
                    "ip": "10.55.42.212",
                    "type": "ASSIGNED"
                  }
                ],
                "is_connected": "true",
                "mac_address": "50:6b:8d:ec:c0:b8",
                "model": "",
                "network_function_chain_reference": {},
                "network_function_nic_type": "",
                "nic_type": "NORMAL_NIC",
                "num_queues": 1,
                "subnet_name": "Secondary_42",
                "subnet_uuid": "05eaa397-d398-4463-8a8a-b582e5628b5a",
                "uuid": "47ab1ae8-1f05-4c65-ab3c-56464920b4d3"
              }
            ],
            "num_sockets": 1,
            "num_vcpus_per_socket": 2,
            "num_vnuma_nodes": 0,
            "nutanix_guest_tools": {},
            "owner_reference": {
              "kind": "user",
              "name": "admin",
              "uuid": "00000000-0000-0000-0000-000000000000"
            },
            "parent_reference": {},
            "power_state": "ON",
            "power_state_mechanism": "HARD",
            "project_reference": {
              "kind": "project",
              "name": "_internal",
              "uuid": "48fbd98e-2217-481a-9f13-3a1c18ed088e"
            },
            "serial_port_list": [],
            "should_fail_on_script_failure": false,
            "state": "COMPLETE",
            "timeouts": null,
            "use_hot_add": true,
            "vga_console_enabled": true
          },
          "sensitive_attributes": [],
          "private": "eyJlMmJmYjczMC1lY2FhLTExZTYtOGY4OC0zNDM2M2JjN2M0YzAiOnsiY3JlYXRlIjozNjAwMDAwMDAwMDAwLCJkZWxldGUiOjM2MDAwMDAwMDAwMDAsInVwZGF0ZSI6MzYwMDAwMDAwMDAwMH0sInNjaGVtYV92ZXJzaW9uIjoiMSJ9",
          "dependencies": [
            "data.nutanix_cluster.cluster",
            "data.nutanix_subnet.subnet"
          ]
        },
        {
          "index_key": 29,
          "schema_version": 1,
          "attributes": {
            "api_version": "3.1",
            "availability_zone_reference": {},
            "boot_device_disk_address": {},
            "boot_device_mac_address": "",
            "boot_device_order_list": [
              "CDROM",
              "DISK",
              "NETWORK"
            ],
            "boot_type": "LEGACY",
            "categories": [],
            "cloud_init_cdrom_uuid": "",
            "cluster_name": "DM3-POC042",
            "cluster_uuid": "00061b19-2e68-cdea-0000-00000001b539",
            "description": "",
            "disk_list": [
              {
                "data_source_reference": {
                  "kind": "image",
                  "uuid": "82298037-0219-412a-8297-7070735fe447"
                },
                "device_properties": [
                  {
                    "device_type": "DISK",
                    "disk_address": {
                      "adapter_type": "SCSI",
                      "device_index": "0"
                    }
                  }
                ],
                "disk_size_bytes": 32212254720,
                "disk_size_mib": 30720,
                "storage_config": [
                  {
                    "flash_mode": "",
                    "storage_container_reference": [
                      {
                        "kind": "storage_container",
                        "name": "default-container-111929",
                        "url": "",
                        "uuid": "934302c8-9f37-4379-8fd6-ac06334fef10"
                      }
                    ]
                  }
                ],
                "uuid": "ab33a748-82b8-4865-b325-b2ca237f0f62",
                "volume_group_reference": {}
              },
              {
                "data_source_reference": {},
                "device_properties": [
                  {
                    "device_type": "DISK",
                    "disk_address": {
                      "adapter_type": "SCSI",
                      "device_index": "1"
                    }
                  }
                ],
                "disk_size_bytes": 10737418240,
                "disk_size_mib": 10240,
                "storage_config": [
                  {
                    "flash_mode": "",
                    "storage_container_reference": [
                      {
                        "kind": "storage_container",
                        "name": "SelfServiceContainer",
                        "url": "",
                        "uuid": "ba4b8c78-e099-41fc-a1b8-367e31b9973a"
                      }
                    ]
                  }
                ],
                "uuid": "3c997f62-4d9e-407f-b129-761d89460839",
                "volume_group_reference": {}
              }
            ],
            "enable_cpu_passthrough": false,
            "enable_script_exec": false,
            "gpu_list": [],
            "guest_customization_cloud_init_custom_key_values": {},
            "guest_customization_cloud_init_meta_data": "",
            "guest_customization_cloud_init_user_data": "",
            "guest_customization_is_overridable": false,
            "guest_customization_sysprep": {},
            "guest_customization_sysprep_custom_key_values": {},
            "guest_os_id": "",
            "hardware_clock_timezone": "UTC",
            "host_reference": {
              "kind": "host",
              "name": "10.55.42.28",
              "uuid": "ca6ea069-7ea3-4aaa-9d03-ec62d67f1865"
            },
            "hypervisor_type": null,
            "id": "dc2548f4-6910-410f-8610-947aae6f42b7",
            "is_vcpu_hard_pinned": false,
            "machine_type": "PC",
            "memory_size_mib": 1024,
            "metadata": {
              "creation_time": "2024-07-22 13:17:12 +0000 UTC",
              "last_update_time": "2024-07-22 13:17:12 +0000 UTC",
              "name": "",
              "spec_hash": "",
              "spec_version": "0",
              "uuid": "dc2548f4-6910-410f-8610-947aae6f42b7"
            },
            "name": "rocky-29",
            "ngt_credentials": {},
            "ngt_enabled_capability_list": [],
            "nic_list": [
              {
                "ip_endpoint_list": [
                  {
                    "ip": "10.55.42.247",
                    "type": "ASSIGNED"
                  }
                ],
                "is_connected": "true",
                "mac_address": "50:6b:8d:e3:2e:29",
                "model": "",
                "network_function_chain_reference": {},
                "network_function_nic_type": "",
                "nic_type": "NORMAL_NIC",
                "num_queues": 1,
                "subnet_name": "Secondary_42",
                "subnet_uuid": "05eaa397-d398-4463-8a8a-b582e5628b5a",
                "uuid": "15664d38-d9bc-442c-806c-d48d217e1138"
              }
            ],
            "nic_list_status": [
              {
                "floating_ip": "",
                "ip_endpoint_list": [
                  {
                    "ip": "10.55.42.247",
                    "type": "ASSIGNED"
                  }
                ],
                "is_connected": "true",
                "mac_address": "50:6b:8d:e3:2e:29",
                "model": "",
                "network_function_chain_reference": {},
                "network_function_nic_type": "",
                "nic_type": "NORMAL_NIC",
                "num_queues": 1,
                "subnet_name": "Secondary_42",
                "subnet_uuid": "05eaa397-d398-4463-8a8a-b582e5628b5a",
                "uuid": "15664d38-d9bc-442c-806c-d48d217e1138"
              }
            ],
            "num_sockets": 1,
            "num_vcpus_per_socket": 2,
            "num_vnuma_nodes": 0,
            "nutanix_guest_tools": {},
            "owner_reference": {
              "kind": "user",
              "name": "admin",
              "uuid": "00000000-0000-0000-0000-000000000000"
            },
            "parent_reference": {},
            "power_state": "ON",
            "power_state_mechanism": "HARD",
            "project_reference": {
              "kind": "project",
              "name": "_internal",
              "uuid": "48fbd98e-2217-481a-9f13-3a1c18ed088e"
            },
            "serial_port_list": [],
            "should_fail_on_script_failure": false,
            "state": "COMPLETE",
            "timeouts": null,
            "use_hot_add": true,
            "vga_console_enabled": true
          },
          "sensitive_attributes": [],
          "private": "eyJlMmJmYjczMC1lY2FhLTExZTYtOGY4OC0zNDM2M2JjN2M0YzAiOnsiY3JlYXRlIjozNjAwMDAwMDAwMDAwLCJkZWxldGUiOjM2MDAwMDAwMDAwMDAsInVwZGF0ZSI6MzYwMDAwMDAwMDAwMH0sInNjaGVtYV92ZXJzaW9uIjoiMSJ9",
          "dependencies": [
            "data.nutanix_cluster.cluster",
            "data.nutanix_subnet.subnet"
          ]
        },
        {
          "index_key": 30,
          "schema_version": 1,
          "attributes": {
            "api_version": "3.1",
            "availability_zone_reference": {},
            "boot_device_disk_address": {},
            "boot_device_mac_address": "",
            "boot_device_order_list": [
              "CDROM",
              "DISK",
              "NETWORK"
            ],
            "boot_type": "LEGACY",
            "categories": [],
            "cloud_init_cdrom_uuid": "",
            "cluster_name": "DM3-POC042",
            "cluster_uuid": "00061b19-2e68-cdea-0000-00000001b539",
            "description": "",
            "disk_list": [
              {
                "data_source_reference": {
                  "kind": "image",
                  "uuid": "82298037-0219-412a-8297-7070735fe447"
                },
                "device_properties": [
                  {
                    "device_type": "DISK",
                    "disk_address": {
                      "adapter_type": "SCSI",
                      "device_index": "0"
                    }
                  }
                ],
                "disk_size_bytes": 32212254720,
                "disk_size_mib": 30720,
                "storage_config": [
                  {
                    "flash_mode": "",
                    "storage_container_reference": [
                      {
                        "kind": "storage_container",
                        "name": "default-container-111929",
                        "url": "",
                        "uuid": "934302c8-9f37-4379-8fd6-ac06334fef10"
                      }
                    ]
                  }
                ],
                "uuid": "03f4bfac-f0f4-40a9-a3e0-cd5fb28c0453",
                "volume_group_reference": {}
              },
              {
                "data_source_reference": {},
                "device_properties": [
                  {
                    "device_type": "DISK",
                    "disk_address": {
                      "adapter_type": "SCSI",
                      "device_index": "1"
                    }
                  }
                ],
                "disk_size_bytes": 10737418240,
                "disk_size_mib": 10240,
                "storage_config": [
                  {
                    "flash_mode": "",
                    "storage_container_reference": [
                      {
                        "kind": "storage_container",
                        "name": "SelfServiceContainer",
                        "url": "",
                        "uuid": "ba4b8c78-e099-41fc-a1b8-367e31b9973a"
                      }
                    ]
                  }
                ],
                "uuid": "b91757c2-47a6-42b1-a270-964d11cbf072",
                "volume_group_reference": {}
              }
            ],
            "enable_cpu_passthrough": false,
            "enable_script_exec": false,
            "gpu_list": [],
            "guest_customization_cloud_init_custom_key_values": {},
            "guest_customization_cloud_init_meta_data": "",
            "guest_customization_cloud_init_user_data": "",
            "guest_customization_is_overridable": false,
            "guest_customization_sysprep": {},
            "guest_customization_sysprep_custom_key_values": {},
            "guest_os_id": "",
            "hardware_clock_timezone": "UTC",
            "host_reference": {
              "kind": "host",
              "name": "10.55.42.26",
              "uuid": "b7efea22-eb3b-49f1-b6a4-4d37f56f8627"
            },
            "hypervisor_type": null,
            "id": "9c61f476-8185-4680-8849-e3d54b2ef694",
            "is_vcpu_hard_pinned": false,
            "machine_type": "PC",
            "memory_size_mib": 1024,
            "metadata": {
              "creation_time": "2024-07-22 13:16:17 +0000 UTC",
              "last_update_time": "2024-07-22 13:16:17 +0000 UTC",
              "name": "",
              "spec_hash": "",
              "spec_version": "0",
              "uuid": "9c61f476-8185-4680-8849-e3d54b2ef694"
            },
            "name": "rocky-30",
            "ngt_credentials": {},
            "ngt_enabled_capability_list": [],
            "nic_list": [
              {
                "ip_endpoint_list": [
                  {
                    "ip": "10.55.42.198",
                    "type": "ASSIGNED"
                  }
                ],
                "is_connected": "true",
                "mac_address": "50:6b:8d:ab:89:b9",
                "model": "",
                "network_function_chain_reference": {},
                "network_function_nic_type": "",
                "nic_type": "NORMAL_NIC",
                "num_queues": 1,
                "subnet_name": "Secondary_42",
                "subnet_uuid": "05eaa397-d398-4463-8a8a-b582e5628b5a",
                "uuid": "0179c401-b41f-4e39-b770-86db45b9fa6b"
              }
            ],
            "nic_list_status": [
              {
                "floating_ip": "",
                "ip_endpoint_list": [
                  {
                    "ip": "10.55.42.198",
                    "type": "ASSIGNED"
                  }
                ],
                "is_connected": "true",
                "mac_address": "50:6b:8d:ab:89:b9",
                "model": "",
                "network_function_chain_reference": {},
                "network_function_nic_type": "",
                "nic_type": "NORMAL_NIC",
                "num_queues": 1,
                "subnet_name": "Secondary_42",
                "subnet_uuid": "05eaa397-d398-4463-8a8a-b582e5628b5a",
                "uuid": "0179c401-b41f-4e39-b770-86db45b9fa6b"
              }
            ],
            "num_sockets": 1,
            "num_vcpus_per_socket": 2,
            "num_vnuma_nodes": 0,
            "nutanix_guest_tools": {},
            "owner_reference": {
              "kind": "user",
              "name": "admin",
              "uuid": "00000000-0000-0000-0000-000000000000"
            },
            "parent_reference": {},
            "power_state": "ON",
            "power_state_mechanism": "HARD",
            "project_reference": {
              "kind": "project",
              "name": "_internal",
              "uuid": "48fbd98e-2217-481a-9f13-3a1c18ed088e"
            },
            "serial_port_list": [],
            "should_fail_on_script_failure": false,
            "state": "COMPLETE",
            "timeouts": null,
            "use_hot_add": true,
            "vga_console_enabled": true
          },
          "sensitive_attributes": [],
          "private": "eyJlMmJmYjczMC1lY2FhLTExZTYtOGY4OC0zNDM2M2JjN2M0YzAiOnsiY3JlYXRlIjozNjAwMDAwMDAwMDAwLCJkZWxldGUiOjM2MDAwMDAwMDAwMDAsInVwZGF0ZSI6MzYwMDAwMDAwMDAwMH0sInNjaGVtYV92ZXJzaW9uIjoiMSJ9",
          "dependencies": [
            "data.nutanix_cluster.cluster",
            "data.nutanix_subnet.subnet"
          ]
        },
        {
          "index_key": 31,
          "schema_version": 1,
          "attributes": {
            "api_version": "3.1",
            "availability_zone_reference": {},
            "boot_device_disk_address": {},
            "boot_device_mac_address": "",
            "boot_device_order_list": [
              "CDROM",
              "DISK",
              "NETWORK"
            ],
            "boot_type": "LEGACY",
            "categories": [],
            "cloud_init_cdrom_uuid": "",
            "cluster_name": "DM3-POC042",
            "cluster_uuid": "00061b19-2e68-cdea-0000-00000001b539",
            "description": "",
            "disk_list": [
              {
                "data_source_reference": {
                  "kind": "image",
                  "uuid": "82298037-0219-412a-8297-7070735fe447"
                },
                "device_properties": [
                  {
                    "device_type": "DISK",
                    "disk_address": {
                      "adapter_type": "SCSI",
                      "device_index": "0"
                    }
                  }
                ],
                "disk_size_bytes": 32212254720,
                "disk_size_mib": 30720,
                "storage_config": [
                  {
                    "flash_mode": "",
                    "storage_container_reference": [
                      {
                        "kind": "storage_container",
                        "name": "default-container-111929",
                        "url": "",
                        "uuid": "934302c8-9f37-4379-8fd6-ac06334fef10"
                      }
                    ]
                  }
                ],
                "uuid": "f74567a4-7f93-4882-a1a9-ed8a375b763b",
                "volume_group_reference": {}
              },
              {
                "data_source_reference": {},
                "device_properties": [
                  {
                    "device_type": "DISK",
                    "disk_address": {
                      "adapter_type": "SCSI",
                      "device_index": "1"
                    }
                  }
                ],
                "disk_size_bytes": 10737418240,
                "disk_size_mib": 10240,
                "storage_config": [
                  {
                    "flash_mode": "",
                    "storage_container_reference": [
                      {
                        "kind": "storage_container",
                        "name": "SelfServiceContainer",
                        "url": "",
                        "uuid": "ba4b8c78-e099-41fc-a1b8-367e31b9973a"
                      }
                    ]
                  }
                ],
                "uuid": "82c77728-1960-401a-9b2d-890e908a48f1",
                "volume_group_reference": {}
              }
            ],
            "enable_cpu_passthrough": false,
            "enable_script_exec": false,
            "gpu_list": [],
            "guest_customization_cloud_init_custom_key_values": {},
            "guest_customization_cloud_init_meta_data": "",
            "guest_customization_cloud_init_user_data": "",
            "guest_customization_is_overridable": false,
            "guest_customization_sysprep": {},
            "guest_customization_sysprep_custom_key_values": {},
            "guest_os_id": "",
            "hardware_clock_timezone": "UTC",
            "host_reference": {
              "kind": "host",
              "name": "10.55.42.28",
              "uuid": "ca6ea069-7ea3-4aaa-9d03-ec62d67f1865"
            },
            "hypervisor_type": null,
            "id": "40b35f80-3532-4d5c-8f6f-3c86f49ea4c5",
            "is_vcpu_hard_pinned": false,
            "machine_type": "PC",
            "memory_size_mib": 1024,
            "metadata": {
              "creation_time": "2024-07-22 13:17:01 +0000 UTC",
              "last_update_time": "2024-07-22 13:17:01 +0000 UTC",
              "name": "",
              "spec_hash": "",
              "spec_version": "0",
              "uuid": "40b35f80-3532-4d5c-8f6f-3c86f49ea4c5"
            },
            "name": "rocky-31",
            "ngt_credentials": {},
            "ngt_enabled_capability_list": [],
            "nic_list": [
              {
                "ip_endpoint_list": [
                  {
                    "ip": "10.55.42.155",
                    "type": "ASSIGNED"
                  }
                ],
                "is_connected": "true",
                "mac_address": "50:6b:8d:a6:2b:71",
                "model": "",
                "network_function_chain_reference": {},
                "network_function_nic_type": "",
                "nic_type": "NORMAL_NIC",
                "num_queues": 1,
                "subnet_name": "Secondary_42",
                "subnet_uuid": "05eaa397-d398-4463-8a8a-b582e5628b5a",
                "uuid": "fe8c58b7-72ab-4c01-8d9a-0a8b300c6536"
              }
            ],
            "nic_list_status": [
              {
                "floating_ip": "",
                "ip_endpoint_list": [
                  {
                    "ip": "10.55.42.155",
                    "type": "ASSIGNED"
                  }
                ],
                "is_connected": "true",
                "mac_address": "50:6b:8d:a6:2b:71",
                "model": "",
                "network_function_chain_reference": {},
                "network_function_nic_type": "",
                "nic_type": "NORMAL_NIC",
                "num_queues": 1,
                "subnet_name": "Secondary_42",
                "subnet_uuid": "05eaa397-d398-4463-8a8a-b582e5628b5a",
                "uuid": "fe8c58b7-72ab-4c01-8d9a-0a8b300c6536"
              }
            ],
            "num_sockets": 1,
            "num_vcpus_per_socket": 2,
            "num_vnuma_nodes": 0,
            "nutanix_guest_tools": {},
            "owner_reference": {
              "kind": "user",
              "name": "admin",
              "uuid": "00000000-0000-0000-0000-000000000000"
            },
            "parent_reference": {},
            "power_state": "ON",
            "power_state_mechanism": "HARD",
            "project_reference": {
              "kind": "project",
              "name": "_internal",
              "uuid": "48fbd98e-2217-481a-9f13-3a1c18ed088e"
            },
            "serial_port_list": [],
            "should_fail_on_script_failure": false,
            "state": "COMPLETE",
            "timeouts": null,
            "use_hot_add": true,
            "vga_console_enabled": true
          },
          "sensitive_attributes": [],
          "private": "eyJlMmJmYjczMC1lY2FhLTExZTYtOGY4OC0zNDM2M2JjN2M0YzAiOnsiY3JlYXRlIjozNjAwMDAwMDAwMDAwLCJkZWxldGUiOjM2MDAwMDAwMDAwMDAsInVwZGF0ZSI6MzYwMDAwMDAwMDAwMH0sInNjaGVtYV92ZXJzaW9uIjoiMSJ9",
          "dependencies": [
            "data.nutanix_cluster.cluster",
            "data.nutanix_subnet.subnet"
          ]
        },
        {
          "index_key": 32,
          "schema_version": 1,
          "attributes": {
            "api_version": "3.1",
            "availability_zone_reference": {},
            "boot_device_disk_address": {},
            "boot_device_mac_address": "",
            "boot_device_order_list": [
              "CDROM",
              "DISK",
              "NETWORK"
            ],
            "boot_type": "LEGACY",
            "categories": [],
            "cloud_init_cdrom_uuid": "",
            "cluster_name": "DM3-POC042",
            "cluster_uuid": "00061b19-2e68-cdea-0000-00000001b539",
            "description": "",
            "disk_list": [
              {
                "data_source_reference": {
                  "kind": "image",
                  "uuid": "82298037-0219-412a-8297-7070735fe447"
                },
                "device_properties": [
                  {
                    "device_type": "DISK",
                    "disk_address": {
                      "adapter_type": "SCSI",
                      "device_index": "0"
                    }
                  }
                ],
                "disk_size_bytes": 32212254720,
                "disk_size_mib": 30720,
                "storage_config": [
                  {
                    "flash_mode": "",
                    "storage_container_reference": [
                      {
                        "kind": "storage_container",
                        "name": "default-container-111929",
                        "url": "",
                        "uuid": "934302c8-9f37-4379-8fd6-ac06334fef10"
                      }
                    ]
                  }
                ],
                "uuid": "9685b044-26a6-48ce-b1d7-70ef667feb8f",
                "volume_group_reference": {}
              },
              {
                "data_source_reference": {},
                "device_properties": [
                  {
                    "device_type": "DISK",
                    "disk_address": {
                      "adapter_type": "SCSI",
                      "device_index": "1"
                    }
                  }
                ],
                "disk_size_bytes": 10737418240,
                "disk_size_mib": 10240,
                "storage_config": [
                  {
                    "flash_mode": "",
                    "storage_container_reference": [
                      {
                        "kind": "storage_container",
                        "name": "SelfServiceContainer",
                        "url": "",
                        "uuid": "ba4b8c78-e099-41fc-a1b8-367e31b9973a"
                      }
                    ]
                  }
                ],
                "uuid": "111c8d26-b2ca-41b7-aada-366d94ee38a0",
                "volume_group_reference": {}
              }
            ],
            "enable_cpu_passthrough": false,
            "enable_script_exec": false,
            "gpu_list": [],
            "guest_customization_cloud_init_custom_key_values": {},
            "guest_customization_cloud_init_meta_data": "",
            "guest_customization_cloud_init_user_data": "",
            "guest_customization_is_overridable": false,
            "guest_customization_sysprep": {},
            "guest_customization_sysprep_custom_key_values": {},
            "guest_os_id": "",
            "hardware_clock_timezone": "UTC",
            "host_reference": {
              "kind": "host",
              "name": "10.55.42.25",
              "uuid": "552483d4-bc58-4508-a262-4a64e13534c5"
            },
            "hypervisor_type": null,
            "id": "aa81edc6-f44b-420b-b8c0-cec8d9fa8cdd",
            "is_vcpu_hard_pinned": false,
            "machine_type": "PC",
            "memory_size_mib": 1024,
            "metadata": {
              "creation_time": "2024-07-22 13:16:45 +0000 UTC",
              "last_update_time": "2024-07-22 13:16:45 +0000 UTC",
              "name": "",
              "spec_hash": "",
              "spec_version": "0",
              "uuid": "aa81edc6-f44b-420b-b8c0-cec8d9fa8cdd"
            },
            "name": "rocky-32",
            "ngt_credentials": {},
            "ngt_enabled_capability_list": [],
            "nic_list": [
              {
                "ip_endpoint_list": [
                  {
                    "ip": "10.55.42.201",
                    "type": "ASSIGNED"
                  }
                ],
                "is_connected": "true",
                "mac_address": "50:6b:8d:8d:7e:10",
                "model": "",
                "network_function_chain_reference": {},
                "network_function_nic_type": "",
                "nic_type": "NORMAL_NIC",
                "num_queues": 1,
                "subnet_name": "Secondary_42",
                "subnet_uuid": "05eaa397-d398-4463-8a8a-b582e5628b5a",
                "uuid": "b68fd72b-d743-4adf-af15-8a4419dc777e"
              }
            ],
            "nic_list_status": [
              {
                "floating_ip": "",
                "ip_endpoint_list": [
                  {
                    "ip": "10.55.42.201",
                    "type": "ASSIGNED"
                  }
                ],
                "is_connected": "true",
                "mac_address": "50:6b:8d:8d:7e:10",
                "model": "",
                "network_function_chain_reference": {},
                "network_function_nic_type": "",
                "nic_type": "NORMAL_NIC",
                "num_queues": 1,
                "subnet_name": "Secondary_42",
                "subnet_uuid": "05eaa397-d398-4463-8a8a-b582e5628b5a",
                "uuid": "b68fd72b-d743-4adf-af15-8a4419dc777e"
              }
            ],
            "num_sockets": 1,
            "num_vcpus_per_socket": 2,
            "num_vnuma_nodes": 0,
            "nutanix_guest_tools": {},
            "owner_reference": {
              "kind": "user",
              "name": "admin",
              "uuid": "00000000-0000-0000-0000-000000000000"
            },
            "parent_reference": {},
            "power_state": "ON",
            "power_state_mechanism": "HARD",
            "project_reference": {
              "kind": "project",
              "name": "_internal",
              "uuid": "48fbd98e-2217-481a-9f13-3a1c18ed088e"
            },
            "serial_port_list": [],
            "should_fail_on_script_failure": false,
            "state": "COMPLETE",
            "timeouts": null,
            "use_hot_add": true,
            "vga_console_enabled": true
          },
          "sensitive_attributes": [],
          "private": "eyJlMmJmYjczMC1lY2FhLTExZTYtOGY4OC0zNDM2M2JjN2M0YzAiOnsiY3JlYXRlIjozNjAwMDAwMDAwMDAwLCJkZWxldGUiOjM2MDAwMDAwMDAwMDAsInVwZGF0ZSI6MzYwMDAwMDAwMDAwMH0sInNjaGVtYV92ZXJzaW9uIjoiMSJ9",
          "dependencies": [
            "data.nutanix_cluster.cluster",
            "data.nutanix_subnet.subnet"
          ]
        },
        {
          "index_key": 33,
          "schema_version": 1,
          "attributes": {
            "api_version": "3.1",
            "availability_zone_reference": {},
            "boot_device_disk_address": {},
            "boot_device_mac_address": "",
            "boot_device_order_list": [
              "CDROM",
              "DISK",
              "NETWORK"
            ],
            "boot_type": "LEGACY",
            "categories": [],
            "cloud_init_cdrom_uuid": "",
            "cluster_name": "DM3-POC042",
            "cluster_uuid": "00061b19-2e68-cdea-0000-00000001b539",
            "description": "",
            "disk_list": [
              {
                "data_source_reference": {
                  "kind": "image",
                  "uuid": "82298037-0219-412a-8297-7070735fe447"
                },
                "device_properties": [
                  {
                    "device_type": "DISK",
                    "disk_address": {
                      "adapter_type": "SCSI",
                      "device_index": "0"
                    }
                  }
                ],
                "disk_size_bytes": 32212254720,
                "disk_size_mib": 30720,
                "storage_config": [
                  {
                    "flash_mode": "",
                    "storage_container_reference": [
                      {
                        "kind": "storage_container",
                        "name": "default-container-111929",
                        "url": "",
                        "uuid": "934302c8-9f37-4379-8fd6-ac06334fef10"
                      }
                    ]
                  }
                ],
                "uuid": "26ce9d0c-cf77-486e-a4de-b7a8115ea892",
                "volume_group_reference": {}
              },
              {
                "data_source_reference": {},
                "device_properties": [
                  {
                    "device_type": "DISK",
                    "disk_address": {
                      "adapter_type": "SCSI",
                      "device_index": "1"
                    }
                  }
                ],
                "disk_size_bytes": 10737418240,
                "disk_size_mib": 10240,
                "storage_config": [
                  {
                    "flash_mode": "",
                    "storage_container_reference": [
                      {
                        "kind": "storage_container",
                        "name": "SelfServiceContainer",
                        "url": "",
                        "uuid": "ba4b8c78-e099-41fc-a1b8-367e31b9973a"
                      }
                    ]
                  }
                ],
                "uuid": "50253a0a-bf5b-4187-92c8-6c677b448a5f",
                "volume_group_reference": {}
              }
            ],
            "enable_cpu_passthrough": false,
            "enable_script_exec": false,
            "gpu_list": [],
            "guest_customization_cloud_init_custom_key_values": {},
            "guest_customization_cloud_init_meta_data": "",
            "guest_customization_cloud_init_user_data": "",
            "guest_customization_is_overridable": false,
            "guest_customization_sysprep": {},
            "guest_customization_sysprep_custom_key_values": {},
            "guest_os_id": "",
            "hardware_clock_timezone": "UTC",
            "host_reference": {
              "kind": "host",
              "name": "10.55.42.27",
              "uuid": "c9d70073-f27c-42c3-ba19-94f8cc93fe2f"
            },
            "hypervisor_type": null,
            "id": "e65f3139-340e-4c4f-9ffa-58ef45ea5866",
            "is_vcpu_hard_pinned": false,
            "machine_type": "PC",
            "memory_size_mib": 1024,
            "metadata": {
              "creation_time": "2024-07-22 13:16:18 +0000 UTC",
              "last_update_time": "2024-07-22 13:16:18 +0000 UTC",
              "name": "",
              "spec_hash": "",
              "spec_version": "0",
              "uuid": "e65f3139-340e-4c4f-9ffa-58ef45ea5866"
            },
            "name": "rocky-33",
            "ngt_credentials": {},
            "ngt_enabled_capability_list": [],
            "nic_list": [
              {
                "ip_endpoint_list": [
                  {
                    "ip": "10.55.42.203",
                    "type": "ASSIGNED"
                  }
                ],
                "is_connected": "true",
                "mac_address": "50:6b:8d:97:b0:b1",
                "model": "",
                "network_function_chain_reference": {},
                "network_function_nic_type": "",
                "nic_type": "NORMAL_NIC",
                "num_queues": 1,
                "subnet_name": "Secondary_42",
                "subnet_uuid": "05eaa397-d398-4463-8a8a-b582e5628b5a",
                "uuid": "8769f508-2c24-4a81-815f-770763b4ee71"
              }
            ],
            "nic_list_status": [
              {
                "floating_ip": "",
                "ip_endpoint_list": [
                  {
                    "ip": "10.55.42.203",
                    "type": "ASSIGNED"
                  }
                ],
                "is_connected": "true",
                "mac_address": "50:6b:8d:97:b0:b1",
                "model": "",
                "network_function_chain_reference": {},
                "network_function_nic_type": "",
                "nic_type": "NORMAL_NIC",
                "num_queues": 1,
                "subnet_name": "Secondary_42",
                "subnet_uuid": "05eaa397-d398-4463-8a8a-b582e5628b5a",
                "uuid": "8769f508-2c24-4a81-815f-770763b4ee71"
              }
            ],
            "num_sockets": 1,
            "num_vcpus_per_socket": 2,
            "num_vnuma_nodes": 0,
            "nutanix_guest_tools": {},
            "owner_reference": {
              "kind": "user",
              "name": "admin",
              "uuid": "00000000-0000-0000-0000-000000000000"
            },
            "parent_reference": {},
            "power_state": "ON",
            "power_state_mechanism": "HARD",
            "project_reference": {
              "kind": "project",
              "name": "_internal",
              "uuid": "48fbd98e-2217-481a-9f13-3a1c18ed088e"
            },
            "serial_port_list": [],
            "should_fail_on_script_failure": false,
            "state": "COMPLETE",
            "timeouts": null,
            "use_hot_add": true,
            "vga_console_enabled": true
          },
          "sensitive_attributes": [],
          "private": "eyJlMmJmYjczMC1lY2FhLTExZTYtOGY4OC0zNDM2M2JjN2M0YzAiOnsiY3JlYXRlIjozNjAwMDAwMDAwMDAwLCJkZWxldGUiOjM2MDAwMDAwMDAwMDAsInVwZGF0ZSI6MzYwMDAwMDAwMDAwMH0sInNjaGVtYV92ZXJzaW9uIjoiMSJ9",
          "dependencies": [
            "data.nutanix_cluster.cluster",
            "data.nutanix_subnet.subnet"
          ]
        },
        {
          "index_key": 34,
          "schema_version": 1,
          "attributes": {
            "api_version": "3.1",
            "availability_zone_reference": {},
            "boot_device_disk_address": {},
            "boot_device_mac_address": "",
            "boot_device_order_list": [
              "CDROM",
              "DISK",
              "NETWORK"
            ],
            "boot_type": "LEGACY",
            "categories": [],
            "cloud_init_cdrom_uuid": "",
            "cluster_name": "DM3-POC042",
            "cluster_uuid": "00061b19-2e68-cdea-0000-00000001b539",
            "description": "",
            "disk_list": [
              {
                "data_source_reference": {
                  "kind": "image",
                  "uuid": "82298037-0219-412a-8297-7070735fe447"
                },
                "device_properties": [
                  {
                    "device_type": "DISK",
                    "disk_address": {
                      "adapter_type": "SCSI",
                      "device_index": "0"
                    }
                  }
                ],
                "disk_size_bytes": 32212254720,
                "disk_size_mib": 30720,
                "storage_config": [
                  {
                    "flash_mode": "",
                    "storage_container_reference": [
                      {
                        "kind": "storage_container",
                        "name": "default-container-111929",
                        "url": "",
                        "uuid": "934302c8-9f37-4379-8fd6-ac06334fef10"
                      }
                    ]
                  }
                ],
                "uuid": "f8dadf96-f777-4daa-b744-21035e364c7b",
                "volume_group_reference": {}
              },
              {
                "data_source_reference": {},
                "device_properties": [
                  {
                    "device_type": "DISK",
                    "disk_address": {
                      "adapter_type": "SCSI",
                      "device_index": "1"
                    }
                  }
                ],
                "disk_size_bytes": 10737418240,
                "disk_size_mib": 10240,
                "storage_config": [
                  {
                    "flash_mode": "",
                    "storage_container_reference": [
                      {
                        "kind": "storage_container",
                        "name": "SelfServiceContainer",
                        "url": "",
                        "uuid": "ba4b8c78-e099-41fc-a1b8-367e31b9973a"
                      }
                    ]
                  }
                ],
                "uuid": "c86513d6-60f3-47ee-ac43-5f2c19e3c47f",
                "volume_group_reference": {}
              }
            ],
            "enable_cpu_passthrough": false,
            "enable_script_exec": false,
            "gpu_list": [],
            "guest_customization_cloud_init_custom_key_values": {},
            "guest_customization_cloud_init_meta_data": "",
            "guest_customization_cloud_init_user_data": "",
            "guest_customization_is_overridable": false,
            "guest_customization_sysprep": {},
            "guest_customization_sysprep_custom_key_values": {},
            "guest_os_id": "",
            "hardware_clock_timezone": "UTC",
            "host_reference": {
              "kind": "host",
              "name": "10.55.42.26",
              "uuid": "b7efea22-eb3b-49f1-b6a4-4d37f56f8627"
            },
            "hypervisor_type": null,
            "id": "a5570b57-0c17-4e30-a4f0-e12132f9c87a",
            "is_vcpu_hard_pinned": false,
            "machine_type": "PC",
            "memory_size_mib": 1024,
            "metadata": {
              "creation_time": "2024-07-22 13:16:46 +0000 UTC",
              "last_update_time": "2024-07-22 13:16:46 +0000 UTC",
              "name": "",
              "spec_hash": "",
              "spec_version": "0",
              "uuid": "a5570b57-0c17-4e30-a4f0-e12132f9c87a"
            },
            "name": "rocky-34",
            "ngt_credentials": {},
            "ngt_enabled_capability_list": [],
            "nic_list": [
              {
                "ip_endpoint_list": [
                  {
                    "ip": "10.55.42.162",
                    "type": "ASSIGNED"
                  }
                ],
                "is_connected": "true",
                "mac_address": "50:6b:8d:e5:55:8c",
                "model": "",
                "network_function_chain_reference": {},
                "network_function_nic_type": "",
                "nic_type": "NORMAL_NIC",
                "num_queues": 1,
                "subnet_name": "Secondary_42",
                "subnet_uuid": "05eaa397-d398-4463-8a8a-b582e5628b5a",
                "uuid": "53c84de1-ad82-4cad-81c3-07111391d792"
              }
            ],
            "nic_list_status": [
              {
                "floating_ip": "",
                "ip_endpoint_list": [
                  {
                    "ip": "10.55.42.162",
                    "type": "ASSIGNED"
                  }
                ],
                "is_connected": "true",
                "mac_address": "50:6b:8d:e5:55:8c",
                "model": "",
                "network_function_chain_reference": {},
                "network_function_nic_type": "",
                "nic_type": "NORMAL_NIC",
                "num_queues": 1,
                "subnet_name": "Secondary_42",
                "subnet_uuid": "05eaa397-d398-4463-8a8a-b582e5628b5a",
                "uuid": "53c84de1-ad82-4cad-81c3-07111391d792"
              }
            ],
            "num_sockets": 1,
            "num_vcpus_per_socket": 2,
            "num_vnuma_nodes": 0,
            "nutanix_guest_tools": {},
            "owner_reference": {
              "kind": "user",
              "name": "admin",
              "uuid": "00000000-0000-0000-0000-000000000000"
            },
            "parent_reference": {},
            "power_state": "ON",
            "power_state_mechanism": "HARD",
            "project_reference": {
              "kind": "project",
              "name": "_internal",
              "uuid": "48fbd98e-2217-481a-9f13-3a1c18ed088e"
            },
            "serial_port_list": [],
            "should_fail_on_script_failure": false,
            "state": "COMPLETE",
            "timeouts": null,
            "use_hot_add": true,
            "vga_console_enabled": true
          },
          "sensitive_attributes": [],
          "private": "eyJlMmJmYjczMC1lY2FhLTExZTYtOGY4OC0zNDM2M2JjN2M0YzAiOnsiY3JlYXRlIjozNjAwMDAwMDAwMDAwLCJkZWxldGUiOjM2MDAwMDAwMDAwMDAsInVwZGF0ZSI6MzYwMDAwMDAwMDAwMH0sInNjaGVtYV92ZXJzaW9uIjoiMSJ9",
          "dependencies": [
            "data.nutanix_cluster.cluster",
            "data.nutanix_subnet.subnet"
          ]
        },
        {
          "index_key": 35,
          "schema_version": 1,
          "attributes": {
            "api_version": "3.1",
            "availability_zone_reference": {},
            "boot_device_disk_address": {},
            "boot_device_mac_address": "",
            "boot_device_order_list": [
              "CDROM",
              "DISK",
              "NETWORK"
            ],
            "boot_type": "LEGACY",
            "categories": [],
            "cloud_init_cdrom_uuid": "",
            "cluster_name": "DM3-POC042",
            "cluster_uuid": "00061b19-2e68-cdea-0000-00000001b539",
            "description": "",
            "disk_list": [
              {
                "data_source_reference": {
                  "kind": "image",
                  "uuid": "82298037-0219-412a-8297-7070735fe447"
                },
                "device_properties": [
                  {
                    "device_type": "DISK",
                    "disk_address": {
                      "adapter_type": "SCSI",
                      "device_index": "0"
                    }
                  }
                ],
                "disk_size_bytes": 32212254720,
                "disk_size_mib": 30720,
                "storage_config": [
                  {
                    "flash_mode": "",
                    "storage_container_reference": [
                      {
                        "kind": "storage_container",
                        "name": "default-container-111929",
                        "url": "",
                        "uuid": "934302c8-9f37-4379-8fd6-ac06334fef10"
                      }
                    ]
                  }
                ],
                "uuid": "34354aa7-af79-40ed-a6b6-7c7349aaca16",
                "volume_group_reference": {}
              },
              {
                "data_source_reference": {},
                "device_properties": [
                  {
                    "device_type": "DISK",
                    "disk_address": {
                      "adapter_type": "SCSI",
                      "device_index": "1"
                    }
                  }
                ],
                "disk_size_bytes": 10737418240,
                "disk_size_mib": 10240,
                "storage_config": [
                  {
                    "flash_mode": "",
                    "storage_container_reference": [
                      {
                        "kind": "storage_container",
                        "name": "SelfServiceContainer",
                        "url": "",
                        "uuid": "ba4b8c78-e099-41fc-a1b8-367e31b9973a"
                      }
                    ]
                  }
                ],
                "uuid": "d02f3d9d-560f-4826-ad21-7bc0aeb85ac0",
                "volume_group_reference": {}
              }
            ],
            "enable_cpu_passthrough": false,
            "enable_script_exec": false,
            "gpu_list": [],
            "guest_customization_cloud_init_custom_key_values": {},
            "guest_customization_cloud_init_meta_data": "",
            "guest_customization_cloud_init_user_data": "",
            "guest_customization_is_overridable": false,
            "guest_customization_sysprep": {},
            "guest_customization_sysprep_custom_key_values": {},
            "guest_os_id": "",
            "hardware_clock_timezone": "UTC",
            "host_reference": {
              "kind": "host",
              "name": "10.55.42.25",
              "uuid": "552483d4-bc58-4508-a262-4a64e13534c5"
            },
            "hypervisor_type": null,
            "id": "c85669ca-f26d-4736-9a73-5068f63fe8cf",
            "is_vcpu_hard_pinned": false,
            "machine_type": "PC",
            "memory_size_mib": 1024,
            "metadata": {
              "creation_time": "2024-07-22 13:16:24 +0000 UTC",
              "last_update_time": "2024-07-22 13:16:24 +0000 UTC",
              "name": "",
              "spec_hash": "",
              "spec_version": "0",
              "uuid": "c85669ca-f26d-4736-9a73-5068f63fe8cf"
            },
            "name": "rocky-35",
            "ngt_credentials": {},
            "ngt_enabled_capability_list": [],
            "nic_list": [
              {
                "ip_endpoint_list": [
                  {
                    "ip": "10.55.42.238",
                    "type": "ASSIGNED"
                  }
                ],
                "is_connected": "true",
                "mac_address": "50:6b:8d:df:9f:19",
                "model": "",
                "network_function_chain_reference": {},
                "network_function_nic_type": "",
                "nic_type": "NORMAL_NIC",
                "num_queues": 1,
                "subnet_name": "Secondary_42",
                "subnet_uuid": "05eaa397-d398-4463-8a8a-b582e5628b5a",
                "uuid": "3c13dced-1c48-45df-84d1-cdd6d9f5533c"
              }
            ],
            "nic_list_status": [
              {
                "floating_ip": "",
                "ip_endpoint_list": [
                  {
                    "ip": "10.55.42.238",
                    "type": "ASSIGNED"
                  }
                ],
                "is_connected": "true",
                "mac_address": "50:6b:8d:df:9f:19",
                "model": "",
                "network_function_chain_reference": {},
                "network_function_nic_type": "",
                "nic_type": "NORMAL_NIC",
                "num_queues": 1,
                "subnet_name": "Secondary_42",
                "subnet_uuid": "05eaa397-d398-4463-8a8a-b582e5628b5a",
                "uuid": "3c13dced-1c48-45df-84d1-cdd6d9f5533c"
              }
            ],
            "num_sockets": 1,
            "num_vcpus_per_socket": 2,
            "num_vnuma_nodes": 0,
            "nutanix_guest_tools": {},
            "owner_reference": {
              "kind": "user",
              "name": "admin",
              "uuid": "00000000-0000-0000-0000-000000000000"
            },
            "parent_reference": {},
            "power_state": "ON",
            "power_state_mechanism": "HARD",
            "project_reference": {
              "kind": "project",
              "name": "_internal",
              "uuid": "48fbd98e-2217-481a-9f13-3a1c18ed088e"
            },
            "serial_port_list": [],
            "should_fail_on_script_failure": false,
            "state": "COMPLETE",
            "timeouts": null,
            "use_hot_add": true,
            "vga_console_enabled": true
          },
          "sensitive_attributes": [],
          "private": "eyJlMmJmYjczMC1lY2FhLTExZTYtOGY4OC0zNDM2M2JjN2M0YzAiOnsiY3JlYXRlIjozNjAwMDAwMDAwMDAwLCJkZWxldGUiOjM2MDAwMDAwMDAwMDAsInVwZGF0ZSI6MzYwMDAwMDAwMDAwMH0sInNjaGVtYV92ZXJzaW9uIjoiMSJ9",
          "dependencies": [
            "data.nutanix_cluster.cluster",
            "data.nutanix_subnet.subnet"
          ]
        },
        {
          "index_key": 36,
          "schema_version": 1,
          "attributes": {
            "api_version": "3.1",
            "availability_zone_reference": {},
            "boot_device_disk_address": {},
            "boot_device_mac_address": "",
            "boot_device_order_list": [
              "CDROM",
              "DISK",
              "NETWORK"
            ],
            "boot_type": "LEGACY",
            "categories": [],
            "cloud_init_cdrom_uuid": "",
            "cluster_name": "DM3-POC042",
            "cluster_uuid": "00061b19-2e68-cdea-0000-00000001b539",
            "description": "",
            "disk_list": [
              {
                "data_source_reference": {
                  "kind": "image",
                  "uuid": "82298037-0219-412a-8297-7070735fe447"
                },
                "device_properties": [
                  {
                    "device_type": "DISK",
                    "disk_address": {
                      "adapter_type": "SCSI",
                      "device_index": "0"
                    }
                  }
                ],
                "disk_size_bytes": 32212254720,
                "disk_size_mib": 30720,
                "storage_config": [
                  {
                    "flash_mode": "",
                    "storage_container_reference": [
                      {
                        "kind": "storage_container",
                        "name": "default-container-111929",
                        "url": "",
                        "uuid": "934302c8-9f37-4379-8fd6-ac06334fef10"
                      }
                    ]
                  }
                ],
                "uuid": "d133eaba-ae0f-4c41-ab92-e455afd44e2d",
                "volume_group_reference": {}
              },
              {
                "data_source_reference": {},
                "device_properties": [
                  {
                    "device_type": "DISK",
                    "disk_address": {
                      "adapter_type": "SCSI",
                      "device_index": "1"
                    }
                  }
                ],
                "disk_size_bytes": 10737418240,
                "disk_size_mib": 10240,
                "storage_config": [
                  {
                    "flash_mode": "",
                    "storage_container_reference": [
                      {
                        "kind": "storage_container",
                        "name": "SelfServiceContainer",
                        "url": "",
                        "uuid": "ba4b8c78-e099-41fc-a1b8-367e31b9973a"
                      }
                    ]
                  }
                ],
                "uuid": "20f5643b-3821-43fc-a9b6-2166dfb5b613",
                "volume_group_reference": {}
              }
            ],
            "enable_cpu_passthrough": false,
            "enable_script_exec": false,
            "gpu_list": [],
            "guest_customization_cloud_init_custom_key_values": {},
            "guest_customization_cloud_init_meta_data": "",
            "guest_customization_cloud_init_user_data": "",
            "guest_customization_is_overridable": false,
            "guest_customization_sysprep": {},
            "guest_customization_sysprep_custom_key_values": {},
            "guest_os_id": "",
            "hardware_clock_timezone": "UTC",
            "host_reference": {
              "kind": "host",
              "name": "10.55.42.27",
              "uuid": "c9d70073-f27c-42c3-ba19-94f8cc93fe2f"
            },
            "hypervisor_type": null,
            "id": "7d99b75c-07dd-4ef1-8f83-cec4b8bcfae9",
            "is_vcpu_hard_pinned": false,
            "machine_type": "PC",
            "memory_size_mib": 1024,
            "metadata": {
              "creation_time": "2024-07-22 13:16:25 +0000 UTC",
              "last_update_time": "2024-07-22 13:16:25 +0000 UTC",
              "name": "",
              "spec_hash": "",
              "spec_version": "0",
              "uuid": "7d99b75c-07dd-4ef1-8f83-cec4b8bcfae9"
            },
            "name": "rocky-36",
            "ngt_credentials": {},
            "ngt_enabled_capability_list": [],
            "nic_list": [
              {
                "ip_endpoint_list": [
                  {
                    "ip": "10.55.42.168",
                    "type": "ASSIGNED"
                  }
                ],
                "is_connected": "true",
                "mac_address": "50:6b:8d:89:91:b3",
                "model": "",
                "network_function_chain_reference": {},
                "network_function_nic_type": "",
                "nic_type": "NORMAL_NIC",
                "num_queues": 1,
                "subnet_name": "Secondary_42",
                "subnet_uuid": "05eaa397-d398-4463-8a8a-b582e5628b5a",
                "uuid": "4cef927c-53a6-4340-92ea-36d0337b6337"
              }
            ],
            "nic_list_status": [
              {
                "floating_ip": "",
                "ip_endpoint_list": [
                  {
                    "ip": "10.55.42.168",
                    "type": "ASSIGNED"
                  }
                ],
                "is_connected": "true",
                "mac_address": "50:6b:8d:89:91:b3",
                "model": "",
                "network_function_chain_reference": {},
                "network_function_nic_type": "",
                "nic_type": "NORMAL_NIC",
                "num_queues": 1,
                "subnet_name": "Secondary_42",
                "subnet_uuid": "05eaa397-d398-4463-8a8a-b582e5628b5a",
                "uuid": "4cef927c-53a6-4340-92ea-36d0337b6337"
              }
            ],
            "num_sockets": 1,
            "num_vcpus_per_socket": 2,
            "num_vnuma_nodes": 0,
            "nutanix_guest_tools": {},
            "owner_reference": {
              "kind": "user",
              "name": "admin",
              "uuid": "00000000-0000-0000-0000-000000000000"
            },
            "parent_reference": {},
            "power_state": "ON",
            "power_state_mechanism": "HARD",
            "project_reference": {
              "kind": "project",
              "name": "_internal",
              "uuid": "48fbd98e-2217-481a-9f13-3a1c18ed088e"
            },
            "serial_port_list": [],
            "should_fail_on_script_failure": false,
            "state": "COMPLETE",
            "timeouts": null,
            "use_hot_add": true,
            "vga_console_enabled": true
          },
          "sensitive_attributes": [],
          "private": "eyJlMmJmYjczMC1lY2FhLTExZTYtOGY4OC0zNDM2M2JjN2M0YzAiOnsiY3JlYXRlIjozNjAwMDAwMDAwMDAwLCJkZWxldGUiOjM2MDAwMDAwMDAwMDAsInVwZGF0ZSI6MzYwMDAwMDAwMDAwMH0sInNjaGVtYV92ZXJzaW9uIjoiMSJ9",
          "dependencies": [
            "data.nutanix_cluster.cluster",
            "data.nutanix_subnet.subnet"
          ]
        },
        {
          "index_key": 37,
          "schema_version": 1,
          "attributes": {
            "api_version": "3.1",
            "availability_zone_reference": {},
            "boot_device_disk_address": {},
            "boot_device_mac_address": "",
            "boot_device_order_list": [
              "CDROM",
              "DISK",
              "NETWORK"
            ],
            "boot_type": "LEGACY",
            "categories": [],
            "cloud_init_cdrom_uuid": "",
            "cluster_name": "DM3-POC042",
            "cluster_uuid": "00061b19-2e68-cdea-0000-00000001b539",
            "description": "",
            "disk_list": [
              {
                "data_source_reference": {
                  "kind": "image",
                  "uuid": "82298037-0219-412a-8297-7070735fe447"
                },
                "device_properties": [
                  {
                    "device_type": "DISK",
                    "disk_address": {
                      "adapter_type": "SCSI",
                      "device_index": "0"
                    }
                  }
                ],
                "disk_size_bytes": 32212254720,
                "disk_size_mib": 30720,
                "storage_config": [
                  {
                    "flash_mode": "",
                    "storage_container_reference": [
                      {
                        "kind": "storage_container",
                        "name": "default-container-111929",
                        "url": "",
                        "uuid": "934302c8-9f37-4379-8fd6-ac06334fef10"
                      }
                    ]
                  }
                ],
                "uuid": "114712ab-e0be-4bce-9cec-0d92757a8032",
                "volume_group_reference": {}
              },
              {
                "data_source_reference": {},
                "device_properties": [
                  {
                    "device_type": "DISK",
                    "disk_address": {
                      "adapter_type": "SCSI",
                      "device_index": "1"
                    }
                  }
                ],
                "disk_size_bytes": 10737418240,
                "disk_size_mib": 10240,
                "storage_config": [
                  {
                    "flash_mode": "",
                    "storage_container_reference": [
                      {
                        "kind": "storage_container",
                        "name": "SelfServiceContainer",
                        "url": "",
                        "uuid": "ba4b8c78-e099-41fc-a1b8-367e31b9973a"
                      }
                    ]
                  }
                ],
                "uuid": "782de716-29eb-41d0-ade6-96532fbd5e79",
                "volume_group_reference": {}
              }
            ],
            "enable_cpu_passthrough": false,
            "enable_script_exec": false,
            "gpu_list": [],
            "guest_customization_cloud_init_custom_key_values": {},
            "guest_customization_cloud_init_meta_data": "",
            "guest_customization_cloud_init_user_data": "",
            "guest_customization_is_overridable": false,
            "guest_customization_sysprep": {},
            "guest_customization_sysprep_custom_key_values": {},
            "guest_os_id": "",
            "hardware_clock_timezone": "UTC",
            "host_reference": {
              "kind": "host",
              "name": "10.55.42.27",
              "uuid": "c9d70073-f27c-42c3-ba19-94f8cc93fe2f"
            },
            "hypervisor_type": null,
            "id": "ce4f27df-5a46-4194-a40e-7e643bc85960",
            "is_vcpu_hard_pinned": false,
            "machine_type": "PC",
            "memory_size_mib": 1024,
            "metadata": {
              "creation_time": "2024-07-22 13:16:22 +0000 UTC",
              "last_update_time": "2024-07-22 13:16:22 +0000 UTC",
              "name": "",
              "spec_hash": "",
              "spec_version": "0",
              "uuid": "ce4f27df-5a46-4194-a40e-7e643bc85960"
            },
            "name": "rocky-37",
            "ngt_credentials": {},
            "ngt_enabled_capability_list": [],
            "nic_list": [
              {
                "ip_endpoint_list": [
                  {
                    "ip": "10.55.42.149",
                    "type": "ASSIGNED"
                  }
                ],
                "is_connected": "true",
                "mac_address": "50:6b:8d:cb:69:e7",
                "model": "",
                "network_function_chain_reference": {},
                "network_function_nic_type": "",
                "nic_type": "NORMAL_NIC",
                "num_queues": 1,
                "subnet_name": "Secondary_42",
                "subnet_uuid": "05eaa397-d398-4463-8a8a-b582e5628b5a",
                "uuid": "6a5315cb-05dc-4c8f-8adf-247e9e4595f9"
              }
            ],
            "nic_list_status": [
              {
                "floating_ip": "",
                "ip_endpoint_list": [
                  {
                    "ip": "10.55.42.149",
                    "type": "ASSIGNED"
                  }
                ],
                "is_connected": "true",
                "mac_address": "50:6b:8d:cb:69:e7",
                "model": "",
                "network_function_chain_reference": {},
                "network_function_nic_type": "",
                "nic_type": "NORMAL_NIC",
                "num_queues": 1,
                "subnet_name": "Secondary_42",
                "subnet_uuid": "05eaa397-d398-4463-8a8a-b582e5628b5a",
                "uuid": "6a5315cb-05dc-4c8f-8adf-247e9e4595f9"
              }
            ],
            "num_sockets": 1,
            "num_vcpus_per_socket": 2,
            "num_vnuma_nodes": 0,
            "nutanix_guest_tools": {},
            "owner_reference": {
              "kind": "user",
              "name": "admin",
              "uuid": "00000000-0000-0000-0000-000000000000"
            },
            "parent_reference": {},
            "power_state": "ON",
            "power_state_mechanism": "HARD",
            "project_reference": {
              "kind": "project",
              "name": "_internal",
              "uuid": "48fbd98e-2217-481a-9f13-3a1c18ed088e"
            },
            "serial_port_list": [],
            "should_fail_on_script_failure": false,
            "state": "COMPLETE",
            "timeouts": null,
            "use_hot_add": true,
            "vga_console_enabled": true
          },
          "sensitive_attributes": [],
          "private": "eyJlMmJmYjczMC1lY2FhLTExZTYtOGY4OC0zNDM2M2JjN2M0YzAiOnsiY3JlYXRlIjozNjAwMDAwMDAwMDAwLCJkZWxldGUiOjM2MDAwMDAwMDAwMDAsInVwZGF0ZSI6MzYwMDAwMDAwMDAwMH0sInNjaGVtYV92ZXJzaW9uIjoiMSJ9",
          "dependencies": [
            "data.nutanix_cluster.cluster",
            "data.nutanix_subnet.subnet"
          ]
        },
        {
          "index_key": 38,
          "schema_version": 1,
          "attributes": {
            "api_version": "3.1",
            "availability_zone_reference": {},
            "boot_device_disk_address": {},
            "boot_device_mac_address": "",
            "boot_device_order_list": [
              "CDROM",
              "DISK",
              "NETWORK"
            ],
            "boot_type": "LEGACY",
            "categories": [],
            "cloud_init_cdrom_uuid": "",
            "cluster_name": "DM3-POC042",
            "cluster_uuid": "00061b19-2e68-cdea-0000-00000001b539",
            "description": "",
            "disk_list": [
              {
                "data_source_reference": {
                  "kind": "image",
                  "uuid": "82298037-0219-412a-8297-7070735fe447"
                },
                "device_properties": [
                  {
                    "device_type": "DISK",
                    "disk_address": {
                      "adapter_type": "SCSI",
                      "device_index": "0"
                    }
                  }
                ],
                "disk_size_bytes": 32212254720,
                "disk_size_mib": 30720,
                "storage_config": [
                  {
                    "flash_mode": "",
                    "storage_container_reference": [
                      {
                        "kind": "storage_container",
                        "name": "default-container-111929",
                        "url": "",
                        "uuid": "934302c8-9f37-4379-8fd6-ac06334fef10"
                      }
                    ]
                  }
                ],
                "uuid": "5e1f26c3-6199-437b-bc0d-6a23013d0d66",
                "volume_group_reference": {}
              },
              {
                "data_source_reference": {},
                "device_properties": [
                  {
                    "device_type": "DISK",
                    "disk_address": {
                      "adapter_type": "SCSI",
                      "device_index": "1"
                    }
                  }
                ],
                "disk_size_bytes": 10737418240,
                "disk_size_mib": 10240,
                "storage_config": [
                  {
                    "flash_mode": "",
                    "storage_container_reference": [
                      {
                        "kind": "storage_container",
                        "name": "SelfServiceContainer",
                        "url": "",
                        "uuid": "ba4b8c78-e099-41fc-a1b8-367e31b9973a"
                      }
                    ]
                  }
                ],
                "uuid": "72ea6d3c-a20d-41c5-8b0e-35e6d55efbd9",
                "volume_group_reference": {}
              }
            ],
            "enable_cpu_passthrough": false,
            "enable_script_exec": false,
            "gpu_list": [],
            "guest_customization_cloud_init_custom_key_values": {},
            "guest_customization_cloud_init_meta_data": "",
            "guest_customization_cloud_init_user_data": "",
            "guest_customization_is_overridable": false,
            "guest_customization_sysprep": {},
            "guest_customization_sysprep_custom_key_values": {},
            "guest_os_id": "",
            "hardware_clock_timezone": "UTC",
            "host_reference": {
              "kind": "host",
              "name": "10.55.42.27",
              "uuid": "c9d70073-f27c-42c3-ba19-94f8cc93fe2f"
            },
            "hypervisor_type": null,
            "id": "b58a3e38-c601-4435-8f21-88b00facc2fa",
            "is_vcpu_hard_pinned": false,
            "machine_type": "PC",
            "memory_size_mib": 1024,
            "metadata": {
              "creation_time": "2024-07-22 13:16:19 +0000 UTC",
              "last_update_time": "2024-07-22 13:16:19 +0000 UTC",
              "name": "",
              "spec_hash": "",
              "spec_version": "0",
              "uuid": "b58a3e38-c601-4435-8f21-88b00facc2fa"
            },
            "name": "rocky-38",
            "ngt_credentials": {},
            "ngt_enabled_capability_list": [],
            "nic_list": [
              {
                "ip_endpoint_list": [
                  {
                    "ip": "10.55.42.213",
                    "type": "ASSIGNED"
                  }
                ],
                "is_connected": "true",
                "mac_address": "50:6b:8d:d4:a4:71",
                "model": "",
                "network_function_chain_reference": {},
                "network_function_nic_type": "",
                "nic_type": "NORMAL_NIC",
                "num_queues": 1,
                "subnet_name": "Secondary_42",
                "subnet_uuid": "05eaa397-d398-4463-8a8a-b582e5628b5a",
                "uuid": "c31bbd25-1e62-44eb-83c7-1fc4eb1e045d"
              }
            ],
            "nic_list_status": [
              {
                "floating_ip": "",
                "ip_endpoint_list": [
                  {
                    "ip": "10.55.42.213",
                    "type": "ASSIGNED"
                  }
                ],
                "is_connected": "true",
                "mac_address": "50:6b:8d:d4:a4:71",
                "model": "",
                "network_function_chain_reference": {},
                "network_function_nic_type": "",
                "nic_type": "NORMAL_NIC",
                "num_queues": 1,
                "subnet_name": "Secondary_42",
                "subnet_uuid": "05eaa397-d398-4463-8a8a-b582e5628b5a",
                "uuid": "c31bbd25-1e62-44eb-83c7-1fc4eb1e045d"
              }
            ],
            "num_sockets": 1,
            "num_vcpus_per_socket": 2,
            "num_vnuma_nodes": 0,
            "nutanix_guest_tools": {},
            "owner_reference": {
              "kind": "user",
              "name": "admin",
              "uuid": "00000000-0000-0000-0000-000000000000"
            },
            "parent_reference": {},
            "power_state": "ON",
            "power_state_mechanism": "HARD",
            "project_reference": {
              "kind": "project",
              "name": "_internal",
              "uuid": "48fbd98e-2217-481a-9f13-3a1c18ed088e"
            },
            "serial_port_list": [],
            "should_fail_on_script_failure": false,
            "state": "COMPLETE",
            "timeouts": null,
            "use_hot_add": true,
            "vga_console_enabled": true
          },
          "sensitive_attributes": [],
          "private": "eyJlMmJmYjczMC1lY2FhLTExZTYtOGY4OC0zNDM2M2JjN2M0YzAiOnsiY3JlYXRlIjozNjAwMDAwMDAwMDAwLCJkZWxldGUiOjM2MDAwMDAwMDAwMDAsInVwZGF0ZSI6MzYwMDAwMDAwMDAwMH0sInNjaGVtYV92ZXJzaW9uIjoiMSJ9",
          "dependencies": [
            "data.nutanix_cluster.cluster",
            "data.nutanix_subnet.subnet"
          ]
        },
        {
          "index_key": 39,
          "schema_version": 1,
          "attributes": {
            "api_version": "3.1",
            "availability_zone_reference": {},
            "boot_device_disk_address": {},
            "boot_device_mac_address": "",
            "boot_device_order_list": [
              "CDROM",
              "DISK",
              "NETWORK"
            ],
            "boot_type": "LEGACY",
            "categories": [],
            "cloud_init_cdrom_uuid": "",
            "cluster_name": "DM3-POC042",
            "cluster_uuid": "00061b19-2e68-cdea-0000-00000001b539",
            "description": "",
            "disk_list": [
              {
                "data_source_reference": {
                  "kind": "image",
                  "uuid": "82298037-0219-412a-8297-7070735fe447"
                },
                "device_properties": [
                  {
                    "device_type": "DISK",
                    "disk_address": {
                      "adapter_type": "SCSI",
                      "device_index": "0"
                    }
                  }
                ],
                "disk_size_bytes": 32212254720,
                "disk_size_mib": 30720,
                "storage_config": [
                  {
                    "flash_mode": "",
                    "storage_container_reference": [
                      {
                        "kind": "storage_container",
                        "name": "default-container-111929",
                        "url": "",
                        "uuid": "934302c8-9f37-4379-8fd6-ac06334fef10"
                      }
                    ]
                  }
                ],
                "uuid": "a66278c8-9274-4cfe-9aed-e96ebca7736d",
                "volume_group_reference": {}
              },
              {
                "data_source_reference": {},
                "device_properties": [
                  {
                    "device_type": "DISK",
                    "disk_address": {
                      "adapter_type": "SCSI",
                      "device_index": "1"
                    }
                  }
                ],
                "disk_size_bytes": 10737418240,
                "disk_size_mib": 10240,
                "storage_config": [
                  {
                    "flash_mode": "",
                    "storage_container_reference": [
                      {
                        "kind": "storage_container",
                        "name": "SelfServiceContainer",
                        "url": "",
                        "uuid": "ba4b8c78-e099-41fc-a1b8-367e31b9973a"
                      }
                    ]
                  }
                ],
                "uuid": "d71fe402-dbfc-4575-9841-fb891747b009",
                "volume_group_reference": {}
              }
            ],
            "enable_cpu_passthrough": false,
            "enable_script_exec": false,
            "gpu_list": [],
            "guest_customization_cloud_init_custom_key_values": {},
            "guest_customization_cloud_init_meta_data": "",
            "guest_customization_cloud_init_user_data": "",
            "guest_customization_is_overridable": false,
            "guest_customization_sysprep": {},
            "guest_customization_sysprep_custom_key_values": {},
            "guest_os_id": "",
            "hardware_clock_timezone": "UTC",
            "host_reference": {
              "kind": "host",
              "name": "10.55.42.25",
              "uuid": "552483d4-bc58-4508-a262-4a64e13534c5"
            },
            "hypervisor_type": null,
            "id": "a93886b6-7625-48cf-847a-7802be266906",
            "is_vcpu_hard_pinned": false,
            "machine_type": "PC",
            "memory_size_mib": 1024,
            "metadata": {
              "creation_time": "2024-07-22 13:17:01 +0000 UTC",
              "last_update_time": "2024-07-22 13:17:01 +0000 UTC",
              "name": "",
              "spec_hash": "",
              "spec_version": "0",
              "uuid": "a93886b6-7625-48cf-847a-7802be266906"
            },
            "name": "rocky-39",
            "ngt_credentials": {},
            "ngt_enabled_capability_list": [],
            "nic_list": [
              {
                "ip_endpoint_list": [
                  {
                    "ip": "10.55.42.237",
                    "type": "ASSIGNED"
                  }
                ],
                "is_connected": "true",
                "mac_address": "50:6b:8d:d6:88:a8",
                "model": "",
                "network_function_chain_reference": {},
                "network_function_nic_type": "",
                "nic_type": "NORMAL_NIC",
                "num_queues": 1,
                "subnet_name": "Secondary_42",
                "subnet_uuid": "05eaa397-d398-4463-8a8a-b582e5628b5a",
                "uuid": "3f99668b-eeea-40ee-b066-5d52ac68a811"
              }
            ],
            "nic_list_status": [
              {
                "floating_ip": "",
                "ip_endpoint_list": [
                  {
                    "ip": "10.55.42.237",
                    "type": "ASSIGNED"
                  }
                ],
                "is_connected": "true",
                "mac_address": "50:6b:8d:d6:88:a8",
                "model": "",
                "network_function_chain_reference": {},
                "network_function_nic_type": "",
                "nic_type": "NORMAL_NIC",
                "num_queues": 1,
                "subnet_name": "Secondary_42",
                "subnet_uuid": "05eaa397-d398-4463-8a8a-b582e5628b5a",
                "uuid": "3f99668b-eeea-40ee-b066-5d52ac68a811"
              }
            ],
            "num_sockets": 1,
            "num_vcpus_per_socket": 2,
            "num_vnuma_nodes": 0,
            "nutanix_guest_tools": {},
            "owner_reference": {
              "kind": "user",
              "name": "admin",
              "uuid": "00000000-0000-0000-0000-000000000000"
            },
            "parent_reference": {},
            "power_state": "ON",
            "power_state_mechanism": "HARD",
            "project_reference": {
              "kind": "project",
              "name": "_internal",
              "uuid": "48fbd98e-2217-481a-9f13-3a1c18ed088e"
            },
            "serial_port_list": [],
            "should_fail_on_script_failure": false,
            "state": "COMPLETE",
            "timeouts": null,
            "use_hot_add": true,
            "vga_console_enabled": true
          },
          "sensitive_attributes": [],
          "private": "eyJlMmJmYjczMC1lY2FhLTExZTYtOGY4OC0zNDM2M2JjN2M0YzAiOnsiY3JlYXRlIjozNjAwMDAwMDAwMDAwLCJkZWxldGUiOjM2MDAwMDAwMDAwMDAsInVwZGF0ZSI6MzYwMDAwMDAwMDAwMH0sInNjaGVtYV92ZXJzaW9uIjoiMSJ9",
          "dependencies": [
            "data.nutanix_cluster.cluster",
            "data.nutanix_subnet.subnet"
          ]
        },
        {
          "index_key": 40,
          "schema_version": 1,
          "attributes": {
            "api_version": "3.1",
            "availability_zone_reference": {},
            "boot_device_disk_address": {},
            "boot_device_mac_address": "",
            "boot_device_order_list": [
              "CDROM",
              "DISK",
              "NETWORK"
            ],
            "boot_type": "LEGACY",
            "categories": [],
            "cloud_init_cdrom_uuid": "",
            "cluster_name": "DM3-POC042",
            "cluster_uuid": "00061b19-2e68-cdea-0000-00000001b539",
            "description": "",
            "disk_list": [
              {
                "data_source_reference": {
                  "kind": "image",
                  "uuid": "82298037-0219-412a-8297-7070735fe447"
                },
                "device_properties": [
                  {
                    "device_type": "DISK",
                    "disk_address": {
                      "adapter_type": "SCSI",
                      "device_index": "0"
                    }
                  }
                ],
                "disk_size_bytes": 32212254720,
                "disk_size_mib": 30720,
                "storage_config": [
                  {
                    "flash_mode": "",
                    "storage_container_reference": [
                      {
                        "kind": "storage_container",
                        "name": "default-container-111929",
                        "url": "",
                        "uuid": "934302c8-9f37-4379-8fd6-ac06334fef10"
                      }
                    ]
                  }
                ],
                "uuid": "328f1c98-4d6f-4659-8c03-585fe3b744dd",
                "volume_group_reference": {}
              },
              {
                "data_source_reference": {},
                "device_properties": [
                  {
                    "device_type": "DISK",
                    "disk_address": {
                      "adapter_type": "SCSI",
                      "device_index": "1"
                    }
                  }
                ],
                "disk_size_bytes": 10737418240,
                "disk_size_mib": 10240,
                "storage_config": [
                  {
                    "flash_mode": "",
                    "storage_container_reference": [
                      {
                        "kind": "storage_container",
                        "name": "SelfServiceContainer",
                        "url": "",
                        "uuid": "ba4b8c78-e099-41fc-a1b8-367e31b9973a"
                      }
                    ]
                  }
                ],
                "uuid": "625836fc-8fc2-47d8-afe8-5a9bac5db6ac",
                "volume_group_reference": {}
              }
            ],
            "enable_cpu_passthrough": false,
            "enable_script_exec": false,
            "gpu_list": [],
            "guest_customization_cloud_init_custom_key_values": {},
            "guest_customization_cloud_init_meta_data": "",
            "guest_customization_cloud_init_user_data": "",
            "guest_customization_is_overridable": false,
            "guest_customization_sysprep": {},
            "guest_customization_sysprep_custom_key_values": {},
            "guest_os_id": "",
            "hardware_clock_timezone": "UTC",
            "host_reference": {
              "kind": "host",
              "name": "10.55.42.25",
              "uuid": "552483d4-bc58-4508-a262-4a64e13534c5"
            },
            "hypervisor_type": null,
            "id": "d9c38659-b900-4eab-8c45-8c22cf46037d",
            "is_vcpu_hard_pinned": false,
            "machine_type": "PC",
            "memory_size_mib": 1024,
            "metadata": {
              "creation_time": "2024-07-22 13:16:20 +0000 UTC",
              "last_update_time": "2024-07-22 13:16:20 +0000 UTC",
              "name": "",
              "spec_hash": "",
              "spec_version": "0",
              "uuid": "d9c38659-b900-4eab-8c45-8c22cf46037d"
            },
            "name": "rocky-40",
            "ngt_credentials": {},
            "ngt_enabled_capability_list": [],
            "nic_list": [
              {
                "ip_endpoint_list": [
                  {
                    "ip": "10.55.42.205",
                    "type": "ASSIGNED"
                  }
                ],
                "is_connected": "true",
                "mac_address": "50:6b:8d:b0:83:39",
                "model": "",
                "network_function_chain_reference": {},
                "network_function_nic_type": "",
                "nic_type": "NORMAL_NIC",
                "num_queues": 1,
                "subnet_name": "Secondary_42",
                "subnet_uuid": "05eaa397-d398-4463-8a8a-b582e5628b5a",
                "uuid": "7e1b31b1-868b-41b6-9dc5-b5add4ff26a4"
              }
            ],
            "nic_list_status": [
              {
                "floating_ip": "",
                "ip_endpoint_list": [
                  {
                    "ip": "10.55.42.205",
                    "type": "ASSIGNED"
                  }
                ],
                "is_connected": "true",
                "mac_address": "50:6b:8d:b0:83:39",
                "model": "",
                "network_function_chain_reference": {},
                "network_function_nic_type": "",
                "nic_type": "NORMAL_NIC",
                "num_queues": 1,
                "subnet_name": "Secondary_42",
                "subnet_uuid": "05eaa397-d398-4463-8a8a-b582e5628b5a",
                "uuid": "7e1b31b1-868b-41b6-9dc5-b5add4ff26a4"
              }
            ],
            "num_sockets": 1,
            "num_vcpus_per_socket": 2,
            "num_vnuma_nodes": 0,
            "nutanix_guest_tools": {},
            "owner_reference": {
              "kind": "user",
              "name": "admin",
              "uuid": "00000000-0000-0000-0000-000000000000"
            },
            "parent_reference": {},
            "power_state": "ON",
            "power_state_mechanism": "HARD",
            "project_reference": {
              "kind": "project",
              "name": "_internal",
              "uuid": "48fbd98e-2217-481a-9f13-3a1c18ed088e"
            },
            "serial_port_list": [],
            "should_fail_on_script_failure": false,
            "state": "COMPLETE",
            "timeouts": null,
            "use_hot_add": true,
            "vga_console_enabled": true
          },
          "sensitive_attributes": [],
          "private": "eyJlMmJmYjczMC1lY2FhLTExZTYtOGY4OC0zNDM2M2JjN2M0YzAiOnsiY3JlYXRlIjozNjAwMDAwMDAwMDAwLCJkZWxldGUiOjM2MDAwMDAwMDAwMDAsInVwZGF0ZSI6MzYwMDAwMDAwMDAwMH0sInNjaGVtYV92ZXJzaW9uIjoiMSJ9",
          "dependencies": [
            "data.nutanix_cluster.cluster",
            "data.nutanix_subnet.subnet"
          ]
        },
        {
          "index_key": 41,
          "schema_version": 1,
          "attributes": {
            "api_version": "3.1",
            "availability_zone_reference": {},
            "boot_device_disk_address": {},
            "boot_device_mac_address": "",
            "boot_device_order_list": [
              "CDROM",
              "DISK",
              "NETWORK"
            ],
            "boot_type": "LEGACY",
            "categories": [],
            "cloud_init_cdrom_uuid": "",
            "cluster_name": "DM3-POC042",
            "cluster_uuid": "00061b19-2e68-cdea-0000-00000001b539",
            "description": "",
            "disk_list": [
              {
                "data_source_reference": {
                  "kind": "image",
                  "uuid": "82298037-0219-412a-8297-7070735fe447"
                },
                "device_properties": [
                  {
                    "device_type": "DISK",
                    "disk_address": {
                      "adapter_type": "SCSI",
                      "device_index": "0"
                    }
                  }
                ],
                "disk_size_bytes": 32212254720,
                "disk_size_mib": 30720,
                "storage_config": [
                  {
                    "flash_mode": "",
                    "storage_container_reference": [
                      {
                        "kind": "storage_container",
                        "name": "default-container-111929",
                        "url": "",
                        "uuid": "934302c8-9f37-4379-8fd6-ac06334fef10"
                      }
                    ]
                  }
                ],
                "uuid": "0aeedd10-42e7-455e-95ab-e93ae329a1dc",
                "volume_group_reference": {}
              },
              {
                "data_source_reference": {},
                "device_properties": [
                  {
                    "device_type": "DISK",
                    "disk_address": {
                      "adapter_type": "SCSI",
                      "device_index": "1"
                    }
                  }
                ],
                "disk_size_bytes": 10737418240,
                "disk_size_mib": 10240,
                "storage_config": [
                  {
                    "flash_mode": "",
                    "storage_container_reference": [
                      {
                        "kind": "storage_container",
                        "name": "SelfServiceContainer",
                        "url": "",
                        "uuid": "ba4b8c78-e099-41fc-a1b8-367e31b9973a"
                      }
                    ]
                  }
                ],
                "uuid": "b70949b8-bef1-4daf-b8a3-6b15a47019fb",
                "volume_group_reference": {}
              }
            ],
            "enable_cpu_passthrough": false,
            "enable_script_exec": false,
            "gpu_list": [],
            "guest_customization_cloud_init_custom_key_values": {},
            "guest_customization_cloud_init_meta_data": "",
            "guest_customization_cloud_init_user_data": "",
            "guest_customization_is_overridable": false,
            "guest_customization_sysprep": {},
            "guest_customization_sysprep_custom_key_values": {},
            "guest_os_id": "",
            "hardware_clock_timezone": "UTC",
            "host_reference": {
              "kind": "host",
              "name": "10.55.42.26",
              "uuid": "b7efea22-eb3b-49f1-b6a4-4d37f56f8627"
            },
            "hypervisor_type": null,
            "id": "47c28d56-9e45-41e8-8197-2ace930fa243",
            "is_vcpu_hard_pinned": false,
            "machine_type": "PC",
            "memory_size_mib": 1024,
            "metadata": {
              "creation_time": "2024-07-22 13:16:23 +0000 UTC",
              "last_update_time": "2024-07-22 13:16:23 +0000 UTC",
              "name": "",
              "spec_hash": "",
              "spec_version": "0",
              "uuid": "47c28d56-9e45-41e8-8197-2ace930fa243"
            },
            "name": "rocky-41",
            "ngt_credentials": {},
            "ngt_enabled_capability_list": [],
            "nic_list": [
              {
                "ip_endpoint_list": [
                  {
                    "ip": "10.55.42.188",
                    "type": "ASSIGNED"
                  }
                ],
                "is_connected": "true",
                "mac_address": "50:6b:8d:f6:d2:08",
                "model": "",
                "network_function_chain_reference": {},
                "network_function_nic_type": "",
                "nic_type": "NORMAL_NIC",
                "num_queues": 1,
                "subnet_name": "Secondary_42",
                "subnet_uuid": "05eaa397-d398-4463-8a8a-b582e5628b5a",
                "uuid": "e7e13774-106a-41af-92c6-6eae2d4ea922"
              }
            ],
            "nic_list_status": [
              {
                "floating_ip": "",
                "ip_endpoint_list": [
                  {
                    "ip": "10.55.42.188",
                    "type": "ASSIGNED"
                  }
                ],
                "is_connected": "true",
                "mac_address": "50:6b:8d:f6:d2:08",
                "model": "",
                "network_function_chain_reference": {},
                "network_function_nic_type": "",
                "nic_type": "NORMAL_NIC",
                "num_queues": 1,
                "subnet_name": "Secondary_42",
                "subnet_uuid": "05eaa397-d398-4463-8a8a-b582e5628b5a",
                "uuid": "e7e13774-106a-41af-92c6-6eae2d4ea922"
              }
            ],
            "num_sockets": 1,
            "num_vcpus_per_socket": 2,
            "num_vnuma_nodes": 0,
            "nutanix_guest_tools": {},
            "owner_reference": {
              "kind": "user",
              "name": "admin",
              "uuid": "00000000-0000-0000-0000-000000000000"
            },
            "parent_reference": {},
            "power_state": "ON",
            "power_state_mechanism": "HARD",
            "project_reference": {
              "kind": "project",
              "name": "_internal",
              "uuid": "48fbd98e-2217-481a-9f13-3a1c18ed088e"
            },
            "serial_port_list": [],
            "should_fail_on_script_failure": false,
            "state": "COMPLETE",
            "timeouts": null,
            "use_hot_add": true,
            "vga_console_enabled": true
          },
          "sensitive_attributes": [],
          "private": "eyJlMmJmYjczMC1lY2FhLTExZTYtOGY4OC0zNDM2M2JjN2M0YzAiOnsiY3JlYXRlIjozNjAwMDAwMDAwMDAwLCJkZWxldGUiOjM2MDAwMDAwMDAwMDAsInVwZGF0ZSI6MzYwMDAwMDAwMDAwMH0sInNjaGVtYV92ZXJzaW9uIjoiMSJ9",
          "dependencies": [
            "data.nutanix_cluster.cluster",
            "data.nutanix_subnet.subnet"
          ]
        },
        {
          "index_key": 42,
          "schema_version": 1,
          "attributes": {
            "api_version": "3.1",
            "availability_zone_reference": {},
            "boot_device_disk_address": {},
            "boot_device_mac_address": "",
            "boot_device_order_list": [
              "CDROM",
              "DISK",
              "NETWORK"
            ],
            "boot_type": "LEGACY",
            "categories": [],
            "cloud_init_cdrom_uuid": "",
            "cluster_name": "DM3-POC042",
            "cluster_uuid": "00061b19-2e68-cdea-0000-00000001b539",
            "description": "",
            "disk_list": [
              {
                "data_source_reference": {
                  "kind": "image",
                  "uuid": "82298037-0219-412a-8297-7070735fe447"
                },
                "device_properties": [
                  {
                    "device_type": "DISK",
                    "disk_address": {
                      "adapter_type": "SCSI",
                      "device_index": "0"
                    }
                  }
                ],
                "disk_size_bytes": 32212254720,
                "disk_size_mib": 30720,
                "storage_config": [
                  {
                    "flash_mode": "",
                    "storage_container_reference": [
                      {
                        "kind": "storage_container",
                        "name": "default-container-111929",
                        "url": "",
                        "uuid": "934302c8-9f37-4379-8fd6-ac06334fef10"
                      }
                    ]
                  }
                ],
                "uuid": "9f4978c4-e2d9-4c6f-b7ea-6ee121fa43ad",
                "volume_group_reference": {}
              },
              {
                "data_source_reference": {},
                "device_properties": [
                  {
                    "device_type": "DISK",
                    "disk_address": {
                      "adapter_type": "SCSI",
                      "device_index": "1"
                    }
                  }
                ],
                "disk_size_bytes": 10737418240,
                "disk_size_mib": 10240,
                "storage_config": [
                  {
                    "flash_mode": "",
                    "storage_container_reference": [
                      {
                        "kind": "storage_container",
                        "name": "SelfServiceContainer",
                        "url": "",
                        "uuid": "ba4b8c78-e099-41fc-a1b8-367e31b9973a"
                      }
                    ]
                  }
                ],
                "uuid": "fd1d54ff-4f21-4aa9-8e95-f842cbfd7755",
                "volume_group_reference": {}
              }
            ],
            "enable_cpu_passthrough": false,
            "enable_script_exec": false,
            "gpu_list": [],
            "guest_customization_cloud_init_custom_key_values": {},
            "guest_customization_cloud_init_meta_data": "",
            "guest_customization_cloud_init_user_data": "",
            "guest_customization_is_overridable": false,
            "guest_customization_sysprep": {},
            "guest_customization_sysprep_custom_key_values": {},
            "guest_os_id": "",
            "hardware_clock_timezone": "UTC",
            "host_reference": {
              "kind": "host",
              "name": "10.55.42.28",
              "uuid": "ca6ea069-7ea3-4aaa-9d03-ec62d67f1865"
            },
            "hypervisor_type": null,
            "id": "f7875375-72b9-4b7e-ae72-bf8a7fa6a30d",
            "is_vcpu_hard_pinned": false,
            "machine_type": "PC",
            "memory_size_mib": 1024,
            "metadata": {
              "creation_time": "2024-07-22 13:16:51 +0000 UTC",
              "last_update_time": "2024-07-22 13:16:51 +0000 UTC",
              "name": "",
              "spec_hash": "",
              "spec_version": "0",
              "uuid": "f7875375-72b9-4b7e-ae72-bf8a7fa6a30d"
            },
            "name": "rocky-42",
            "ngt_credentials": {},
            "ngt_enabled_capability_list": [],
            "nic_list": [
              {
                "ip_endpoint_list": [
                  {
                    "ip": "10.55.42.176",
                    "type": "ASSIGNED"
                  }
                ],
                "is_connected": "true",
                "mac_address": "50:6b:8d:8f:27:a0",
                "model": "",
                "network_function_chain_reference": {},
                "network_function_nic_type": "",
                "nic_type": "NORMAL_NIC",
                "num_queues": 1,
                "subnet_name": "Secondary_42",
                "subnet_uuid": "05eaa397-d398-4463-8a8a-b582e5628b5a",
                "uuid": "ac650e4f-0972-4042-9b56-9d8a347fb4ae"
              }
            ],
            "nic_list_status": [
              {
                "floating_ip": "",
                "ip_endpoint_list": [
                  {
                    "ip": "10.55.42.176",
                    "type": "ASSIGNED"
                  }
                ],
                "is_connected": "true",
                "mac_address": "50:6b:8d:8f:27:a0",
                "model": "",
                "network_function_chain_reference": {},
                "network_function_nic_type": "",
                "nic_type": "NORMAL_NIC",
                "num_queues": 1,
                "subnet_name": "Secondary_42",
                "subnet_uuid": "05eaa397-d398-4463-8a8a-b582e5628b5a",
                "uuid": "ac650e4f-0972-4042-9b56-9d8a347fb4ae"
              }
            ],
            "num_sockets": 1,
            "num_vcpus_per_socket": 2,
            "num_vnuma_nodes": 0,
            "nutanix_guest_tools": {},
            "owner_reference": {
              "kind": "user",
              "name": "admin",
              "uuid": "00000000-0000-0000-0000-000000000000"
            },
            "parent_reference": {},
            "power_state": "ON",
            "power_state_mechanism": "HARD",
            "project_reference": {
              "kind": "project",
              "name": "_internal",
              "uuid": "48fbd98e-2217-481a-9f13-3a1c18ed088e"
            },
            "serial_port_list": [],
            "should_fail_on_script_failure": false,
            "state": "COMPLETE",
            "timeouts": null,
            "use_hot_add": true,
            "vga_console_enabled": true
          },
          "sensitive_attributes": [],
          "private": "eyJlMmJmYjczMC1lY2FhLTExZTYtOGY4OC0zNDM2M2JjN2M0YzAiOnsiY3JlYXRlIjozNjAwMDAwMDAwMDAwLCJkZWxldGUiOjM2MDAwMDAwMDAwMDAsInVwZGF0ZSI6MzYwMDAwMDAwMDAwMH0sInNjaGVtYV92ZXJzaW9uIjoiMSJ9",
          "dependencies": [
            "data.nutanix_cluster.cluster",
            "data.nutanix_subnet.subnet"
          ]
        },
        {
          "index_key": 43,
          "schema_version": 1,
          "attributes": {
            "api_version": "3.1",
            "availability_zone_reference": {},
            "boot_device_disk_address": {},
            "boot_device_mac_address": "",
            "boot_device_order_list": [
              "CDROM",
              "DISK",
              "NETWORK"
            ],
            "boot_type": "LEGACY",
            "categories": [],
            "cloud_init_cdrom_uuid": "",
            "cluster_name": "DM3-POC042",
            "cluster_uuid": "00061b19-2e68-cdea-0000-00000001b539",
            "description": "",
            "disk_list": [
              {
                "data_source_reference": {
                  "kind": "image",
                  "uuid": "82298037-0219-412a-8297-7070735fe447"
                },
                "device_properties": [
                  {
                    "device_type": "DISK",
                    "disk_address": {
                      "adapter_type": "SCSI",
                      "device_index": "0"
                    }
                  }
                ],
                "disk_size_bytes": 32212254720,
                "disk_size_mib": 30720,
                "storage_config": [
                  {
                    "flash_mode": "",
                    "storage_container_reference": [
                      {
                        "kind": "storage_container",
                        "name": "default-container-111929",
                        "url": "",
                        "uuid": "934302c8-9f37-4379-8fd6-ac06334fef10"
                      }
                    ]
                  }
                ],
                "uuid": "2245c8f9-4025-46e4-b05f-acb9fdcba8a8",
                "volume_group_reference": {}
              },
              {
                "data_source_reference": {},
                "device_properties": [
                  {
                    "device_type": "DISK",
                    "disk_address": {
                      "adapter_type": "SCSI",
                      "device_index": "1"
                    }
                  }
                ],
                "disk_size_bytes": 10737418240,
                "disk_size_mib": 10240,
                "storage_config": [
                  {
                    "flash_mode": "",
                    "storage_container_reference": [
                      {
                        "kind": "storage_container",
                        "name": "SelfServiceContainer",
                        "url": "",
                        "uuid": "ba4b8c78-e099-41fc-a1b8-367e31b9973a"
                      }
                    ]
                  }
                ],
                "uuid": "cd6ce47c-38f6-4747-a830-8593537c01cf",
                "volume_group_reference": {}
              }
            ],
            "enable_cpu_passthrough": false,
            "enable_script_exec": false,
            "gpu_list": [],
            "guest_customization_cloud_init_custom_key_values": {},
            "guest_customization_cloud_init_meta_data": "",
            "guest_customization_cloud_init_user_data": "",
            "guest_customization_is_overridable": false,
            "guest_customization_sysprep": {},
            "guest_customization_sysprep_custom_key_values": {},
            "guest_os_id": "",
            "hardware_clock_timezone": "UTC",
            "host_reference": {
              "kind": "host",
              "name": "10.55.42.26",
              "uuid": "b7efea22-eb3b-49f1-b6a4-4d37f56f8627"
            },
            "hypervisor_type": null,
            "id": "49a623e8-8276-4f3f-b1d3-d264f8c3a3f9",
            "is_vcpu_hard_pinned": false,
            "machine_type": "PC",
            "memory_size_mib": 1024,
            "metadata": {
              "creation_time": "2024-07-22 13:16:16 +0000 UTC",
              "last_update_time": "2024-07-22 13:16:16 +0000 UTC",
              "name": "",
              "spec_hash": "",
              "spec_version": "0",
              "uuid": "49a623e8-8276-4f3f-b1d3-d264f8c3a3f9"
            },
            "name": "rocky-43",
            "ngt_credentials": {},
            "ngt_enabled_capability_list": [],
            "nic_list": [
              {
                "ip_endpoint_list": [
                  {
                    "ip": "10.55.42.229",
                    "type": "ASSIGNED"
                  }
                ],
                "is_connected": "true",
                "mac_address": "50:6b:8d:8e:4c:a5",
                "model": "",
                "network_function_chain_reference": {},
                "network_function_nic_type": "",
                "nic_type": "NORMAL_NIC",
                "num_queues": 1,
                "subnet_name": "Secondary_42",
                "subnet_uuid": "05eaa397-d398-4463-8a8a-b582e5628b5a",
                "uuid": "630f58ae-9e88-4fc6-8ed9-14315eb282ae"
              }
            ],
            "nic_list_status": [
              {
                "floating_ip": "",
                "ip_endpoint_list": [
                  {
                    "ip": "10.55.42.229",
                    "type": "ASSIGNED"
                  }
                ],
                "is_connected": "true",
                "mac_address": "50:6b:8d:8e:4c:a5",
                "model": "",
                "network_function_chain_reference": {},
                "network_function_nic_type": "",
                "nic_type": "NORMAL_NIC",
                "num_queues": 1,
                "subnet_name": "Secondary_42",
                "subnet_uuid": "05eaa397-d398-4463-8a8a-b582e5628b5a",
                "uuid": "630f58ae-9e88-4fc6-8ed9-14315eb282ae"
              }
            ],
            "num_sockets": 1,
            "num_vcpus_per_socket": 2,
            "num_vnuma_nodes": 0,
            "nutanix_guest_tools": {},
            "owner_reference": {
              "kind": "user",
              "name": "admin",
              "uuid": "00000000-0000-0000-0000-000000000000"
            },
            "parent_reference": {},
            "power_state": "ON",
            "power_state_mechanism": "HARD",
            "project_reference": {
              "kind": "project",
              "name": "_internal",
              "uuid": "48fbd98e-2217-481a-9f13-3a1c18ed088e"
            },
            "serial_port_list": [],
            "should_fail_on_script_failure": false,
            "state": "COMPLETE",
            "timeouts": null,
            "use_hot_add": true,
            "vga_console_enabled": true
          },
          "sensitive_attributes": [],
          "private": "eyJlMmJmYjczMC1lY2FhLTExZTYtOGY4OC0zNDM2M2JjN2M0YzAiOnsiY3JlYXRlIjozNjAwMDAwMDAwMDAwLCJkZWxldGUiOjM2MDAwMDAwMDAwMDAsInVwZGF0ZSI6MzYwMDAwMDAwMDAwMH0sInNjaGVtYV92ZXJzaW9uIjoiMSJ9",
          "dependencies": [
            "data.nutanix_cluster.cluster",
            "data.nutanix_subnet.subnet"
          ]
        },
        {
          "index_key": 44,
          "schema_version": 1,
          "attributes": {
            "api_version": "3.1",
            "availability_zone_reference": {},
            "boot_device_disk_address": {},
            "boot_device_mac_address": "",
            "boot_device_order_list": [
              "CDROM",
              "DISK",
              "NETWORK"
            ],
            "boot_type": "LEGACY",
            "categories": [],
            "cloud_init_cdrom_uuid": "",
            "cluster_name": "DM3-POC042",
            "cluster_uuid": "00061b19-2e68-cdea-0000-00000001b539",
            "description": "",
            "disk_list": [
              {
                "data_source_reference": {
                  "kind": "image",
                  "uuid": "82298037-0219-412a-8297-7070735fe447"
                },
                "device_properties": [
                  {
                    "device_type": "DISK",
                    "disk_address": {
                      "adapter_type": "SCSI",
                      "device_index": "0"
                    }
                  }
                ],
                "disk_size_bytes": 32212254720,
                "disk_size_mib": 30720,
                "storage_config": [
                  {
                    "flash_mode": "",
                    "storage_container_reference": [
                      {
                        "kind": "storage_container",
                        "name": "default-container-111929",
                        "url": "",
                        "uuid": "934302c8-9f37-4379-8fd6-ac06334fef10"
                      }
                    ]
                  }
                ],
                "uuid": "8788d681-8342-4d2c-908a-c6c6478c7375",
                "volume_group_reference": {}
              },
              {
                "data_source_reference": {},
                "device_properties": [
                  {
                    "device_type": "DISK",
                    "disk_address": {
                      "adapter_type": "SCSI",
                      "device_index": "1"
                    }
                  }
                ],
                "disk_size_bytes": 10737418240,
                "disk_size_mib": 10240,
                "storage_config": [
                  {
                    "flash_mode": "",
                    "storage_container_reference": [
                      {
                        "kind": "storage_container",
                        "name": "SelfServiceContainer",
                        "url": "",
                        "uuid": "ba4b8c78-e099-41fc-a1b8-367e31b9973a"
                      }
                    ]
                  }
                ],
                "uuid": "a03b15c2-57b8-4798-bcf6-0b3301a259db",
                "volume_group_reference": {}
              }
            ],
            "enable_cpu_passthrough": false,
            "enable_script_exec": false,
            "gpu_list": [],
            "guest_customization_cloud_init_custom_key_values": {},
            "guest_customization_cloud_init_meta_data": "",
            "guest_customization_cloud_init_user_data": "",
            "guest_customization_is_overridable": false,
            "guest_customization_sysprep": {},
            "guest_customization_sysprep_custom_key_values": {},
            "guest_os_id": "",
            "hardware_clock_timezone": "UTC",
            "host_reference": {
              "kind": "host",
              "name": "10.55.42.25",
              "uuid": "552483d4-bc58-4508-a262-4a64e13534c5"
            },
            "hypervisor_type": null,
            "id": "359656d8-d0ca-40fa-874b-83d422ad51f6",
            "is_vcpu_hard_pinned": false,
            "machine_type": "PC",
            "memory_size_mib": 1024,
            "metadata": {
              "creation_time": "2024-07-22 13:17:06 +0000 UTC",
              "last_update_time": "2024-07-22 13:17:06 +0000 UTC",
              "name": "",
              "spec_hash": "",
              "spec_version": "0",
              "uuid": "359656d8-d0ca-40fa-874b-83d422ad51f6"
            },
            "name": "rocky-44",
            "ngt_credentials": {},
            "ngt_enabled_capability_list": [],
            "nic_list": [
              {
                "ip_endpoint_list": [
                  {
                    "ip": "10.55.42.166",
                    "type": "ASSIGNED"
                  }
                ],
                "is_connected": "true",
                "mac_address": "50:6b:8d:df:bb:f9",
                "model": "",
                "network_function_chain_reference": {},
                "network_function_nic_type": "",
                "nic_type": "NORMAL_NIC",
                "num_queues": 1,
                "subnet_name": "Secondary_42",
                "subnet_uuid": "05eaa397-d398-4463-8a8a-b582e5628b5a",
                "uuid": "9f7e59da-8e23-4171-a8a0-86c110d25d57"
              }
            ],
            "nic_list_status": [
              {
                "floating_ip": "",
                "ip_endpoint_list": [
                  {
                    "ip": "10.55.42.166",
                    "type": "ASSIGNED"
                  }
                ],
                "is_connected": "true",
                "mac_address": "50:6b:8d:df:bb:f9",
                "model": "",
                "network_function_chain_reference": {},
                "network_function_nic_type": "",
                "nic_type": "NORMAL_NIC",
                "num_queues": 1,
                "subnet_name": "Secondary_42",
                "subnet_uuid": "05eaa397-d398-4463-8a8a-b582e5628b5a",
                "uuid": "9f7e59da-8e23-4171-a8a0-86c110d25d57"
              }
            ],
            "num_sockets": 1,
            "num_vcpus_per_socket": 2,
            "num_vnuma_nodes": 0,
            "nutanix_guest_tools": {},
            "owner_reference": {
              "kind": "user",
              "name": "admin",
              "uuid": "00000000-0000-0000-0000-000000000000"
            },
            "parent_reference": {},
            "power_state": "ON",
            "power_state_mechanism": "HARD",
            "project_reference": {
              "kind": "project",
              "name": "_internal",
              "uuid": "48fbd98e-2217-481a-9f13-3a1c18ed088e"
            },
            "serial_port_list": [],
            "should_fail_on_script_failure": false,
            "state": "COMPLETE",
            "timeouts": null,
            "use_hot_add": true,
            "vga_console_enabled": true
          },
          "sensitive_attributes": [],
          "private": "eyJlMmJmYjczMC1lY2FhLTExZTYtOGY4OC0zNDM2M2JjN2M0YzAiOnsiY3JlYXRlIjozNjAwMDAwMDAwMDAwLCJkZWxldGUiOjM2MDAwMDAwMDAwMDAsInVwZGF0ZSI6MzYwMDAwMDAwMDAwMH0sInNjaGVtYV92ZXJzaW9uIjoiMSJ9",
          "dependencies": [
            "data.nutanix_cluster.cluster",
            "data.nutanix_subnet.subnet"
          ]
        },
        {
          "index_key": 45,
          "schema_version": 1,
          "attributes": {
            "api_version": "3.1",
            "availability_zone_reference": {},
            "boot_device_disk_address": {},
            "boot_device_mac_address": "",
            "boot_device_order_list": [
              "CDROM",
              "DISK",
              "NETWORK"
            ],
            "boot_type": "LEGACY",
            "categories": [],
            "cloud_init_cdrom_uuid": "",
            "cluster_name": "DM3-POC042",
            "cluster_uuid": "00061b19-2e68-cdea-0000-00000001b539",
            "description": "",
            "disk_list": [
              {
                "data_source_reference": {
                  "kind": "image",
                  "uuid": "82298037-0219-412a-8297-7070735fe447"
                },
                "device_properties": [
                  {
                    "device_type": "DISK",
                    "disk_address": {
                      "adapter_type": "SCSI",
                      "device_index": "0"
                    }
                  }
                ],
                "disk_size_bytes": 32212254720,
                "disk_size_mib": 30720,
                "storage_config": [
                  {
                    "flash_mode": "",
                    "storage_container_reference": [
                      {
                        "kind": "storage_container",
                        "name": "default-container-111929",
                        "url": "",
                        "uuid": "934302c8-9f37-4379-8fd6-ac06334fef10"
                      }
                    ]
                  }
                ],
                "uuid": "89c67e6f-8cc4-4cc5-978a-35cddd7487f7",
                "volume_group_reference": {}
              },
              {
                "data_source_reference": {},
                "device_properties": [
                  {
                    "device_type": "DISK",
                    "disk_address": {
                      "adapter_type": "SCSI",
                      "device_index": "1"
                    }
                  }
                ],
                "disk_size_bytes": 10737418240,
                "disk_size_mib": 10240,
                "storage_config": [
                  {
                    "flash_mode": "",
                    "storage_container_reference": [
                      {
                        "kind": "storage_container",
                        "name": "SelfServiceContainer",
                        "url": "",
                        "uuid": "ba4b8c78-e099-41fc-a1b8-367e31b9973a"
                      }
                    ]
                  }
                ],
                "uuid": "cb77578c-0f7e-4bb0-9e51-d85e417ca268",
                "volume_group_reference": {}
              }
            ],
            "enable_cpu_passthrough": false,
            "enable_script_exec": false,
            "gpu_list": [],
            "guest_customization_cloud_init_custom_key_values": {},
            "guest_customization_cloud_init_meta_data": "",
            "guest_customization_cloud_init_user_data": "",
            "guest_customization_is_overridable": false,
            "guest_customization_sysprep": {},
            "guest_customization_sysprep_custom_key_values": {},
            "guest_os_id": "",
            "hardware_clock_timezone": "UTC",
            "host_reference": {
              "kind": "host",
              "name": "10.55.42.28",
              "uuid": "ca6ea069-7ea3-4aaa-9d03-ec62d67f1865"
            },
            "hypervisor_type": null,
            "id": "994d084e-0fa7-4140-ac56-789bd5829c2f",
            "is_vcpu_hard_pinned": false,
            "machine_type": "PC",
            "memory_size_mib": 1024,
            "metadata": {
              "creation_time": "2024-07-22 13:16:55 +0000 UTC",
              "last_update_time": "2024-07-22 13:16:55 +0000 UTC",
              "name": "",
              "spec_hash": "",
              "spec_version": "0",
              "uuid": "994d084e-0fa7-4140-ac56-789bd5829c2f"
            },
            "name": "rocky-45",
            "ngt_credentials": {},
            "ngt_enabled_capability_list": [],
            "nic_list": [
              {
                "ip_endpoint_list": [
                  {
                    "ip": "10.55.42.189",
                    "type": "ASSIGNED"
                  }
                ],
                "is_connected": "true",
                "mac_address": "50:6b:8d:f7:38:b4",
                "model": "",
                "network_function_chain_reference": {},
                "network_function_nic_type": "",
                "nic_type": "NORMAL_NIC",
                "num_queues": 1,
                "subnet_name": "Secondary_42",
                "subnet_uuid": "05eaa397-d398-4463-8a8a-b582e5628b5a",
                "uuid": "f99f1924-d892-45c0-95eb-246d6dfa314a"
              }
            ],
            "nic_list_status": [
              {
                "floating_ip": "",
                "ip_endpoint_list": [
                  {
                    "ip": "10.55.42.189",
                    "type": "ASSIGNED"
                  }
                ],
                "is_connected": "true",
                "mac_address": "50:6b:8d:f7:38:b4",
                "model": "",
                "network_function_chain_reference": {},
                "network_function_nic_type": "",
                "nic_type": "NORMAL_NIC",
                "num_queues": 1,
                "subnet_name": "Secondary_42",
                "subnet_uuid": "05eaa397-d398-4463-8a8a-b582e5628b5a",
                "uuid": "f99f1924-d892-45c0-95eb-246d6dfa314a"
              }
            ],
            "num_sockets": 1,
            "num_vcpus_per_socket": 2,
            "num_vnuma_nodes": 0,
            "nutanix_guest_tools": {},
            "owner_reference": {
              "kind": "user",
              "name": "admin",
              "uuid": "00000000-0000-0000-0000-000000000000"
            },
            "parent_reference": {},
            "power_state": "ON",
            "power_state_mechanism": "HARD",
            "project_reference": {
              "kind": "project",
              "name": "_internal",
              "uuid": "48fbd98e-2217-481a-9f13-3a1c18ed088e"
            },
            "serial_port_list": [],
            "should_fail_on_script_failure": false,
            "state": "COMPLETE",
            "timeouts": null,
            "use_hot_add": true,
            "vga_console_enabled": true
          },
          "sensitive_attributes": [],
          "private": "eyJlMmJmYjczMC1lY2FhLTExZTYtOGY4OC0zNDM2M2JjN2M0YzAiOnsiY3JlYXRlIjozNjAwMDAwMDAwMDAwLCJkZWxldGUiOjM2MDAwMDAwMDAwMDAsInVwZGF0ZSI6MzYwMDAwMDAwMDAwMH0sInNjaGVtYV92ZXJzaW9uIjoiMSJ9",
          "dependencies": [
            "data.nutanix_cluster.cluster",
            "data.nutanix_subnet.subnet"
          ]
        },
        {
          "index_key": 46,
          "schema_version": 1,
          "attributes": {
            "api_version": "3.1",
            "availability_zone_reference": {},
            "boot_device_disk_address": {},
            "boot_device_mac_address": "",
            "boot_device_order_list": [
              "CDROM",
              "DISK",
              "NETWORK"
            ],
            "boot_type": "LEGACY",
            "categories": [],
            "cloud_init_cdrom_uuid": "",
            "cluster_name": "DM3-POC042",
            "cluster_uuid": "00061b19-2e68-cdea-0000-00000001b539",
            "description": "",
            "disk_list": [
              {
                "data_source_reference": {
                  "kind": "image",
                  "uuid": "82298037-0219-412a-8297-7070735fe447"
                },
                "device_properties": [
                  {
                    "device_type": "DISK",
                    "disk_address": {
                      "adapter_type": "SCSI",
                      "device_index": "0"
                    }
                  }
                ],
                "disk_size_bytes": 32212254720,
                "disk_size_mib": 30720,
                "storage_config": [
                  {
                    "flash_mode": "",
                    "storage_container_reference": [
                      {
                        "kind": "storage_container",
                        "name": "default-container-111929",
                        "url": "",
                        "uuid": "934302c8-9f37-4379-8fd6-ac06334fef10"
                      }
                    ]
                  }
                ],
                "uuid": "2d91a2a6-e5d4-4a96-acc0-503f84683f53",
                "volume_group_reference": {}
              },
              {
                "data_source_reference": {},
                "device_properties": [
                  {
                    "device_type": "DISK",
                    "disk_address": {
                      "adapter_type": "SCSI",
                      "device_index": "1"
                    }
                  }
                ],
                "disk_size_bytes": 10737418240,
                "disk_size_mib": 10240,
                "storage_config": [
                  {
                    "flash_mode": "",
                    "storage_container_reference": [
                      {
                        "kind": "storage_container",
                        "name": "SelfServiceContainer",
                        "url": "",
                        "uuid": "ba4b8c78-e099-41fc-a1b8-367e31b9973a"
                      }
                    ]
                  }
                ],
                "uuid": "b908d16f-8e15-489c-8465-47921be00891",
                "volume_group_reference": {}
              }
            ],
            "enable_cpu_passthrough": false,
            "enable_script_exec": false,
            "gpu_list": [],
            "guest_customization_cloud_init_custom_key_values": {},
            "guest_customization_cloud_init_meta_data": "",
            "guest_customization_cloud_init_user_data": "",
            "guest_customization_is_overridable": false,
            "guest_customization_sysprep": {},
            "guest_customization_sysprep_custom_key_values": {},
            "guest_os_id": "",
            "hardware_clock_timezone": "UTC",
            "host_reference": {
              "kind": "host",
              "name": "10.55.42.25",
              "uuid": "552483d4-bc58-4508-a262-4a64e13534c5"
            },
            "hypervisor_type": null,
            "id": "157a7fd7-99ce-4f8f-a3cf-3e6d2f609a11",
            "is_vcpu_hard_pinned": false,
            "machine_type": "PC",
            "memory_size_mib": 1024,
            "metadata": {
              "creation_time": "2024-07-22 13:17:08 +0000 UTC",
              "last_update_time": "2024-07-22 13:17:08 +0000 UTC",
              "name": "",
              "spec_hash": "",
              "spec_version": "0",
              "uuid": "157a7fd7-99ce-4f8f-a3cf-3e6d2f609a11"
            },
            "name": "rocky-46",
            "ngt_credentials": {},
            "ngt_enabled_capability_list": [],
            "nic_list": [
              {
                "ip_endpoint_list": [
                  {
                    "ip": "10.55.42.151",
                    "type": "ASSIGNED"
                  }
                ],
                "is_connected": "true",
                "mac_address": "50:6b:8d:82:fd:fd",
                "model": "",
                "network_function_chain_reference": {},
                "network_function_nic_type": "",
                "nic_type": "NORMAL_NIC",
                "num_queues": 1,
                "subnet_name": "Secondary_42",
                "subnet_uuid": "05eaa397-d398-4463-8a8a-b582e5628b5a",
                "uuid": "a78bcfbc-eb5e-4443-a3f8-39bf426b0586"
              }
            ],
            "nic_list_status": [
              {
                "floating_ip": "",
                "ip_endpoint_list": [
                  {
                    "ip": "10.55.42.151",
                    "type": "ASSIGNED"
                  }
                ],
                "is_connected": "true",
                "mac_address": "50:6b:8d:82:fd:fd",
                "model": "",
                "network_function_chain_reference": {},
                "network_function_nic_type": "",
                "nic_type": "NORMAL_NIC",
                "num_queues": 1,
                "subnet_name": "Secondary_42",
                "subnet_uuid": "05eaa397-d398-4463-8a8a-b582e5628b5a",
                "uuid": "a78bcfbc-eb5e-4443-a3f8-39bf426b0586"
              }
            ],
            "num_sockets": 1,
            "num_vcpus_per_socket": 2,
            "num_vnuma_nodes": 0,
            "nutanix_guest_tools": {},
            "owner_reference": {
              "kind": "user",
              "name": "admin",
              "uuid": "00000000-0000-0000-0000-000000000000"
            },
            "parent_reference": {},
            "power_state": "ON",
            "power_state_mechanism": "HARD",
            "project_reference": {
              "kind": "project",
              "name": "_internal",
              "uuid": "48fbd98e-2217-481a-9f13-3a1c18ed088e"
            },
            "serial_port_list": [],
            "should_fail_on_script_failure": false,
            "state": "COMPLETE",
            "timeouts": null,
            "use_hot_add": true,
            "vga_console_enabled": true
          },
          "sensitive_attributes": [],
          "private": "eyJlMmJmYjczMC1lY2FhLTExZTYtOGY4OC0zNDM2M2JjN2M0YzAiOnsiY3JlYXRlIjozNjAwMDAwMDAwMDAwLCJkZWxldGUiOjM2MDAwMDAwMDAwMDAsInVwZGF0ZSI6MzYwMDAwMDAwMDAwMH0sInNjaGVtYV92ZXJzaW9uIjoiMSJ9",
          "dependencies": [
            "data.nutanix_cluster.cluster",
            "data.nutanix_subnet.subnet"
          ]
        },
        {
          "index_key": 47,
          "schema_version": 1,
          "attributes": {
            "api_version": "3.1",
            "availability_zone_reference": {},
            "boot_device_disk_address": {},
            "boot_device_mac_address": "",
            "boot_device_order_list": [
              "CDROM",
              "DISK",
              "NETWORK"
            ],
            "boot_type": "LEGACY",
            "categories": [],
            "cloud_init_cdrom_uuid": "",
            "cluster_name": "DM3-POC042",
            "cluster_uuid": "00061b19-2e68-cdea-0000-00000001b539",
            "description": "",
            "disk_list": [
              {
                "data_source_reference": {
                  "kind": "image",
                  "uuid": "82298037-0219-412a-8297-7070735fe447"
                },
                "device_properties": [
                  {
                    "device_type": "DISK",
                    "disk_address": {
                      "adapter_type": "SCSI",
                      "device_index": "0"
                    }
                  }
                ],
                "disk_size_bytes": 32212254720,
                "disk_size_mib": 30720,
                "storage_config": [
                  {
                    "flash_mode": "",
                    "storage_container_reference": [
                      {
                        "kind": "storage_container",
                        "name": "default-container-111929",
                        "url": "",
                        "uuid": "934302c8-9f37-4379-8fd6-ac06334fef10"
                      }
                    ]
                  }
                ],
                "uuid": "ef92b274-7d02-4ea7-867c-9d277eb65bcb",
                "volume_group_reference": {}
              },
              {
                "data_source_reference": {},
                "device_properties": [
                  {
                    "device_type": "DISK",
                    "disk_address": {
                      "adapter_type": "SCSI",
                      "device_index": "1"
                    }
                  }
                ],
                "disk_size_bytes": 10737418240,
                "disk_size_mib": 10240,
                "storage_config": [
                  {
                    "flash_mode": "",
                    "storage_container_reference": [
                      {
                        "kind": "storage_container",
                        "name": "SelfServiceContainer",
                        "url": "",
                        "uuid": "ba4b8c78-e099-41fc-a1b8-367e31b9973a"
                      }
                    ]
                  }
                ],
                "uuid": "ee09f599-7e05-4e83-aa34-70bd12452e9f",
                "volume_group_reference": {}
              }
            ],
            "enable_cpu_passthrough": false,
            "enable_script_exec": false,
            "gpu_list": [],
            "guest_customization_cloud_init_custom_key_values": {},
            "guest_customization_cloud_init_meta_data": "",
            "guest_customization_cloud_init_user_data": "",
            "guest_customization_is_overridable": false,
            "guest_customization_sysprep": {},
            "guest_customization_sysprep_custom_key_values": {},
            "guest_os_id": "",
            "hardware_clock_timezone": "UTC",
            "host_reference": {
              "kind": "host",
              "name": "10.55.42.28",
              "uuid": "ca6ea069-7ea3-4aaa-9d03-ec62d67f1865"
            },
            "hypervisor_type": null,
            "id": "edb6def3-3d20-4cb8-a441-87dd86903a75",
            "is_vcpu_hard_pinned": false,
            "machine_type": "PC",
            "memory_size_mib": 1024,
            "metadata": {
              "creation_time": "2024-07-22 13:17:01 +0000 UTC",
              "last_update_time": "2024-07-22 13:17:01 +0000 UTC",
              "name": "",
              "spec_hash": "",
              "spec_version": "0",
              "uuid": "edb6def3-3d20-4cb8-a441-87dd86903a75"
            },
            "name": "rocky-47",
            "ngt_credentials": {},
            "ngt_enabled_capability_list": [],
            "nic_list": [
              {
                "ip_endpoint_list": [
                  {
                    "ip": "10.55.42.224",
                    "type": "ASSIGNED"
                  }
                ],
                "is_connected": "true",
                "mac_address": "50:6b:8d:c2:08:89",
                "model": "",
                "network_function_chain_reference": {},
                "network_function_nic_type": "",
                "nic_type": "NORMAL_NIC",
                "num_queues": 1,
                "subnet_name": "Secondary_42",
                "subnet_uuid": "05eaa397-d398-4463-8a8a-b582e5628b5a",
                "uuid": "a76362fa-b295-4b14-9ea0-855511135346"
              }
            ],
            "nic_list_status": [
              {
                "floating_ip": "",
                "ip_endpoint_list": [
                  {
                    "ip": "10.55.42.224",
                    "type": "ASSIGNED"
                  }
                ],
                "is_connected": "true",
                "mac_address": "50:6b:8d:c2:08:89",
                "model": "",
                "network_function_chain_reference": {},
                "network_function_nic_type": "",
                "nic_type": "NORMAL_NIC",
                "num_queues": 1,
                "subnet_name": "Secondary_42",
                "subnet_uuid": "05eaa397-d398-4463-8a8a-b582e5628b5a",
                "uuid": "a76362fa-b295-4b14-9ea0-855511135346"
              }
            ],
            "num_sockets": 1,
            "num_vcpus_per_socket": 2,
            "num_vnuma_nodes": 0,
            "nutanix_guest_tools": {},
            "owner_reference": {
              "kind": "user",
              "name": "admin",
              "uuid": "00000000-0000-0000-0000-000000000000"
            },
            "parent_reference": {},
            "power_state": "ON",
            "power_state_mechanism": "HARD",
            "project_reference": {
              "kind": "project",
              "name": "_internal",
              "uuid": "48fbd98e-2217-481a-9f13-3a1c18ed088e"
            },
            "serial_port_list": [],
            "should_fail_on_script_failure": false,
            "state": "COMPLETE",
            "timeouts": null,
            "use_hot_add": true,
            "vga_console_enabled": true
          },
          "sensitive_attributes": [],
          "private": "eyJlMmJmYjczMC1lY2FhLTExZTYtOGY4OC0zNDM2M2JjN2M0YzAiOnsiY3JlYXRlIjozNjAwMDAwMDAwMDAwLCJkZWxldGUiOjM2MDAwMDAwMDAwMDAsInVwZGF0ZSI6MzYwMDAwMDAwMDAwMH0sInNjaGVtYV92ZXJzaW9uIjoiMSJ9",
          "dependencies": [
            "data.nutanix_cluster.cluster",
            "data.nutanix_subnet.subnet"
          ]
        },
        {
          "index_key": 48,
          "schema_version": 1,
          "attributes": {
            "api_version": "3.1",
            "availability_zone_reference": {},
            "boot_device_disk_address": {},
            "boot_device_mac_address": "",
            "boot_device_order_list": [
              "CDROM",
              "DISK",
              "NETWORK"
            ],
            "boot_type": "LEGACY",
            "categories": [],
            "cloud_init_cdrom_uuid": "",
            "cluster_name": "DM3-POC042",
            "cluster_uuid": "00061b19-2e68-cdea-0000-00000001b539",
            "description": "",
            "disk_list": [
              {
                "data_source_reference": {
                  "kind": "image",
                  "uuid": "82298037-0219-412a-8297-7070735fe447"
                },
                "device_properties": [
                  {
                    "device_type": "DISK",
                    "disk_address": {
                      "adapter_type": "SCSI",
                      "device_index": "0"
                    }
                  }
                ],
                "disk_size_bytes": 32212254720,
                "disk_size_mib": 30720,
                "storage_config": [
                  {
                    "flash_mode": "",
                    "storage_container_reference": [
                      {
                        "kind": "storage_container",
                        "name": "default-container-111929",
                        "url": "",
                        "uuid": "934302c8-9f37-4379-8fd6-ac06334fef10"
                      }
                    ]
                  }
                ],
                "uuid": "7bdc0c65-9e45-463c-80ad-cb1248cbd993",
                "volume_group_reference": {}
              },
              {
                "data_source_reference": {},
                "device_properties": [
                  {
                    "device_type": "DISK",
                    "disk_address": {
                      "adapter_type": "SCSI",
                      "device_index": "1"
                    }
                  }
                ],
                "disk_size_bytes": 10737418240,
                "disk_size_mib": 10240,
                "storage_config": [
                  {
                    "flash_mode": "",
                    "storage_container_reference": [
                      {
                        "kind": "storage_container",
                        "name": "SelfServiceContainer",
                        "url": "",
                        "uuid": "ba4b8c78-e099-41fc-a1b8-367e31b9973a"
                      }
                    ]
                  }
                ],
                "uuid": "376b3a38-1122-45be-af32-a8fa5cc8a288",
                "volume_group_reference": {}
              }
            ],
            "enable_cpu_passthrough": false,
            "enable_script_exec": false,
            "gpu_list": [],
            "guest_customization_cloud_init_custom_key_values": {},
            "guest_customization_cloud_init_meta_data": "",
            "guest_customization_cloud_init_user_data": "",
            "guest_customization_is_overridable": false,
            "guest_customization_sysprep": {},
            "guest_customization_sysprep_custom_key_values": {},
            "guest_os_id": "",
            "hardware_clock_timezone": "UTC",
            "host_reference": {
              "kind": "host",
              "name": "10.55.42.25",
              "uuid": "552483d4-bc58-4508-a262-4a64e13534c5"
            },
            "hypervisor_type": null,
            "id": "e33da2bd-fca8-4f36-91d7-cde5912a1cb6",
            "is_vcpu_hard_pinned": false,
            "machine_type": "PC",
            "memory_size_mib": 1024,
            "metadata": {
              "creation_time": "2024-07-22 13:17:11 +0000 UTC",
              "last_update_time": "2024-07-22 13:17:11 +0000 UTC",
              "name": "",
              "spec_hash": "",
              "spec_version": "0",
              "uuid": "e33da2bd-fca8-4f36-91d7-cde5912a1cb6"
            },
            "name": "rocky-48",
            "ngt_credentials": {},
            "ngt_enabled_capability_list": [],
            "nic_list": [
              {
                "ip_endpoint_list": [
                  {
                    "ip": "10.55.42.191",
                    "type": "ASSIGNED"
                  }
                ],
                "is_connected": "true",
                "mac_address": "50:6b:8d:af:88:b4",
                "model": "",
                "network_function_chain_reference": {},
                "network_function_nic_type": "",
                "nic_type": "NORMAL_NIC",
                "num_queues": 1,
                "subnet_name": "Secondary_42",
                "subnet_uuid": "05eaa397-d398-4463-8a8a-b582e5628b5a",
                "uuid": "da7790cb-e420-4938-9cdf-8e976fe342be"
              }
            ],
            "nic_list_status": [
              {
                "floating_ip": "",
                "ip_endpoint_list": [
                  {
                    "ip": "10.55.42.191",
                    "type": "ASSIGNED"
                  }
                ],
                "is_connected": "true",
                "mac_address": "50:6b:8d:af:88:b4",
                "model": "",
                "network_function_chain_reference": {},
                "network_function_nic_type": "",
                "nic_type": "NORMAL_NIC",
                "num_queues": 1,
                "subnet_name": "Secondary_42",
                "subnet_uuid": "05eaa397-d398-4463-8a8a-b582e5628b5a",
                "uuid": "da7790cb-e420-4938-9cdf-8e976fe342be"
              }
            ],
            "num_sockets": 1,
            "num_vcpus_per_socket": 2,
            "num_vnuma_nodes": 0,
            "nutanix_guest_tools": {},
            "owner_reference": {
              "kind": "user",
              "name": "admin",
              "uuid": "00000000-0000-0000-0000-000000000000"
            },
            "parent_reference": {},
            "power_state": "ON",
            "power_state_mechanism": "HARD",
            "project_reference": {
              "kind": "project",
              "name": "_internal",
              "uuid": "48fbd98e-2217-481a-9f13-3a1c18ed088e"
            },
            "serial_port_list": [],
            "should_fail_on_script_failure": false,
            "state": "COMPLETE",
            "timeouts": null,
            "use_hot_add": true,
            "vga_console_enabled": true
          },
          "sensitive_attributes": [],
          "private": "eyJlMmJmYjczMC1lY2FhLTExZTYtOGY4OC0zNDM2M2JjN2M0YzAiOnsiY3JlYXRlIjozNjAwMDAwMDAwMDAwLCJkZWxldGUiOjM2MDAwMDAwMDAwMDAsInVwZGF0ZSI6MzYwMDAwMDAwMDAwMH0sInNjaGVtYV92ZXJzaW9uIjoiMSJ9",
          "dependencies": [
            "data.nutanix_cluster.cluster",
            "data.nutanix_subnet.subnet"
          ]
        },
        {
          "index_key": 49,
          "schema_version": 1,
          "attributes": {
            "api_version": "3.1",
            "availability_zone_reference": {},
            "boot_device_disk_address": {},
            "boot_device_mac_address": "",
            "boot_device_order_list": [
              "CDROM",
              "DISK",
              "NETWORK"
            ],
            "boot_type": "LEGACY",
            "categories": [],
            "cloud_init_cdrom_uuid": "",
            "cluster_name": "DM3-POC042",
            "cluster_uuid": "00061b19-2e68-cdea-0000-00000001b539",
            "description": "",
            "disk_list": [
              {
                "data_source_reference": {
                  "kind": "image",
                  "uuid": "82298037-0219-412a-8297-7070735fe447"
                },
                "device_properties": [
                  {
                    "device_type": "DISK",
                    "disk_address": {
                      "adapter_type": "SCSI",
                      "device_index": "0"
                    }
                  }
                ],
                "disk_size_bytes": 32212254720,
                "disk_size_mib": 30720,
                "storage_config": [
                  {
                    "flash_mode": "",
                    "storage_container_reference": [
                      {
                        "kind": "storage_container",
                        "name": "default-container-111929",
                        "url": "",
                        "uuid": "934302c8-9f37-4379-8fd6-ac06334fef10"
                      }
                    ]
                  }
                ],
                "uuid": "d9f18dcc-2340-4467-aa7f-b8c725880021",
                "volume_group_reference": {}
              },
              {
                "data_source_reference": {},
                "device_properties": [
                  {
                    "device_type": "DISK",
                    "disk_address": {
                      "adapter_type": "SCSI",
                      "device_index": "1"
                    }
                  }
                ],
                "disk_size_bytes": 10737418240,
                "disk_size_mib": 10240,
                "storage_config": [
                  {
                    "flash_mode": "",
                    "storage_container_reference": [
                      {
                        "kind": "storage_container",
                        "name": "SelfServiceContainer",
                        "url": "",
                        "uuid": "ba4b8c78-e099-41fc-a1b8-367e31b9973a"
                      }
                    ]
                  }
                ],
                "uuid": "120622fd-3922-4f6c-8697-a2ad2c101a69",
                "volume_group_reference": {}
              }
            ],
            "enable_cpu_passthrough": false,
            "enable_script_exec": false,
            "gpu_list": [],
            "guest_customization_cloud_init_custom_key_values": {},
            "guest_customization_cloud_init_meta_data": "",
            "guest_customization_cloud_init_user_data": "",
            "guest_customization_is_overridable": false,
            "guest_customization_sysprep": {},
            "guest_customization_sysprep_custom_key_values": {},
            "guest_os_id": "",
            "hardware_clock_timezone": "UTC",
            "host_reference": {
              "kind": "host",
              "name": "10.55.42.28",
              "uuid": "ca6ea069-7ea3-4aaa-9d03-ec62d67f1865"
            },
            "hypervisor_type": null,
            "id": "1052a8fa-a588-42ba-a9fb-82c8bdb428d2",
            "is_vcpu_hard_pinned": false,
            "machine_type": "PC",
            "memory_size_mib": 1024,
            "metadata": {
              "creation_time": "2024-07-22 13:17:20 +0000 UTC",
              "last_update_time": "2024-07-22 13:17:20 +0000 UTC",
              "name": "",
              "spec_hash": "",
              "spec_version": "0",
              "uuid": "1052a8fa-a588-42ba-a9fb-82c8bdb428d2"
            },
            "name": "rocky-49",
            "ngt_credentials": {},
            "ngt_enabled_capability_list": [],
            "nic_list": [
              {
                "ip_endpoint_list": [
                  {
                    "ip": "10.55.42.164",
                    "type": "ASSIGNED"
                  }
                ],
                "is_connected": "true",
                "mac_address": "50:6b:8d:cb:d2:04",
                "model": "",
                "network_function_chain_reference": {},
                "network_function_nic_type": "",
                "nic_type": "NORMAL_NIC",
                "num_queues": 1,
                "subnet_name": "Secondary_42",
                "subnet_uuid": "05eaa397-d398-4463-8a8a-b582e5628b5a",
                "uuid": "4522c885-3389-4ff8-aa07-f8078019a02c"
              }
            ],
            "nic_list_status": [
              {
                "floating_ip": "",
                "ip_endpoint_list": [
                  {
                    "ip": "10.55.42.164",
                    "type": "ASSIGNED"
                  }
                ],
                "is_connected": "true",
                "mac_address": "50:6b:8d:cb:d2:04",
                "model": "",
                "network_function_chain_reference": {},
                "network_function_nic_type": "",
                "nic_type": "NORMAL_NIC",
                "num_queues": 1,
                "subnet_name": "Secondary_42",
                "subnet_uuid": "05eaa397-d398-4463-8a8a-b582e5628b5a",
                "uuid": "4522c885-3389-4ff8-aa07-f8078019a02c"
              }
            ],
            "num_sockets": 1,
            "num_vcpus_per_socket": 2,
            "num_vnuma_nodes": 0,
            "nutanix_guest_tools": {},
            "owner_reference": {
              "kind": "user",
              "name": "admin",
              "uuid": "00000000-0000-0000-0000-000000000000"
            },
            "parent_reference": {},
            "power_state": "ON",
            "power_state_mechanism": "HARD",
            "project_reference": {
              "kind": "project",
              "name": "_internal",
              "uuid": "48fbd98e-2217-481a-9f13-3a1c18ed088e"
            },
            "serial_port_list": [],
            "should_fail_on_script_failure": false,
            "state": "COMPLETE",
            "timeouts": null,
            "use_hot_add": true,
            "vga_console_enabled": true
          },
          "sensitive_attributes": [],
          "private": "eyJlMmJmYjczMC1lY2FhLTExZTYtOGY4OC0zNDM2M2JjN2M0YzAiOnsiY3JlYXRlIjozNjAwMDAwMDAwMDAwLCJkZWxldGUiOjM2MDAwMDAwMDAwMDAsInVwZGF0ZSI6MzYwMDAwMDAwMDAwMH0sInNjaGVtYV92ZXJzaW9uIjoiMSJ9",
          "dependencies": [
            "data.nutanix_cluster.cluster",
            "data.nutanix_subnet.subnet"
          ]
        }
      ]
    }
  ],
  "check_results": null
}
