{
  "version": 4,
  "terraform_version": "1.9.2",
  "serial": 404,
  "lineage": "595c7f6e-5f68-cb97-3265-8189ee500fab",
  "outputs": {},
  "resources": [
    {
      "mode": "data",
      "type": "nutanix_cluster",
      "name": "cluster",
      "provider": "provider[\"registry.terraform.io/nutanix/nutanix\"]",
      "instances": [
        {
          "schema_version": 0,
          "attributes": {
            "analysis_vm_efficiency_map": {},
            "api_version": "",
            "authorized_public_key_list": [],
            "build": {
              "build_type": "release",
              "commit_date": "",
              "commit_id": "5a8235dc188f15fe37dcc9f99a401917d31ad94e",
              "full_version": "el8.5-release-fraser-6.8.0.1-stable-5a8235dc188f15fe37dcc9f99a401917d31ad94e",
              "short_commit_id": "5a8235",
              "version": "6.8.0.1"
            },
            "ca_certificate_list": [],
            "categories": [],
            "certification_signing_info": {},
            "client_auth": {},
            "cluster_arch": "X86_64",
            "cluster_id": "00061b19-2e68-cdea-0000-00000001b539",
            "domain_server_credentials": {},
            "domain_server_name": "",
            "domain_server_nameserver": "",
            "enabled_feature_list": [
              "PASSWORD_REMOTE_LOGIN_ENABLED",
              "SHADOW_CLONES_ENABLED"
            ],
            "encryption_status": "NOT_SUPPORTED",
            "external_data_services_ip": "10.55.42.38",
            "external_ip": "10.55.42.37",
            "external_subnet": "10.55.42.0/255.255.255.128",
            "gpu_driver_version": "",
            "http_proxy_list": [],
            "http_proxy_whitelist": [],
            "id": "00061b19-2e68-cdea-0000-00000001b539",
            "internal_subnet": "192.168.5.0/255.255.255.128",
            "is_available": true,
            "management_server_list": [],
            "masquerading_ip": "",
            "masquerading_port": 0,
            "metadata": {
              "creation_time": "2024-06-18 03:41:03 +0000 UTC",
              "last_update_time": "2024-06-18 03:41:03 +0000 UTC",
              "name": "",
              "spec_hash": "00000000000000000000000000000000000000000000000000",
              "spec_version": "0",
              "uuid": "00061b19-2e68-cdea-0000-00000001b539"
            },
            "name": "DM3-POC042",
            "name_server_ip_list": [
              "10.54.1.5"
            ],
            "nfs_subnet_whitelist": [],
            "nodes": [
              {
                "ip": "10.55.42.28",
                "type": "AHV",
                "version": "el8.nutanix.20230302.100187"
              },
              {
                "ip": "127.0.0.1",
                "type": "AHV",
                "version": ""
              },
              {
                "ip": "10.55.42.26",
                "type": "AHV",
                "version": "el8.nutanix.20230302.100187"
              },
              {
                "ip": "10.55.42.25",
                "type": "AHV",
                "version": "el8.nutanix.20230302.100187"
              },
              {
                "ip": "10.55.42.27",
                "type": "AHV",
                "version": "el8.nutanix.20230302.100187"
              }
            ],
            "ntp_server_ip_list": [
              "10.54.1.5"
            ],
            "operation_mode": "NORMAL",
            "owner_reference": {},
            "project_reference": {},
            "service_list": [
              "AOS"
            ],
            "smtp_server_address": {
              "fqdn": "smtp.sendgrid.net",
              "ip": "",
              "ipv6": "",
              "port": "587"
            },
            "smtp_server_credentials": {
              "password": "",
              "username": "apikey"
            },
            "smtp_server_email_address": "noreply@nutanix.com",
            "smtp_server_proxy_type_list": [],
            "smtp_server_type": "STARTTLS",
            "software_map_ncc": {
              "software_type": "NCC",
              "status": "INSTALLED",
              "version": "ncc-5.0.0"
            },
            "software_map_nos": {
              "software_type": "NOS",
              "status": "INSTALLED",
              "version": "6.8.0.1"
            },
            "ssl_key_expire_datetime": "",
            "ssl_key_name": "",
            "ssl_key_signing_info": {},
            "ssl_key_type": "",
            "state": "COMPLETE",
            "supported_information_verbosity": "BASIC_PLUS_CORE_DUMP",
            "timezone": "UTC"
          },
          "sensitive_attributes": []
        }
      ]
    },
    {
      "mode": "data",
      "type": "nutanix_subnet",
      "name": "subnet",
      "provider": "provider[\"registry.terraform.io/nutanix/nutanix\"]",
      "instances": [
        {
          "schema_version": 0,
          "attributes": {
            "additional_filter": null,
            "api_version": "",
            "availability_zone_reference": {},
            "categories": [],
            "cluster_name": "DM3-POC042",
            "cluster_uuid": "00061b19-2e68-cdea-0000-00000001b539",
            "default_gateway_ip": "10.55.42.129",
            "description": "",
            "dhcp_domain_name_server_list": [
              "10.55.44.56"
            ],
            "dhcp_domain_search_list": [
              "ntnxlab.local"
            ],
            "dhcp_options": {
              "boot_file_name": "",
              "domain_name": "ntnxlab.local",
              "tftp_server_name": ""
            },
            "dhcp_server_address": {
              "fqdn": "",
              "ip": "10.55.42.254",
              "ipv6": ""
            },
            "dhcp_server_address_port": 0,
            "enable_nat": false,
            "id": "05eaa397-d398-4463-8a8a-b582e5628b5a",
            "ip_config_pool_list_ranges": [
              "10.55.42.140 10.55.42.250"
            ],
            "is_external": false,
            "message_list": null,
            "metadata": {
              "creation_time": "2024-06-19 15:08:58 +0000 UTC",
              "last_update_time": "2024-06-19 15:08:58 +0000 UTC",
              "name": "",
              "spec_hash": "00000000000000000000000000000000000000000000000000",
              "spec_version": "1",
              "uuid": "05eaa397-d398-4463-8a8a-b582e5628b5a"
            },
            "name": "Secondary_42",
            "network_function_chain_reference": {},
            "owner_reference": {
              "kind": "user",
              "name": "admin",
              "uuid": "00000000-0000-0000-0000-000000000000"
            },
            "prefix_length": 25,
            "project_reference": {},
            "state": "COMPLETE",
            "subnet_id": null,
            "subnet_ip": "10.55.42.128",
            "subnet_name": "Secondary_42",
            "subnet_type": "VLAN",
            "vlan_id": 421,
            "vpc_reference": {},
            "vswitch_name": "br0"
          },
          "sensitive_attributes": []
        }
      ]
    },
    {
      "mode": "managed",
      "type": "nutanix_virtual_machine",
      "name": "vm",
      "provider": "provider[\"registry.terraform.io/nutanix/nutanix\"]",
      "instances": [
        {
          "index_key": 0,
          "schema_version": 1,
          "attributes": {
            "api_version": "3.1",
            "availability_zone_reference": {},
            "boot_device_disk_address": {},
            "boot_device_mac_address": "",
            "boot_device_order_list": [
              "CDROM",
              "DISK",
              "NETWORK"
            ],
            "boot_type": "LEGACY",
            "categories": [],
            "cloud_init_cdrom_uuid": "",
            "cluster_name": "DM3-POC042",
            "cluster_uuid": "00061b19-2e68-cdea-0000-00000001b539",
            "description": "",
            "disk_list": [
              {
                "data_source_reference": {
                  "kind": "image",
                  "uuid": "66d40fe0-fdf0-4ad5-8e4e-e141cc7629ac"
                },
                "device_properties": [
                  {
                    "device_type": "DISK",
                    "disk_address": {
                      "adapter_type": "SCSI",
                      "device_index": "0"
                    }
                  }
                ],
                "disk_size_bytes": 214748364800,
                "disk_size_mib": 204800,
                "storage_config": [
                  {
                    "flash_mode": "",
                    "storage_container_reference": [
                      {
                        "kind": "storage_container",
                        "name": "SelfServiceContainer",
                        "url": "",
                        "uuid": "ba4b8c78-e099-41fc-a1b8-367e31b9973a"
                      }
                    ]
                  }
                ],
                "uuid": "2e37ef9f-452d-49ee-96bd-309c7e3cb777",
                "volume_group_reference": {}
              },
              {
                "data_source_reference": {},
                "device_properties": [
                  {
                    "device_type": "DISK",
                    "disk_address": {
                      "adapter_type": "SCSI",
                      "device_index": "1"
                    }
                  }
                ],
                "disk_size_bytes": 10737418240,
                "disk_size_mib": 10240,
                "storage_config": [
                  {
                    "flash_mode": "",
                    "storage_container_reference": [
                      {
                        "kind": "storage_container",
                        "name": "SelfServiceContainer",
                        "url": "",
                        "uuid": "ba4b8c78-e099-41fc-a1b8-367e31b9973a"
                      }
                    ]
                  }
                ],
                "uuid": "3e47fbb8-c662-4ce3-85d3-b00155501738",
                "volume_group_reference": {}
              }
            ],
            "enable_cpu_passthrough": false,
            "enable_script_exec": false,
            "gpu_list": [],
            "guest_customization_cloud_init_custom_key_values": {},
            "guest_customization_cloud_init_meta_data": "",
            "guest_customization_cloud_init_user_data": "",
            "guest_customization_is_overridable": false,
            "guest_customization_sysprep": {},
            "guest_customization_sysprep_custom_key_values": {},
            "guest_os_id": "",
            "hardware_clock_timezone": "UTC",
            "host_reference": {
              "kind": "host",
              "name": "10.55.42.26",
              "uuid": "b7efea22-eb3b-49f1-b6a4-4d37f56f8627"
            },
            "hypervisor_type": null,
            "id": "d05a293c-f74d-4054-9dab-ad919662c53d",
            "is_vcpu_hard_pinned": false,
            "machine_type": "PC",
            "memory_size_mib": 4096,
            "metadata": {
              "creation_time": "2024-07-22 13:16:31 +0000 UTC",
              "last_update_time": "2024-07-22 13:16:31 +0000 UTC",
              "name": "",
              "spec_hash": "",
              "spec_version": "0",
              "uuid": "d05a293c-f74d-4054-9dab-ad919662c53d"
            },
            "name": "win-0",
            "ngt_credentials": {},
            "ngt_enabled_capability_list": [],
            "nic_list": [
              {
                "ip_endpoint_list": [
                  {
                    "ip": "10.55.42.200",
                    "type": "ASSIGNED"
                  }
                ],
                "is_connected": "true",
                "mac_address": "50:6b:8d:ac:88:f6",
                "model": "",
                "network_function_chain_reference": {},
                "network_function_nic_type": "",
                "nic_type": "NORMAL_NIC",
                "num_queues": 1,
                "subnet_name": "Secondary_42",
                "subnet_uuid": "05eaa397-d398-4463-8a8a-b582e5628b5a",
                "uuid": "197d4c3c-58b3-42bb-a769-ae41662a01fe"
              }
            ],
            "nic_list_status": [
              {
                "floating_ip": "",
                "ip_endpoint_list": [
                  {
                    "ip": "10.55.42.200",
                    "type": "ASSIGNED"
                  }
                ],
                "is_connected": "true",
                "mac_address": "50:6b:8d:ac:88:f6",
                "model": "",
                "network_function_chain_reference": {},
                "network_function_nic_type": "",
                "nic_type": "NORMAL_NIC",
                "num_queues": 1,
                "subnet_name": "Secondary_42",
                "subnet_uuid": "05eaa397-d398-4463-8a8a-b582e5628b5a",
                "uuid": "197d4c3c-58b3-42bb-a769-ae41662a01fe"
              }
            ],
            "num_sockets": 1,
            "num_vcpus_per_socket": 2,
            "num_vnuma_nodes": 0,
            "nutanix_guest_tools": {},
            "owner_reference": {
              "kind": "user",
              "name": "admin",
              "uuid": "00000000-0000-0000-0000-000000000000"
            },
            "parent_reference": {},
            "power_state": "ON",
            "power_state_mechanism": "HARD",
            "project_reference": {
              "kind": "project",
              "name": "_internal",
              "uuid": "48fbd98e-2217-481a-9f13-3a1c18ed088e"
            },
            "serial_port_list": [],
            "should_fail_on_script_failure": false,
            "state": "COMPLETE",
            "timeouts": null,
            "use_hot_add": true,
            "vga_console_enabled": true
          },
          "sensitive_attributes": [],
          "private": "eyJlMmJmYjczMC1lY2FhLTExZTYtOGY4OC0zNDM2M2JjN2M0YzAiOnsiY3JlYXRlIjozNjAwMDAwMDAwMDAwLCJkZWxldGUiOjM2MDAwMDAwMDAwMDAsInVwZGF0ZSI6MzYwMDAwMDAwMDAwMH0sInNjaGVtYV92ZXJzaW9uIjoiMSJ9",
          "dependencies": [
            "data.nutanix_cluster.cluster",
            "data.nutanix_subnet.subnet"
          ]
        },
        {
          "index_key": 1,
          "schema_version": 1,
          "attributes": {
            "api_version": "3.1",
            "availability_zone_reference": {},
            "boot_device_disk_address": {},
            "boot_device_mac_address": "",
            "boot_device_order_list": [
              "CDROM",
              "DISK",
              "NETWORK"
            ],
            "boot_type": "LEGACY",
            "categories": [],
            "cloud_init_cdrom_uuid": "",
            "cluster_name": "DM3-POC042",
            "cluster_uuid": "00061b19-2e68-cdea-0000-00000001b539",
            "description": "",
            "disk_list": [
              {
                "data_source_reference": {
                  "kind": "image",
                  "uuid": "66d40fe0-fdf0-4ad5-8e4e-e141cc7629ac"
                },
                "device_properties": [
                  {
                    "device_type": "DISK",
                    "disk_address": {
                      "adapter_type": "SCSI",
                      "device_index": "0"
                    }
                  }
                ],
                "disk_size_bytes": 214748364800,
                "disk_size_mib": 204800,
                "storage_config": [
                  {
                    "flash_mode": "",
                    "storage_container_reference": [
                      {
                        "kind": "storage_container",
                        "name": "SelfServiceContainer",
                        "url": "",
                        "uuid": "ba4b8c78-e099-41fc-a1b8-367e31b9973a"
                      }
                    ]
                  }
                ],
                "uuid": "1e898fad-41a4-43b0-973f-0dd6fa2038d9",
                "volume_group_reference": {}
              },
              {
                "data_source_reference": {},
                "device_properties": [
                  {
                    "device_type": "DISK",
                    "disk_address": {
                      "adapter_type": "SCSI",
                      "device_index": "1"
                    }
                  }
                ],
                "disk_size_bytes": 10737418240,
                "disk_size_mib": 10240,
                "storage_config": [
                  {
                    "flash_mode": "",
                    "storage_container_reference": [
                      {
                        "kind": "storage_container",
                        "name": "SelfServiceContainer",
                        "url": "",
                        "uuid": "ba4b8c78-e099-41fc-a1b8-367e31b9973a"
                      }
                    ]
                  }
                ],
                "uuid": "57b64f8b-9b5c-4698-b8ae-405c63ce92d3",
                "volume_group_reference": {}
              }
            ],
            "enable_cpu_passthrough": false,
            "enable_script_exec": false,
            "gpu_list": [],
            "guest_customization_cloud_init_custom_key_values": {},
            "guest_customization_cloud_init_meta_data": "",
            "guest_customization_cloud_init_user_data": "",
            "guest_customization_is_overridable": false,
            "guest_customization_sysprep": {},
            "guest_customization_sysprep_custom_key_values": {},
            "guest_os_id": "",
            "hardware_clock_timezone": "UTC",
            "host_reference": {
              "kind": "host",
              "name": "10.55.42.25",
              "uuid": "552483d4-bc58-4508-a262-4a64e13534c5"
            },
            "hypervisor_type": null,
            "id": "40147364-3f48-4760-9a53-f5ba46cbc69d",
            "is_vcpu_hard_pinned": false,
            "machine_type": "PC",
            "memory_size_mib": 4096,
            "metadata": {
              "creation_time": "2024-07-22 13:17:21 +0000 UTC",
              "last_update_time": "2024-07-22 13:17:21 +0000 UTC",
              "name": "",
              "spec_hash": "",
              "spec_version": "0",
              "uuid": "40147364-3f48-4760-9a53-f5ba46cbc69d"
            },
            "name": "win-1",
            "ngt_credentials": {},
            "ngt_enabled_capability_list": [],
            "nic_list": [
              {
                "ip_endpoint_list": [
                  {
                    "ip": "10.55.42.165",
                    "type": "ASSIGNED"
                  }
                ],
                "is_connected": "true",
                "mac_address": "50:6b:8d:d2:79:3c",
                "model": "",
                "network_function_chain_reference": {},
                "network_function_nic_type": "",
                "nic_type": "NORMAL_NIC",
                "num_queues": 1,
                "subnet_name": "Secondary_42",
                "subnet_uuid": "05eaa397-d398-4463-8a8a-b582e5628b5a",
                "uuid": "2a0d3300-4cb7-40da-8cb8-f3b1d4ae6d53"
              }
            ],
            "nic_list_status": [
              {
                "floating_ip": "",
                "ip_endpoint_list": [
                  {
                    "ip": "10.55.42.165",
                    "type": "ASSIGNED"
                  }
                ],
                "is_connected": "true",
                "mac_address": "50:6b:8d:d2:79:3c",
                "model": "",
                "network_function_chain_reference": {},
                "network_function_nic_type": "",
                "nic_type": "NORMAL_NIC",
                "num_queues": 1,
                "subnet_name": "Secondary_42",
                "subnet_uuid": "05eaa397-d398-4463-8a8a-b582e5628b5a",
                "uuid": "2a0d3300-4cb7-40da-8cb8-f3b1d4ae6d53"
              }
            ],
            "num_sockets": 1,
            "num_vcpus_per_socket": 2,
            "num_vnuma_nodes": 0,
            "nutanix_guest_tools": {},
            "owner_reference": {
              "kind": "user",
              "name": "admin",
              "uuid": "00000000-0000-0000-0000-000000000000"
            },
            "parent_reference": {},
            "power_state": "ON",
            "power_state_mechanism": "HARD",
            "project_reference": {
              "kind": "project",
              "name": "_internal",
              "uuid": "48fbd98e-2217-481a-9f13-3a1c18ed088e"
            },
            "serial_port_list": [],
            "should_fail_on_script_failure": false,
            "state": "COMPLETE",
            "timeouts": null,
            "use_hot_add": true,
            "vga_console_enabled": true
          },
          "sensitive_attributes": [],
          "private": "eyJlMmJmYjczMC1lY2FhLTExZTYtOGY4OC0zNDM2M2JjN2M0YzAiOnsiY3JlYXRlIjozNjAwMDAwMDAwMDAwLCJkZWxldGUiOjM2MDAwMDAwMDAwMDAsInVwZGF0ZSI6MzYwMDAwMDAwMDAwMH0sInNjaGVtYV92ZXJzaW9uIjoiMSJ9",
          "dependencies": [
            "data.nutanix_cluster.cluster",
            "data.nutanix_subnet.subnet"
          ]
        },
        {
          "index_key": 2,
          "schema_version": 1,
          "attributes": {
            "api_version": "3.1",
            "availability_zone_reference": {},
            "boot_device_disk_address": {},
            "boot_device_mac_address": "",
            "boot_device_order_list": [
              "CDROM",
              "DISK",
              "NETWORK"
            ],
            "boot_type": "LEGACY",
            "categories": [],
            "cloud_init_cdrom_uuid": "",
            "cluster_name": "DM3-POC042",
            "cluster_uuid": "00061b19-2e68-cdea-0000-00000001b539",
            "description": "",
            "disk_list": [
              {
                "data_source_reference": {
                  "kind": "image",
                  "uuid": "66d40fe0-fdf0-4ad5-8e4e-e141cc7629ac"
                },
                "device_properties": [
                  {
                    "device_type": "DISK",
                    "disk_address": {
                      "adapter_type": "SCSI",
                      "device_index": "0"
                    }
                  }
                ],
                "disk_size_bytes": 214748364800,
                "disk_size_mib": 204800,
                "storage_config": [
                  {
                    "flash_mode": "",
                    "storage_container_reference": [
                      {
                        "kind": "storage_container",
                        "name": "SelfServiceContainer",
                        "url": "",
                        "uuid": "ba4b8c78-e099-41fc-a1b8-367e31b9973a"
                      }
                    ]
                  }
                ],
                "uuid": "7e3c1539-8fe0-4f09-ab3f-c2f69fea662c",
                "volume_group_reference": {}
              },
              {
                "data_source_reference": {},
                "device_properties": [
                  {
                    "device_type": "DISK",
                    "disk_address": {
                      "adapter_type": "SCSI",
                      "device_index": "1"
                    }
                  }
                ],
                "disk_size_bytes": 10737418240,
                "disk_size_mib": 10240,
                "storage_config": [
                  {
                    "flash_mode": "",
                    "storage_container_reference": [
                      {
                        "kind": "storage_container",
                        "name": "SelfServiceContainer",
                        "url": "",
                        "uuid": "ba4b8c78-e099-41fc-a1b8-367e31b9973a"
                      }
                    ]
                  }
                ],
                "uuid": "55d540de-5cba-4f67-b163-414a95c0a1d7",
                "volume_group_reference": {}
              }
            ],
            "enable_cpu_passthrough": false,
            "enable_script_exec": false,
            "gpu_list": [],
            "guest_customization_cloud_init_custom_key_values": {},
            "guest_customization_cloud_init_meta_data": "",
            "guest_customization_cloud_init_user_data": "",
            "guest_customization_is_overridable": false,
            "guest_customization_sysprep": {},
            "guest_customization_sysprep_custom_key_values": {},
            "guest_os_id": "",
            "hardware_clock_timezone": "UTC",
            "host_reference": {
              "kind": "host",
              "name": "10.55.42.27",
              "uuid": "c9d70073-f27c-42c3-ba19-94f8cc93fe2f"
            },
            "hypervisor_type": null,
            "id": "4807c26c-fbbb-40c3-b24c-3bc360d662f5",
            "is_vcpu_hard_pinned": false,
            "machine_type": "PC",
            "memory_size_mib": 4096,
            "metadata": {
              "creation_time": "2024-07-22 13:16:20 +0000 UTC",
              "last_update_time": "2024-07-22 13:16:20 +0000 UTC",
              "name": "",
              "spec_hash": "",
              "spec_version": "0",
              "uuid": "4807c26c-fbbb-40c3-b24c-3bc360d662f5"
            },
            "name": "win-2",
            "ngt_credentials": {},
            "ngt_enabled_capability_list": [],
            "nic_list": [
              {
                "ip_endpoint_list": [
                  {
                    "ip": "10.55.42.194",
                    "type": "ASSIGNED"
                  }
                ],
                "is_connected": "true",
                "mac_address": "50:6b:8d:c6:6e:bf",
                "model": "",
                "network_function_chain_reference": {},
                "network_function_nic_type": "",
                "nic_type": "NORMAL_NIC",
                "num_queues": 1,
                "subnet_name": "Secondary_42",
                "subnet_uuid": "05eaa397-d398-4463-8a8a-b582e5628b5a",
                "uuid": "7372fe71-8158-4aeb-9957-1c79e1a3cd9f"
              }
            ],
            "nic_list_status": [
              {
                "floating_ip": "",
                "ip_endpoint_list": [
                  {
                    "ip": "10.55.42.194",
                    "type": "ASSIGNED"
                  }
                ],
                "is_connected": "true",
                "mac_address": "50:6b:8d:c6:6e:bf",
                "model": "",
                "network_function_chain_reference": {},
                "network_function_nic_type": "",
                "nic_type": "NORMAL_NIC",
                "num_queues": 1,
                "subnet_name": "Secondary_42",
                "subnet_uuid": "05eaa397-d398-4463-8a8a-b582e5628b5a",
                "uuid": "7372fe71-8158-4aeb-9957-1c79e1a3cd9f"
              }
            ],
            "num_sockets": 1,
            "num_vcpus_per_socket": 2,
            "num_vnuma_nodes": 0,
            "nutanix_guest_tools": {},
            "owner_reference": {
              "kind": "user",
              "name": "admin",
              "uuid": "00000000-0000-0000-0000-000000000000"
            },
            "parent_reference": {},
            "power_state": "ON",
            "power_state_mechanism": "HARD",
            "project_reference": {
              "kind": "project",
              "name": "_internal",
              "uuid": "48fbd98e-2217-481a-9f13-3a1c18ed088e"
            },
            "serial_port_list": [],
            "should_fail_on_script_failure": false,
            "state": "COMPLETE",
            "timeouts": null,
            "use_hot_add": true,
            "vga_console_enabled": true
          },
          "sensitive_attributes": [],
          "private": "eyJlMmJmYjczMC1lY2FhLTExZTYtOGY4OC0zNDM2M2JjN2M0YzAiOnsiY3JlYXRlIjozNjAwMDAwMDAwMDAwLCJkZWxldGUiOjM2MDAwMDAwMDAwMDAsInVwZGF0ZSI6MzYwMDAwMDAwMDAwMH0sInNjaGVtYV92ZXJzaW9uIjoiMSJ9",
          "dependencies": [
            "data.nutanix_cluster.cluster",
            "data.nutanix_subnet.subnet"
          ]
        },
        {
          "index_key": 3,
          "schema_version": 1,
          "attributes": {
            "api_version": "3.1",
            "availability_zone_reference": {},
            "boot_device_disk_address": {},
            "boot_device_mac_address": "",
            "boot_device_order_list": [
              "CDROM",
              "DISK",
              "NETWORK"
            ],
            "boot_type": "LEGACY",
            "categories": [],
            "cloud_init_cdrom_uuid": "",
            "cluster_name": "DM3-POC042",
            "cluster_uuid": "00061b19-2e68-cdea-0000-00000001b539",
            "description": "",
            "disk_list": [
              {
                "data_source_reference": {
                  "kind": "image",
                  "uuid": "66d40fe0-fdf0-4ad5-8e4e-e141cc7629ac"
                },
                "device_properties": [
                  {
                    "device_type": "DISK",
                    "disk_address": {
                      "adapter_type": "SCSI",
                      "device_index": "0"
                    }
                  }
                ],
                "disk_size_bytes": 214748364800,
                "disk_size_mib": 204800,
                "storage_config": [
                  {
                    "flash_mode": "",
                    "storage_container_reference": [
                      {
                        "kind": "storage_container",
                        "name": "SelfServiceContainer",
                        "url": "",
                        "uuid": "ba4b8c78-e099-41fc-a1b8-367e31b9973a"
                      }
                    ]
                  }
                ],
                "uuid": "b8520dec-1da7-465f-8553-ca78769c7fb0",
                "volume_group_reference": {}
              },
              {
                "data_source_reference": {},
                "device_properties": [
                  {
                    "device_type": "DISK",
                    "disk_address": {
                      "adapter_type": "SCSI",
                      "device_index": "1"
                    }
                  }
                ],
                "disk_size_bytes": 10737418240,
                "disk_size_mib": 10240,
                "storage_config": [
                  {
                    "flash_mode": "",
                    "storage_container_reference": [
                      {
                        "kind": "storage_container",
                        "name": "SelfServiceContainer",
                        "url": "",
                        "uuid": "ba4b8c78-e099-41fc-a1b8-367e31b9973a"
                      }
                    ]
                  }
                ],
                "uuid": "1ad7430b-ce69-4327-afc4-4b14f9e1283d",
                "volume_group_reference": {}
              }
            ],
            "enable_cpu_passthrough": false,
            "enable_script_exec": false,
            "gpu_list": [],
            "guest_customization_cloud_init_custom_key_values": {},
            "guest_customization_cloud_init_meta_data": "",
            "guest_customization_cloud_init_user_data": "",
            "guest_customization_is_overridable": false,
            "guest_customization_sysprep": {},
            "guest_customization_sysprep_custom_key_values": {},
            "guest_os_id": "",
            "hardware_clock_timezone": "UTC",
            "host_reference": {
              "kind": "host",
              "name": "10.55.42.27",
              "uuid": "c9d70073-f27c-42c3-ba19-94f8cc93fe2f"
            },
            "hypervisor_type": null,
            "id": "a4144532-034b-4dd4-a9b2-50dfeeba12c0",
            "is_vcpu_hard_pinned": false,
            "machine_type": "PC",
            "memory_size_mib": 4096,
            "metadata": {
              "creation_time": "2024-07-22 13:16:28 +0000 UTC",
              "last_update_time": "2024-07-22 13:16:28 +0000 UTC",
              "name": "",
              "spec_hash": "",
              "spec_version": "0",
              "uuid": "a4144532-034b-4dd4-a9b2-50dfeeba12c0"
            },
            "name": "win-3",
            "ngt_credentials": {},
            "ngt_enabled_capability_list": [],
            "nic_list": [
              {
                "ip_endpoint_list": [
                  {
                    "ip": "10.55.42.179",
                    "type": "ASSIGNED"
                  }
                ],
                "is_connected": "true",
                "mac_address": "50:6b:8d:99:44:f0",
                "model": "",
                "network_function_chain_reference": {},
                "network_function_nic_type": "",
                "nic_type": "NORMAL_NIC",
                "num_queues": 1,
                "subnet_name": "Secondary_42",
                "subnet_uuid": "05eaa397-d398-4463-8a8a-b582e5628b5a",
                "uuid": "14b87a7a-d216-4ce5-b6e9-11daaa3dc46c"
              }
            ],
            "nic_list_status": [
              {
                "floating_ip": "",
                "ip_endpoint_list": [
                  {
                    "ip": "10.55.42.179",
                    "type": "ASSIGNED"
                  }
                ],
                "is_connected": "true",
                "mac_address": "50:6b:8d:99:44:f0",
                "model": "",
                "network_function_chain_reference": {},
                "network_function_nic_type": "",
                "nic_type": "NORMAL_NIC",
                "num_queues": 1,
                "subnet_name": "Secondary_42",
                "subnet_uuid": "05eaa397-d398-4463-8a8a-b582e5628b5a",
                "uuid": "14b87a7a-d216-4ce5-b6e9-11daaa3dc46c"
              }
            ],
            "num_sockets": 1,
            "num_vcpus_per_socket": 2,
            "num_vnuma_nodes": 0,
            "nutanix_guest_tools": {},
            "owner_reference": {
              "kind": "user",
              "name": "admin",
              "uuid": "00000000-0000-0000-0000-000000000000"
            },
            "parent_reference": {},
            "power_state": "ON",
            "power_state_mechanism": "HARD",
            "project_reference": {
              "kind": "project",
              "name": "_internal",
              "uuid": "48fbd98e-2217-481a-9f13-3a1c18ed088e"
            },
            "serial_port_list": [],
            "should_fail_on_script_failure": false,
            "state": "COMPLETE",
            "timeouts": null,
            "use_hot_add": true,
            "vga_console_enabled": true
          },
          "sensitive_attributes": [],
          "private": "eyJlMmJmYjczMC1lY2FhLTExZTYtOGY4OC0zNDM2M2JjN2M0YzAiOnsiY3JlYXRlIjozNjAwMDAwMDAwMDAwLCJkZWxldGUiOjM2MDAwMDAwMDAwMDAsInVwZGF0ZSI6MzYwMDAwMDAwMDAwMH0sInNjaGVtYV92ZXJzaW9uIjoiMSJ9",
          "dependencies": [
            "data.nutanix_cluster.cluster",
            "data.nutanix_subnet.subnet"
          ]
        },
        {
          "index_key": 4,
          "schema_version": 1,
          "attributes": {
            "api_version": "3.1",
            "availability_zone_reference": {},
            "boot_device_disk_address": {},
            "boot_device_mac_address": "",
            "boot_device_order_list": [
              "CDROM",
              "DISK",
              "NETWORK"
            ],
            "boot_type": "LEGACY",
            "categories": [],
            "cloud_init_cdrom_uuid": "",
            "cluster_name": "DM3-POC042",
            "cluster_uuid": "00061b19-2e68-cdea-0000-00000001b539",
            "description": "",
            "disk_list": [
              {
                "data_source_reference": {
                  "kind": "image",
                  "uuid": "66d40fe0-fdf0-4ad5-8e4e-e141cc7629ac"
                },
                "device_properties": [
                  {
                    "device_type": "DISK",
                    "disk_address": {
                      "adapter_type": "SCSI",
                      "device_index": "0"
                    }
                  }
                ],
                "disk_size_bytes": 214748364800,
                "disk_size_mib": 204800,
                "storage_config": [
                  {
                    "flash_mode": "",
                    "storage_container_reference": [
                      {
                        "kind": "storage_container",
                        "name": "SelfServiceContainer",
                        "url": "",
                        "uuid": "ba4b8c78-e099-41fc-a1b8-367e31b9973a"
                      }
                    ]
                  }
                ],
                "uuid": "5725bcd7-ea82-48de-90d4-6ab32f2b2bcd",
                "volume_group_reference": {}
              },
              {
                "data_source_reference": {},
                "device_properties": [
                  {
                    "device_type": "DISK",
                    "disk_address": {
                      "adapter_type": "SCSI",
                      "device_index": "1"
                    }
                  }
                ],
                "disk_size_bytes": 10737418240,
                "disk_size_mib": 10240,
                "storage_config": [
                  {
                    "flash_mode": "",
                    "storage_container_reference": [
                      {
                        "kind": "storage_container",
                        "name": "SelfServiceContainer",
                        "url": "",
                        "uuid": "ba4b8c78-e099-41fc-a1b8-367e31b9973a"
                      }
                    ]
                  }
                ],
                "uuid": "f0a12551-ddb8-49d8-857a-7c0a22c06458",
                "volume_group_reference": {}
              }
            ],
            "enable_cpu_passthrough": false,
            "enable_script_exec": false,
            "gpu_list": [],
            "guest_customization_cloud_init_custom_key_values": {},
            "guest_customization_cloud_init_meta_data": "",
            "guest_customization_cloud_init_user_data": "",
            "guest_customization_is_overridable": false,
            "guest_customization_sysprep": {},
            "guest_customization_sysprep_custom_key_values": {},
            "guest_os_id": "",
            "hardware_clock_timezone": "UTC",
            "host_reference": {
              "kind": "host",
              "name": "10.55.42.28",
              "uuid": "ca6ea069-7ea3-4aaa-9d03-ec62d67f1865"
            },
            "hypervisor_type": null,
            "id": "58e57575-7f31-4449-addb-00f4075f6138",
            "is_vcpu_hard_pinned": false,
            "machine_type": "PC",
            "memory_size_mib": 4096,
            "metadata": {
              "creation_time": "2024-07-22 13:17:05 +0000 UTC",
              "last_update_time": "2024-07-22 13:17:05 +0000 UTC",
              "name": "",
              "spec_hash": "",
              "spec_version": "0",
              "uuid": "58e57575-7f31-4449-addb-00f4075f6138"
            },
            "name": "win-4",
            "ngt_credentials": {},
            "ngt_enabled_capability_list": [],
            "nic_list": [
              {
                "ip_endpoint_list": [
                  {
                    "ip": "10.55.42.235",
                    "type": "ASSIGNED"
                  }
                ],
                "is_connected": "true",
                "mac_address": "50:6b:8d:d4:c7:6d",
                "model": "",
                "network_function_chain_reference": {},
                "network_function_nic_type": "",
                "nic_type": "NORMAL_NIC",
                "num_queues": 1,
                "subnet_name": "Secondary_42",
                "subnet_uuid": "05eaa397-d398-4463-8a8a-b582e5628b5a",
                "uuid": "fc642bca-bda2-47c9-b26c-9fad48455a6e"
              }
            ],
            "nic_list_status": [
              {
                "floating_ip": "",
                "ip_endpoint_list": [
                  {
                    "ip": "10.55.42.235",
                    "type": "ASSIGNED"
                  }
                ],
                "is_connected": "true",
                "mac_address": "50:6b:8d:d4:c7:6d",
                "model": "",
                "network_function_chain_reference": {},
                "network_function_nic_type": "",
                "nic_type": "NORMAL_NIC",
                "num_queues": 1,
                "subnet_name": "Secondary_42",
                "subnet_uuid": "05eaa397-d398-4463-8a8a-b582e5628b5a",
                "uuid": "fc642bca-bda2-47c9-b26c-9fad48455a6e"
              }
            ],
            "num_sockets": 1,
            "num_vcpus_per_socket": 2,
            "num_vnuma_nodes": 0,
            "nutanix_guest_tools": {},
            "owner_reference": {
              "kind": "user",
              "name": "admin",
              "uuid": "00000000-0000-0000-0000-000000000000"
            },
            "parent_reference": {},
            "power_state": "ON",
            "power_state_mechanism": "HARD",
            "project_reference": {
              "kind": "project",
              "name": "_internal",
              "uuid": "48fbd98e-2217-481a-9f13-3a1c18ed088e"
            },
            "serial_port_list": [],
            "should_fail_on_script_failure": false,
            "state": "COMPLETE",
            "timeouts": null,
            "use_hot_add": true,
            "vga_console_enabled": true
          },
          "sensitive_attributes": [],
          "private": "eyJlMmJmYjczMC1lY2FhLTExZTYtOGY4OC0zNDM2M2JjN2M0YzAiOnsiY3JlYXRlIjozNjAwMDAwMDAwMDAwLCJkZWxldGUiOjM2MDAwMDAwMDAwMDAsInVwZGF0ZSI6MzYwMDAwMDAwMDAwMH0sInNjaGVtYV92ZXJzaW9uIjoiMSJ9",
          "dependencies": [
            "data.nutanix_cluster.cluster",
            "data.nutanix_subnet.subnet"
          ]
        },
        {
          "index_key": 5,
          "schema_version": 1,
          "attributes": {
            "api_version": "3.1",
            "availability_zone_reference": {},
            "boot_device_disk_address": {},
            "boot_device_mac_address": "",
            "boot_device_order_list": [
              "CDROM",
              "DISK",
              "NETWORK"
            ],
            "boot_type": "LEGACY",
            "categories": [],
            "cloud_init_cdrom_uuid": "",
            "cluster_name": "DM3-POC042",
            "cluster_uuid": "00061b19-2e68-cdea-0000-00000001b539",
            "description": "",
            "disk_list": [
              {
                "data_source_reference": {
                  "kind": "image",
                  "uuid": "66d40fe0-fdf0-4ad5-8e4e-e141cc7629ac"
                },
                "device_properties": [
                  {
                    "device_type": "DISK",
                    "disk_address": {
                      "adapter_type": "SCSI",
                      "device_index": "0"
                    }
                  }
                ],
                "disk_size_bytes": 214748364800,
                "disk_size_mib": 204800,
                "storage_config": [
                  {
                    "flash_mode": "",
                    "storage_container_reference": [
                      {
                        "kind": "storage_container",
                        "name": "SelfServiceContainer",
                        "url": "",
                        "uuid": "ba4b8c78-e099-41fc-a1b8-367e31b9973a"
                      }
                    ]
                  }
                ],
                "uuid": "9d4db837-d4a5-4b61-9954-db5a11b5bbf3",
                "volume_group_reference": {}
              },
              {
                "data_source_reference": {},
                "device_properties": [
                  {
                    "device_type": "DISK",
                    "disk_address": {
                      "adapter_type": "SCSI",
                      "device_index": "1"
                    }
                  }
                ],
                "disk_size_bytes": 10737418240,
                "disk_size_mib": 10240,
                "storage_config": [
                  {
                    "flash_mode": "",
                    "storage_container_reference": [
                      {
                        "kind": "storage_container",
                        "name": "SelfServiceContainer",
                        "url": "",
                        "uuid": "ba4b8c78-e099-41fc-a1b8-367e31b9973a"
                      }
                    ]
                  }
                ],
                "uuid": "7ef93680-88b8-4f4e-aeb5-676b28caedf7",
                "volume_group_reference": {}
              }
            ],
            "enable_cpu_passthrough": false,
            "enable_script_exec": false,
            "gpu_list": [],
            "guest_customization_cloud_init_custom_key_values": {},
            "guest_customization_cloud_init_meta_data": "",
            "guest_customization_cloud_init_user_data": "",
            "guest_customization_is_overridable": false,
            "guest_customization_sysprep": {},
            "guest_customization_sysprep_custom_key_values": {},
            "guest_os_id": "",
            "hardware_clock_timezone": "UTC",
            "host_reference": {
              "kind": "host",
              "name": "10.55.42.25",
              "uuid": "552483d4-bc58-4508-a262-4a64e13534c5"
            },
            "hypervisor_type": null,
            "id": "3df78c25-f74c-49ad-b218-1cd24b7d658c",
            "is_vcpu_hard_pinned": false,
            "machine_type": "PC",
            "memory_size_mib": 4096,
            "metadata": {
              "creation_time": "2024-07-22 13:17:13 +0000 UTC",
              "last_update_time": "2024-07-22 13:17:13 +0000 UTC",
              "name": "",
              "spec_hash": "",
              "spec_version": "0",
              "uuid": "3df78c25-f74c-49ad-b218-1cd24b7d658c"
            },
            "name": "win-5",
            "ngt_credentials": {},
            "ngt_enabled_capability_list": [],
            "nic_list": [
              {
                "ip_endpoint_list": [
                  {
                    "ip": "10.55.42.248",
                    "type": "ASSIGNED"
                  }
                ],
                "is_connected": "true",
                "mac_address": "50:6b:8d:b1:9a:61",
                "model": "",
                "network_function_chain_reference": {},
                "network_function_nic_type": "",
                "nic_type": "NORMAL_NIC",
                "num_queues": 1,
                "subnet_name": "Secondary_42",
                "subnet_uuid": "05eaa397-d398-4463-8a8a-b582e5628b5a",
                "uuid": "d417cbd2-98d0-4f76-9ec2-00b9b32f60d3"
              }
            ],
            "nic_list_status": [
              {
                "floating_ip": "",
                "ip_endpoint_list": [
                  {
                    "ip": "10.55.42.248",
                    "type": "ASSIGNED"
                  }
                ],
                "is_connected": "true",
                "mac_address": "50:6b:8d:b1:9a:61",
                "model": "",
                "network_function_chain_reference": {},
                "network_function_nic_type": "",
                "nic_type": "NORMAL_NIC",
                "num_queues": 1,
                "subnet_name": "Secondary_42",
                "subnet_uuid": "05eaa397-d398-4463-8a8a-b582e5628b5a",
                "uuid": "d417cbd2-98d0-4f76-9ec2-00b9b32f60d3"
              }
            ],
            "num_sockets": 1,
            "num_vcpus_per_socket": 2,
            "num_vnuma_nodes": 0,
            "nutanix_guest_tools": {},
            "owner_reference": {
              "kind": "user",
              "name": "admin",
              "uuid": "00000000-0000-0000-0000-000000000000"
            },
            "parent_reference": {},
            "power_state": "ON",
            "power_state_mechanism": "HARD",
            "project_reference": {
              "kind": "project",
              "name": "_internal",
              "uuid": "48fbd98e-2217-481a-9f13-3a1c18ed088e"
            },
            "serial_port_list": [],
            "should_fail_on_script_failure": false,
            "state": "COMPLETE",
            "timeouts": null,
            "use_hot_add": true,
            "vga_console_enabled": true
          },
          "sensitive_attributes": [],
          "private": "eyJlMmJmYjczMC1lY2FhLTExZTYtOGY4OC0zNDM2M2JjN2M0YzAiOnsiY3JlYXRlIjozNjAwMDAwMDAwMDAwLCJkZWxldGUiOjM2MDAwMDAwMDAwMDAsInVwZGF0ZSI6MzYwMDAwMDAwMDAwMH0sInNjaGVtYV92ZXJzaW9uIjoiMSJ9",
          "dependencies": [
            "data.nutanix_cluster.cluster",
            "data.nutanix_subnet.subnet"
          ]
        },
        {
          "index_key": 6,
          "schema_version": 1,
          "attributes": {
            "api_version": "3.1",
            "availability_zone_reference": {},
            "boot_device_disk_address": {},
            "boot_device_mac_address": "",
            "boot_device_order_list": [
              "CDROM",
              "DISK",
              "NETWORK"
            ],
            "boot_type": "LEGACY",
            "categories": [],
            "cloud_init_cdrom_uuid": "",
            "cluster_name": "DM3-POC042",
            "cluster_uuid": "00061b19-2e68-cdea-0000-00000001b539",
            "description": "",
            "disk_list": [
              {
                "data_source_reference": {
                  "kind": "image",
                  "uuid": "66d40fe0-fdf0-4ad5-8e4e-e141cc7629ac"
                },
                "device_properties": [
                  {
                    "device_type": "DISK",
                    "disk_address": {
                      "adapter_type": "SCSI",
                      "device_index": "0"
                    }
                  }
                ],
                "disk_size_bytes": 214748364800,
                "disk_size_mib": 204800,
                "storage_config": [
                  {
                    "flash_mode": "",
                    "storage_container_reference": [
                      {
                        "kind": "storage_container",
                        "name": "SelfServiceContainer",
                        "url": "",
                        "uuid": "ba4b8c78-e099-41fc-a1b8-367e31b9973a"
                      }
                    ]
                  }
                ],
                "uuid": "bbb6419d-610f-474f-81db-e379dac04732",
                "volume_group_reference": {}
              },
              {
                "data_source_reference": {},
                "device_properties": [
                  {
                    "device_type": "DISK",
                    "disk_address": {
                      "adapter_type": "SCSI",
                      "device_index": "1"
                    }
                  }
                ],
                "disk_size_bytes": 10737418240,
                "disk_size_mib": 10240,
                "storage_config": [
                  {
                    "flash_mode": "",
                    "storage_container_reference": [
                      {
                        "kind": "storage_container",
                        "name": "SelfServiceContainer",
                        "url": "",
                        "uuid": "ba4b8c78-e099-41fc-a1b8-367e31b9973a"
                      }
                    ]
                  }
                ],
                "uuid": "0fe704e3-95d4-40ba-ac06-a521bfe1418f",
                "volume_group_reference": {}
              }
            ],
            "enable_cpu_passthrough": false,
            "enable_script_exec": false,
            "gpu_list": [],
            "guest_customization_cloud_init_custom_key_values": {},
            "guest_customization_cloud_init_meta_data": "",
            "guest_customization_cloud_init_user_data": "",
            "guest_customization_is_overridable": false,
            "guest_customization_sysprep": {},
            "guest_customization_sysprep_custom_key_values": {},
            "guest_os_id": "",
            "hardware_clock_timezone": "UTC",
            "host_reference": {
              "kind": "host",
              "name": "10.55.42.28",
              "uuid": "ca6ea069-7ea3-4aaa-9d03-ec62d67f1865"
            },
            "hypervisor_type": null,
            "id": "c4bfaf86-ee52-4381-9535-76b136fb1d4c",
            "is_vcpu_hard_pinned": false,
            "machine_type": "PC",
            "memory_size_mib": 4096,
            "metadata": {
              "creation_time": "2024-07-22 13:17:16 +0000 UTC",
              "last_update_time": "2024-07-22 13:17:16 +0000 UTC",
              "name": "",
              "spec_hash": "",
              "spec_version": "0",
              "uuid": "c4bfaf86-ee52-4381-9535-76b136fb1d4c"
            },
            "name": "win-6",
            "ngt_credentials": {},
            "ngt_enabled_capability_list": [],
            "nic_list": [
              {
                "ip_endpoint_list": [
                  {
                    "ip": "10.55.42.154",
                    "type": "ASSIGNED"
                  }
                ],
                "is_connected": "true",
                "mac_address": "50:6b:8d:d3:32:8f",
                "model": "",
                "network_function_chain_reference": {},
                "network_function_nic_type": "",
                "nic_type": "NORMAL_NIC",
                "num_queues": 1,
                "subnet_name": "Secondary_42",
                "subnet_uuid": "05eaa397-d398-4463-8a8a-b582e5628b5a",
                "uuid": "ebcd28f3-618f-4cfa-96dd-8ce8009feaf7"
              }
            ],
            "nic_list_status": [
              {
                "floating_ip": "",
                "ip_endpoint_list": [
                  {
                    "ip": "10.55.42.154",
                    "type": "ASSIGNED"
                  }
                ],
                "is_connected": "true",
                "mac_address": "50:6b:8d:d3:32:8f",
                "model": "",
                "network_function_chain_reference": {},
                "network_function_nic_type": "",
                "nic_type": "NORMAL_NIC",
                "num_queues": 1,
                "subnet_name": "Secondary_42",
                "subnet_uuid": "05eaa397-d398-4463-8a8a-b582e5628b5a",
                "uuid": "ebcd28f3-618f-4cfa-96dd-8ce8009feaf7"
              }
            ],
            "num_sockets": 1,
            "num_vcpus_per_socket": 2,
            "num_vnuma_nodes": 0,
            "nutanix_guest_tools": {},
            "owner_reference": {
              "kind": "user",
              "name": "admin",
              "uuid": "00000000-0000-0000-0000-000000000000"
            },
            "parent_reference": {},
            "power_state": "ON",
            "power_state_mechanism": "HARD",
            "project_reference": {
              "kind": "project",
              "name": "_internal",
              "uuid": "48fbd98e-2217-481a-9f13-3a1c18ed088e"
            },
            "serial_port_list": [],
            "should_fail_on_script_failure": false,
            "state": "COMPLETE",
            "timeouts": null,
            "use_hot_add": true,
            "vga_console_enabled": true
          },
          "sensitive_attributes": [],
          "private": "eyJlMmJmYjczMC1lY2FhLTExZTYtOGY4OC0zNDM2M2JjN2M0YzAiOnsiY3JlYXRlIjozNjAwMDAwMDAwMDAwLCJkZWxldGUiOjM2MDAwMDAwMDAwMDAsInVwZGF0ZSI6MzYwMDAwMDAwMDAwMH0sInNjaGVtYV92ZXJzaW9uIjoiMSJ9",
          "dependencies": [
            "data.nutanix_cluster.cluster",
            "data.nutanix_subnet.subnet"
          ]
        },
        {
          "index_key": 7,
          "schema_version": 1,
          "attributes": {
            "api_version": "3.1",
            "availability_zone_reference": {},
            "boot_device_disk_address": {},
            "boot_device_mac_address": "",
            "boot_device_order_list": [
              "CDROM",
              "DISK",
              "NETWORK"
            ],
            "boot_type": "LEGACY",
            "categories": [],
            "cloud_init_cdrom_uuid": "",
            "cluster_name": "DM3-POC042",
            "cluster_uuid": "00061b19-2e68-cdea-0000-00000001b539",
            "description": "",
            "disk_list": [
              {
                "data_source_reference": {
                  "kind": "image",
                  "uuid": "66d40fe0-fdf0-4ad5-8e4e-e141cc7629ac"
                },
                "device_properties": [
                  {
                    "device_type": "DISK",
                    "disk_address": {
                      "adapter_type": "SCSI",
                      "device_index": "0"
                    }
                  }
                ],
                "disk_size_bytes": 214748364800,
                "disk_size_mib": 204800,
                "storage_config": [
                  {
                    "flash_mode": "",
                    "storage_container_reference": [
                      {
                        "kind": "storage_container",
                        "name": "SelfServiceContainer",
                        "url": "",
                        "uuid": "ba4b8c78-e099-41fc-a1b8-367e31b9973a"
                      }
                    ]
                  }
                ],
                "uuid": "6e7070b8-4b0e-46e1-aade-7b68bdaa7f9a",
                "volume_group_reference": {}
              },
              {
                "data_source_reference": {},
                "device_properties": [
                  {
                    "device_type": "DISK",
                    "disk_address": {
                      "adapter_type": "SCSI",
                      "device_index": "1"
                    }
                  }
                ],
                "disk_size_bytes": 10737418240,
                "disk_size_mib": 10240,
                "storage_config": [
                  {
                    "flash_mode": "",
                    "storage_container_reference": [
                      {
                        "kind": "storage_container",
                        "name": "SelfServiceContainer",
                        "url": "",
                        "uuid": "ba4b8c78-e099-41fc-a1b8-367e31b9973a"
                      }
                    ]
                  }
                ],
                "uuid": "fa5f503f-19f1-4e4b-b416-2b567577c9bd",
                "volume_group_reference": {}
              }
            ],
            "enable_cpu_passthrough": false,
            "enable_script_exec": false,
            "gpu_list": [],
            "guest_customization_cloud_init_custom_key_values": {},
            "guest_customization_cloud_init_meta_data": "",
            "guest_customization_cloud_init_user_data": "",
            "guest_customization_is_overridable": false,
            "guest_customization_sysprep": {},
            "guest_customization_sysprep_custom_key_values": {},
            "guest_os_id": "",
            "hardware_clock_timezone": "UTC",
            "host_reference": {
              "kind": "host",
              "name": "10.55.42.28",
              "uuid": "ca6ea069-7ea3-4aaa-9d03-ec62d67f1865"
            },
            "hypervisor_type": null,
            "id": "056e3812-9bfd-4287-8588-e6ee75d701fc",
            "is_vcpu_hard_pinned": false,
            "machine_type": "PC",
            "memory_size_mib": 4096,
            "metadata": {
              "creation_time": "2024-07-22 13:16:59 +0000 UTC",
              "last_update_time": "2024-07-22 13:16:59 +0000 UTC",
              "name": "",
              "spec_hash": "",
              "spec_version": "0",
              "uuid": "056e3812-9bfd-4287-8588-e6ee75d701fc"
            },
            "name": "win-7",
            "ngt_credentials": {},
            "ngt_enabled_capability_list": [],
            "nic_list": [
              {
                "ip_endpoint_list": [
                  {
                    "ip": "10.55.42.144",
                    "type": "ASSIGNED"
                  }
                ],
                "is_connected": "true",
                "mac_address": "50:6b:8d:ed:c5:c1",
                "model": "",
                "network_function_chain_reference": {},
                "network_function_nic_type": "",
                "nic_type": "NORMAL_NIC",
                "num_queues": 1,
                "subnet_name": "Secondary_42",
                "subnet_uuid": "05eaa397-d398-4463-8a8a-b582e5628b5a",
                "uuid": "d13b8ea8-faed-49bd-9292-c0c39a12b59c"
              }
            ],
            "nic_list_status": [
              {
                "floating_ip": "",
                "ip_endpoint_list": [
                  {
                    "ip": "10.55.42.144",
                    "type": "ASSIGNED"
                  }
                ],
                "is_connected": "true",
                "mac_address": "50:6b:8d:ed:c5:c1",
                "model": "",
                "network_function_chain_reference": {},
                "network_function_nic_type": "",
                "nic_type": "NORMAL_NIC",
                "num_queues": 1,
                "subnet_name": "Secondary_42",
                "subnet_uuid": "05eaa397-d398-4463-8a8a-b582e5628b5a",
                "uuid": "d13b8ea8-faed-49bd-9292-c0c39a12b59c"
              }
            ],
            "num_sockets": 1,
            "num_vcpus_per_socket": 2,
            "num_vnuma_nodes": 0,
            "nutanix_guest_tools": {},
            "owner_reference": {
              "kind": "user",
              "name": "admin",
              "uuid": "00000000-0000-0000-0000-000000000000"
            },
            "parent_reference": {},
            "power_state": "ON",
            "power_state_mechanism": "HARD",
            "project_reference": {
              "kind": "project",
              "name": "_internal",
              "uuid": "48fbd98e-2217-481a-9f13-3a1c18ed088e"
            },
            "serial_port_list": [],
            "should_fail_on_script_failure": false,
            "state": "COMPLETE",
            "timeouts": null,
            "use_hot_add": true,
            "vga_console_enabled": true
          },
          "sensitive_attributes": [],
          "private": "eyJlMmJmYjczMC1lY2FhLTExZTYtOGY4OC0zNDM2M2JjN2M0YzAiOnsiY3JlYXRlIjozNjAwMDAwMDAwMDAwLCJkZWxldGUiOjM2MDAwMDAwMDAwMDAsInVwZGF0ZSI6MzYwMDAwMDAwMDAwMH0sInNjaGVtYV92ZXJzaW9uIjoiMSJ9",
          "dependencies": [
            "data.nutanix_cluster.cluster",
            "data.nutanix_subnet.subnet"
          ]
        },
        {
          "index_key": 8,
          "schema_version": 1,
          "attributes": {
            "api_version": "3.1",
            "availability_zone_reference": {},
            "boot_device_disk_address": {},
            "boot_device_mac_address": "",
            "boot_device_order_list": [
              "CDROM",
              "DISK",
              "NETWORK"
            ],
            "boot_type": "LEGACY",
            "categories": [],
            "cloud_init_cdrom_uuid": "",
            "cluster_name": "DM3-POC042",
            "cluster_uuid": "00061b19-2e68-cdea-0000-00000001b539",
            "description": "",
            "disk_list": [
              {
                "data_source_reference": {
                  "kind": "image",
                  "uuid": "66d40fe0-fdf0-4ad5-8e4e-e141cc7629ac"
                },
                "device_properties": [
                  {
                    "device_type": "DISK",
                    "disk_address": {
                      "adapter_type": "SCSI",
                      "device_index": "0"
                    }
                  }
                ],
                "disk_size_bytes": 214748364800,
                "disk_size_mib": 204800,
                "storage_config": [
                  {
                    "flash_mode": "",
                    "storage_container_reference": [
                      {
                        "kind": "storage_container",
                        "name": "SelfServiceContainer",
                        "url": "",
                        "uuid": "ba4b8c78-e099-41fc-a1b8-367e31b9973a"
                      }
                    ]
                  }
                ],
                "uuid": "fb92dc2f-4ff0-454d-a750-a556c846a496",
                "volume_group_reference": {}
              },
              {
                "data_source_reference": {},
                "device_properties": [
                  {
                    "device_type": "DISK",
                    "disk_address": {
                      "adapter_type": "SCSI",
                      "device_index": "1"
                    }
                  }
                ],
                "disk_size_bytes": 10737418240,
                "disk_size_mib": 10240,
                "storage_config": [
                  {
                    "flash_mode": "",
                    "storage_container_reference": [
                      {
                        "kind": "storage_container",
                        "name": "SelfServiceContainer",
                        "url": "",
                        "uuid": "ba4b8c78-e099-41fc-a1b8-367e31b9973a"
                      }
                    ]
                  }
                ],
                "uuid": "0467d40f-05ed-42e1-bfc2-8a8ad0b50597",
                "volume_group_reference": {}
              }
            ],
            "enable_cpu_passthrough": false,
            "enable_script_exec": false,
            "gpu_list": [],
            "guest_customization_cloud_init_custom_key_values": {},
            "guest_customization_cloud_init_meta_data": "",
            "guest_customization_cloud_init_user_data": "",
            "guest_customization_is_overridable": false,
            "guest_customization_sysprep": {},
            "guest_customization_sysprep_custom_key_values": {},
            "guest_os_id": "",
            "hardware_clock_timezone": "UTC",
            "host_reference": {
              "kind": "host",
              "name": "10.55.42.27",
              "uuid": "c9d70073-f27c-42c3-ba19-94f8cc93fe2f"
            },
            "hypervisor_type": null,
            "id": "432bd48b-dda5-416b-9a3b-9ab8af22115c",
            "is_vcpu_hard_pinned": false,
            "machine_type": "PC",
            "memory_size_mib": 4096,
            "metadata": {
              "creation_time": "2024-07-22 13:16:26 +0000 UTC",
              "last_update_time": "2024-07-22 13:16:26 +0000 UTC",
              "name": "",
              "spec_hash": "",
              "spec_version": "0",
              "uuid": "432bd48b-dda5-416b-9a3b-9ab8af22115c"
            },
            "name": "win-8",
            "ngt_credentials": {},
            "ngt_enabled_capability_list": [],
            "nic_list": [
              {
                "ip_endpoint_list": [
                  {
                    "ip": "10.55.42.208",
                    "type": "ASSIGNED"
                  }
                ],
                "is_connected": "true",
                "mac_address": "50:6b:8d:a9:45:e1",
                "model": "",
                "network_function_chain_reference": {},
                "network_function_nic_type": "",
                "nic_type": "NORMAL_NIC",
                "num_queues": 1,
                "subnet_name": "Secondary_42",
                "subnet_uuid": "05eaa397-d398-4463-8a8a-b582e5628b5a",
                "uuid": "9bb7f61e-c591-4c6f-b868-b0bd4661f9bd"
              }
            ],
            "nic_list_status": [
              {
                "floating_ip": "",
                "ip_endpoint_list": [
                  {
                    "ip": "10.55.42.208",
                    "type": "ASSIGNED"
                  }
                ],
                "is_connected": "true",
                "mac_address": "50:6b:8d:a9:45:e1",
                "model": "",
                "network_function_chain_reference": {},
                "network_function_nic_type": "",
                "nic_type": "NORMAL_NIC",
                "num_queues": 1,
                "subnet_name": "Secondary_42",
                "subnet_uuid": "05eaa397-d398-4463-8a8a-b582e5628b5a",
                "uuid": "9bb7f61e-c591-4c6f-b868-b0bd4661f9bd"
              }
            ],
            "num_sockets": 1,
            "num_vcpus_per_socket": 2,
            "num_vnuma_nodes": 0,
            "nutanix_guest_tools": {},
            "owner_reference": {
              "kind": "user",
              "name": "admin",
              "uuid": "00000000-0000-0000-0000-000000000000"
            },
            "parent_reference": {},
            "power_state": "ON",
            "power_state_mechanism": "HARD",
            "project_reference": {
              "kind": "project",
              "name": "_internal",
              "uuid": "48fbd98e-2217-481a-9f13-3a1c18ed088e"
            },
            "serial_port_list": [],
            "should_fail_on_script_failure": false,
            "state": "COMPLETE",
            "timeouts": null,
            "use_hot_add": true,
            "vga_console_enabled": true
          },
          "sensitive_attributes": [],
          "private": "eyJlMmJmYjczMC1lY2FhLTExZTYtOGY4OC0zNDM2M2JjN2M0YzAiOnsiY3JlYXRlIjozNjAwMDAwMDAwMDAwLCJkZWxldGUiOjM2MDAwMDAwMDAwMDAsInVwZGF0ZSI6MzYwMDAwMDAwMDAwMH0sInNjaGVtYV92ZXJzaW9uIjoiMSJ9",
          "dependencies": [
            "data.nutanix_cluster.cluster",
            "data.nutanix_subnet.subnet"
          ]
        },
        {
          "index_key": 9,
          "schema_version": 1,
          "attributes": {
            "api_version": "3.1",
            "availability_zone_reference": {},
            "boot_device_disk_address": {},
            "boot_device_mac_address": "",
            "boot_device_order_list": [
              "CDROM",
              "DISK",
              "NETWORK"
            ],
            "boot_type": "LEGACY",
            "categories": [],
            "cloud_init_cdrom_uuid": "",
            "cluster_name": "DM3-POC042",
            "cluster_uuid": "00061b19-2e68-cdea-0000-00000001b539",
            "description": "",
            "disk_list": [
              {
                "data_source_reference": {
                  "kind": "image",
                  "uuid": "66d40fe0-fdf0-4ad5-8e4e-e141cc7629ac"
                },
                "device_properties": [
                  {
                    "device_type": "DISK",
                    "disk_address": {
                      "adapter_type": "SCSI",
                      "device_index": "0"
                    }
                  }
                ],
                "disk_size_bytes": 214748364800,
                "disk_size_mib": 204800,
                "storage_config": [
                  {
                    "flash_mode": "",
                    "storage_container_reference": [
                      {
                        "kind": "storage_container",
                        "name": "SelfServiceContainer",
                        "url": "",
                        "uuid": "ba4b8c78-e099-41fc-a1b8-367e31b9973a"
                      }
                    ]
                  }
                ],
                "uuid": "ae0739db-cfaa-4482-b604-b1d2d25ff375",
                "volume_group_reference": {}
              },
              {
                "data_source_reference": {},
                "device_properties": [
                  {
                    "device_type": "DISK",
                    "disk_address": {
                      "adapter_type": "SCSI",
                      "device_index": "1"
                    }
                  }
                ],
                "disk_size_bytes": 10737418240,
                "disk_size_mib": 10240,
                "storage_config": [
                  {
                    "flash_mode": "",
                    "storage_container_reference": [
                      {
                        "kind": "storage_container",
                        "name": "SelfServiceContainer",
                        "url": "",
                        "uuid": "ba4b8c78-e099-41fc-a1b8-367e31b9973a"
                      }
                    ]
                  }
                ],
                "uuid": "f3c177c1-6955-4e31-b467-d07dbf9f9d95",
                "volume_group_reference": {}
              }
            ],
            "enable_cpu_passthrough": false,
            "enable_script_exec": false,
            "gpu_list": [],
            "guest_customization_cloud_init_custom_key_values": {},
            "guest_customization_cloud_init_meta_data": "",
            "guest_customization_cloud_init_user_data": "",
            "guest_customization_is_overridable": false,
            "guest_customization_sysprep": {},
            "guest_customization_sysprep_custom_key_values": {},
            "guest_os_id": "",
            "hardware_clock_timezone": "UTC",
            "host_reference": {
              "kind": "host",
              "name": "10.55.42.25",
              "uuid": "552483d4-bc58-4508-a262-4a64e13534c5"
            },
            "hypervisor_type": null,
            "id": "07809ba1-eb49-47ef-96f2-0265885dc6a3",
            "is_vcpu_hard_pinned": false,
            "machine_type": "PC",
            "memory_size_mib": 4096,
            "metadata": {
              "creation_time": "2024-07-22 13:16:26 +0000 UTC",
              "last_update_time": "2024-07-22 13:16:26 +0000 UTC",
              "name": "",
              "spec_hash": "",
              "spec_version": "0",
              "uuid": "07809ba1-eb49-47ef-96f2-0265885dc6a3"
            },
            "name": "win-9",
            "ngt_credentials": {},
            "ngt_enabled_capability_list": [],
            "nic_list": [
              {
                "ip_endpoint_list": [
                  {
                    "ip": "10.55.42.239",
                    "type": "ASSIGNED"
                  }
                ],
                "is_connected": "true",
                "mac_address": "50:6b:8d:c9:ae:f5",
                "model": "",
                "network_function_chain_reference": {},
                "network_function_nic_type": "",
                "nic_type": "NORMAL_NIC",
                "num_queues": 1,
                "subnet_name": "Secondary_42",
                "subnet_uuid": "05eaa397-d398-4463-8a8a-b582e5628b5a",
                "uuid": "143a08b7-3c95-416b-bc05-882602a079d6"
              }
            ],
            "nic_list_status": [
              {
                "floating_ip": "",
                "ip_endpoint_list": [
                  {
                    "ip": "10.55.42.239",
                    "type": "ASSIGNED"
                  }
                ],
                "is_connected": "true",
                "mac_address": "50:6b:8d:c9:ae:f5",
                "model": "",
                "network_function_chain_reference": {},
                "network_function_nic_type": "",
                "nic_type": "NORMAL_NIC",
                "num_queues": 1,
                "subnet_name": "Secondary_42",
                "subnet_uuid": "05eaa397-d398-4463-8a8a-b582e5628b5a",
                "uuid": "143a08b7-3c95-416b-bc05-882602a079d6"
              }
            ],
            "num_sockets": 1,
            "num_vcpus_per_socket": 2,
            "num_vnuma_nodes": 0,
            "nutanix_guest_tools": {},
            "owner_reference": {
              "kind": "user",
              "name": "admin",
              "uuid": "00000000-0000-0000-0000-000000000000"
            },
            "parent_reference": {},
            "power_state": "ON",
            "power_state_mechanism": "HARD",
            "project_reference": {
              "kind": "project",
              "name": "_internal",
              "uuid": "48fbd98e-2217-481a-9f13-3a1c18ed088e"
            },
            "serial_port_list": [],
            "should_fail_on_script_failure": false,
            "state": "COMPLETE",
            "timeouts": null,
            "use_hot_add": true,
            "vga_console_enabled": true
          },
          "sensitive_attributes": [],
          "private": "eyJlMmJmYjczMC1lY2FhLTExZTYtOGY4OC0zNDM2M2JjN2M0YzAiOnsiY3JlYXRlIjozNjAwMDAwMDAwMDAwLCJkZWxldGUiOjM2MDAwMDAwMDAwMDAsInVwZGF0ZSI6MzYwMDAwMDAwMDAwMH0sInNjaGVtYV92ZXJzaW9uIjoiMSJ9",
          "dependencies": [
            "data.nutanix_cluster.cluster",
            "data.nutanix_subnet.subnet"
          ]
        },
        {
          "index_key": 10,
          "schema_version": 1,
          "attributes": {
            "api_version": "3.1",
            "availability_zone_reference": {},
            "boot_device_disk_address": {},
            "boot_device_mac_address": "",
            "boot_device_order_list": [
              "CDROM",
              "DISK",
              "NETWORK"
            ],
            "boot_type": "LEGACY",
            "categories": [],
            "cloud_init_cdrom_uuid": "",
            "cluster_name": "DM3-POC042",
            "cluster_uuid": "00061b19-2e68-cdea-0000-00000001b539",
            "description": "",
            "disk_list": [
              {
                "data_source_reference": {
                  "kind": "image",
                  "uuid": "66d40fe0-fdf0-4ad5-8e4e-e141cc7629ac"
                },
                "device_properties": [
                  {
                    "device_type": "DISK",
                    "disk_address": {
                      "adapter_type": "SCSI",
                      "device_index": "0"
                    }
                  }
                ],
                "disk_size_bytes": 214748364800,
                "disk_size_mib": 204800,
                "storage_config": [
                  {
                    "flash_mode": "",
                    "storage_container_reference": [
                      {
                        "kind": "storage_container",
                        "name": "SelfServiceContainer",
                        "url": "",
                        "uuid": "ba4b8c78-e099-41fc-a1b8-367e31b9973a"
                      }
                    ]
                  }
                ],
                "uuid": "3e33bcf2-6164-4aa2-9fa5-efe1246b3c19",
                "volume_group_reference": {}
              },
              {
                "data_source_reference": {},
                "device_properties": [
                  {
                    "device_type": "DISK",
                    "disk_address": {
                      "adapter_type": "SCSI",
                      "device_index": "1"
                    }
                  }
                ],
                "disk_size_bytes": 10737418240,
                "disk_size_mib": 10240,
                "storage_config": [
                  {
                    "flash_mode": "",
                    "storage_container_reference": [
                      {
                        "kind": "storage_container",
                        "name": "SelfServiceContainer",
                        "url": "",
                        "uuid": "ba4b8c78-e099-41fc-a1b8-367e31b9973a"
                      }
                    ]
                  }
                ],
                "uuid": "430aaee6-c35b-4a20-8309-9d1161287fe3",
                "volume_group_reference": {}
              }
            ],
            "enable_cpu_passthrough": false,
            "enable_script_exec": false,
            "gpu_list": [],
            "guest_customization_cloud_init_custom_key_values": {},
            "guest_customization_cloud_init_meta_data": "",
            "guest_customization_cloud_init_user_data": "",
            "guest_customization_is_overridable": false,
            "guest_customization_sysprep": {},
            "guest_customization_sysprep_custom_key_values": {},
            "guest_os_id": "",
            "hardware_clock_timezone": "UTC",
            "host_reference": {
              "kind": "host",
              "name": "10.55.42.28",
              "uuid": "ca6ea069-7ea3-4aaa-9d03-ec62d67f1865"
            },
            "hypervisor_type": null,
            "id": "2cd596fd-9705-42da-9a23-9815c4fe62ac",
            "is_vcpu_hard_pinned": false,
            "machine_type": "PC",
            "memory_size_mib": 4096,
            "metadata": {
              "creation_time": "2024-07-22 13:16:54 +0000 UTC",
              "last_update_time": "2024-07-22 13:16:54 +0000 UTC",
              "name": "",
              "spec_hash": "",
              "spec_version": "0",
              "uuid": "2cd596fd-9705-42da-9a23-9815c4fe62ac"
            },
            "name": "win-10",
            "ngt_credentials": {},
            "ngt_enabled_capability_list": [],
            "nic_list": [
              {
                "ip_endpoint_list": [
                  {
                    "ip": "10.55.42.211",
                    "type": "ASSIGNED"
                  }
                ],
                "is_connected": "true",
                "mac_address": "50:6b:8d:ae:bb:9c",
                "model": "",
                "network_function_chain_reference": {},
                "network_function_nic_type": "",
                "nic_type": "NORMAL_NIC",
                "num_queues": 1,
                "subnet_name": "Secondary_42",
                "subnet_uuid": "05eaa397-d398-4463-8a8a-b582e5628b5a",
                "uuid": "1232ac7f-78d8-4847-9a0b-56140161bd70"
              }
            ],
            "nic_list_status": [
              {
                "floating_ip": "",
                "ip_endpoint_list": [
                  {
                    "ip": "10.55.42.211",
                    "type": "ASSIGNED"
                  }
                ],
                "is_connected": "true",
                "mac_address": "50:6b:8d:ae:bb:9c",
                "model": "",
                "network_function_chain_reference": {},
                "network_function_nic_type": "",
                "nic_type": "NORMAL_NIC",
                "num_queues": 1,
                "subnet_name": "Secondary_42",
                "subnet_uuid": "05eaa397-d398-4463-8a8a-b582e5628b5a",
                "uuid": "1232ac7f-78d8-4847-9a0b-56140161bd70"
              }
            ],
            "num_sockets": 1,
            "num_vcpus_per_socket": 2,
            "num_vnuma_nodes": 0,
            "nutanix_guest_tools": {},
            "owner_reference": {
              "kind": "user",
              "name": "admin",
              "uuid": "00000000-0000-0000-0000-000000000000"
            },
            "parent_reference": {},
            "power_state": "ON",
            "power_state_mechanism": "HARD",
            "project_reference": {
              "kind": "project",
              "name": "_internal",
              "uuid": "48fbd98e-2217-481a-9f13-3a1c18ed088e"
            },
            "serial_port_list": [],
            "should_fail_on_script_failure": false,
            "state": "COMPLETE",
            "timeouts": null,
            "use_hot_add": true,
            "vga_console_enabled": true
          },
          "sensitive_attributes": [],
          "private": "eyJlMmJmYjczMC1lY2FhLTExZTYtOGY4OC0zNDM2M2JjN2M0YzAiOnsiY3JlYXRlIjozNjAwMDAwMDAwMDAwLCJkZWxldGUiOjM2MDAwMDAwMDAwMDAsInVwZGF0ZSI6MzYwMDAwMDAwMDAwMH0sInNjaGVtYV92ZXJzaW9uIjoiMSJ9",
          "dependencies": [
            "data.nutanix_cluster.cluster",
            "data.nutanix_subnet.subnet"
          ]
        },
        {
          "index_key": 11,
          "schema_version": 1,
          "attributes": {
            "api_version": "3.1",
            "availability_zone_reference": {},
            "boot_device_disk_address": {},
            "boot_device_mac_address": "",
            "boot_device_order_list": [
              "CDROM",
              "DISK",
              "NETWORK"
            ],
            "boot_type": "LEGACY",
            "categories": [],
            "cloud_init_cdrom_uuid": "",
            "cluster_name": "DM3-POC042",
            "cluster_uuid": "00061b19-2e68-cdea-0000-00000001b539",
            "description": "",
            "disk_list": [
              {
                "data_source_reference": {
                  "kind": "image",
                  "uuid": "66d40fe0-fdf0-4ad5-8e4e-e141cc7629ac"
                },
                "device_properties": [
                  {
                    "device_type": "DISK",
                    "disk_address": {
                      "adapter_type": "SCSI",
                      "device_index": "0"
                    }
                  }
                ],
                "disk_size_bytes": 214748364800,
                "disk_size_mib": 204800,
                "storage_config": [
                  {
                    "flash_mode": "",
                    "storage_container_reference": [
                      {
                        "kind": "storage_container",
                        "name": "SelfServiceContainer",
                        "url": "",
                        "uuid": "ba4b8c78-e099-41fc-a1b8-367e31b9973a"
                      }
                    ]
                  }
                ],
                "uuid": "9b2e219d-60e6-402a-84b8-d516cd07f786",
                "volume_group_reference": {}
              },
              {
                "data_source_reference": {},
                "device_properties": [
                  {
                    "device_type": "DISK",
                    "disk_address": {
                      "adapter_type": "SCSI",
                      "device_index": "1"
                    }
                  }
                ],
                "disk_size_bytes": 10737418240,
                "disk_size_mib": 10240,
                "storage_config": [
                  {
                    "flash_mode": "",
                    "storage_container_reference": [
                      {
                        "kind": "storage_container",
                        "name": "SelfServiceContainer",
                        "url": "",
                        "uuid": "ba4b8c78-e099-41fc-a1b8-367e31b9973a"
                      }
                    ]
                  }
                ],
                "uuid": "0650197c-4c08-4fe6-a10f-703c43f9886f",
                "volume_group_reference": {}
              }
            ],
            "enable_cpu_passthrough": false,
            "enable_script_exec": false,
            "gpu_list": [],
            "guest_customization_cloud_init_custom_key_values": {},
            "guest_customization_cloud_init_meta_data": "",
            "guest_customization_cloud_init_user_data": "",
            "guest_customization_is_overridable": false,
            "guest_customization_sysprep": {},
            "guest_customization_sysprep_custom_key_values": {},
            "guest_os_id": "",
            "hardware_clock_timezone": "UTC",
            "host_reference": {
              "kind": "host",
              "name": "10.55.42.25",
              "uuid": "552483d4-bc58-4508-a262-4a64e13534c5"
            },
            "hypervisor_type": null,
            "id": "e1fe0804-48af-4be7-8600-c86046dc7a7d",
            "is_vcpu_hard_pinned": false,
            "machine_type": "PC",
            "memory_size_mib": 4096,
            "metadata": {
              "creation_time": "2024-07-22 13:17:00 +0000 UTC",
              "last_update_time": "2024-07-22 13:17:00 +0000 UTC",
              "name": "",
              "spec_hash": "",
              "spec_version": "0",
              "uuid": "e1fe0804-48af-4be7-8600-c86046dc7a7d"
            },
            "name": "win-11",
            "ngt_credentials": {},
            "ngt_enabled_capability_list": [],
            "nic_list": [
              {
                "ip_endpoint_list": [
                  {
                    "ip": "10.55.42.190",
                    "type": "ASSIGNED"
                  }
                ],
                "is_connected": "true",
                "mac_address": "50:6b:8d:e2:1f:0d",
                "model": "",
                "network_function_chain_reference": {},
                "network_function_nic_type": "",
                "nic_type": "NORMAL_NIC",
                "num_queues": 1,
                "subnet_name": "Secondary_42",
                "subnet_uuid": "05eaa397-d398-4463-8a8a-b582e5628b5a",
                "uuid": "ad6a34ef-e308-4bc5-acd6-79d48df599ec"
              }
            ],
            "nic_list_status": [
              {
                "floating_ip": "",
                "ip_endpoint_list": [
                  {
                    "ip": "10.55.42.190",
                    "type": "ASSIGNED"
                  }
                ],
                "is_connected": "true",
                "mac_address": "50:6b:8d:e2:1f:0d",
                "model": "",
                "network_function_chain_reference": {},
                "network_function_nic_type": "",
                "nic_type": "NORMAL_NIC",
                "num_queues": 1,
                "subnet_name": "Secondary_42",
                "subnet_uuid": "05eaa397-d398-4463-8a8a-b582e5628b5a",
                "uuid": "ad6a34ef-e308-4bc5-acd6-79d48df599ec"
              }
            ],
            "num_sockets": 1,
            "num_vcpus_per_socket": 2,
            "num_vnuma_nodes": 0,
            "nutanix_guest_tools": {},
            "owner_reference": {
              "kind": "user",
              "name": "admin",
              "uuid": "00000000-0000-0000-0000-000000000000"
            },
            "parent_reference": {},
            "power_state": "ON",
            "power_state_mechanism": "HARD",
            "project_reference": {
              "kind": "project",
              "name": "_internal",
              "uuid": "48fbd98e-2217-481a-9f13-3a1c18ed088e"
            },
            "serial_port_list": [],
            "should_fail_on_script_failure": false,
            "state": "COMPLETE",
            "timeouts": null,
            "use_hot_add": true,
            "vga_console_enabled": true
          },
          "sensitive_attributes": [],
          "private": "eyJlMmJmYjczMC1lY2FhLTExZTYtOGY4OC0zNDM2M2JjN2M0YzAiOnsiY3JlYXRlIjozNjAwMDAwMDAwMDAwLCJkZWxldGUiOjM2MDAwMDAwMDAwMDAsInVwZGF0ZSI6MzYwMDAwMDAwMDAwMH0sInNjaGVtYV92ZXJzaW9uIjoiMSJ9",
          "dependencies": [
            "data.nutanix_cluster.cluster",
            "data.nutanix_subnet.subnet"
          ]
        },
        {
          "index_key": 12,
          "schema_version": 1,
          "attributes": {
            "api_version": "3.1",
            "availability_zone_reference": {},
            "boot_device_disk_address": {},
            "boot_device_mac_address": "",
            "boot_device_order_list": [
              "CDROM",
              "DISK",
              "NETWORK"
            ],
            "boot_type": "LEGACY",
            "categories": [],
            "cloud_init_cdrom_uuid": "",
            "cluster_name": "DM3-POC042",
            "cluster_uuid": "00061b19-2e68-cdea-0000-00000001b539",
            "description": "",
            "disk_list": [
              {
                "data_source_reference": {
                  "kind": "image",
                  "uuid": "66d40fe0-fdf0-4ad5-8e4e-e141cc7629ac"
                },
                "device_properties": [
                  {
                    "device_type": "DISK",
                    "disk_address": {
                      "adapter_type": "SCSI",
                      "device_index": "0"
                    }
                  }
                ],
                "disk_size_bytes": 214748364800,
                "disk_size_mib": 204800,
                "storage_config": [
                  {
                    "flash_mode": "",
                    "storage_container_reference": [
                      {
                        "kind": "storage_container",
                        "name": "SelfServiceContainer",
                        "url": "",
                        "uuid": "ba4b8c78-e099-41fc-a1b8-367e31b9973a"
                      }
                    ]
                  }
                ],
                "uuid": "34321449-02d4-4bde-a1dd-0377ab18b5ff",
                "volume_group_reference": {}
              },
              {
                "data_source_reference": {},
                "device_properties": [
                  {
                    "device_type": "DISK",
                    "disk_address": {
                      "adapter_type": "SCSI",
                      "device_index": "1"
                    }
                  }
                ],
                "disk_size_bytes": 10737418240,
                "disk_size_mib": 10240,
                "storage_config": [
                  {
                    "flash_mode": "",
                    "storage_container_reference": [
                      {
                        "kind": "storage_container",
                        "name": "SelfServiceContainer",
                        "url": "",
                        "uuid": "ba4b8c78-e099-41fc-a1b8-367e31b9973a"
                      }
                    ]
                  }
                ],
                "uuid": "19af91eb-5f66-4257-95ac-80a83143752f",
                "volume_group_reference": {}
              }
            ],
            "enable_cpu_passthrough": false,
            "enable_script_exec": false,
            "gpu_list": [],
            "guest_customization_cloud_init_custom_key_values": {},
            "guest_customization_cloud_init_meta_data": "",
            "guest_customization_cloud_init_user_data": "",
            "guest_customization_is_overridable": false,
            "guest_customization_sysprep": {},
            "guest_customization_sysprep_custom_key_values": {},
            "guest_os_id": "",
            "hardware_clock_timezone": "UTC",
            "host_reference": {
              "kind": "host",
              "name": "10.55.42.25",
              "uuid": "552483d4-bc58-4508-a262-4a64e13534c5"
            },
            "hypervisor_type": null,
            "id": "c80758ab-565e-424e-b1c3-d23f252a5184",
            "is_vcpu_hard_pinned": false,
            "machine_type": "PC",
            "memory_size_mib": 4096,
            "metadata": {
              "creation_time": "2024-07-22 13:17:04 +0000 UTC",
              "last_update_time": "2024-07-22 13:17:04 +0000 UTC",
              "name": "",
              "spec_hash": "",
              "spec_version": "0",
              "uuid": "c80758ab-565e-424e-b1c3-d23f252a5184"
            },
            "name": "win-12",
            "ngt_credentials": {},
            "ngt_enabled_capability_list": [],
            "nic_list": [
              {
                "ip_endpoint_list": [
                  {
                    "ip": "10.55.42.145",
                    "type": "ASSIGNED"
                  }
                ],
                "is_connected": "true",
                "mac_address": "50:6b:8d:bd:8d:20",
                "model": "",
                "network_function_chain_reference": {},
                "network_function_nic_type": "",
                "nic_type": "NORMAL_NIC",
                "num_queues": 1,
                "subnet_name": "Secondary_42",
                "subnet_uuid": "05eaa397-d398-4463-8a8a-b582e5628b5a",
                "uuid": "d8981fba-354e-41ee-ac20-5ea204419fb2"
              }
            ],
            "nic_list_status": [
              {
                "floating_ip": "",
                "ip_endpoint_list": [
                  {
                    "ip": "10.55.42.145",
                    "type": "ASSIGNED"
                  }
                ],
                "is_connected": "true",
                "mac_address": "50:6b:8d:bd:8d:20",
                "model": "",
                "network_function_chain_reference": {},
                "network_function_nic_type": "",
                "nic_type": "NORMAL_NIC",
                "num_queues": 1,
                "subnet_name": "Secondary_42",
                "subnet_uuid": "05eaa397-d398-4463-8a8a-b582e5628b5a",
                "uuid": "d8981fba-354e-41ee-ac20-5ea204419fb2"
              }
            ],
            "num_sockets": 1,
            "num_vcpus_per_socket": 2,
            "num_vnuma_nodes": 0,
            "nutanix_guest_tools": {},
            "owner_reference": {
              "kind": "user",
              "name": "admin",
              "uuid": "00000000-0000-0000-0000-000000000000"
            },
            "parent_reference": {},
            "power_state": "ON",
            "power_state_mechanism": "HARD",
            "project_reference": {
              "kind": "project",
              "name": "_internal",
              "uuid": "48fbd98e-2217-481a-9f13-3a1c18ed088e"
            },
            "serial_port_list": [],
            "should_fail_on_script_failure": false,
            "state": "COMPLETE",
            "timeouts": null,
            "use_hot_add": true,
            "vga_console_enabled": true
          },
          "sensitive_attributes": [],
          "private": "eyJlMmJmYjczMC1lY2FhLTExZTYtOGY4OC0zNDM2M2JjN2M0YzAiOnsiY3JlYXRlIjozNjAwMDAwMDAwMDAwLCJkZWxldGUiOjM2MDAwMDAwMDAwMDAsInVwZGF0ZSI6MzYwMDAwMDAwMDAwMH0sInNjaGVtYV92ZXJzaW9uIjoiMSJ9",
          "dependencies": [
            "data.nutanix_cluster.cluster",
            "data.nutanix_subnet.subnet"
          ]
        },
        {
          "index_key": 13,
          "schema_version": 1,
          "attributes": {
            "api_version": "3.1",
            "availability_zone_reference": {},
            "boot_device_disk_address": {},
            "boot_device_mac_address": "",
            "boot_device_order_list": [
              "CDROM",
              "DISK",
              "NETWORK"
            ],
            "boot_type": "LEGACY",
            "categories": [],
            "cloud_init_cdrom_uuid": "",
            "cluster_name": "DM3-POC042",
            "cluster_uuid": "00061b19-2e68-cdea-0000-00000001b539",
            "description": "",
            "disk_list": [
              {
                "data_source_reference": {
                  "kind": "image",
                  "uuid": "66d40fe0-fdf0-4ad5-8e4e-e141cc7629ac"
                },
                "device_properties": [
                  {
                    "device_type": "DISK",
                    "disk_address": {
                      "adapter_type": "SCSI",
                      "device_index": "0"
                    }
                  }
                ],
                "disk_size_bytes": 214748364800,
                "disk_size_mib": 204800,
                "storage_config": [
                  {
                    "flash_mode": "",
                    "storage_container_reference": [
                      {
                        "kind": "storage_container",
                        "name": "SelfServiceContainer",
                        "url": "",
                        "uuid": "ba4b8c78-e099-41fc-a1b8-367e31b9973a"
                      }
                    ]
                  }
                ],
                "uuid": "62c46bd4-cd26-43f4-93b1-1efc82683721",
                "volume_group_reference": {}
              },
              {
                "data_source_reference": {},
                "device_properties": [
                  {
                    "device_type": "DISK",
                    "disk_address": {
                      "adapter_type": "SCSI",
                      "device_index": "1"
                    }
                  }
                ],
                "disk_size_bytes": 10737418240,
                "disk_size_mib": 10240,
                "storage_config": [
                  {
                    "flash_mode": "",
                    "storage_container_reference": [
                      {
                        "kind": "storage_container",
                        "name": "SelfServiceContainer",
                        "url": "",
                        "uuid": "ba4b8c78-e099-41fc-a1b8-367e31b9973a"
                      }
                    ]
                  }
                ],
                "uuid": "0161e877-aac5-4a64-bb0f-59392efbe4fb",
                "volume_group_reference": {}
              }
            ],
            "enable_cpu_passthrough": false,
            "enable_script_exec": false,
            "gpu_list": [],
            "guest_customization_cloud_init_custom_key_values": {},
            "guest_customization_cloud_init_meta_data": "",
            "guest_customization_cloud_init_user_data": "",
            "guest_customization_is_overridable": false,
            "guest_customization_sysprep": {},
            "guest_customization_sysprep_custom_key_values": {},
            "guest_os_id": "",
            "hardware_clock_timezone": "UTC",
            "host_reference": {
              "kind": "host",
              "name": "10.55.42.28",
              "uuid": "ca6ea069-7ea3-4aaa-9d03-ec62d67f1865"
            },
            "hypervisor_type": null,
            "id": "dad56681-dccc-4bb9-8e77-837bc4e16048",
            "is_vcpu_hard_pinned": false,
            "machine_type": "PC",
            "memory_size_mib": 4096,
            "metadata": {
              "creation_time": "2024-07-22 13:16:54 +0000 UTC",
              "last_update_time": "2024-07-22 13:16:54 +0000 UTC",
              "name": "",
              "spec_hash": "",
              "spec_version": "0",
              "uuid": "dad56681-dccc-4bb9-8e77-837bc4e16048"
            },
            "name": "win-13",
            "ngt_credentials": {},
            "ngt_enabled_capability_list": [],
            "nic_list": [
              {
                "ip_endpoint_list": [
                  {
                    "ip": "10.55.42.159",
                    "type": "ASSIGNED"
                  }
                ],
                "is_connected": "true",
                "mac_address": "50:6b:8d:ce:14:d0",
                "model": "",
                "network_function_chain_reference": {},
                "network_function_nic_type": "",
                "nic_type": "NORMAL_NIC",
                "num_queues": 1,
                "subnet_name": "Secondary_42",
                "subnet_uuid": "05eaa397-d398-4463-8a8a-b582e5628b5a",
                "uuid": "c4bd2e08-b552-4261-aefc-69f2325a5353"
              }
            ],
            "nic_list_status": [
              {
                "floating_ip": "",
                "ip_endpoint_list": [
                  {
                    "ip": "10.55.42.159",
                    "type": "ASSIGNED"
                  }
                ],
                "is_connected": "true",
                "mac_address": "50:6b:8d:ce:14:d0",
                "model": "",
                "network_function_chain_reference": {},
                "network_function_nic_type": "",
                "nic_type": "NORMAL_NIC",
                "num_queues": 1,
                "subnet_name": "Secondary_42",
                "subnet_uuid": "05eaa397-d398-4463-8a8a-b582e5628b5a",
                "uuid": "c4bd2e08-b552-4261-aefc-69f2325a5353"
              }
            ],
            "num_sockets": 1,
            "num_vcpus_per_socket": 2,
            "num_vnuma_nodes": 0,
            "nutanix_guest_tools": {},
            "owner_reference": {
              "kind": "user",
              "name": "admin",
              "uuid": "00000000-0000-0000-0000-000000000000"
            },
            "parent_reference": {},
            "power_state": "ON",
            "power_state_mechanism": "HARD",
            "project_reference": {
              "kind": "project",
              "name": "_internal",
              "uuid": "48fbd98e-2217-481a-9f13-3a1c18ed088e"
            },
            "serial_port_list": [],
            "should_fail_on_script_failure": false,
            "state": "COMPLETE",
            "timeouts": null,
            "use_hot_add": true,
            "vga_console_enabled": true
          },
          "sensitive_attributes": [],
          "private": "eyJlMmJmYjczMC1lY2FhLTExZTYtOGY4OC0zNDM2M2JjN2M0YzAiOnsiY3JlYXRlIjozNjAwMDAwMDAwMDAwLCJkZWxldGUiOjM2MDAwMDAwMDAwMDAsInVwZGF0ZSI6MzYwMDAwMDAwMDAwMH0sInNjaGVtYV92ZXJzaW9uIjoiMSJ9",
          "dependencies": [
            "data.nutanix_cluster.cluster",
            "data.nutanix_subnet.subnet"
          ]
        },
        {
          "index_key": 14,
          "schema_version": 1,
          "attributes": {
            "api_version": "3.1",
            "availability_zone_reference": {},
            "boot_device_disk_address": {},
            "boot_device_mac_address": "",
            "boot_device_order_list": [
              "CDROM",
              "DISK",
              "NETWORK"
            ],
            "boot_type": "LEGACY",
            "categories": [],
            "cloud_init_cdrom_uuid": "",
            "cluster_name": "DM3-POC042",
            "cluster_uuid": "00061b19-2e68-cdea-0000-00000001b539",
            "description": "",
            "disk_list": [
              {
                "data_source_reference": {
                  "kind": "image",
                  "uuid": "66d40fe0-fdf0-4ad5-8e4e-e141cc7629ac"
                },
                "device_properties": [
                  {
                    "device_type": "DISK",
                    "disk_address": {
                      "adapter_type": "SCSI",
                      "device_index": "0"
                    }
                  }
                ],
                "disk_size_bytes": 214748364800,
                "disk_size_mib": 204800,
                "storage_config": [
                  {
                    "flash_mode": "",
                    "storage_container_reference": [
                      {
                        "kind": "storage_container",
                        "name": "SelfServiceContainer",
                        "url": "",
                        "uuid": "ba4b8c78-e099-41fc-a1b8-367e31b9973a"
                      }
                    ]
                  }
                ],
                "uuid": "3a0d0579-0491-4341-90e9-69f7012f4e58",
                "volume_group_reference": {}
              },
              {
                "data_source_reference": {},
                "device_properties": [
                  {
                    "device_type": "DISK",
                    "disk_address": {
                      "adapter_type": "SCSI",
                      "device_index": "1"
                    }
                  }
                ],
                "disk_size_bytes": 10737418240,
                "disk_size_mib": 10240,
                "storage_config": [
                  {
                    "flash_mode": "",
                    "storage_container_reference": [
                      {
                        "kind": "storage_container",
                        "name": "SelfServiceContainer",
                        "url": "",
                        "uuid": "ba4b8c78-e099-41fc-a1b8-367e31b9973a"
                      }
                    ]
                  }
                ],
                "uuid": "97567ba3-bd71-4885-97b1-992f5590b0a3",
                "volume_group_reference": {}
              }
            ],
            "enable_cpu_passthrough": false,
            "enable_script_exec": false,
            "gpu_list": [],
            "guest_customization_cloud_init_custom_key_values": {},
            "guest_customization_cloud_init_meta_data": "",
            "guest_customization_cloud_init_user_data": "",
            "guest_customization_is_overridable": false,
            "guest_customization_sysprep": {},
            "guest_customization_sysprep_custom_key_values": {},
            "guest_os_id": "",
            "hardware_clock_timezone": "UTC",
            "host_reference": {
              "kind": "host",
              "name": "10.55.42.26",
              "uuid": "b7efea22-eb3b-49f1-b6a4-4d37f56f8627"
            },
            "hypervisor_type": null,
            "id": "83c7c43e-8abf-4665-a663-eb77463ef055",
            "is_vcpu_hard_pinned": false,
            "machine_type": "PC",
            "memory_size_mib": 4096,
            "metadata": {
              "creation_time": "2024-07-22 13:16:48 +0000 UTC",
              "last_update_time": "2024-07-22 13:16:48 +0000 UTC",
              "name": "",
              "spec_hash": "",
              "spec_version": "0",
              "uuid": "83c7c43e-8abf-4665-a663-eb77463ef055"
            },
            "name": "win-14",
            "ngt_credentials": {},
            "ngt_enabled_capability_list": [],
            "nic_list": [
              {
                "ip_endpoint_list": [
                  {
                    "ip": "10.55.42.148",
                    "type": "ASSIGNED"
                  }
                ],
                "is_connected": "true",
                "mac_address": "50:6b:8d:d4:06:5d",
                "model": "",
                "network_function_chain_reference": {},
                "network_function_nic_type": "",
                "nic_type": "NORMAL_NIC",
                "num_queues": 1,
                "subnet_name": "Secondary_42",
                "subnet_uuid": "05eaa397-d398-4463-8a8a-b582e5628b5a",
                "uuid": "155e3e33-5f14-413e-bfb9-49e9ce135e98"
              }
            ],
            "nic_list_status": [
              {
                "floating_ip": "",
                "ip_endpoint_list": [
                  {
                    "ip": "10.55.42.148",
                    "type": "ASSIGNED"
                  }
                ],
                "is_connected": "true",
                "mac_address": "50:6b:8d:d4:06:5d",
                "model": "",
                "network_function_chain_reference": {},
                "network_function_nic_type": "",
                "nic_type": "NORMAL_NIC",
                "num_queues": 1,
                "subnet_name": "Secondary_42",
                "subnet_uuid": "05eaa397-d398-4463-8a8a-b582e5628b5a",
                "uuid": "155e3e33-5f14-413e-bfb9-49e9ce135e98"
              }
            ],
            "num_sockets": 1,
            "num_vcpus_per_socket": 2,
            "num_vnuma_nodes": 0,
            "nutanix_guest_tools": {},
            "owner_reference": {
              "kind": "user",
              "name": "admin",
              "uuid": "00000000-0000-0000-0000-000000000000"
            },
            "parent_reference": {},
            "power_state": "ON",
            "power_state_mechanism": "HARD",
            "project_reference": {
              "kind": "project",
              "name": "_internal",
              "uuid": "48fbd98e-2217-481a-9f13-3a1c18ed088e"
            },
            "serial_port_list": [],
            "should_fail_on_script_failure": false,
            "state": "COMPLETE",
            "timeouts": null,
            "use_hot_add": true,
            "vga_console_enabled": true
          },
          "sensitive_attributes": [],
          "private": "eyJlMmJmYjczMC1lY2FhLTExZTYtOGY4OC0zNDM2M2JjN2M0YzAiOnsiY3JlYXRlIjozNjAwMDAwMDAwMDAwLCJkZWxldGUiOjM2MDAwMDAwMDAwMDAsInVwZGF0ZSI6MzYwMDAwMDAwMDAwMH0sInNjaGVtYV92ZXJzaW9uIjoiMSJ9",
          "dependencies": [
            "data.nutanix_cluster.cluster",
            "data.nutanix_subnet.subnet"
          ]
        },
        {
          "index_key": 15,
          "schema_version": 1,
          "attributes": {
            "api_version": "3.1",
            "availability_zone_reference": {},
            "boot_device_disk_address": {},
            "boot_device_mac_address": "",
            "boot_device_order_list": [
              "CDROM",
              "DISK",
              "NETWORK"
            ],
            "boot_type": "LEGACY",
            "categories": [],
            "cloud_init_cdrom_uuid": "",
            "cluster_name": "DM3-POC042",
            "cluster_uuid": "00061b19-2e68-cdea-0000-00000001b539",
            "description": "",
            "disk_list": [
              {
                "data_source_reference": {
                  "kind": "image",
                  "uuid": "66d40fe0-fdf0-4ad5-8e4e-e141cc7629ac"
                },
                "device_properties": [
                  {
                    "device_type": "DISK",
                    "disk_address": {
                      "adapter_type": "SCSI",
                      "device_index": "0"
                    }
                  }
                ],
                "disk_size_bytes": 214748364800,
                "disk_size_mib": 204800,
                "storage_config": [
                  {
                    "flash_mode": "",
                    "storage_container_reference": [
                      {
                        "kind": "storage_container",
                        "name": "SelfServiceContainer",
                        "url": "",
                        "uuid": "ba4b8c78-e099-41fc-a1b8-367e31b9973a"
                      }
                    ]
                  }
                ],
                "uuid": "902cf49d-336c-4b35-b0fe-282b780b714d",
                "volume_group_reference": {}
              },
              {
                "data_source_reference": {},
                "device_properties": [
                  {
                    "device_type": "DISK",
                    "disk_address": {
                      "adapter_type": "SCSI",
                      "device_index": "1"
                    }
                  }
                ],
                "disk_size_bytes": 10737418240,
                "disk_size_mib": 10240,
                "storage_config": [
                  {
                    "flash_mode": "",
                    "storage_container_reference": [
                      {
                        "kind": "storage_container",
                        "name": "SelfServiceContainer",
                        "url": "",
                        "uuid": "ba4b8c78-e099-41fc-a1b8-367e31b9973a"
                      }
                    ]
                  }
                ],
                "uuid": "51a1d4bc-1dfc-47c8-9d9a-98b0bccfcfdb",
                "volume_group_reference": {}
              }
            ],
            "enable_cpu_passthrough": false,
            "enable_script_exec": false,
            "gpu_list": [],
            "guest_customization_cloud_init_custom_key_values": {},
            "guest_customization_cloud_init_meta_data": "",
            "guest_customization_cloud_init_user_data": "",
            "guest_customization_is_overridable": false,
            "guest_customization_sysprep": {},
            "guest_customization_sysprep_custom_key_values": {},
            "guest_os_id": "",
            "hardware_clock_timezone": "UTC",
            "host_reference": {
              "kind": "host",
              "name": "10.55.42.26",
              "uuid": "b7efea22-eb3b-49f1-b6a4-4d37f56f8627"
            },
            "hypervisor_type": null,
            "id": "0d86316c-98dc-4c26-bab5-91c0f7d6c99e",
            "is_vcpu_hard_pinned": false,
            "machine_type": "PC",
            "memory_size_mib": 4096,
            "metadata": {
              "creation_time": "2024-07-22 13:16:30 +0000 UTC",
              "last_update_time": "2024-07-22 13:16:30 +0000 UTC",
              "name": "",
              "spec_hash": "",
              "spec_version": "0",
              "uuid": "0d86316c-98dc-4c26-bab5-91c0f7d6c99e"
            },
            "name": "win-15",
            "ngt_credentials": {},
            "ngt_enabled_capability_list": [],
            "nic_list": [
              {
                "ip_endpoint_list": [
                  {
                    "ip": "10.55.42.225",
                    "type": "ASSIGNED"
                  }
                ],
                "is_connected": "true",
                "mac_address": "50:6b:8d:a5:00:7a",
                "model": "",
                "network_function_chain_reference": {},
                "network_function_nic_type": "",
                "nic_type": "NORMAL_NIC",
                "num_queues": 1,
                "subnet_name": "Secondary_42",
                "subnet_uuid": "05eaa397-d398-4463-8a8a-b582e5628b5a",
                "uuid": "ca7f811f-e286-471d-9801-89528cba035e"
              }
            ],
            "nic_list_status": [
              {
                "floating_ip": "",
                "ip_endpoint_list": [
                  {
                    "ip": "10.55.42.225",
                    "type": "ASSIGNED"
                  }
                ],
                "is_connected": "true",
                "mac_address": "50:6b:8d:a5:00:7a",
                "model": "",
                "network_function_chain_reference": {},
                "network_function_nic_type": "",
                "nic_type": "NORMAL_NIC",
                "num_queues": 1,
                "subnet_name": "Secondary_42",
                "subnet_uuid": "05eaa397-d398-4463-8a8a-b582e5628b5a",
                "uuid": "ca7f811f-e286-471d-9801-89528cba035e"
              }
            ],
            "num_sockets": 1,
            "num_vcpus_per_socket": 2,
            "num_vnuma_nodes": 0,
            "nutanix_guest_tools": {},
            "owner_reference": {
              "kind": "user",
              "name": "admin",
              "uuid": "00000000-0000-0000-0000-000000000000"
            },
            "parent_reference": {},
            "power_state": "ON",
            "power_state_mechanism": "HARD",
            "project_reference": {
              "kind": "project",
              "name": "_internal",
              "uuid": "48fbd98e-2217-481a-9f13-3a1c18ed088e"
            },
            "serial_port_list": [],
            "should_fail_on_script_failure": false,
            "state": "COMPLETE",
            "timeouts": null,
            "use_hot_add": true,
            "vga_console_enabled": true
          },
          "sensitive_attributes": [],
          "private": "eyJlMmJmYjczMC1lY2FhLTExZTYtOGY4OC0zNDM2M2JjN2M0YzAiOnsiY3JlYXRlIjozNjAwMDAwMDAwMDAwLCJkZWxldGUiOjM2MDAwMDAwMDAwMDAsInVwZGF0ZSI6MzYwMDAwMDAwMDAwMH0sInNjaGVtYV92ZXJzaW9uIjoiMSJ9",
          "dependencies": [
            "data.nutanix_cluster.cluster",
            "data.nutanix_subnet.subnet"
          ]
        },
        {
          "index_key": 16,
          "schema_version": 1,
          "attributes": {
            "api_version": "3.1",
            "availability_zone_reference": {},
            "boot_device_disk_address": {},
            "boot_device_mac_address": "",
            "boot_device_order_list": [
              "CDROM",
              "DISK",
              "NETWORK"
            ],
            "boot_type": "LEGACY",
            "categories": [],
            "cloud_init_cdrom_uuid": "",
            "cluster_name": "DM3-POC042",
            "cluster_uuid": "00061b19-2e68-cdea-0000-00000001b539",
            "description": "",
            "disk_list": [
              {
                "data_source_reference": {
                  "kind": "image",
                  "uuid": "66d40fe0-fdf0-4ad5-8e4e-e141cc7629ac"
                },
                "device_properties": [
                  {
                    "device_type": "DISK",
                    "disk_address": {
                      "adapter_type": "SCSI",
                      "device_index": "0"
                    }
                  }
                ],
                "disk_size_bytes": 214748364800,
                "disk_size_mib": 204800,
                "storage_config": [
                  {
                    "flash_mode": "",
                    "storage_container_reference": [
                      {
                        "kind": "storage_container",
                        "name": "SelfServiceContainer",
                        "url": "",
                        "uuid": "ba4b8c78-e099-41fc-a1b8-367e31b9973a"
                      }
                    ]
                  }
                ],
                "uuid": "471f6833-4809-416c-8ebd-d22f35fb1197",
                "volume_group_reference": {}
              },
              {
                "data_source_reference": {},
                "device_properties": [
                  {
                    "device_type": "DISK",
                    "disk_address": {
                      "adapter_type": "SCSI",
                      "device_index": "1"
                    }
                  }
                ],
                "disk_size_bytes": 10737418240,
                "disk_size_mib": 10240,
                "storage_config": [
                  {
                    "flash_mode": "",
                    "storage_container_reference": [
                      {
                        "kind": "storage_container",
                        "name": "SelfServiceContainer",
                        "url": "",
                        "uuid": "ba4b8c78-e099-41fc-a1b8-367e31b9973a"
                      }
                    ]
                  }
                ],
                "uuid": "3a0e470a-fa2f-4bec-9356-826d0aaa9705",
                "volume_group_reference": {}
              }
            ],
            "enable_cpu_passthrough": false,
            "enable_script_exec": false,
            "gpu_list": [],
            "guest_customization_cloud_init_custom_key_values": {},
            "guest_customization_cloud_init_meta_data": "",
            "guest_customization_cloud_init_user_data": "",
            "guest_customization_is_overridable": false,
            "guest_customization_sysprep": {},
            "guest_customization_sysprep_custom_key_values": {},
            "guest_os_id": "",
            "hardware_clock_timezone": "UTC",
            "host_reference": {
              "kind": "host",
              "name": "10.55.42.27",
              "uuid": "c9d70073-f27c-42c3-ba19-94f8cc93fe2f"
            },
            "hypervisor_type": null,
            "id": "33bb2acf-0535-491e-b3e8-9aa85a7b2898",
            "is_vcpu_hard_pinned": false,
            "machine_type": "PC",
            "memory_size_mib": 4096,
            "metadata": {
              "creation_time": "2024-07-22 13:16:27 +0000 UTC",
              "last_update_time": "2024-07-22 13:16:27 +0000 UTC",
              "name": "",
              "spec_hash": "",
              "spec_version": "0",
              "uuid": "33bb2acf-0535-491e-b3e8-9aa85a7b2898"
            },
            "name": "win-16",
            "ngt_credentials": {},
            "ngt_enabled_capability_list": [],
            "nic_list": [
              {
                "ip_endpoint_list": [
                  {
                    "ip": "10.55.42.231",
                    "type": "ASSIGNED"
                  }
                ],
                "is_connected": "true",
                "mac_address": "50:6b:8d:8e:ac:c2",
                "model": "",
                "network_function_chain_reference": {},
                "network_function_nic_type": "",
                "nic_type": "NORMAL_NIC",
                "num_queues": 1,
                "subnet_name": "Secondary_42",
                "subnet_uuid": "05eaa397-d398-4463-8a8a-b582e5628b5a",
                "uuid": "c09e9ea6-5a3d-4cb8-afa2-c429fc411096"
              }
            ],
            "nic_list_status": [
              {
                "floating_ip": "",
                "ip_endpoint_list": [
                  {
                    "ip": "10.55.42.231",
                    "type": "ASSIGNED"
                  }
                ],
                "is_connected": "true",
                "mac_address": "50:6b:8d:8e:ac:c2",
                "model": "",
                "network_function_chain_reference": {},
                "network_function_nic_type": "",
                "nic_type": "NORMAL_NIC",
                "num_queues": 1,
                "subnet_name": "Secondary_42",
                "subnet_uuid": "05eaa397-d398-4463-8a8a-b582e5628b5a",
                "uuid": "c09e9ea6-5a3d-4cb8-afa2-c429fc411096"
              }
            ],
            "num_sockets": 1,
            "num_vcpus_per_socket": 2,
            "num_vnuma_nodes": 0,
            "nutanix_guest_tools": {},
            "owner_reference": {
              "kind": "user",
              "name": "admin",
              "uuid": "00000000-0000-0000-0000-000000000000"
            },
            "parent_reference": {},
            "power_state": "ON",
            "power_state_mechanism": "HARD",
            "project_reference": {
              "kind": "project",
              "name": "_internal",
              "uuid": "48fbd98e-2217-481a-9f13-3a1c18ed088e"
            },
            "serial_port_list": [],
            "should_fail_on_script_failure": false,
            "state": "COMPLETE",
            "timeouts": null,
            "use_hot_add": true,
            "vga_console_enabled": true
          },
          "sensitive_attributes": [],
          "private": "eyJlMmJmYjczMC1lY2FhLTExZTYtOGY4OC0zNDM2M2JjN2M0YzAiOnsiY3JlYXRlIjozNjAwMDAwMDAwMDAwLCJkZWxldGUiOjM2MDAwMDAwMDAwMDAsInVwZGF0ZSI6MzYwMDAwMDAwMDAwMH0sInNjaGVtYV92ZXJzaW9uIjoiMSJ9",
          "dependencies": [
            "data.nutanix_cluster.cluster",
            "data.nutanix_subnet.subnet"
          ]
        },
        {
          "index_key": 17,
          "schema_version": 1,
          "attributes": {
            "api_version": "3.1",
            "availability_zone_reference": {},
            "boot_device_disk_address": {},
            "boot_device_mac_address": "",
            "boot_device_order_list": [
              "CDROM",
              "DISK",
              "NETWORK"
            ],
            "boot_type": "LEGACY",
            "categories": [],
            "cloud_init_cdrom_uuid": "",
            "cluster_name": "DM3-POC042",
            "cluster_uuid": "00061b19-2e68-cdea-0000-00000001b539",
            "description": "",
            "disk_list": [
              {
                "data_source_reference": {
                  "kind": "image",
                  "uuid": "66d40fe0-fdf0-4ad5-8e4e-e141cc7629ac"
                },
                "device_properties": [
                  {
                    "device_type": "DISK",
                    "disk_address": {
                      "adapter_type": "SCSI",
                      "device_index": "0"
                    }
                  }
                ],
                "disk_size_bytes": 214748364800,
                "disk_size_mib": 204800,
                "storage_config": [
                  {
                    "flash_mode": "",
                    "storage_container_reference": [
                      {
                        "kind": "storage_container",
                        "name": "SelfServiceContainer",
                        "url": "",
                        "uuid": "ba4b8c78-e099-41fc-a1b8-367e31b9973a"
                      }
                    ]
                  }
                ],
                "uuid": "232a87ae-3017-48cb-b28b-3e5792a7f1c7",
                "volume_group_reference": {}
              },
              {
                "data_source_reference": {},
                "device_properties": [
                  {
                    "device_type": "DISK",
                    "disk_address": {
                      "adapter_type": "SCSI",
                      "device_index": "1"
                    }
                  }
                ],
                "disk_size_bytes": 10737418240,
                "disk_size_mib": 10240,
                "storage_config": [
                  {
                    "flash_mode": "",
                    "storage_container_reference": [
                      {
                        "kind": "storage_container",
                        "name": "SelfServiceContainer",
                        "url": "",
                        "uuid": "ba4b8c78-e099-41fc-a1b8-367e31b9973a"
                      }
                    ]
                  }
                ],
                "uuid": "c5d205da-d459-4536-8cd3-d2ab5343a9af",
                "volume_group_reference": {}
              }
            ],
            "enable_cpu_passthrough": false,
            "enable_script_exec": false,
            "gpu_list": [],
            "guest_customization_cloud_init_custom_key_values": {},
            "guest_customization_cloud_init_meta_data": "",
            "guest_customization_cloud_init_user_data": "",
            "guest_customization_is_overridable": false,
            "guest_customization_sysprep": {},
            "guest_customization_sysprep_custom_key_values": {},
            "guest_os_id": "",
            "hardware_clock_timezone": "UTC",
            "host_reference": {
              "kind": "host",
              "name": "10.55.42.25",
              "uuid": "552483d4-bc58-4508-a262-4a64e13534c5"
            },
            "hypervisor_type": null,
            "id": "d2b35f2b-ce95-45c1-9af6-c43212f7f254",
            "is_vcpu_hard_pinned": false,
            "machine_type": "PC",
            "memory_size_mib": 4096,
            "metadata": {
              "creation_time": "2024-07-22 13:17:36 +0000 UTC",
              "last_update_time": "2024-07-22 13:17:36 +0000 UTC",
              "name": "",
              "spec_hash": "",
              "spec_version": "0",
              "uuid": "d2b35f2b-ce95-45c1-9af6-c43212f7f254"
            },
            "name": "win-17",
            "ngt_credentials": {},
            "ngt_enabled_capability_list": [],
            "nic_list": [
              {
                "ip_endpoint_list": [
                  {
                    "ip": "10.55.42.181",
                    "type": "ASSIGNED"
                  }
                ],
                "is_connected": "true",
                "mac_address": "50:6b:8d:f8:83:b8",
                "model": "",
                "network_function_chain_reference": {},
                "network_function_nic_type": "",
                "nic_type": "NORMAL_NIC",
                "num_queues": 1,
                "subnet_name": "Secondary_42",
                "subnet_uuid": "05eaa397-d398-4463-8a8a-b582e5628b5a",
                "uuid": "88a52d35-8dff-40a3-8dda-f831a028205b"
              }
            ],
            "nic_list_status": [
              {
                "floating_ip": "",
                "ip_endpoint_list": [
                  {
                    "ip": "10.55.42.181",
                    "type": "ASSIGNED"
                  }
                ],
                "is_connected": "true",
                "mac_address": "50:6b:8d:f8:83:b8",
                "model": "",
                "network_function_chain_reference": {},
                "network_function_nic_type": "",
                "nic_type": "NORMAL_NIC",
                "num_queues": 1,
                "subnet_name": "Secondary_42",
                "subnet_uuid": "05eaa397-d398-4463-8a8a-b582e5628b5a",
                "uuid": "88a52d35-8dff-40a3-8dda-f831a028205b"
              }
            ],
            "num_sockets": 1,
            "num_vcpus_per_socket": 2,
            "num_vnuma_nodes": 0,
            "nutanix_guest_tools": {},
            "owner_reference": {
              "kind": "user",
              "name": "admin",
              "uuid": "00000000-0000-0000-0000-000000000000"
            },
            "parent_reference": {},
            "power_state": "ON",
            "power_state_mechanism": "HARD",
            "project_reference": {
              "kind": "project",
              "name": "_internal",
              "uuid": "48fbd98e-2217-481a-9f13-3a1c18ed088e"
            },
            "serial_port_list": [],
            "should_fail_on_script_failure": false,
            "state": "COMPLETE",
            "timeouts": null,
            "use_hot_add": true,
            "vga_console_enabled": true
          },
          "sensitive_attributes": [],
          "private": "eyJlMmJmYjczMC1lY2FhLTExZTYtOGY4OC0zNDM2M2JjN2M0YzAiOnsiY3JlYXRlIjozNjAwMDAwMDAwMDAwLCJkZWxldGUiOjM2MDAwMDAwMDAwMDAsInVwZGF0ZSI6MzYwMDAwMDAwMDAwMH0sInNjaGVtYV92ZXJzaW9uIjoiMSJ9",
          "dependencies": [
            "data.nutanix_cluster.cluster",
            "data.nutanix_subnet.subnet"
          ]
        },
        {
          "index_key": 18,
          "schema_version": 1,
          "attributes": {
            "api_version": "3.1",
            "availability_zone_reference": {},
            "boot_device_disk_address": {},
            "boot_device_mac_address": "",
            "boot_device_order_list": [
              "CDROM",
              "DISK",
              "NETWORK"
            ],
            "boot_type": "LEGACY",
            "categories": [],
            "cloud_init_cdrom_uuid": "",
            "cluster_name": "DM3-POC042",
            "cluster_uuid": "00061b19-2e68-cdea-0000-00000001b539",
            "description": "",
            "disk_list": [
              {
                "data_source_reference": {
                  "kind": "image",
                  "uuid": "66d40fe0-fdf0-4ad5-8e4e-e141cc7629ac"
                },
                "device_properties": [
                  {
                    "device_type": "DISK",
                    "disk_address": {
                      "adapter_type": "SCSI",
                      "device_index": "0"
                    }
                  }
                ],
                "disk_size_bytes": 214748364800,
                "disk_size_mib": 204800,
                "storage_config": [
                  {
                    "flash_mode": "",
                    "storage_container_reference": [
                      {
                        "kind": "storage_container",
                        "name": "SelfServiceContainer",
                        "url": "",
                        "uuid": "ba4b8c78-e099-41fc-a1b8-367e31b9973a"
                      }
                    ]
                  }
                ],
                "uuid": "2dcbed44-c535-4c88-a82e-8f838d41bf88",
                "volume_group_reference": {}
              },
              {
                "data_source_reference": {},
                "device_properties": [
                  {
                    "device_type": "DISK",
                    "disk_address": {
                      "adapter_type": "SCSI",
                      "device_index": "1"
                    }
                  }
                ],
                "disk_size_bytes": 10737418240,
                "disk_size_mib": 10240,
                "storage_config": [
                  {
                    "flash_mode": "",
                    "storage_container_reference": [
                      {
                        "kind": "storage_container",
                        "name": "SelfServiceContainer",
                        "url": "",
                        "uuid": "ba4b8c78-e099-41fc-a1b8-367e31b9973a"
                      }
                    ]
                  }
                ],
                "uuid": "272c6650-7935-4018-a132-2139afc66506",
                "volume_group_reference": {}
              }
            ],
            "enable_cpu_passthrough": false,
            "enable_script_exec": false,
            "gpu_list": [],
            "guest_customization_cloud_init_custom_key_values": {},
            "guest_customization_cloud_init_meta_data": "",
            "guest_customization_cloud_init_user_data": "",
            "guest_customization_is_overridable": false,
            "guest_customization_sysprep": {},
            "guest_customization_sysprep_custom_key_values": {},
            "guest_os_id": "",
            "hardware_clock_timezone": "UTC",
            "host_reference": {
              "kind": "host",
              "name": "10.55.42.26",
              "uuid": "b7efea22-eb3b-49f1-b6a4-4d37f56f8627"
            },
            "hypervisor_type": null,
            "id": "48eb54d9-ed50-4b78-84ac-ba2818aa06d5",
            "is_vcpu_hard_pinned": false,
            "machine_type": "PC",
            "memory_size_mib": 4096,
            "metadata": {
              "creation_time": "2024-07-22 13:16:29 +0000 UTC",
              "last_update_time": "2024-07-22 13:16:29 +0000 UTC",
              "name": "",
              "spec_hash": "",
              "spec_version": "0",
              "uuid": "48eb54d9-ed50-4b78-84ac-ba2818aa06d5"
            },
            "name": "win-18",
            "ngt_credentials": {},
            "ngt_enabled_capability_list": [],
            "nic_list": [
              {
                "ip_endpoint_list": [
                  {
                    "ip": "10.55.42.227",
                    "type": "ASSIGNED"
                  }
                ],
                "is_connected": "true",
                "mac_address": "50:6b:8d:ea:d6:1e",
                "model": "",
                "network_function_chain_reference": {},
                "network_function_nic_type": "",
                "nic_type": "NORMAL_NIC",
                "num_queues": 1,
                "subnet_name": "Secondary_42",
                "subnet_uuid": "05eaa397-d398-4463-8a8a-b582e5628b5a",
                "uuid": "d820f100-b202-4af4-9eed-3f7a67e56f41"
              }
            ],
            "nic_list_status": [
              {
                "floating_ip": "",
                "ip_endpoint_list": [
                  {
                    "ip": "10.55.42.227",
                    "type": "ASSIGNED"
                  }
                ],
                "is_connected": "true",
                "mac_address": "50:6b:8d:ea:d6:1e",
                "model": "",
                "network_function_chain_reference": {},
                "network_function_nic_type": "",
                "nic_type": "NORMAL_NIC",
                "num_queues": 1,
                "subnet_name": "Secondary_42",
                "subnet_uuid": "05eaa397-d398-4463-8a8a-b582e5628b5a",
                "uuid": "d820f100-b202-4af4-9eed-3f7a67e56f41"
              }
            ],
            "num_sockets": 1,
            "num_vcpus_per_socket": 2,
            "num_vnuma_nodes": 0,
            "nutanix_guest_tools": {},
            "owner_reference": {
              "kind": "user",
              "name": "admin",
              "uuid": "00000000-0000-0000-0000-000000000000"
            },
            "parent_reference": {},
            "power_state": "ON",
            "power_state_mechanism": "HARD",
            "project_reference": {
              "kind": "project",
              "name": "_internal",
              "uuid": "48fbd98e-2217-481a-9f13-3a1c18ed088e"
            },
            "serial_port_list": [],
            "should_fail_on_script_failure": false,
            "state": "COMPLETE",
            "timeouts": null,
            "use_hot_add": true,
            "vga_console_enabled": true
          },
          "sensitive_attributes": [],
          "private": "eyJlMmJmYjczMC1lY2FhLTExZTYtOGY4OC0zNDM2M2JjN2M0YzAiOnsiY3JlYXRlIjozNjAwMDAwMDAwMDAwLCJkZWxldGUiOjM2MDAwMDAwMDAwMDAsInVwZGF0ZSI6MzYwMDAwMDAwMDAwMH0sInNjaGVtYV92ZXJzaW9uIjoiMSJ9",
          "dependencies": [
            "data.nutanix_cluster.cluster",
            "data.nutanix_subnet.subnet"
          ]
        },
        {
          "index_key": 19,
          "schema_version": 1,
          "attributes": {
            "api_version": "3.1",
            "availability_zone_reference": {},
            "boot_device_disk_address": {},
            "boot_device_mac_address": "",
            "boot_device_order_list": [
              "CDROM",
              "DISK",
              "NETWORK"
            ],
            "boot_type": "LEGACY",
            "categories": [],
            "cloud_init_cdrom_uuid": "",
            "cluster_name": "DM3-POC042",
            "cluster_uuid": "00061b19-2e68-cdea-0000-00000001b539",
            "description": "",
            "disk_list": [
              {
                "data_source_reference": {
                  "kind": "image",
                  "uuid": "66d40fe0-fdf0-4ad5-8e4e-e141cc7629ac"
                },
                "device_properties": [
                  {
                    "device_type": "DISK",
                    "disk_address": {
                      "adapter_type": "SCSI",
                      "device_index": "0"
                    }
                  }
                ],
                "disk_size_bytes": 214748364800,
                "disk_size_mib": 204800,
                "storage_config": [
                  {
                    "flash_mode": "",
                    "storage_container_reference": [
                      {
                        "kind": "storage_container",
                        "name": "SelfServiceContainer",
                        "url": "",
                        "uuid": "ba4b8c78-e099-41fc-a1b8-367e31b9973a"
                      }
                    ]
                  }
                ],
                "uuid": "59aa00b6-ec21-497d-b35c-79434729b9c6",
                "volume_group_reference": {}
              },
              {
                "data_source_reference": {},
                "device_properties": [
                  {
                    "device_type": "DISK",
                    "disk_address": {
                      "adapter_type": "SCSI",
                      "device_index": "1"
                    }
                  }
                ],
                "disk_size_bytes": 10737418240,
                "disk_size_mib": 10240,
                "storage_config": [
                  {
                    "flash_mode": "",
                    "storage_container_reference": [
                      {
                        "kind": "storage_container",
                        "name": "SelfServiceContainer",
                        "url": "",
                        "uuid": "ba4b8c78-e099-41fc-a1b8-367e31b9973a"
                      }
                    ]
                  }
                ],
                "uuid": "4614ecf6-659d-4d13-9c3d-8a3bec9aa516",
                "volume_group_reference": {}
              }
            ],
            "enable_cpu_passthrough": false,
            "enable_script_exec": false,
            "gpu_list": [],
            "guest_customization_cloud_init_custom_key_values": {},
            "guest_customization_cloud_init_meta_data": "",
            "guest_customization_cloud_init_user_data": "",
            "guest_customization_is_overridable": false,
            "guest_customization_sysprep": {},
            "guest_customization_sysprep_custom_key_values": {},
            "guest_os_id": "",
            "hardware_clock_timezone": "UTC",
            "host_reference": {
              "kind": "host",
              "name": "10.55.42.28",
              "uuid": "ca6ea069-7ea3-4aaa-9d03-ec62d67f1865"
            },
            "hypervisor_type": null,
            "id": "90904352-3f7f-4336-bfd9-1a2996ea5ac6",
            "is_vcpu_hard_pinned": false,
            "machine_type": "PC",
            "memory_size_mib": 4096,
            "metadata": {
              "creation_time": "2024-07-22 13:17:03 +0000 UTC",
              "last_update_time": "2024-07-22 13:17:03 +0000 UTC",
              "name": "",
              "spec_hash": "",
              "spec_version": "0",
              "uuid": "90904352-3f7f-4336-bfd9-1a2996ea5ac6"
            },
            "name": "win-19",
            "ngt_credentials": {},
            "ngt_enabled_capability_list": [],
            "nic_list": [
              {
                "ip_endpoint_list": [
                  {
                    "ip": "10.55.42.218",
                    "type": "ASSIGNED"
                  }
                ],
                "is_connected": "true",
                "mac_address": "50:6b:8d:d0:0c:4e",
                "model": "",
                "network_function_chain_reference": {},
                "network_function_nic_type": "",
                "nic_type": "NORMAL_NIC",
                "num_queues": 1,
                "subnet_name": "Secondary_42",
                "subnet_uuid": "05eaa397-d398-4463-8a8a-b582e5628b5a",
                "uuid": "04a8d32c-f8b7-4cdf-b34e-cedb80bd21cf"
              }
            ],
            "nic_list_status": [
              {
                "floating_ip": "",
                "ip_endpoint_list": [
                  {
                    "ip": "10.55.42.218",
                    "type": "ASSIGNED"
                  }
                ],
                "is_connected": "true",
                "mac_address": "50:6b:8d:d0:0c:4e",
                "model": "",
                "network_function_chain_reference": {},
                "network_function_nic_type": "",
                "nic_type": "NORMAL_NIC",
                "num_queues": 1,
                "subnet_name": "Secondary_42",
                "subnet_uuid": "05eaa397-d398-4463-8a8a-b582e5628b5a",
                "uuid": "04a8d32c-f8b7-4cdf-b34e-cedb80bd21cf"
              }
            ],
            "num_sockets": 1,
            "num_vcpus_per_socket": 2,
            "num_vnuma_nodes": 0,
            "nutanix_guest_tools": {},
            "owner_reference": {
              "kind": "user",
              "name": "admin",
              "uuid": "00000000-0000-0000-0000-000000000000"
            },
            "parent_reference": {},
            "power_state": "ON",
            "power_state_mechanism": "HARD",
            "project_reference": {
              "kind": "project",
              "name": "_internal",
              "uuid": "48fbd98e-2217-481a-9f13-3a1c18ed088e"
            },
            "serial_port_list": [],
            "should_fail_on_script_failure": false,
            "state": "COMPLETE",
            "timeouts": null,
            "use_hot_add": true,
            "vga_console_enabled": true
          },
          "sensitive_attributes": [],
          "private": "eyJlMmJmYjczMC1lY2FhLTExZTYtOGY4OC0zNDM2M2JjN2M0YzAiOnsiY3JlYXRlIjozNjAwMDAwMDAwMDAwLCJkZWxldGUiOjM2MDAwMDAwMDAwMDAsInVwZGF0ZSI6MzYwMDAwMDAwMDAwMH0sInNjaGVtYV92ZXJzaW9uIjoiMSJ9",
          "dependencies": [
            "data.nutanix_cluster.cluster",
            "data.nutanix_subnet.subnet"
          ]
        },
        {
          "index_key": 20,
          "schema_version": 1,
          "attributes": {
            "api_version": "3.1",
            "availability_zone_reference": {},
            "boot_device_disk_address": {},
            "boot_device_mac_address": "",
            "boot_device_order_list": [
              "CDROM",
              "DISK",
              "NETWORK"
            ],
            "boot_type": "LEGACY",
            "categories": [],
            "cloud_init_cdrom_uuid": "",
            "cluster_name": "DM3-POC042",
            "cluster_uuid": "00061b19-2e68-cdea-0000-00000001b539",
            "description": "",
            "disk_list": [
              {
                "data_source_reference": {
                  "kind": "image",
                  "uuid": "66d40fe0-fdf0-4ad5-8e4e-e141cc7629ac"
                },
                "device_properties": [
                  {
                    "device_type": "DISK",
                    "disk_address": {
                      "adapter_type": "SCSI",
                      "device_index": "0"
                    }
                  }
                ],
                "disk_size_bytes": 214748364800,
                "disk_size_mib": 204800,
                "storage_config": [
                  {
                    "flash_mode": "",
                    "storage_container_reference": [
                      {
                        "kind": "storage_container",
                        "name": "SelfServiceContainer",
                        "url": "",
                        "uuid": "ba4b8c78-e099-41fc-a1b8-367e31b9973a"
                      }
                    ]
                  }
                ],
                "uuid": "6b9def26-6bf2-4fff-8b19-110130acc114",
                "volume_group_reference": {}
              },
              {
                "data_source_reference": {},
                "device_properties": [
                  {
                    "device_type": "DISK",
                    "disk_address": {
                      "adapter_type": "SCSI",
                      "device_index": "1"
                    }
                  }
                ],
                "disk_size_bytes": 10737418240,
                "disk_size_mib": 10240,
                "storage_config": [
                  {
                    "flash_mode": "",
                    "storage_container_reference": [
                      {
                        "kind": "storage_container",
                        "name": "SelfServiceContainer",
                        "url": "",
                        "uuid": "ba4b8c78-e099-41fc-a1b8-367e31b9973a"
                      }
                    ]
                  }
                ],
                "uuid": "aa153ac5-aef7-43cf-b8b9-b644987c36e5",
                "volume_group_reference": {}
              }
            ],
            "enable_cpu_passthrough": false,
            "enable_script_exec": false,
            "gpu_list": [],
            "guest_customization_cloud_init_custom_key_values": {},
            "guest_customization_cloud_init_meta_data": "",
            "guest_customization_cloud_init_user_data": "",
            "guest_customization_is_overridable": false,
            "guest_customization_sysprep": {},
            "guest_customization_sysprep_custom_key_values": {},
            "guest_os_id": "",
            "hardware_clock_timezone": "UTC",
            "host_reference": {
              "kind": "host",
              "name": "10.55.42.26",
              "uuid": "b7efea22-eb3b-49f1-b6a4-4d37f56f8627"
            },
            "hypervisor_type": null,
            "id": "7d9634b3-d762-415d-9089-fb0a0f58f4f8",
            "is_vcpu_hard_pinned": false,
            "machine_type": "PC",
            "memory_size_mib": 4096,
            "metadata": {
              "creation_time": "2024-07-22 13:17:35 +0000 UTC",
              "last_update_time": "2024-07-22 13:17:35 +0000 UTC",
              "name": "",
              "spec_hash": "",
              "spec_version": "0",
              "uuid": "7d9634b3-d762-415d-9089-fb0a0f58f4f8"
            },
            "name": "win-20",
            "ngt_credentials": {},
            "ngt_enabled_capability_list": [],
            "nic_list": [
              {
                "ip_endpoint_list": [
                  {
                    "ip": "10.55.42.171",
                    "type": "ASSIGNED"
                  }
                ],
                "is_connected": "true",
                "mac_address": "50:6b:8d:eb:33:03",
                "model": "",
                "network_function_chain_reference": {},
                "network_function_nic_type": "",
                "nic_type": "NORMAL_NIC",
                "num_queues": 1,
                "subnet_name": "Secondary_42",
                "subnet_uuid": "05eaa397-d398-4463-8a8a-b582e5628b5a",
                "uuid": "0a122fca-e6eb-44a0-a187-f07809606520"
              }
            ],
            "nic_list_status": [
              {
                "floating_ip": "",
                "ip_endpoint_list": [
                  {
                    "ip": "10.55.42.171",
                    "type": "ASSIGNED"
                  }
                ],
                "is_connected": "true",
                "mac_address": "50:6b:8d:eb:33:03",
                "model": "",
                "network_function_chain_reference": {},
                "network_function_nic_type": "",
                "nic_type": "NORMAL_NIC",
                "num_queues": 1,
                "subnet_name": "Secondary_42",
                "subnet_uuid": "05eaa397-d398-4463-8a8a-b582e5628b5a",
                "uuid": "0a122fca-e6eb-44a0-a187-f07809606520"
              }
            ],
            "num_sockets": 1,
            "num_vcpus_per_socket": 2,
            "num_vnuma_nodes": 0,
            "nutanix_guest_tools": {},
            "owner_reference": {
              "kind": "user",
              "name": "admin",
              "uuid": "00000000-0000-0000-0000-000000000000"
            },
            "parent_reference": {},
            "power_state": "ON",
            "power_state_mechanism": "HARD",
            "project_reference": {
              "kind": "project",
              "name": "_internal",
              "uuid": "48fbd98e-2217-481a-9f13-3a1c18ed088e"
            },
            "serial_port_list": [],
            "should_fail_on_script_failure": false,
            "state": "COMPLETE",
            "timeouts": null,
            "use_hot_add": true,
            "vga_console_enabled": true
          },
          "sensitive_attributes": [],
          "private": "eyJlMmJmYjczMC1lY2FhLTExZTYtOGY4OC0zNDM2M2JjN2M0YzAiOnsiY3JlYXRlIjozNjAwMDAwMDAwMDAwLCJkZWxldGUiOjM2MDAwMDAwMDAwMDAsInVwZGF0ZSI6MzYwMDAwMDAwMDAwMH0sInNjaGVtYV92ZXJzaW9uIjoiMSJ9",
          "dependencies": [
            "data.nutanix_cluster.cluster",
            "data.nutanix_subnet.subnet"
          ]
        },
        {
          "index_key": 21,
          "schema_version": 1,
          "attributes": {
            "api_version": "3.1",
            "availability_zone_reference": {},
            "boot_device_disk_address": {},
            "boot_device_mac_address": "",
            "boot_device_order_list": [
              "CDROM",
              "DISK",
              "NETWORK"
            ],
            "boot_type": "LEGACY",
            "categories": [],
            "cloud_init_cdrom_uuid": "",
            "cluster_name": "DM3-POC042",
            "cluster_uuid": "00061b19-2e68-cdea-0000-00000001b539",
            "description": "",
            "disk_list": [
              {
                "data_source_reference": {
                  "kind": "image",
                  "uuid": "66d40fe0-fdf0-4ad5-8e4e-e141cc7629ac"
                },
                "device_properties": [
                  {
                    "device_type": "DISK",
                    "disk_address": {
                      "adapter_type": "SCSI",
                      "device_index": "0"
                    }
                  }
                ],
                "disk_size_bytes": 214748364800,
                "disk_size_mib": 204800,
                "storage_config": [
                  {
                    "flash_mode": "",
                    "storage_container_reference": [
                      {
                        "kind": "storage_container",
                        "name": "SelfServiceContainer",
                        "url": "",
                        "uuid": "ba4b8c78-e099-41fc-a1b8-367e31b9973a"
                      }
                    ]
                  }
                ],
                "uuid": "30464e43-93c9-47c1-835f-aff3ff8019a9",
                "volume_group_reference": {}
              },
              {
                "data_source_reference": {},
                "device_properties": [
                  {
                    "device_type": "DISK",
                    "disk_address": {
                      "adapter_type": "SCSI",
                      "device_index": "1"
                    }
                  }
                ],
                "disk_size_bytes": 10737418240,
                "disk_size_mib": 10240,
                "storage_config": [
                  {
                    "flash_mode": "",
                    "storage_container_reference": [
                      {
                        "kind": "storage_container",
                        "name": "SelfServiceContainer",
                        "url": "",
                        "uuid": "ba4b8c78-e099-41fc-a1b8-367e31b9973a"
                      }
                    ]
                  }
                ],
                "uuid": "f105c27b-597a-4b63-bda5-38553eb6a36b",
                "volume_group_reference": {}
              }
            ],
            "enable_cpu_passthrough": false,
            "enable_script_exec": false,
            "gpu_list": [],
            "guest_customization_cloud_init_custom_key_values": {},
            "guest_customization_cloud_init_meta_data": "",
            "guest_customization_cloud_init_user_data": "",
            "guest_customization_is_overridable": false,
            "guest_customization_sysprep": {},
            "guest_customization_sysprep_custom_key_values": {},
            "guest_os_id": "",
            "hardware_clock_timezone": "UTC",
            "host_reference": {
              "kind": "host",
              "name": "10.55.42.27",
              "uuid": "c9d70073-f27c-42c3-ba19-94f8cc93fe2f"
            },
            "hypervisor_type": null,
            "id": "bec5c9c7-8a6f-4298-ba63-7df4c22c3b19",
            "is_vcpu_hard_pinned": false,
            "machine_type": "PC",
            "memory_size_mib": 4096,
            "metadata": {
              "creation_time": "2024-07-22 13:16:29 +0000 UTC",
              "last_update_time": "2024-07-22 13:16:29 +0000 UTC",
              "name": "",
              "spec_hash": "",
              "spec_version": "0",
              "uuid": "bec5c9c7-8a6f-4298-ba63-7df4c22c3b19"
            },
            "name": "win-21",
            "ngt_credentials": {},
            "ngt_enabled_capability_list": [],
            "nic_list": [
              {
                "ip_endpoint_list": [
                  {
                    "ip": "10.55.42.221",
                    "type": "ASSIGNED"
                  }
                ],
                "is_connected": "true",
                "mac_address": "50:6b:8d:a4:b8:b9",
                "model": "",
                "network_function_chain_reference": {},
                "network_function_nic_type": "",
                "nic_type": "NORMAL_NIC",
                "num_queues": 1,
                "subnet_name": "Secondary_42",
                "subnet_uuid": "05eaa397-d398-4463-8a8a-b582e5628b5a",
                "uuid": "02d4d036-1148-4030-b0ae-77eda106dd21"
              }
            ],
            "nic_list_status": [
              {
                "floating_ip": "",
                "ip_endpoint_list": [
                  {
                    "ip": "10.55.42.221",
                    "type": "ASSIGNED"
                  }
                ],
                "is_connected": "true",
                "mac_address": "50:6b:8d:a4:b8:b9",
                "model": "",
                "network_function_chain_reference": {},
                "network_function_nic_type": "",
                "nic_type": "NORMAL_NIC",
                "num_queues": 1,
                "subnet_name": "Secondary_42",
                "subnet_uuid": "05eaa397-d398-4463-8a8a-b582e5628b5a",
                "uuid": "02d4d036-1148-4030-b0ae-77eda106dd21"
              }
            ],
            "num_sockets": 1,
            "num_vcpus_per_socket": 2,
            "num_vnuma_nodes": 0,
            "nutanix_guest_tools": {},
            "owner_reference": {
              "kind": "user",
              "name": "admin",
              "uuid": "00000000-0000-0000-0000-000000000000"
            },
            "parent_reference": {},
            "power_state": "ON",
            "power_state_mechanism": "HARD",
            "project_reference": {
              "kind": "project",
              "name": "_internal",
              "uuid": "48fbd98e-2217-481a-9f13-3a1c18ed088e"
            },
            "serial_port_list": [],
            "should_fail_on_script_failure": false,
            "state": "COMPLETE",
            "timeouts": null,
            "use_hot_add": true,
            "vga_console_enabled": true
          },
          "sensitive_attributes": [],
          "private": "eyJlMmJmYjczMC1lY2FhLTExZTYtOGY4OC0zNDM2M2JjN2M0YzAiOnsiY3JlYXRlIjozNjAwMDAwMDAwMDAwLCJkZWxldGUiOjM2MDAwMDAwMDAwMDAsInVwZGF0ZSI6MzYwMDAwMDAwMDAwMH0sInNjaGVtYV92ZXJzaW9uIjoiMSJ9",
          "dependencies": [
            "data.nutanix_cluster.cluster",
            "data.nutanix_subnet.subnet"
          ]
        },
        {
          "index_key": 22,
          "schema_version": 1,
          "attributes": {
            "api_version": "3.1",
            "availability_zone_reference": {},
            "boot_device_disk_address": {},
            "boot_device_mac_address": "",
            "boot_device_order_list": [
              "CDROM",
              "DISK",
              "NETWORK"
            ],
            "boot_type": "LEGACY",
            "categories": [],
            "cloud_init_cdrom_uuid": "",
            "cluster_name": "DM3-POC042",
            "cluster_uuid": "00061b19-2e68-cdea-0000-00000001b539",
            "description": "",
            "disk_list": [
              {
                "data_source_reference": {
                  "kind": "image",
                  "uuid": "66d40fe0-fdf0-4ad5-8e4e-e141cc7629ac"
                },
                "device_properties": [
                  {
                    "device_type": "DISK",
                    "disk_address": {
                      "adapter_type": "SCSI",
                      "device_index": "0"
                    }
                  }
                ],
                "disk_size_bytes": 214748364800,
                "disk_size_mib": 204800,
                "storage_config": [
                  {
                    "flash_mode": "",
                    "storage_container_reference": [
                      {
                        "kind": "storage_container",
                        "name": "SelfServiceContainer",
                        "url": "",
                        "uuid": "ba4b8c78-e099-41fc-a1b8-367e31b9973a"
                      }
                    ]
                  }
                ],
                "uuid": "0b55012b-1905-42a7-beb8-452ac0b2e0d7",
                "volume_group_reference": {}
              },
              {
                "data_source_reference": {},
                "device_properties": [
                  {
                    "device_type": "DISK",
                    "disk_address": {
                      "adapter_type": "SCSI",
                      "device_index": "1"
                    }
                  }
                ],
                "disk_size_bytes": 10737418240,
                "disk_size_mib": 10240,
                "storage_config": [
                  {
                    "flash_mode": "",
                    "storage_container_reference": [
                      {
                        "kind": "storage_container",
                        "name": "SelfServiceContainer",
                        "url": "",
                        "uuid": "ba4b8c78-e099-41fc-a1b8-367e31b9973a"
                      }
                    ]
                  }
                ],
                "uuid": "3d11f74a-1c24-4785-b11a-946febcc2ab9",
                "volume_group_reference": {}
              }
            ],
            "enable_cpu_passthrough": false,
            "enable_script_exec": false,
            "gpu_list": [],
            "guest_customization_cloud_init_custom_key_values": {},
            "guest_customization_cloud_init_meta_data": "",
            "guest_customization_cloud_init_user_data": "",
            "guest_customization_is_overridable": false,
            "guest_customization_sysprep": {},
            "guest_customization_sysprep_custom_key_values": {},
            "guest_os_id": "",
            "hardware_clock_timezone": "UTC",
            "host_reference": {
              "kind": "host",
              "name": "10.55.42.27",
              "uuid": "c9d70073-f27c-42c3-ba19-94f8cc93fe2f"
            },
            "hypervisor_type": null,
            "id": "8ca0589c-781c-4a60-bd24-7ee22888e103",
            "is_vcpu_hard_pinned": false,
            "machine_type": "PC",
            "memory_size_mib": 4096,
            "metadata": {
              "creation_time": "2024-07-22 13:16:27 +0000 UTC",
              "last_update_time": "2024-07-22 13:16:27 +0000 UTC",
              "name": "",
              "spec_hash": "",
              "spec_version": "0",
              "uuid": "8ca0589c-781c-4a60-bd24-7ee22888e103"
            },
            "name": "win-22",
            "ngt_credentials": {},
            "ngt_enabled_capability_list": [],
            "nic_list": [
              {
                "ip_endpoint_list": [
                  {
                    "ip": "10.55.42.210",
                    "type": "ASSIGNED"
                  }
                ],
                "is_connected": "true",
                "mac_address": "50:6b:8d:b5:a4:2c",
                "model": "",
                "network_function_chain_reference": {},
                "network_function_nic_type": "",
                "nic_type": "NORMAL_NIC",
                "num_queues": 1,
                "subnet_name": "Secondary_42",
                "subnet_uuid": "05eaa397-d398-4463-8a8a-b582e5628b5a",
                "uuid": "3838e017-cd2b-4695-9a1a-fc47acc99b48"
              }
            ],
            "nic_list_status": [
              {
                "floating_ip": "",
                "ip_endpoint_list": [
                  {
                    "ip": "10.55.42.210",
                    "type": "ASSIGNED"
                  }
                ],
                "is_connected": "true",
                "mac_address": "50:6b:8d:b5:a4:2c",
                "model": "",
                "network_function_chain_reference": {},
                "network_function_nic_type": "",
                "nic_type": "NORMAL_NIC",
                "num_queues": 1,
                "subnet_name": "Secondary_42",
                "subnet_uuid": "05eaa397-d398-4463-8a8a-b582e5628b5a",
                "uuid": "3838e017-cd2b-4695-9a1a-fc47acc99b48"
              }
            ],
            "num_sockets": 1,
            "num_vcpus_per_socket": 2,
            "num_vnuma_nodes": 0,
            "nutanix_guest_tools": {},
            "owner_reference": {
              "kind": "user",
              "name": "admin",
              "uuid": "00000000-0000-0000-0000-000000000000"
            },
            "parent_reference": {},
            "power_state": "ON",
            "power_state_mechanism": "HARD",
            "project_reference": {
              "kind": "project",
              "name": "_internal",
              "uuid": "48fbd98e-2217-481a-9f13-3a1c18ed088e"
            },
            "serial_port_list": [],
            "should_fail_on_script_failure": false,
            "state": "COMPLETE",
            "timeouts": null,
            "use_hot_add": true,
            "vga_console_enabled": true
          },
          "sensitive_attributes": [],
          "private": "eyJlMmJmYjczMC1lY2FhLTExZTYtOGY4OC0zNDM2M2JjN2M0YzAiOnsiY3JlYXRlIjozNjAwMDAwMDAwMDAwLCJkZWxldGUiOjM2MDAwMDAwMDAwMDAsInVwZGF0ZSI6MzYwMDAwMDAwMDAwMH0sInNjaGVtYV92ZXJzaW9uIjoiMSJ9",
          "dependencies": [
            "data.nutanix_cluster.cluster",
            "data.nutanix_subnet.subnet"
          ]
        },
        {
          "index_key": 23,
          "schema_version": 1,
          "attributes": {
            "api_version": "3.1",
            "availability_zone_reference": {},
            "boot_device_disk_address": {},
            "boot_device_mac_address": "",
            "boot_device_order_list": [
              "CDROM",
              "DISK",
              "NETWORK"
            ],
            "boot_type": "LEGACY",
            "categories": [],
            "cloud_init_cdrom_uuid": "",
            "cluster_name": "DM3-POC042",
            "cluster_uuid": "00061b19-2e68-cdea-0000-00000001b539",
            "description": "",
            "disk_list": [
              {
                "data_source_reference": {
                  "kind": "image",
                  "uuid": "66d40fe0-fdf0-4ad5-8e4e-e141cc7629ac"
                },
                "device_properties": [
                  {
                    "device_type": "DISK",
                    "disk_address": {
                      "adapter_type": "SCSI",
                      "device_index": "0"
                    }
                  }
                ],
                "disk_size_bytes": 214748364800,
                "disk_size_mib": 204800,
                "storage_config": [
                  {
                    "flash_mode": "",
                    "storage_container_reference": [
                      {
                        "kind": "storage_container",
                        "name": "SelfServiceContainer",
                        "url": "",
                        "uuid": "ba4b8c78-e099-41fc-a1b8-367e31b9973a"
                      }
                    ]
                  }
                ],
                "uuid": "4bd2974e-2162-482c-9e22-52208d764496",
                "volume_group_reference": {}
              },
              {
                "data_source_reference": {},
                "device_properties": [
                  {
                    "device_type": "DISK",
                    "disk_address": {
                      "adapter_type": "SCSI",
                      "device_index": "1"
                    }
                  }
                ],
                "disk_size_bytes": 10737418240,
                "disk_size_mib": 10240,
                "storage_config": [
                  {
                    "flash_mode": "",
                    "storage_container_reference": [
                      {
                        "kind": "storage_container",
                        "name": "SelfServiceContainer",
                        "url": "",
                        "uuid": "ba4b8c78-e099-41fc-a1b8-367e31b9973a"
                      }
                    ]
                  }
                ],
                "uuid": "d9485265-6a79-43ae-ad80-51f1cdabcfe4",
                "volume_group_reference": {}
              }
            ],
            "enable_cpu_passthrough": false,
            "enable_script_exec": false,
            "gpu_list": [],
            "guest_customization_cloud_init_custom_key_values": {},
            "guest_customization_cloud_init_meta_data": "",
            "guest_customization_cloud_init_user_data": "",
            "guest_customization_is_overridable": false,
            "guest_customization_sysprep": {},
            "guest_customization_sysprep_custom_key_values": {},
            "guest_os_id": "",
            "hardware_clock_timezone": "UTC",
            "host_reference": {
              "kind": "host",
              "name": "10.55.42.28",
              "uuid": "ca6ea069-7ea3-4aaa-9d03-ec62d67f1865"
            },
            "hypervisor_type": null,
            "id": "34bf0b1c-b283-479d-9ea6-83764845bd91",
            "is_vcpu_hard_pinned": false,
            "machine_type": "PC",
            "memory_size_mib": 4096,
            "metadata": {
              "creation_time": "2024-07-22 13:16:57 +0000 UTC",
              "last_update_time": "2024-07-22 13:16:57 +0000 UTC",
              "name": "",
              "spec_hash": "",
              "spec_version": "0",
              "uuid": "34bf0b1c-b283-479d-9ea6-83764845bd91"
            },
            "name": "win-23",
            "ngt_credentials": {},
            "ngt_enabled_capability_list": [],
            "nic_list": [
              {
                "ip_endpoint_list": [
                  {
                    "ip": "10.55.42.249",
                    "type": "ASSIGNED"
                  }
                ],
                "is_connected": "true",
                "mac_address": "50:6b:8d:ee:73:24",
                "model": "",
                "network_function_chain_reference": {},
                "network_function_nic_type": "",
                "nic_type": "NORMAL_NIC",
                "num_queues": 1,
                "subnet_name": "Secondary_42",
                "subnet_uuid": "05eaa397-d398-4463-8a8a-b582e5628b5a",
                "uuid": "8a150a37-51c5-4eca-bc89-384a1b9da698"
              }
            ],
            "nic_list_status": [
              {
                "floating_ip": "",
                "ip_endpoint_list": [
                  {
                    "ip": "10.55.42.249",
                    "type": "ASSIGNED"
                  }
                ],
                "is_connected": "true",
                "mac_address": "50:6b:8d:ee:73:24",
                "model": "",
                "network_function_chain_reference": {},
                "network_function_nic_type": "",
                "nic_type": "NORMAL_NIC",
                "num_queues": 1,
                "subnet_name": "Secondary_42",
                "subnet_uuid": "05eaa397-d398-4463-8a8a-b582e5628b5a",
                "uuid": "8a150a37-51c5-4eca-bc89-384a1b9da698"
              }
            ],
            "num_sockets": 1,
            "num_vcpus_per_socket": 2,
            "num_vnuma_nodes": 0,
            "nutanix_guest_tools": {},
            "owner_reference": {
              "kind": "user",
              "name": "admin",
              "uuid": "00000000-0000-0000-0000-000000000000"
            },
            "parent_reference": {},
            "power_state": "ON",
            "power_state_mechanism": "HARD",
            "project_reference": {
              "kind": "project",
              "name": "_internal",
              "uuid": "48fbd98e-2217-481a-9f13-3a1c18ed088e"
            },
            "serial_port_list": [],
            "should_fail_on_script_failure": false,
            "state": "COMPLETE",
            "timeouts": null,
            "use_hot_add": true,
            "vga_console_enabled": true
          },
          "sensitive_attributes": [],
          "private": "eyJlMmJmYjczMC1lY2FhLTExZTYtOGY4OC0zNDM2M2JjN2M0YzAiOnsiY3JlYXRlIjozNjAwMDAwMDAwMDAwLCJkZWxldGUiOjM2MDAwMDAwMDAwMDAsInVwZGF0ZSI6MzYwMDAwMDAwMDAwMH0sInNjaGVtYV92ZXJzaW9uIjoiMSJ9",
          "dependencies": [
            "data.nutanix_cluster.cluster",
            "data.nutanix_subnet.subnet"
          ]
        },
        {
          "index_key": 24,
          "schema_version": 1,
          "attributes": {
            "api_version": "3.1",
            "availability_zone_reference": {},
            "boot_device_disk_address": {},
            "boot_device_mac_address": "",
            "boot_device_order_list": [
              "CDROM",
              "DISK",
              "NETWORK"
            ],
            "boot_type": "LEGACY",
            "categories": [],
            "cloud_init_cdrom_uuid": "",
            "cluster_name": "DM3-POC042",
            "cluster_uuid": "00061b19-2e68-cdea-0000-00000001b539",
            "description": "",
            "disk_list": [
              {
                "data_source_reference": {
                  "kind": "image",
                  "uuid": "66d40fe0-fdf0-4ad5-8e4e-e141cc7629ac"
                },
                "device_properties": [
                  {
                    "device_type": "DISK",
                    "disk_address": {
                      "adapter_type": "SCSI",
                      "device_index": "0"
                    }
                  }
                ],
                "disk_size_bytes": 214748364800,
                "disk_size_mib": 204800,
                "storage_config": [
                  {
                    "flash_mode": "",
                    "storage_container_reference": [
                      {
                        "kind": "storage_container",
                        "name": "SelfServiceContainer",
                        "url": "",
                        "uuid": "ba4b8c78-e099-41fc-a1b8-367e31b9973a"
                      }
                    ]
                  }
                ],
                "uuid": "4f6d8a80-b196-4c70-be0c-32aa1aa6b037",
                "volume_group_reference": {}
              },
              {
                "data_source_reference": {},
                "device_properties": [
                  {
                    "device_type": "DISK",
                    "disk_address": {
                      "adapter_type": "SCSI",
                      "device_index": "1"
                    }
                  }
                ],
                "disk_size_bytes": 10737418240,
                "disk_size_mib": 10240,
                "storage_config": [
                  {
                    "flash_mode": "",
                    "storage_container_reference": [
                      {
                        "kind": "storage_container",
                        "name": "SelfServiceContainer",
                        "url": "",
                        "uuid": "ba4b8c78-e099-41fc-a1b8-367e31b9973a"
                      }
                    ]
                  }
                ],
                "uuid": "178efc58-8207-4607-9536-007b5bdf5d6d",
                "volume_group_reference": {}
              }
            ],
            "enable_cpu_passthrough": false,
            "enable_script_exec": false,
            "gpu_list": [],
            "guest_customization_cloud_init_custom_key_values": {},
            "guest_customization_cloud_init_meta_data": "",
            "guest_customization_cloud_init_user_data": "",
            "guest_customization_is_overridable": false,
            "guest_customization_sysprep": {},
            "guest_customization_sysprep_custom_key_values": {},
            "guest_os_id": "",
            "hardware_clock_timezone": "UTC",
            "host_reference": {
              "kind": "host",
              "name": "10.55.42.27",
              "uuid": "c9d70073-f27c-42c3-ba19-94f8cc93fe2f"
            },
            "hypervisor_type": null,
            "id": "6ac0984a-7507-474b-9ff5-1dc9d2537b6f",
            "is_vcpu_hard_pinned": false,
            "machine_type": "PC",
            "memory_size_mib": 4096,
            "metadata": {
              "creation_time": "2024-07-22 13:16:20 +0000 UTC",
              "last_update_time": "2024-07-22 13:16:20 +0000 UTC",
              "name": "",
              "spec_hash": "",
              "spec_version": "0",
              "uuid": "6ac0984a-7507-474b-9ff5-1dc9d2537b6f"
            },
            "name": "win-24",
            "ngt_credentials": {},
            "ngt_enabled_capability_list": [],
            "nic_list": [
              {
                "ip_endpoint_list": [
                  {
                    "ip": "10.55.42.230",
                    "type": "ASSIGNED"
                  }
                ],
                "is_connected": "true",
                "mac_address": "50:6b:8d:f0:38:09",
                "model": "",
                "network_function_chain_reference": {},
                "network_function_nic_type": "",
                "nic_type": "NORMAL_NIC",
                "num_queues": 1,
                "subnet_name": "Secondary_42",
                "subnet_uuid": "05eaa397-d398-4463-8a8a-b582e5628b5a",
                "uuid": "3756a989-acf3-458e-a2d2-76721bc85917"
              }
            ],
            "nic_list_status": [
              {
                "floating_ip": "",
                "ip_endpoint_list": [
                  {
                    "ip": "10.55.42.230",
                    "type": "ASSIGNED"
                  }
                ],
                "is_connected": "true",
                "mac_address": "50:6b:8d:f0:38:09",
                "model": "",
                "network_function_chain_reference": {},
                "network_function_nic_type": "",
                "nic_type": "NORMAL_NIC",
                "num_queues": 1,
                "subnet_name": "Secondary_42",
                "subnet_uuid": "05eaa397-d398-4463-8a8a-b582e5628b5a",
                "uuid": "3756a989-acf3-458e-a2d2-76721bc85917"
              }
            ],
            "num_sockets": 1,
            "num_vcpus_per_socket": 2,
            "num_vnuma_nodes": 0,
            "nutanix_guest_tools": {},
            "owner_reference": {
              "kind": "user",
              "name": "admin",
              "uuid": "00000000-0000-0000-0000-000000000000"
            },
            "parent_reference": {},
            "power_state": "ON",
            "power_state_mechanism": "HARD",
            "project_reference": {
              "kind": "project",
              "name": "_internal",
              "uuid": "48fbd98e-2217-481a-9f13-3a1c18ed088e"
            },
            "serial_port_list": [],
            "should_fail_on_script_failure": false,
            "state": "COMPLETE",
            "timeouts": null,
            "use_hot_add": true,
            "vga_console_enabled": true
          },
          "sensitive_attributes": [],
          "private": "eyJlMmJmYjczMC1lY2FhLTExZTYtOGY4OC0zNDM2M2JjN2M0YzAiOnsiY3JlYXRlIjozNjAwMDAwMDAwMDAwLCJkZWxldGUiOjM2MDAwMDAwMDAwMDAsInVwZGF0ZSI6MzYwMDAwMDAwMDAwMH0sInNjaGVtYV92ZXJzaW9uIjoiMSJ9",
          "dependencies": [
            "data.nutanix_cluster.cluster",
            "data.nutanix_subnet.subnet"
          ]
        },
        {
          "index_key": 25,
          "schema_version": 1,
          "attributes": {
            "api_version": "3.1",
            "availability_zone_reference": {},
            "boot_device_disk_address": {},
            "boot_device_mac_address": "",
            "boot_device_order_list": [
              "CDROM",
              "DISK",
              "NETWORK"
            ],
            "boot_type": "LEGACY",
            "categories": [],
            "cloud_init_cdrom_uuid": "",
            "cluster_name": "DM3-POC042",
            "cluster_uuid": "00061b19-2e68-cdea-0000-00000001b539",
            "description": "",
            "disk_list": [
              {
                "data_source_reference": {
                  "kind": "image",
                  "uuid": "66d40fe0-fdf0-4ad5-8e4e-e141cc7629ac"
                },
                "device_properties": [
                  {
                    "device_type": "DISK",
                    "disk_address": {
                      "adapter_type": "SCSI",
                      "device_index": "0"
                    }
                  }
                ],
                "disk_size_bytes": 214748364800,
                "disk_size_mib": 204800,
                "storage_config": [
                  {
                    "flash_mode": "",
                    "storage_container_reference": [
                      {
                        "kind": "storage_container",
                        "name": "SelfServiceContainer",
                        "url": "",
                        "uuid": "ba4b8c78-e099-41fc-a1b8-367e31b9973a"
                      }
                    ]
                  }
                ],
                "uuid": "aba61e01-e0c3-4e39-890a-4b038ac4893a",
                "volume_group_reference": {}
              },
              {
                "data_source_reference": {},
                "device_properties": [
                  {
                    "device_type": "DISK",
                    "disk_address": {
                      "adapter_type": "SCSI",
                      "device_index": "1"
                    }
                  }
                ],
                "disk_size_bytes": 10737418240,
                "disk_size_mib": 10240,
                "storage_config": [
                  {
                    "flash_mode": "",
                    "storage_container_reference": [
                      {
                        "kind": "storage_container",
                        "name": "SelfServiceContainer",
                        "url": "",
                        "uuid": "ba4b8c78-e099-41fc-a1b8-367e31b9973a"
                      }
                    ]
                  }
                ],
                "uuid": "9256d2ea-e45d-4357-98c8-f6cadafabf79",
                "volume_group_reference": {}
              }
            ],
            "enable_cpu_passthrough": false,
            "enable_script_exec": false,
            "gpu_list": [],
            "guest_customization_cloud_init_custom_key_values": {},
            "guest_customization_cloud_init_meta_data": "",
            "guest_customization_cloud_init_user_data": "",
            "guest_customization_is_overridable": false,
            "guest_customization_sysprep": {},
            "guest_customization_sysprep_custom_key_values": {},
            "guest_os_id": "",
            "hardware_clock_timezone": "UTC",
            "host_reference": {
              "kind": "host",
              "name": "10.55.42.25",
              "uuid": "552483d4-bc58-4508-a262-4a64e13534c5"
            },
            "hypervisor_type": null,
            "id": "242dddb1-90b3-400e-a2bc-d73be2f39f1b",
            "is_vcpu_hard_pinned": false,
            "machine_type": "PC",
            "memory_size_mib": 4096,
            "metadata": {
              "creation_time": "2024-07-22 13:16:29 +0000 UTC",
              "last_update_time": "2024-07-22 13:16:29 +0000 UTC",
              "name": "",
              "spec_hash": "",
              "spec_version": "0",
              "uuid": "242dddb1-90b3-400e-a2bc-d73be2f39f1b"
            },
            "name": "win-25",
            "ngt_credentials": {},
            "ngt_enabled_capability_list": [],
            "nic_list": [
              {
                "ip_endpoint_list": [
                  {
                    "ip": "10.55.42.244",
                    "type": "ASSIGNED"
                  }
                ],
                "is_connected": "true",
                "mac_address": "50:6b:8d:e8:56:b4",
                "model": "",
                "network_function_chain_reference": {},
                "network_function_nic_type": "",
                "nic_type": "NORMAL_NIC",
                "num_queues": 1,
                "subnet_name": "Secondary_42",
                "subnet_uuid": "05eaa397-d398-4463-8a8a-b582e5628b5a",
                "uuid": "9d62b4d5-f64b-4034-9bad-78692ac03941"
              }
            ],
            "nic_list_status": [
              {
                "floating_ip": "",
                "ip_endpoint_list": [
                  {
                    "ip": "10.55.42.244",
                    "type": "ASSIGNED"
                  }
                ],
                "is_connected": "true",
                "mac_address": "50:6b:8d:e8:56:b4",
                "model": "",
                "network_function_chain_reference": {},
                "network_function_nic_type": "",
                "nic_type": "NORMAL_NIC",
                "num_queues": 1,
                "subnet_name": "Secondary_42",
                "subnet_uuid": "05eaa397-d398-4463-8a8a-b582e5628b5a",
                "uuid": "9d62b4d5-f64b-4034-9bad-78692ac03941"
              }
            ],
            "num_sockets": 1,
            "num_vcpus_per_socket": 2,
            "num_vnuma_nodes": 0,
            "nutanix_guest_tools": {},
            "owner_reference": {
              "kind": "user",
              "name": "admin",
              "uuid": "00000000-0000-0000-0000-000000000000"
            },
            "parent_reference": {},
            "power_state": "ON",
            "power_state_mechanism": "HARD",
            "project_reference": {
              "kind": "project",
              "name": "_internal",
              "uuid": "48fbd98e-2217-481a-9f13-3a1c18ed088e"
            },
            "serial_port_list": [],
            "should_fail_on_script_failure": false,
            "state": "COMPLETE",
            "timeouts": null,
            "use_hot_add": true,
            "vga_console_enabled": true
          },
          "sensitive_attributes": [],
          "private": "eyJlMmJmYjczMC1lY2FhLTExZTYtOGY4OC0zNDM2M2JjN2M0YzAiOnsiY3JlYXRlIjozNjAwMDAwMDAwMDAwLCJkZWxldGUiOjM2MDAwMDAwMDAwMDAsInVwZGF0ZSI6MzYwMDAwMDAwMDAwMH0sInNjaGVtYV92ZXJzaW9uIjoiMSJ9",
          "dependencies": [
            "data.nutanix_cluster.cluster",
            "data.nutanix_subnet.subnet"
          ]
        },
        {
          "index_key": 26,
          "schema_version": 1,
          "attributes": {
            "api_version": "3.1",
            "availability_zone_reference": {},
            "boot_device_disk_address": {},
            "boot_device_mac_address": "",
            "boot_device_order_list": [
              "CDROM",
              "DISK",
              "NETWORK"
            ],
            "boot_type": "LEGACY",
            "categories": [],
            "cloud_init_cdrom_uuid": "",
            "cluster_name": "DM3-POC042",
            "cluster_uuid": "00061b19-2e68-cdea-0000-00000001b539",
            "description": "",
            "disk_list": [
              {
                "data_source_reference": {
                  "kind": "image",
                  "uuid": "66d40fe0-fdf0-4ad5-8e4e-e141cc7629ac"
                },
                "device_properties": [
                  {
                    "device_type": "DISK",
                    "disk_address": {
                      "adapter_type": "SCSI",
                      "device_index": "0"
                    }
                  }
                ],
                "disk_size_bytes": 214748364800,
                "disk_size_mib": 204800,
                "storage_config": [
                  {
                    "flash_mode": "",
                    "storage_container_reference": [
                      {
                        "kind": "storage_container",
                        "name": "SelfServiceContainer",
                        "url": "",
                        "uuid": "ba4b8c78-e099-41fc-a1b8-367e31b9973a"
                      }
                    ]
                  }
                ],
                "uuid": "36b1130f-b5f8-4a57-bde2-fde9cfd497ee",
                "volume_group_reference": {}
              },
              {
                "data_source_reference": {},
                "device_properties": [
                  {
                    "device_type": "DISK",
                    "disk_address": {
                      "adapter_type": "SCSI",
                      "device_index": "1"
                    }
                  }
                ],
                "disk_size_bytes": 10737418240,
                "disk_size_mib": 10240,
                "storage_config": [
                  {
                    "flash_mode": "",
                    "storage_container_reference": [
                      {
                        "kind": "storage_container",
                        "name": "SelfServiceContainer",
                        "url": "",
                        "uuid": "ba4b8c78-e099-41fc-a1b8-367e31b9973a"
                      }
                    ]
                  }
                ],
                "uuid": "a673a105-07ef-4336-bcbf-b85fac3c55e0",
                "volume_group_reference": {}
              }
            ],
            "enable_cpu_passthrough": false,
            "enable_script_exec": false,
            "gpu_list": [],
            "guest_customization_cloud_init_custom_key_values": {},
            "guest_customization_cloud_init_meta_data": "",
            "guest_customization_cloud_init_user_data": "",
            "guest_customization_is_overridable": false,
            "guest_customization_sysprep": {},
            "guest_customization_sysprep_custom_key_values": {},
            "guest_os_id": "",
            "hardware_clock_timezone": "UTC",
            "host_reference": {
              "kind": "host",
              "name": "10.55.42.28",
              "uuid": "ca6ea069-7ea3-4aaa-9d03-ec62d67f1865"
            },
            "hypervisor_type": null,
            "id": "4f76e0b1-2046-41e6-a2d3-d683e6fb50cf",
            "is_vcpu_hard_pinned": false,
            "machine_type": "PC",
            "memory_size_mib": 4096,
            "metadata": {
              "creation_time": "2024-07-22 13:17:07 +0000 UTC",
              "last_update_time": "2024-07-22 13:17:07 +0000 UTC",
              "name": "",
              "spec_hash": "",
              "spec_version": "0",
              "uuid": "4f76e0b1-2046-41e6-a2d3-d683e6fb50cf"
            },
            "name": "win-26",
            "ngt_credentials": {},
            "ngt_enabled_capability_list": [],
            "nic_list": [
              {
                "ip_endpoint_list": [
                  {
                    "ip": "10.55.42.150",
                    "type": "ASSIGNED"
                  }
                ],
                "is_connected": "true",
                "mac_address": "50:6b:8d:8e:31:2a",
                "model": "",
                "network_function_chain_reference": {},
                "network_function_nic_type": "",
                "nic_type": "NORMAL_NIC",
                "num_queues": 1,
                "subnet_name": "Secondary_42",
                "subnet_uuid": "05eaa397-d398-4463-8a8a-b582e5628b5a",
                "uuid": "bd050dd6-053a-4082-9aef-c5c1afa63a90"
              }
            ],
            "nic_list_status": [
              {
                "floating_ip": "",
                "ip_endpoint_list": [
                  {
                    "ip": "10.55.42.150",
                    "type": "ASSIGNED"
                  }
                ],
                "is_connected": "true",
                "mac_address": "50:6b:8d:8e:31:2a",
                "model": "",
                "network_function_chain_reference": {},
                "network_function_nic_type": "",
                "nic_type": "NORMAL_NIC",
                "num_queues": 1,
                "subnet_name": "Secondary_42",
                "subnet_uuid": "05eaa397-d398-4463-8a8a-b582e5628b5a",
                "uuid": "bd050dd6-053a-4082-9aef-c5c1afa63a90"
              }
            ],
            "num_sockets": 1,
            "num_vcpus_per_socket": 2,
            "num_vnuma_nodes": 0,
            "nutanix_guest_tools": {},
            "owner_reference": {
              "kind": "user",
              "name": "admin",
              "uuid": "00000000-0000-0000-0000-000000000000"
            },
            "parent_reference": {},
            "power_state": "ON",
            "power_state_mechanism": "HARD",
            "project_reference": {
              "kind": "project",
              "name": "_internal",
              "uuid": "48fbd98e-2217-481a-9f13-3a1c18ed088e"
            },
            "serial_port_list": [],
            "should_fail_on_script_failure": false,
            "state": "COMPLETE",
            "timeouts": null,
            "use_hot_add": true,
            "vga_console_enabled": true
          },
          "sensitive_attributes": [],
          "private": "eyJlMmJmYjczMC1lY2FhLTExZTYtOGY4OC0zNDM2M2JjN2M0YzAiOnsiY3JlYXRlIjozNjAwMDAwMDAwMDAwLCJkZWxldGUiOjM2MDAwMDAwMDAwMDAsInVwZGF0ZSI6MzYwMDAwMDAwMDAwMH0sInNjaGVtYV92ZXJzaW9uIjoiMSJ9",
          "dependencies": [
            "data.nutanix_cluster.cluster",
            "data.nutanix_subnet.subnet"
          ]
        },
        {
          "index_key": 27,
          "schema_version": 1,
          "attributes": {
            "api_version": "3.1",
            "availability_zone_reference": {},
            "boot_device_disk_address": {},
            "boot_device_mac_address": "",
            "boot_device_order_list": [
              "CDROM",
              "DISK",
              "NETWORK"
            ],
            "boot_type": "LEGACY",
            "categories": [],
            "cloud_init_cdrom_uuid": "",
            "cluster_name": "DM3-POC042",
            "cluster_uuid": "00061b19-2e68-cdea-0000-00000001b539",
            "description": "",
            "disk_list": [
              {
                "data_source_reference": {
                  "kind": "image",
                  "uuid": "66d40fe0-fdf0-4ad5-8e4e-e141cc7629ac"
                },
                "device_properties": [
                  {
                    "device_type": "DISK",
                    "disk_address": {
                      "adapter_type": "SCSI",
                      "device_index": "0"
                    }
                  }
                ],
                "disk_size_bytes": 214748364800,
                "disk_size_mib": 204800,
                "storage_config": [
                  {
                    "flash_mode": "",
                    "storage_container_reference": [
                      {
                        "kind": "storage_container",
                        "name": "SelfServiceContainer",
                        "url": "",
                        "uuid": "ba4b8c78-e099-41fc-a1b8-367e31b9973a"
                      }
                    ]
                  }
                ],
                "uuid": "642775e2-17bc-4e54-9d0b-4024d7bf2e2b",
                "volume_group_reference": {}
              },
              {
                "data_source_reference": {},
                "device_properties": [
                  {
                    "device_type": "DISK",
                    "disk_address": {
                      "adapter_type": "SCSI",
                      "device_index": "1"
                    }
                  }
                ],
                "disk_size_bytes": 10737418240,
                "disk_size_mib": 10240,
                "storage_config": [
                  {
                    "flash_mode": "",
                    "storage_container_reference": [
                      {
                        "kind": "storage_container",
                        "name": "SelfServiceContainer",
                        "url": "",
                        "uuid": "ba4b8c78-e099-41fc-a1b8-367e31b9973a"
                      }
                    ]
                  }
                ],
                "uuid": "a8146feb-94ff-452c-bf94-45f3955f7c9f",
                "volume_group_reference": {}
              }
            ],
            "enable_cpu_passthrough": false,
            "enable_script_exec": false,
            "gpu_list": [],
            "guest_customization_cloud_init_custom_key_values": {},
            "guest_customization_cloud_init_meta_data": "",
            "guest_customization_cloud_init_user_data": "",
            "guest_customization_is_overridable": false,
            "guest_customization_sysprep": {},
            "guest_customization_sysprep_custom_key_values": {},
            "guest_os_id": "",
            "hardware_clock_timezone": "UTC",
            "host_reference": {
              "kind": "host",
              "name": "10.55.42.26",
              "uuid": "b7efea22-eb3b-49f1-b6a4-4d37f56f8627"
            },
            "hypervisor_type": null,
            "id": "3c981ecb-0af6-481a-bda9-daea11c80c0a",
            "is_vcpu_hard_pinned": false,
            "machine_type": "PC",
            "memory_size_mib": 4096,
            "metadata": {
              "creation_time": "2024-07-22 13:16:31 +0000 UTC",
              "last_update_time": "2024-07-22 13:16:31 +0000 UTC",
              "name": "",
              "spec_hash": "",
              "spec_version": "0",
              "uuid": "3c981ecb-0af6-481a-bda9-daea11c80c0a"
            },
            "name": "win-27",
            "ngt_credentials": {},
            "ngt_enabled_capability_list": [],
            "nic_list": [
              {
                "ip_endpoint_list": [
                  {
                    "ip": "10.55.42.177",
                    "type": "ASSIGNED"
                  }
                ],
                "is_connected": "true",
                "mac_address": "50:6b:8d:af:a5:2e",
                "model": "",
                "network_function_chain_reference": {},
                "network_function_nic_type": "",
                "nic_type": "NORMAL_NIC",
                "num_queues": 1,
                "subnet_name": "Secondary_42",
                "subnet_uuid": "05eaa397-d398-4463-8a8a-b582e5628b5a",
                "uuid": "7e5dc5a8-8113-42cd-9413-9590571936da"
              }
            ],
            "nic_list_status": [
              {
                "floating_ip": "",
                "ip_endpoint_list": [
                  {
                    "ip": "10.55.42.177",
                    "type": "ASSIGNED"
                  }
                ],
                "is_connected": "true",
                "mac_address": "50:6b:8d:af:a5:2e",
                "model": "",
                "network_function_chain_reference": {},
                "network_function_nic_type": "",
                "nic_type": "NORMAL_NIC",
                "num_queues": 1,
                "subnet_name": "Secondary_42",
                "subnet_uuid": "05eaa397-d398-4463-8a8a-b582e5628b5a",
                "uuid": "7e5dc5a8-8113-42cd-9413-9590571936da"
              }
            ],
            "num_sockets": 1,
            "num_vcpus_per_socket": 2,
            "num_vnuma_nodes": 0,
            "nutanix_guest_tools": {},
            "owner_reference": {
              "kind": "user",
              "name": "admin",
              "uuid": "00000000-0000-0000-0000-000000000000"
            },
            "parent_reference": {},
            "power_state": "ON",
            "power_state_mechanism": "HARD",
            "project_reference": {
              "kind": "project",
              "name": "_internal",
              "uuid": "48fbd98e-2217-481a-9f13-3a1c18ed088e"
            },
            "serial_port_list": [],
            "should_fail_on_script_failure": false,
            "state": "COMPLETE",
            "timeouts": null,
            "use_hot_add": true,
            "vga_console_enabled": true
          },
          "sensitive_attributes": [],
          "private": "eyJlMmJmYjczMC1lY2FhLTExZTYtOGY4OC0zNDM2M2JjN2M0YzAiOnsiY3JlYXRlIjozNjAwMDAwMDAwMDAwLCJkZWxldGUiOjM2MDAwMDAwMDAwMDAsInVwZGF0ZSI6MzYwMDAwMDAwMDAwMH0sInNjaGVtYV92ZXJzaW9uIjoiMSJ9",
          "dependencies": [
            "data.nutanix_cluster.cluster",
            "data.nutanix_subnet.subnet"
          ]
        },
        {
          "index_key": 28,
          "schema_version": 1,
          "attributes": {
            "api_version": "3.1",
            "availability_zone_reference": {},
            "boot_device_disk_address": {},
            "boot_device_mac_address": "",
            "boot_device_order_list": [
              "CDROM",
              "DISK",
              "NETWORK"
            ],
            "boot_type": "LEGACY",
            "categories": [],
            "cloud_init_cdrom_uuid": "",
            "cluster_name": "DM3-POC042",
            "cluster_uuid": "00061b19-2e68-cdea-0000-00000001b539",
            "description": "",
            "disk_list": [
              {
                "data_source_reference": {
                  "kind": "image",
                  "uuid": "66d40fe0-fdf0-4ad5-8e4e-e141cc7629ac"
                },
                "device_properties": [
                  {
                    "device_type": "DISK",
                    "disk_address": {
                      "adapter_type": "SCSI",
                      "device_index": "0"
                    }
                  }
                ],
                "disk_size_bytes": 214748364800,
                "disk_size_mib": 204800,
                "storage_config": [
                  {
                    "flash_mode": "",
                    "storage_container_reference": [
                      {
                        "kind": "storage_container",
                        "name": "SelfServiceContainer",
                        "url": "",
                        "uuid": "ba4b8c78-e099-41fc-a1b8-367e31b9973a"
                      }
                    ]
                  }
                ],
                "uuid": "420f585e-2d82-441b-9940-2f79b5cc68f4",
                "volume_group_reference": {}
              },
              {
                "data_source_reference": {},
                "device_properties": [
                  {
                    "device_type": "DISK",
                    "disk_address": {
                      "adapter_type": "SCSI",
                      "device_index": "1"
                    }
                  }
                ],
                "disk_size_bytes": 10737418240,
                "disk_size_mib": 10240,
                "storage_config": [
                  {
                    "flash_mode": "",
                    "storage_container_reference": [
                      {
                        "kind": "storage_container",
                        "name": "SelfServiceContainer",
                        "url": "",
                        "uuid": "ba4b8c78-e099-41fc-a1b8-367e31b9973a"
                      }
                    ]
                  }
                ],
                "uuid": "fea8eedf-e884-454c-b5f8-81abed66b231",
                "volume_group_reference": {}
              }
            ],
            "enable_cpu_passthrough": false,
            "enable_script_exec": false,
            "gpu_list": [],
            "guest_customization_cloud_init_custom_key_values": {},
            "guest_customization_cloud_init_meta_data": "",
            "guest_customization_cloud_init_user_data": "",
            "guest_customization_is_overridable": false,
            "guest_customization_sysprep": {},
            "guest_customization_sysprep_custom_key_values": {},
            "guest_os_id": "",
            "hardware_clock_timezone": "UTC",
            "host_reference": {
              "kind": "host",
              "name": "10.55.42.25",
              "uuid": "552483d4-bc58-4508-a262-4a64e13534c5"
            },
            "hypervisor_type": null,
            "id": "a93201c1-ebfc-4862-9f49-bdc8ca7092eb",
            "is_vcpu_hard_pinned": false,
            "machine_type": "PC",
            "memory_size_mib": 4096,
            "metadata": {
              "creation_time": "2024-07-22 13:16:20 +0000 UTC",
              "last_update_time": "2024-07-22 13:16:20 +0000 UTC",
              "name": "",
              "spec_hash": "",
              "spec_version": "0",
              "uuid": "a93201c1-ebfc-4862-9f49-bdc8ca7092eb"
            },
            "name": "win-28",
            "ngt_credentials": {},
            "ngt_enabled_capability_list": [],
            "nic_list": [
              {
                "ip_endpoint_list": [
                  {
                    "ip": "10.55.42.156",
                    "type": "ASSIGNED"
                  }
                ],
                "is_connected": "true",
                "mac_address": "50:6b:8d:8f:ff:a0",
                "model": "",
                "network_function_chain_reference": {},
                "network_function_nic_type": "",
                "nic_type": "NORMAL_NIC",
                "num_queues": 1,
                "subnet_name": "Secondary_42",
                "subnet_uuid": "05eaa397-d398-4463-8a8a-b582e5628b5a",
                "uuid": "ef0babf2-286b-4274-8f55-7ae337382b35"
              }
            ],
            "nic_list_status": [
              {
                "floating_ip": "",
                "ip_endpoint_list": [
                  {
                    "ip": "10.55.42.156",
                    "type": "ASSIGNED"
                  }
                ],
                "is_connected": "true",
                "mac_address": "50:6b:8d:8f:ff:a0",
                "model": "",
                "network_function_chain_reference": {},
                "network_function_nic_type": "",
                "nic_type": "NORMAL_NIC",
                "num_queues": 1,
                "subnet_name": "Secondary_42",
                "subnet_uuid": "05eaa397-d398-4463-8a8a-b582e5628b5a",
                "uuid": "ef0babf2-286b-4274-8f55-7ae337382b35"
              }
            ],
            "num_sockets": 1,
            "num_vcpus_per_socket": 2,
            "num_vnuma_nodes": 0,
            "nutanix_guest_tools": {},
            "owner_reference": {
              "kind": "user",
              "name": "admin",
              "uuid": "00000000-0000-0000-0000-000000000000"
            },
            "parent_reference": {},
            "power_state": "ON",
            "power_state_mechanism": "HARD",
            "project_reference": {
              "kind": "project",
              "name": "_internal",
              "uuid": "48fbd98e-2217-481a-9f13-3a1c18ed088e"
            },
            "serial_port_list": [],
            "should_fail_on_script_failure": false,
            "state": "COMPLETE",
            "timeouts": null,
            "use_hot_add": true,
            "vga_console_enabled": true
          },
          "sensitive_attributes": [],
          "private": "eyJlMmJmYjczMC1lY2FhLTExZTYtOGY4OC0zNDM2M2JjN2M0YzAiOnsiY3JlYXRlIjozNjAwMDAwMDAwMDAwLCJkZWxldGUiOjM2MDAwMDAwMDAwMDAsInVwZGF0ZSI6MzYwMDAwMDAwMDAwMH0sInNjaGVtYV92ZXJzaW9uIjoiMSJ9",
          "dependencies": [
            "data.nutanix_cluster.cluster",
            "data.nutanix_subnet.subnet"
          ]
        },
        {
          "index_key": 29,
          "schema_version": 1,
          "attributes": {
            "api_version": "3.1",
            "availability_zone_reference": {},
            "boot_device_disk_address": {},
            "boot_device_mac_address": "",
            "boot_device_order_list": [
              "CDROM",
              "DISK",
              "NETWORK"
            ],
            "boot_type": "LEGACY",
            "categories": [],
            "cloud_init_cdrom_uuid": "",
            "cluster_name": "DM3-POC042",
            "cluster_uuid": "00061b19-2e68-cdea-0000-00000001b539",
            "description": "",
            "disk_list": [
              {
                "data_source_reference": {
                  "kind": "image",
                  "uuid": "66d40fe0-fdf0-4ad5-8e4e-e141cc7629ac"
                },
                "device_properties": [
                  {
                    "device_type": "DISK",
                    "disk_address": {
                      "adapter_type": "SCSI",
                      "device_index": "0"
                    }
                  }
                ],
                "disk_size_bytes": 214748364800,
                "disk_size_mib": 204800,
                "storage_config": [
                  {
                    "flash_mode": "",
                    "storage_container_reference": [
                      {
                        "kind": "storage_container",
                        "name": "SelfServiceContainer",
                        "url": "",
                        "uuid": "ba4b8c78-e099-41fc-a1b8-367e31b9973a"
                      }
                    ]
                  }
                ],
                "uuid": "3127a3dc-d742-4b46-9a07-28e7bf379502",
                "volume_group_reference": {}
              },
              {
                "data_source_reference": {},
                "device_properties": [
                  {
                    "device_type": "DISK",
                    "disk_address": {
                      "adapter_type": "SCSI",
                      "device_index": "1"
                    }
                  }
                ],
                "disk_size_bytes": 10737418240,
                "disk_size_mib": 10240,
                "storage_config": [
                  {
                    "flash_mode": "",
                    "storage_container_reference": [
                      {
                        "kind": "storage_container",
                        "name": "SelfServiceContainer",
                        "url": "",
                        "uuid": "ba4b8c78-e099-41fc-a1b8-367e31b9973a"
                      }
                    ]
                  }
                ],
                "uuid": "c907627e-f72a-43bc-a4cf-f0eb6410f30e",
                "volume_group_reference": {}
              }
            ],
            "enable_cpu_passthrough": false,
            "enable_script_exec": false,
            "gpu_list": [],
            "guest_customization_cloud_init_custom_key_values": {},
            "guest_customization_cloud_init_meta_data": "",
            "guest_customization_cloud_init_user_data": "",
            "guest_customization_is_overridable": false,
            "guest_customization_sysprep": {},
            "guest_customization_sysprep_custom_key_values": {},
            "guest_os_id": "",
            "hardware_clock_timezone": "UTC",
            "host_reference": {
              "kind": "host",
              "name": "10.55.42.28",
              "uuid": "ca6ea069-7ea3-4aaa-9d03-ec62d67f1865"
            },
            "hypervisor_type": null,
            "id": "8c261e5e-9bc9-479e-ade9-6111f0f5b107",
            "is_vcpu_hard_pinned": false,
            "machine_type": "PC",
            "memory_size_mib": 4096,
            "metadata": {
              "creation_time": "2024-07-22 13:17:15 +0000 UTC",
              "last_update_time": "2024-07-22 13:17:15 +0000 UTC",
              "name": "",
              "spec_hash": "",
              "spec_version": "0",
              "uuid": "8c261e5e-9bc9-479e-ade9-6111f0f5b107"
            },
            "name": "win-29",
            "ngt_credentials": {},
            "ngt_enabled_capability_list": [],
            "nic_list": [
              {
                "ip_endpoint_list": [
                  {
                    "ip": "10.55.42.153",
                    "type": "ASSIGNED"
                  }
                ],
                "is_connected": "true",
                "mac_address": "50:6b:8d:d4:29:56",
                "model": "",
                "network_function_chain_reference": {},
                "network_function_nic_type": "",
                "nic_type": "NORMAL_NIC",
                "num_queues": 1,
                "subnet_name": "Secondary_42",
                "subnet_uuid": "05eaa397-d398-4463-8a8a-b582e5628b5a",
                "uuid": "63ef16e6-60e9-480a-9661-e740dcc4ad95"
              }
            ],
            "nic_list_status": [
              {
                "floating_ip": "",
                "ip_endpoint_list": [
                  {
                    "ip": "10.55.42.153",
                    "type": "ASSIGNED"
                  }
                ],
                "is_connected": "true",
                "mac_address": "50:6b:8d:d4:29:56",
                "model": "",
                "network_function_chain_reference": {},
                "network_function_nic_type": "",
                "nic_type": "NORMAL_NIC",
                "num_queues": 1,
                "subnet_name": "Secondary_42",
                "subnet_uuid": "05eaa397-d398-4463-8a8a-b582e5628b5a",
                "uuid": "63ef16e6-60e9-480a-9661-e740dcc4ad95"
              }
            ],
            "num_sockets": 1,
            "num_vcpus_per_socket": 2,
            "num_vnuma_nodes": 0,
            "nutanix_guest_tools": {},
            "owner_reference": {
              "kind": "user",
              "name": "admin",
              "uuid": "00000000-0000-0000-0000-000000000000"
            },
            "parent_reference": {},
            "power_state": "ON",
            "power_state_mechanism": "HARD",
            "project_reference": {
              "kind": "project",
              "name": "_internal",
              "uuid": "48fbd98e-2217-481a-9f13-3a1c18ed088e"
            },
            "serial_port_list": [],
            "should_fail_on_script_failure": false,
            "state": "COMPLETE",
            "timeouts": null,
            "use_hot_add": true,
            "vga_console_enabled": true
          },
          "sensitive_attributes": [],
          "private": "eyJlMmJmYjczMC1lY2FhLTExZTYtOGY4OC0zNDM2M2JjN2M0YzAiOnsiY3JlYXRlIjozNjAwMDAwMDAwMDAwLCJkZWxldGUiOjM2MDAwMDAwMDAwMDAsInVwZGF0ZSI6MzYwMDAwMDAwMDAwMH0sInNjaGVtYV92ZXJzaW9uIjoiMSJ9",
          "dependencies": [
            "data.nutanix_cluster.cluster",
            "data.nutanix_subnet.subnet"
          ]
        },
        {
          "index_key": 30,
          "schema_version": 1,
          "attributes": {
            "api_version": "3.1",
            "availability_zone_reference": {},
            "boot_device_disk_address": {},
            "boot_device_mac_address": "",
            "boot_device_order_list": [
              "CDROM",
              "DISK",
              "NETWORK"
            ],
            "boot_type": "LEGACY",
            "categories": [],
            "cloud_init_cdrom_uuid": "",
            "cluster_name": "DM3-POC042",
            "cluster_uuid": "00061b19-2e68-cdea-0000-00000001b539",
            "description": "",
            "disk_list": [
              {
                "data_source_reference": {
                  "kind": "image",
                  "uuid": "66d40fe0-fdf0-4ad5-8e4e-e141cc7629ac"
                },
                "device_properties": [
                  {
                    "device_type": "DISK",
                    "disk_address": {
                      "adapter_type": "SCSI",
                      "device_index": "0"
                    }
                  }
                ],
                "disk_size_bytes": 214748364800,
                "disk_size_mib": 204800,
                "storage_config": [
                  {
                    "flash_mode": "",
                    "storage_container_reference": [
                      {
                        "kind": "storage_container",
                        "name": "SelfServiceContainer",
                        "url": "",
                        "uuid": "ba4b8c78-e099-41fc-a1b8-367e31b9973a"
                      }
                    ]
                  }
                ],
                "uuid": "02f583cc-2606-41da-b89d-caedfabc491c",
                "volume_group_reference": {}
              },
              {
                "data_source_reference": {},
                "device_properties": [
                  {
                    "device_type": "DISK",
                    "disk_address": {
                      "adapter_type": "SCSI",
                      "device_index": "1"
                    }
                  }
                ],
                "disk_size_bytes": 10737418240,
                "disk_size_mib": 10240,
                "storage_config": [
                  {
                    "flash_mode": "",
                    "storage_container_reference": [
                      {
                        "kind": "storage_container",
                        "name": "SelfServiceContainer",
                        "url": "",
                        "uuid": "ba4b8c78-e099-41fc-a1b8-367e31b9973a"
                      }
                    ]
                  }
                ],
                "uuid": "6a2c45b1-f6b6-410b-8e8b-555bb608bc31",
                "volume_group_reference": {}
              }
            ],
            "enable_cpu_passthrough": false,
            "enable_script_exec": false,
            "gpu_list": [],
            "guest_customization_cloud_init_custom_key_values": {},
            "guest_customization_cloud_init_meta_data": "",
            "guest_customization_cloud_init_user_data": "",
            "guest_customization_is_overridable": false,
            "guest_customization_sysprep": {},
            "guest_customization_sysprep_custom_key_values": {},
            "guest_os_id": "",
            "hardware_clock_timezone": "UTC",
            "host_reference": {
              "kind": "host",
              "name": "10.55.42.28",
              "uuid": "ca6ea069-7ea3-4aaa-9d03-ec62d67f1865"
            },
            "hypervisor_type": null,
            "id": "eebbcc15-e827-45db-83c0-3727d099cb0a",
            "is_vcpu_hard_pinned": false,
            "machine_type": "PC",
            "memory_size_mib": 4096,
            "metadata": {
              "creation_time": "2024-07-22 13:16:58 +0000 UTC",
              "last_update_time": "2024-07-22 13:16:58 +0000 UTC",
              "name": "",
              "spec_hash": "",
              "spec_version": "0",
              "uuid": "eebbcc15-e827-45db-83c0-3727d099cb0a"
            },
            "name": "win-30",
            "ngt_credentials": {},
            "ngt_enabled_capability_list": [],
            "nic_list": [
              {
                "ip_endpoint_list": [
                  {
                    "ip": "10.55.42.246",
                    "type": "ASSIGNED"
                  }
                ],
                "is_connected": "true",
                "mac_address": "50:6b:8d:ef:36:e4",
                "model": "",
                "network_function_chain_reference": {},
                "network_function_nic_type": "",
                "nic_type": "NORMAL_NIC",
                "num_queues": 1,
                "subnet_name": "Secondary_42",
                "subnet_uuid": "05eaa397-d398-4463-8a8a-b582e5628b5a",
                "uuid": "98ed8e98-8f78-4818-9352-79f85d055a01"
              }
            ],
            "nic_list_status": [
              {
                "floating_ip": "",
                "ip_endpoint_list": [
                  {
                    "ip": "10.55.42.246",
                    "type": "ASSIGNED"
                  }
                ],
                "is_connected": "true",
                "mac_address": "50:6b:8d:ef:36:e4",
                "model": "",
                "network_function_chain_reference": {},
                "network_function_nic_type": "",
                "nic_type": "NORMAL_NIC",
                "num_queues": 1,
                "subnet_name": "Secondary_42",
                "subnet_uuid": "05eaa397-d398-4463-8a8a-b582e5628b5a",
                "uuid": "98ed8e98-8f78-4818-9352-79f85d055a01"
              }
            ],
            "num_sockets": 1,
            "num_vcpus_per_socket": 2,
            "num_vnuma_nodes": 0,
            "nutanix_guest_tools": {},
            "owner_reference": {
              "kind": "user",
              "name": "admin",
              "uuid": "00000000-0000-0000-0000-000000000000"
            },
            "parent_reference": {},
            "power_state": "ON",
            "power_state_mechanism": "HARD",
            "project_reference": {
              "kind": "project",
              "name": "_internal",
              "uuid": "48fbd98e-2217-481a-9f13-3a1c18ed088e"
            },
            "serial_port_list": [],
            "should_fail_on_script_failure": false,
            "state": "COMPLETE",
            "timeouts": null,
            "use_hot_add": true,
            "vga_console_enabled": true
          },
          "sensitive_attributes": [],
          "private": "eyJlMmJmYjczMC1lY2FhLTExZTYtOGY4OC0zNDM2M2JjN2M0YzAiOnsiY3JlYXRlIjozNjAwMDAwMDAwMDAwLCJkZWxldGUiOjM2MDAwMDAwMDAwMDAsInVwZGF0ZSI6MzYwMDAwMDAwMDAwMH0sInNjaGVtYV92ZXJzaW9uIjoiMSJ9",
          "dependencies": [
            "data.nutanix_cluster.cluster",
            "data.nutanix_subnet.subnet"
          ]
        },
        {
          "index_key": 31,
          "schema_version": 1,
          "attributes": {
            "api_version": "3.1",
            "availability_zone_reference": {},
            "boot_device_disk_address": {},
            "boot_device_mac_address": "",
            "boot_device_order_list": [
              "CDROM",
              "DISK",
              "NETWORK"
            ],
            "boot_type": "LEGACY",
            "categories": [],
            "cloud_init_cdrom_uuid": "",
            "cluster_name": "DM3-POC042",
            "cluster_uuid": "00061b19-2e68-cdea-0000-00000001b539",
            "description": "",
            "disk_list": [
              {
                "data_source_reference": {
                  "kind": "image",
                  "uuid": "66d40fe0-fdf0-4ad5-8e4e-e141cc7629ac"
                },
                "device_properties": [
                  {
                    "device_type": "DISK",
                    "disk_address": {
                      "adapter_type": "SCSI",
                      "device_index": "0"
                    }
                  }
                ],
                "disk_size_bytes": 214748364800,
                "disk_size_mib": 204800,
                "storage_config": [
                  {
                    "flash_mode": "",
                    "storage_container_reference": [
                      {
                        "kind": "storage_container",
                        "name": "SelfServiceContainer",
                        "url": "",
                        "uuid": "ba4b8c78-e099-41fc-a1b8-367e31b9973a"
                      }
                    ]
                  }
                ],
                "uuid": "a53e4329-17de-4305-b359-9a2b3c200773",
                "volume_group_reference": {}
              },
              {
                "data_source_reference": {},
                "device_properties": [
                  {
                    "device_type": "DISK",
                    "disk_address": {
                      "adapter_type": "SCSI",
                      "device_index": "1"
                    }
                  }
                ],
                "disk_size_bytes": 10737418240,
                "disk_size_mib": 10240,
                "storage_config": [
                  {
                    "flash_mode": "",
                    "storage_container_reference": [
                      {
                        "kind": "storage_container",
                        "name": "SelfServiceContainer",
                        "url": "",
                        "uuid": "ba4b8c78-e099-41fc-a1b8-367e31b9973a"
                      }
                    ]
                  }
                ],
                "uuid": "6a89c9d4-3337-4085-939b-0b19f8476934",
                "volume_group_reference": {}
              }
            ],
            "enable_cpu_passthrough": false,
            "enable_script_exec": false,
            "gpu_list": [],
            "guest_customization_cloud_init_custom_key_values": {},
            "guest_customization_cloud_init_meta_data": "",
            "guest_customization_cloud_init_user_data": "",
            "guest_customization_is_overridable": false,
            "guest_customization_sysprep": {},
            "guest_customization_sysprep_custom_key_values": {},
            "guest_os_id": "",
            "hardware_clock_timezone": "UTC",
            "host_reference": {
              "kind": "host",
              "name": "10.55.42.27",
              "uuid": "c9d70073-f27c-42c3-ba19-94f8cc93fe2f"
            },
            "hypervisor_type": null,
            "id": "9374e497-8265-4a2e-b747-dfb6b498997a",
            "is_vcpu_hard_pinned": false,
            "machine_type": "PC",
            "memory_size_mib": 4096,
            "metadata": {
              "creation_time": "2024-07-22 13:16:30 +0000 UTC",
              "last_update_time": "2024-07-22 13:16:30 +0000 UTC",
              "name": "",
              "spec_hash": "",
              "spec_version": "0",
              "uuid": "9374e497-8265-4a2e-b747-dfb6b498997a"
            },
            "name": "win-31",
            "ngt_credentials": {},
            "ngt_enabled_capability_list": [],
            "nic_list": [
              {
                "ip_endpoint_list": [
                  {
                    "ip": "10.55.42.209",
                    "type": "ASSIGNED"
                  }
                ],
                "is_connected": "true",
                "mac_address": "50:6b:8d:b5:15:c4",
                "model": "",
                "network_function_chain_reference": {},
                "network_function_nic_type": "",
                "nic_type": "NORMAL_NIC",
                "num_queues": 1,
                "subnet_name": "Secondary_42",
                "subnet_uuid": "05eaa397-d398-4463-8a8a-b582e5628b5a",
                "uuid": "58f128bf-9433-447f-98bc-37e56386cd52"
              }
            ],
            "nic_list_status": [
              {
                "floating_ip": "",
                "ip_endpoint_list": [
                  {
                    "ip": "10.55.42.209",
                    "type": "ASSIGNED"
                  }
                ],
                "is_connected": "true",
                "mac_address": "50:6b:8d:b5:15:c4",
                "model": "",
                "network_function_chain_reference": {},
                "network_function_nic_type": "",
                "nic_type": "NORMAL_NIC",
                "num_queues": 1,
                "subnet_name": "Secondary_42",
                "subnet_uuid": "05eaa397-d398-4463-8a8a-b582e5628b5a",
                "uuid": "58f128bf-9433-447f-98bc-37e56386cd52"
              }
            ],
            "num_sockets": 1,
            "num_vcpus_per_socket": 2,
            "num_vnuma_nodes": 0,
            "nutanix_guest_tools": {},
            "owner_reference": {
              "kind": "user",
              "name": "admin",
              "uuid": "00000000-0000-0000-0000-000000000000"
            },
            "parent_reference": {},
            "power_state": "ON",
            "power_state_mechanism": "HARD",
            "project_reference": {
              "kind": "project",
              "name": "_internal",
              "uuid": "48fbd98e-2217-481a-9f13-3a1c18ed088e"
            },
            "serial_port_list": [],
            "should_fail_on_script_failure": false,
            "state": "COMPLETE",
            "timeouts": null,
            "use_hot_add": true,
            "vga_console_enabled": true
          },
          "sensitive_attributes": [],
          "private": "eyJlMmJmYjczMC1lY2FhLTExZTYtOGY4OC0zNDM2M2JjN2M0YzAiOnsiY3JlYXRlIjozNjAwMDAwMDAwMDAwLCJkZWxldGUiOjM2MDAwMDAwMDAwMDAsInVwZGF0ZSI6MzYwMDAwMDAwMDAwMH0sInNjaGVtYV92ZXJzaW9uIjoiMSJ9",
          "dependencies": [
            "data.nutanix_cluster.cluster",
            "data.nutanix_subnet.subnet"
          ]
        },
        {
          "index_key": 32,
          "schema_version": 1,
          "attributes": {
            "api_version": "3.1",
            "availability_zone_reference": {},
            "boot_device_disk_address": {},
            "boot_device_mac_address": "",
            "boot_device_order_list": [
              "CDROM",
              "DISK",
              "NETWORK"
            ],
            "boot_type": "LEGACY",
            "categories": [],
            "cloud_init_cdrom_uuid": "",
            "cluster_name": "DM3-POC042",
            "cluster_uuid": "00061b19-2e68-cdea-0000-00000001b539",
            "description": "",
            "disk_list": [
              {
                "data_source_reference": {
                  "kind": "image",
                  "uuid": "66d40fe0-fdf0-4ad5-8e4e-e141cc7629ac"
                },
                "device_properties": [
                  {
                    "device_type": "DISK",
                    "disk_address": {
                      "adapter_type": "SCSI",
                      "device_index": "0"
                    }
                  }
                ],
                "disk_size_bytes": 214748364800,
                "disk_size_mib": 204800,
                "storage_config": [
                  {
                    "flash_mode": "",
                    "storage_container_reference": [
                      {
                        "kind": "storage_container",
                        "name": "SelfServiceContainer",
                        "url": "",
                        "uuid": "ba4b8c78-e099-41fc-a1b8-367e31b9973a"
                      }
                    ]
                  }
                ],
                "uuid": "3fc9198f-e661-4161-b0f0-22deae446777",
                "volume_group_reference": {}
              },
              {
                "data_source_reference": {},
                "device_properties": [
                  {
                    "device_type": "DISK",
                    "disk_address": {
                      "adapter_type": "SCSI",
                      "device_index": "1"
                    }
                  }
                ],
                "disk_size_bytes": 10737418240,
                "disk_size_mib": 10240,
                "storage_config": [
                  {
                    "flash_mode": "",
                    "storage_container_reference": [
                      {
                        "kind": "storage_container",
                        "name": "SelfServiceContainer",
                        "url": "",
                        "uuid": "ba4b8c78-e099-41fc-a1b8-367e31b9973a"
                      }
                    ]
                  }
                ],
                "uuid": "808fe8d8-8f9e-47fe-abe2-c29e2624f303",
                "volume_group_reference": {}
              }
            ],
            "enable_cpu_passthrough": false,
            "enable_script_exec": false,
            "gpu_list": [],
            "guest_customization_cloud_init_custom_key_values": {},
            "guest_customization_cloud_init_meta_data": "",
            "guest_customization_cloud_init_user_data": "",
            "guest_customization_is_overridable": false,
            "guest_customization_sysprep": {},
            "guest_customization_sysprep_custom_key_values": {},
            "guest_os_id": "",
            "hardware_clock_timezone": "UTC",
            "host_reference": {
              "kind": "host",
              "name": "10.55.42.28",
              "uuid": "ca6ea069-7ea3-4aaa-9d03-ec62d67f1865"
            },
            "hypervisor_type": null,
            "id": "5ef93177-97d0-4ae5-9345-e1f8f64581aa",
            "is_vcpu_hard_pinned": false,
            "machine_type": "PC",
            "memory_size_mib": 4096,
            "metadata": {
              "creation_time": "2024-07-22 13:17:08 +0000 UTC",
              "last_update_time": "2024-07-22 13:17:08 +0000 UTC",
              "name": "",
              "spec_hash": "",
              "spec_version": "0",
              "uuid": "5ef93177-97d0-4ae5-9345-e1f8f64581aa"
            },
            "name": "win-32",
            "ngt_credentials": {},
            "ngt_enabled_capability_list": [],
            "nic_list": [
              {
                "ip_endpoint_list": [
                  {
                    "ip": "10.55.42.163",
                    "type": "ASSIGNED"
                  }
                ],
                "is_connected": "true",
                "mac_address": "50:6b:8d:db:04:06",
                "model": "",
                "network_function_chain_reference": {},
                "network_function_nic_type": "",
                "nic_type": "NORMAL_NIC",
                "num_queues": 1,
                "subnet_name": "Secondary_42",
                "subnet_uuid": "05eaa397-d398-4463-8a8a-b582e5628b5a",
                "uuid": "4dd631c5-faaa-40a5-9bb0-6350e22a88e4"
              }
            ],
            "nic_list_status": [
              {
                "floating_ip": "",
                "ip_endpoint_list": [
                  {
                    "ip": "10.55.42.163",
                    "type": "ASSIGNED"
                  }
                ],
                "is_connected": "true",
                "mac_address": "50:6b:8d:db:04:06",
                "model": "",
                "network_function_chain_reference": {},
                "network_function_nic_type": "",
                "nic_type": "NORMAL_NIC",
                "num_queues": 1,
                "subnet_name": "Secondary_42",
                "subnet_uuid": "05eaa397-d398-4463-8a8a-b582e5628b5a",
                "uuid": "4dd631c5-faaa-40a5-9bb0-6350e22a88e4"
              }
            ],
            "num_sockets": 1,
            "num_vcpus_per_socket": 2,
            "num_vnuma_nodes": 0,
            "nutanix_guest_tools": {},
            "owner_reference": {
              "kind": "user",
              "name": "admin",
              "uuid": "00000000-0000-0000-0000-000000000000"
            },
            "parent_reference": {},
            "power_state": "ON",
            "power_state_mechanism": "HARD",
            "project_reference": {
              "kind": "project",
              "name": "_internal",
              "uuid": "48fbd98e-2217-481a-9f13-3a1c18ed088e"
            },
            "serial_port_list": [],
            "should_fail_on_script_failure": false,
            "state": "COMPLETE",
            "timeouts": null,
            "use_hot_add": true,
            "vga_console_enabled": true
          },
          "sensitive_attributes": [],
          "private": "eyJlMmJmYjczMC1lY2FhLTExZTYtOGY4OC0zNDM2M2JjN2M0YzAiOnsiY3JlYXRlIjozNjAwMDAwMDAwMDAwLCJkZWxldGUiOjM2MDAwMDAwMDAwMDAsInVwZGF0ZSI6MzYwMDAwMDAwMDAwMH0sInNjaGVtYV92ZXJzaW9uIjoiMSJ9",
          "dependencies": [
            "data.nutanix_cluster.cluster",
            "data.nutanix_subnet.subnet"
          ]
        },
        {
          "index_key": 33,
          "schema_version": 1,
          "attributes": {
            "api_version": "3.1",
            "availability_zone_reference": {},
            "boot_device_disk_address": {},
            "boot_device_mac_address": "",
            "boot_device_order_list": [
              "CDROM",
              "DISK",
              "NETWORK"
            ],
            "boot_type": "LEGACY",
            "categories": [],
            "cloud_init_cdrom_uuid": "",
            "cluster_name": "DM3-POC042",
            "cluster_uuid": "00061b19-2e68-cdea-0000-00000001b539",
            "description": "",
            "disk_list": [
              {
                "data_source_reference": {
                  "kind": "image",
                  "uuid": "66d40fe0-fdf0-4ad5-8e4e-e141cc7629ac"
                },
                "device_properties": [
                  {
                    "device_type": "DISK",
                    "disk_address": {
                      "adapter_type": "SCSI",
                      "device_index": "0"
                    }
                  }
                ],
                "disk_size_bytes": 214748364800,
                "disk_size_mib": 204800,
                "storage_config": [
                  {
                    "flash_mode": "",
                    "storage_container_reference": [
                      {
                        "kind": "storage_container",
                        "name": "SelfServiceContainer",
                        "url": "",
                        "uuid": "ba4b8c78-e099-41fc-a1b8-367e31b9973a"
                      }
                    ]
                  }
                ],
                "uuid": "388bf6b3-969e-41ae-9c59-c533b603f3e9",
                "volume_group_reference": {}
              },
              {
                "data_source_reference": {},
                "device_properties": [
                  {
                    "device_type": "DISK",
                    "disk_address": {
                      "adapter_type": "SCSI",
                      "device_index": "1"
                    }
                  }
                ],
                "disk_size_bytes": 10737418240,
                "disk_size_mib": 10240,
                "storage_config": [
                  {
                    "flash_mode": "",
                    "storage_container_reference": [
                      {
                        "kind": "storage_container",
                        "name": "SelfServiceContainer",
                        "url": "",
                        "uuid": "ba4b8c78-e099-41fc-a1b8-367e31b9973a"
                      }
                    ]
                  }
                ],
                "uuid": "f87eb9fb-966b-448f-b2de-b0ab946ee71a",
                "volume_group_reference": {}
              }
            ],
            "enable_cpu_passthrough": false,
            "enable_script_exec": false,
            "gpu_list": [],
            "guest_customization_cloud_init_custom_key_values": {},
            "guest_customization_cloud_init_meta_data": "",
            "guest_customization_cloud_init_user_data": "",
            "guest_customization_is_overridable": false,
            "guest_customization_sysprep": {},
            "guest_customization_sysprep_custom_key_values": {},
            "guest_os_id": "",
            "hardware_clock_timezone": "UTC",
            "host_reference": {
              "kind": "host",
              "name": "10.55.42.28",
              "uuid": "ca6ea069-7ea3-4aaa-9d03-ec62d67f1865"
            },
            "hypervisor_type": null,
            "id": "31824fcb-32a4-497f-bf80-904a74118dca",
            "is_vcpu_hard_pinned": false,
            "machine_type": "PC",
            "memory_size_mib": 4096,
            "metadata": {
              "creation_time": "2024-07-22 13:17:14 +0000 UTC",
              "last_update_time": "2024-07-22 13:17:14 +0000 UTC",
              "name": "",
              "spec_hash": "",
              "spec_version": "0",
              "uuid": "31824fcb-32a4-497f-bf80-904a74118dca"
            },
            "name": "win-33",
            "ngt_credentials": {},
            "ngt_enabled_capability_list": [],
            "nic_list": [
              {
                "ip_endpoint_list": [
                  {
                    "ip": "10.55.42.152",
                    "type": "ASSIGNED"
                  }
                ],
                "is_connected": "true",
                "mac_address": "50:6b:8d:b3:90:74",
                "model": "",
                "network_function_chain_reference": {},
                "network_function_nic_type": "",
                "nic_type": "NORMAL_NIC",
                "num_queues": 1,
                "subnet_name": "Secondary_42",
                "subnet_uuid": "05eaa397-d398-4463-8a8a-b582e5628b5a",
                "uuid": "a7fdd79d-b5dd-477c-a4be-4f3835bd3803"
              }
            ],
            "nic_list_status": [
              {
                "floating_ip": "",
                "ip_endpoint_list": [
                  {
                    "ip": "10.55.42.152",
                    "type": "ASSIGNED"
                  }
                ],
                "is_connected": "true",
                "mac_address": "50:6b:8d:b3:90:74",
                "model": "",
                "network_function_chain_reference": {},
                "network_function_nic_type": "",
                "nic_type": "NORMAL_NIC",
                "num_queues": 1,
                "subnet_name": "Secondary_42",
                "subnet_uuid": "05eaa397-d398-4463-8a8a-b582e5628b5a",
                "uuid": "a7fdd79d-b5dd-477c-a4be-4f3835bd3803"
              }
            ],
            "num_sockets": 1,
            "num_vcpus_per_socket": 2,
            "num_vnuma_nodes": 0,
            "nutanix_guest_tools": {},
            "owner_reference": {
              "kind": "user",
              "name": "admin",
              "uuid": "00000000-0000-0000-0000-000000000000"
            },
            "parent_reference": {},
            "power_state": "ON",
            "power_state_mechanism": "HARD",
            "project_reference": {
              "kind": "project",
              "name": "_internal",
              "uuid": "48fbd98e-2217-481a-9f13-3a1c18ed088e"
            },
            "serial_port_list": [],
            "should_fail_on_script_failure": false,
            "state": "COMPLETE",
            "timeouts": null,
            "use_hot_add": true,
            "vga_console_enabled": true
          },
          "sensitive_attributes": [],
          "private": "eyJlMmJmYjczMC1lY2FhLTExZTYtOGY4OC0zNDM2M2JjN2M0YzAiOnsiY3JlYXRlIjozNjAwMDAwMDAwMDAwLCJkZWxldGUiOjM2MDAwMDAwMDAwMDAsInVwZGF0ZSI6MzYwMDAwMDAwMDAwMH0sInNjaGVtYV92ZXJzaW9uIjoiMSJ9",
          "dependencies": [
            "data.nutanix_cluster.cluster",
            "data.nutanix_subnet.subnet"
          ]
        },
        {
          "index_key": 34,
          "schema_version": 1,
          "attributes": {
            "api_version": "3.1",
            "availability_zone_reference": {},
            "boot_device_disk_address": {},
            "boot_device_mac_address": "",
            "boot_device_order_list": [
              "CDROM",
              "DISK",
              "NETWORK"
            ],
            "boot_type": "LEGACY",
            "categories": [],
            "cloud_init_cdrom_uuid": "",
            "cluster_name": "DM3-POC042",
            "cluster_uuid": "00061b19-2e68-cdea-0000-00000001b539",
            "description": "",
            "disk_list": [
              {
                "data_source_reference": {
                  "kind": "image",
                  "uuid": "66d40fe0-fdf0-4ad5-8e4e-e141cc7629ac"
                },
                "device_properties": [
                  {
                    "device_type": "DISK",
                    "disk_address": {
                      "adapter_type": "SCSI",
                      "device_index": "0"
                    }
                  }
                ],
                "disk_size_bytes": 214748364800,
                "disk_size_mib": 204800,
                "storage_config": [
                  {
                    "flash_mode": "",
                    "storage_container_reference": [
                      {
                        "kind": "storage_container",
                        "name": "SelfServiceContainer",
                        "url": "",
                        "uuid": "ba4b8c78-e099-41fc-a1b8-367e31b9973a"
                      }
                    ]
                  }
                ],
                "uuid": "bba05a33-5fa8-4036-baa7-729e7586ac3e",
                "volume_group_reference": {}
              },
              {
                "data_source_reference": {},
                "device_properties": [
                  {
                    "device_type": "DISK",
                    "disk_address": {
                      "adapter_type": "SCSI",
                      "device_index": "1"
                    }
                  }
                ],
                "disk_size_bytes": 10737418240,
                "disk_size_mib": 10240,
                "storage_config": [
                  {
                    "flash_mode": "",
                    "storage_container_reference": [
                      {
                        "kind": "storage_container",
                        "name": "SelfServiceContainer",
                        "url": "",
                        "uuid": "ba4b8c78-e099-41fc-a1b8-367e31b9973a"
                      }
                    ]
                  }
                ],
                "uuid": "9d24bc78-e929-4165-a3db-a254c10ccbef",
                "volume_group_reference": {}
              }
            ],
            "enable_cpu_passthrough": false,
            "enable_script_exec": false,
            "gpu_list": [],
            "guest_customization_cloud_init_custom_key_values": {},
            "guest_customization_cloud_init_meta_data": "",
            "guest_customization_cloud_init_user_data": "",
            "guest_customization_is_overridable": false,
            "guest_customization_sysprep": {},
            "guest_customization_sysprep_custom_key_values": {},
            "guest_os_id": "",
            "hardware_clock_timezone": "UTC",
            "host_reference": {
              "kind": "host",
              "name": "10.55.42.26",
              "uuid": "b7efea22-eb3b-49f1-b6a4-4d37f56f8627"
            },
            "hypervisor_type": null,
            "id": "c5f9807a-5298-4bc6-b764-6b919e36573d",
            "is_vcpu_hard_pinned": false,
            "machine_type": "PC",
            "memory_size_mib": 4096,
            "metadata": {
              "creation_time": "2024-07-22 13:16:29 +0000 UTC",
              "last_update_time": "2024-07-22 13:16:29 +0000 UTC",
              "name": "",
              "spec_hash": "",
              "spec_version": "0",
              "uuid": "c5f9807a-5298-4bc6-b764-6b919e36573d"
            },
            "name": "win-34",
            "ngt_credentials": {},
            "ngt_enabled_capability_list": [],
            "nic_list": [
              {
                "ip_endpoint_list": [
                  {
                    "ip": "10.55.42.170",
                    "type": "ASSIGNED"
                  }
                ],
                "is_connected": "true",
                "mac_address": "50:6b:8d:85:bf:79",
                "model": "",
                "network_function_chain_reference": {},
                "network_function_nic_type": "",
                "nic_type": "NORMAL_NIC",
                "num_queues": 1,
                "subnet_name": "Secondary_42",
                "subnet_uuid": "05eaa397-d398-4463-8a8a-b582e5628b5a",
                "uuid": "6171ed60-0e79-4ce3-b6ae-9d9b2e0a0f6e"
              }
            ],
            "nic_list_status": [
              {
                "floating_ip": "",
                "ip_endpoint_list": [
                  {
                    "ip": "10.55.42.170",
                    "type": "ASSIGNED"
                  }
                ],
                "is_connected": "true",
                "mac_address": "50:6b:8d:85:bf:79",
                "model": "",
                "network_function_chain_reference": {},
                "network_function_nic_type": "",
                "nic_type": "NORMAL_NIC",
                "num_queues": 1,
                "subnet_name": "Secondary_42",
                "subnet_uuid": "05eaa397-d398-4463-8a8a-b582e5628b5a",
                "uuid": "6171ed60-0e79-4ce3-b6ae-9d9b2e0a0f6e"
              }
            ],
            "num_sockets": 1,
            "num_vcpus_per_socket": 2,
            "num_vnuma_nodes": 0,
            "nutanix_guest_tools": {},
            "owner_reference": {
              "kind": "user",
              "name": "admin",
              "uuid": "00000000-0000-0000-0000-000000000000"
            },
            "parent_reference": {},
            "power_state": "ON",
            "power_state_mechanism": "HARD",
            "project_reference": {
              "kind": "project",
              "name": "_internal",
              "uuid": "48fbd98e-2217-481a-9f13-3a1c18ed088e"
            },
            "serial_port_list": [],
            "should_fail_on_script_failure": false,
            "state": "COMPLETE",
            "timeouts": null,
            "use_hot_add": true,
            "vga_console_enabled": true
          },
          "sensitive_attributes": [],
          "private": "eyJlMmJmYjczMC1lY2FhLTExZTYtOGY4OC0zNDM2M2JjN2M0YzAiOnsiY3JlYXRlIjozNjAwMDAwMDAwMDAwLCJkZWxldGUiOjM2MDAwMDAwMDAwMDAsInVwZGF0ZSI6MzYwMDAwMDAwMDAwMH0sInNjaGVtYV92ZXJzaW9uIjoiMSJ9",
          "dependencies": [
            "data.nutanix_cluster.cluster",
            "data.nutanix_subnet.subnet"
          ]
        },
        {
          "index_key": 35,
          "schema_version": 1,
          "attributes": {
            "api_version": "3.1",
            "availability_zone_reference": {},
            "boot_device_disk_address": {},
            "boot_device_mac_address": "",
            "boot_device_order_list": [
              "CDROM",
              "DISK",
              "NETWORK"
            ],
            "boot_type": "LEGACY",
            "categories": [],
            "cloud_init_cdrom_uuid": "",
            "cluster_name": "DM3-POC042",
            "cluster_uuid": "00061b19-2e68-cdea-0000-00000001b539",
            "description": "",
            "disk_list": [
              {
                "data_source_reference": {
                  "kind": "image",
                  "uuid": "66d40fe0-fdf0-4ad5-8e4e-e141cc7629ac"
                },
                "device_properties": [
                  {
                    "device_type": "DISK",
                    "disk_address": {
                      "adapter_type": "SCSI",
                      "device_index": "0"
                    }
                  }
                ],
                "disk_size_bytes": 214748364800,
                "disk_size_mib": 204800,
                "storage_config": [
                  {
                    "flash_mode": "",
                    "storage_container_reference": [
                      {
                        "kind": "storage_container",
                        "name": "SelfServiceContainer",
                        "url": "",
                        "uuid": "ba4b8c78-e099-41fc-a1b8-367e31b9973a"
                      }
                    ]
                  }
                ],
                "uuid": "6abe4252-9b4c-4774-b3ca-8778074b1945",
                "volume_group_reference": {}
              },
              {
                "data_source_reference": {},
                "device_properties": [
                  {
                    "device_type": "DISK",
                    "disk_address": {
                      "adapter_type": "SCSI",
                      "device_index": "1"
                    }
                  }
                ],
                "disk_size_bytes": 10737418240,
                "disk_size_mib": 10240,
                "storage_config": [
                  {
                    "flash_mode": "",
                    "storage_container_reference": [
                      {
                        "kind": "storage_container",
                        "name": "SelfServiceContainer",
                        "url": "",
                        "uuid": "ba4b8c78-e099-41fc-a1b8-367e31b9973a"
                      }
                    ]
                  }
                ],
                "uuid": "6d418b29-56eb-432b-a113-8e7032c7c0ec",
                "volume_group_reference": {}
              }
            ],
            "enable_cpu_passthrough": false,
            "enable_script_exec": false,
            "gpu_list": [],
            "guest_customization_cloud_init_custom_key_values": {},
            "guest_customization_cloud_init_meta_data": "",
            "guest_customization_cloud_init_user_data": "",
            "guest_customization_is_overridable": false,
            "guest_customization_sysprep": {},
            "guest_customization_sysprep_custom_key_values": {},
            "guest_os_id": "",
            "hardware_clock_timezone": "UTC",
            "host_reference": {
              "kind": "host",
              "name": "10.55.42.28",
              "uuid": "ca6ea069-7ea3-4aaa-9d03-ec62d67f1865"
            },
            "hypervisor_type": null,
            "id": "29da11a2-ec55-437c-a8ec-c74d1789720c",
            "is_vcpu_hard_pinned": false,
            "machine_type": "PC",
            "memory_size_mib": 4096,
            "metadata": {
              "creation_time": "2024-07-22 13:17:15 +0000 UTC",
              "last_update_time": "2024-07-22 13:17:15 +0000 UTC",
              "name": "",
              "spec_hash": "",
              "spec_version": "0",
              "uuid": "29da11a2-ec55-437c-a8ec-c74d1789720c"
            },
            "name": "win-35",
            "ngt_credentials": {},
            "ngt_enabled_capability_list": [],
            "nic_list": [
              {
                "ip_endpoint_list": [
                  {
                    "ip": "10.55.42.197",
                    "type": "ASSIGNED"
                  }
                ],
                "is_connected": "true",
                "mac_address": "50:6b:8d:81:9d:2d",
                "model": "",
                "network_function_chain_reference": {},
                "network_function_nic_type": "",
                "nic_type": "NORMAL_NIC",
                "num_queues": 1,
                "subnet_name": "Secondary_42",
                "subnet_uuid": "05eaa397-d398-4463-8a8a-b582e5628b5a",
                "uuid": "3b8a124b-6567-4bc7-9379-5d5a3a2748a0"
              }
            ],
            "nic_list_status": [
              {
                "floating_ip": "",
                "ip_endpoint_list": [
                  {
                    "ip": "10.55.42.197",
                    "type": "ASSIGNED"
                  }
                ],
                "is_connected": "true",
                "mac_address": "50:6b:8d:81:9d:2d",
                "model": "",
                "network_function_chain_reference": {},
                "network_function_nic_type": "",
                "nic_type": "NORMAL_NIC",
                "num_queues": 1,
                "subnet_name": "Secondary_42",
                "subnet_uuid": "05eaa397-d398-4463-8a8a-b582e5628b5a",
                "uuid": "3b8a124b-6567-4bc7-9379-5d5a3a2748a0"
              }
            ],
            "num_sockets": 1,
            "num_vcpus_per_socket": 2,
            "num_vnuma_nodes": 0,
            "nutanix_guest_tools": {},
            "owner_reference": {
              "kind": "user",
              "name": "admin",
              "uuid": "00000000-0000-0000-0000-000000000000"
            },
            "parent_reference": {},
            "power_state": "ON",
            "power_state_mechanism": "HARD",
            "project_reference": {
              "kind": "project",
              "name": "_internal",
              "uuid": "48fbd98e-2217-481a-9f13-3a1c18ed088e"
            },
            "serial_port_list": [],
            "should_fail_on_script_failure": false,
            "state": "COMPLETE",
            "timeouts": null,
            "use_hot_add": true,
            "vga_console_enabled": true
          },
          "sensitive_attributes": [],
          "private": "eyJlMmJmYjczMC1lY2FhLTExZTYtOGY4OC0zNDM2M2JjN2M0YzAiOnsiY3JlYXRlIjozNjAwMDAwMDAwMDAwLCJkZWxldGUiOjM2MDAwMDAwMDAwMDAsInVwZGF0ZSI6MzYwMDAwMDAwMDAwMH0sInNjaGVtYV92ZXJzaW9uIjoiMSJ9",
          "dependencies": [
            "data.nutanix_cluster.cluster",
            "data.nutanix_subnet.subnet"
          ]
        },
        {
          "index_key": 36,
          "schema_version": 1,
          "attributes": {
            "api_version": "3.1",
            "availability_zone_reference": {},
            "boot_device_disk_address": {},
            "boot_device_mac_address": "",
            "boot_device_order_list": [
              "CDROM",
              "DISK",
              "NETWORK"
            ],
            "boot_type": "LEGACY",
            "categories": [],
            "cloud_init_cdrom_uuid": "",
            "cluster_name": "DM3-POC042",
            "cluster_uuid": "00061b19-2e68-cdea-0000-00000001b539",
            "description": "",
            "disk_list": [
              {
                "data_source_reference": {
                  "kind": "image",
                  "uuid": "66d40fe0-fdf0-4ad5-8e4e-e141cc7629ac"
                },
                "device_properties": [
                  {
                    "device_type": "DISK",
                    "disk_address": {
                      "adapter_type": "SCSI",
                      "device_index": "0"
                    }
                  }
                ],
                "disk_size_bytes": 214748364800,
                "disk_size_mib": 204800,
                "storage_config": [
                  {
                    "flash_mode": "",
                    "storage_container_reference": [
                      {
                        "kind": "storage_container",
                        "name": "SelfServiceContainer",
                        "url": "",
                        "uuid": "ba4b8c78-e099-41fc-a1b8-367e31b9973a"
                      }
                    ]
                  }
                ],
                "uuid": "534889ce-7eed-45dc-9847-c13cd83bda82",
                "volume_group_reference": {}
              },
              {
                "data_source_reference": {},
                "device_properties": [
                  {
                    "device_type": "DISK",
                    "disk_address": {
                      "adapter_type": "SCSI",
                      "device_index": "1"
                    }
                  }
                ],
                "disk_size_bytes": 10737418240,
                "disk_size_mib": 10240,
                "storage_config": [
                  {
                    "flash_mode": "",
                    "storage_container_reference": [
                      {
                        "kind": "storage_container",
                        "name": "SelfServiceContainer",
                        "url": "",
                        "uuid": "ba4b8c78-e099-41fc-a1b8-367e31b9973a"
                      }
                    ]
                  }
                ],
                "uuid": "caa99dd0-f62e-4ce3-adf9-fa5a786fc146",
                "volume_group_reference": {}
              }
            ],
            "enable_cpu_passthrough": false,
            "enable_script_exec": false,
            "gpu_list": [],
            "guest_customization_cloud_init_custom_key_values": {},
            "guest_customization_cloud_init_meta_data": "",
            "guest_customization_cloud_init_user_data": "",
            "guest_customization_is_overridable": false,
            "guest_customization_sysprep": {},
            "guest_customization_sysprep_custom_key_values": {},
            "guest_os_id": "",
            "hardware_clock_timezone": "UTC",
            "host_reference": {
              "kind": "host",
              "name": "10.55.42.28",
              "uuid": "ca6ea069-7ea3-4aaa-9d03-ec62d67f1865"
            },
            "hypervisor_type": null,
            "id": "00f76d4d-0544-403f-8d7a-d701d087a004",
            "is_vcpu_hard_pinned": false,
            "machine_type": "PC",
            "memory_size_mib": 4096,
            "metadata": {
              "creation_time": "2024-07-22 13:17:00 +0000 UTC",
              "last_update_time": "2024-07-22 13:17:00 +0000 UTC",
              "name": "",
              "spec_hash": "",
              "spec_version": "0",
              "uuid": "00f76d4d-0544-403f-8d7a-d701d087a004"
            },
            "name": "win-36",
            "ngt_credentials": {},
            "ngt_enabled_capability_list": [],
            "nic_list": [
              {
                "ip_endpoint_list": [
                  {
                    "ip": "10.55.42.214",
                    "type": "ASSIGNED"
                  }
                ],
                "is_connected": "true",
                "mac_address": "50:6b:8d:86:d1:d9",
                "model": "",
                "network_function_chain_reference": {},
                "network_function_nic_type": "",
                "nic_type": "NORMAL_NIC",
                "num_queues": 1,
                "subnet_name": "Secondary_42",
                "subnet_uuid": "05eaa397-d398-4463-8a8a-b582e5628b5a",
                "uuid": "c0159bde-acd2-48c1-ae04-799b06e0d6c1"
              }
            ],
            "nic_list_status": [
              {
                "floating_ip": "",
                "ip_endpoint_list": [
                  {
                    "ip": "10.55.42.214",
                    "type": "ASSIGNED"
                  }
                ],
                "is_connected": "true",
                "mac_address": "50:6b:8d:86:d1:d9",
                "model": "",
                "network_function_chain_reference": {},
                "network_function_nic_type": "",
                "nic_type": "NORMAL_NIC",
                "num_queues": 1,
                "subnet_name": "Secondary_42",
                "subnet_uuid": "05eaa397-d398-4463-8a8a-b582e5628b5a",
                "uuid": "c0159bde-acd2-48c1-ae04-799b06e0d6c1"
              }
            ],
            "num_sockets": 1,
            "num_vcpus_per_socket": 2,
            "num_vnuma_nodes": 0,
            "nutanix_guest_tools": {},
            "owner_reference": {
              "kind": "user",
              "name": "admin",
              "uuid": "00000000-0000-0000-0000-000000000000"
            },
            "parent_reference": {},
            "power_state": "ON",
            "power_state_mechanism": "HARD",
            "project_reference": {
              "kind": "project",
              "name": "_internal",
              "uuid": "48fbd98e-2217-481a-9f13-3a1c18ed088e"
            },
            "serial_port_list": [],
            "should_fail_on_script_failure": false,
            "state": "COMPLETE",
            "timeouts": null,
            "use_hot_add": true,
            "vga_console_enabled": true
          },
          "sensitive_attributes": [],
          "private": "eyJlMmJmYjczMC1lY2FhLTExZTYtOGY4OC0zNDM2M2JjN2M0YzAiOnsiY3JlYXRlIjozNjAwMDAwMDAwMDAwLCJkZWxldGUiOjM2MDAwMDAwMDAwMDAsInVwZGF0ZSI6MzYwMDAwMDAwMDAwMH0sInNjaGVtYV92ZXJzaW9uIjoiMSJ9",
          "dependencies": [
            "data.nutanix_cluster.cluster",
            "data.nutanix_subnet.subnet"
          ]
        },
        {
          "index_key": 37,
          "schema_version": 1,
          "attributes": {
            "api_version": "3.1",
            "availability_zone_reference": {},
            "boot_device_disk_address": {},
            "boot_device_mac_address": "",
            "boot_device_order_list": [
              "CDROM",
              "DISK",
              "NETWORK"
            ],
            "boot_type": "LEGACY",
            "categories": [],
            "cloud_init_cdrom_uuid": "",
            "cluster_name": "DM3-POC042",
            "cluster_uuid": "00061b19-2e68-cdea-0000-00000001b539",
            "description": "",
            "disk_list": [
              {
                "data_source_reference": {
                  "kind": "image",
                  "uuid": "66d40fe0-fdf0-4ad5-8e4e-e141cc7629ac"
                },
                "device_properties": [
                  {
                    "device_type": "DISK",
                    "disk_address": {
                      "adapter_type": "SCSI",
                      "device_index": "0"
                    }
                  }
                ],
                "disk_size_bytes": 214748364800,
                "disk_size_mib": 204800,
                "storage_config": [
                  {
                    "flash_mode": "",
                    "storage_container_reference": [
                      {
                        "kind": "storage_container",
                        "name": "SelfServiceContainer",
                        "url": "",
                        "uuid": "ba4b8c78-e099-41fc-a1b8-367e31b9973a"
                      }
                    ]
                  }
                ],
                "uuid": "010a12b4-7173-4dbf-8095-6f387fe0d91e",
                "volume_group_reference": {}
              },
              {
                "data_source_reference": {},
                "device_properties": [
                  {
                    "device_type": "DISK",
                    "disk_address": {
                      "adapter_type": "SCSI",
                      "device_index": "1"
                    }
                  }
                ],
                "disk_size_bytes": 10737418240,
                "disk_size_mib": 10240,
                "storage_config": [
                  {
                    "flash_mode": "",
                    "storage_container_reference": [
                      {
                        "kind": "storage_container",
                        "name": "SelfServiceContainer",
                        "url": "",
                        "uuid": "ba4b8c78-e099-41fc-a1b8-367e31b9973a"
                      }
                    ]
                  }
                ],
                "uuid": "121e6d7d-c15b-4375-937e-128246fd0cb8",
                "volume_group_reference": {}
              }
            ],
            "enable_cpu_passthrough": false,
            "enable_script_exec": false,
            "gpu_list": [],
            "guest_customization_cloud_init_custom_key_values": {},
            "guest_customization_cloud_init_meta_data": "",
            "guest_customization_cloud_init_user_data": "",
            "guest_customization_is_overridable": false,
            "guest_customization_sysprep": {},
            "guest_customization_sysprep_custom_key_values": {},
            "guest_os_id": "",
            "hardware_clock_timezone": "UTC",
            "host_reference": {
              "kind": "host",
              "name": "10.55.42.25",
              "uuid": "552483d4-bc58-4508-a262-4a64e13534c5"
            },
            "hypervisor_type": null,
            "id": "29f30b30-dc74-4c28-8882-0802c23e6e8e",
            "is_vcpu_hard_pinned": false,
            "machine_type": "PC",
            "memory_size_mib": 4096,
            "metadata": {
              "creation_time": "2024-07-22 13:16:32 +0000 UTC",
              "last_update_time": "2024-07-22 13:16:32 +0000 UTC",
              "name": "",
              "spec_hash": "",
              "spec_version": "0",
              "uuid": "29f30b30-dc74-4c28-8882-0802c23e6e8e"
            },
            "name": "win-37",
            "ngt_credentials": {},
            "ngt_enabled_capability_list": [],
            "nic_list": [
              {
                "ip_endpoint_list": [
                  {
                    "ip": "10.55.42.141",
                    "type": "ASSIGNED"
                  }
                ],
                "is_connected": "true",
                "mac_address": "50:6b:8d:df:08:e3",
                "model": "",
                "network_function_chain_reference": {},
                "network_function_nic_type": "",
                "nic_type": "NORMAL_NIC",
                "num_queues": 1,
                "subnet_name": "Secondary_42",
                "subnet_uuid": "05eaa397-d398-4463-8a8a-b582e5628b5a",
                "uuid": "97d9f92d-0b5c-4942-8204-c82d29aab3e1"
              }
            ],
            "nic_list_status": [
              {
                "floating_ip": "",
                "ip_endpoint_list": [
                  {
                    "ip": "10.55.42.141",
                    "type": "ASSIGNED"
                  }
                ],
                "is_connected": "true",
                "mac_address": "50:6b:8d:df:08:e3",
                "model": "",
                "network_function_chain_reference": {},
                "network_function_nic_type": "",
                "nic_type": "NORMAL_NIC",
                "num_queues": 1,
                "subnet_name": "Secondary_42",
                "subnet_uuid": "05eaa397-d398-4463-8a8a-b582e5628b5a",
                "uuid": "97d9f92d-0b5c-4942-8204-c82d29aab3e1"
              }
            ],
            "num_sockets": 1,
            "num_vcpus_per_socket": 2,
            "num_vnuma_nodes": 0,
            "nutanix_guest_tools": {},
            "owner_reference": {
              "kind": "user",
              "name": "admin",
              "uuid": "00000000-0000-0000-0000-000000000000"
            },
            "parent_reference": {},
            "power_state": "ON",
            "power_state_mechanism": "HARD",
            "project_reference": {
              "kind": "project",
              "name": "_internal",
              "uuid": "48fbd98e-2217-481a-9f13-3a1c18ed088e"
            },
            "serial_port_list": [],
            "should_fail_on_script_failure": false,
            "state": "COMPLETE",
            "timeouts": null,
            "use_hot_add": true,
            "vga_console_enabled": true
          },
          "sensitive_attributes": [],
          "private": "eyJlMmJmYjczMC1lY2FhLTExZTYtOGY4OC0zNDM2M2JjN2M0YzAiOnsiY3JlYXRlIjozNjAwMDAwMDAwMDAwLCJkZWxldGUiOjM2MDAwMDAwMDAwMDAsInVwZGF0ZSI6MzYwMDAwMDAwMDAwMH0sInNjaGVtYV92ZXJzaW9uIjoiMSJ9",
          "dependencies": [
            "data.nutanix_cluster.cluster",
            "data.nutanix_subnet.subnet"
          ]
        },
        {
          "index_key": 38,
          "schema_version": 1,
          "attributes": {
            "api_version": "3.1",
            "availability_zone_reference": {},
            "boot_device_disk_address": {},
            "boot_device_mac_address": "",
            "boot_device_order_list": [
              "CDROM",
              "DISK",
              "NETWORK"
            ],
            "boot_type": "LEGACY",
            "categories": [],
            "cloud_init_cdrom_uuid": "",
            "cluster_name": "DM3-POC042",
            "cluster_uuid": "00061b19-2e68-cdea-0000-00000001b539",
            "description": "",
            "disk_list": [
              {
                "data_source_reference": {
                  "kind": "image",
                  "uuid": "66d40fe0-fdf0-4ad5-8e4e-e141cc7629ac"
                },
                "device_properties": [
                  {
                    "device_type": "DISK",
                    "disk_address": {
                      "adapter_type": "SCSI",
                      "device_index": "0"
                    }
                  }
                ],
                "disk_size_bytes": 214748364800,
                "disk_size_mib": 204800,
                "storage_config": [
                  {
                    "flash_mode": "",
                    "storage_container_reference": [
                      {
                        "kind": "storage_container",
                        "name": "SelfServiceContainer",
                        "url": "",
                        "uuid": "ba4b8c78-e099-41fc-a1b8-367e31b9973a"
                      }
                    ]
                  }
                ],
                "uuid": "45ee67ee-4235-4c5a-8773-5ed46a40c9a7",
                "volume_group_reference": {}
              },
              {
                "data_source_reference": {},
                "device_properties": [
                  {
                    "device_type": "DISK",
                    "disk_address": {
                      "adapter_type": "SCSI",
                      "device_index": "1"
                    }
                  }
                ],
                "disk_size_bytes": 10737418240,
                "disk_size_mib": 10240,
                "storage_config": [
                  {
                    "flash_mode": "",
                    "storage_container_reference": [
                      {
                        "kind": "storage_container",
                        "name": "SelfServiceContainer",
                        "url": "",
                        "uuid": "ba4b8c78-e099-41fc-a1b8-367e31b9973a"
                      }
                    ]
                  }
                ],
                "uuid": "21474a03-3a6b-441a-852f-3f56f5a21247",
                "volume_group_reference": {}
              }
            ],
            "enable_cpu_passthrough": false,
            "enable_script_exec": false,
            "gpu_list": [],
            "guest_customization_cloud_init_custom_key_values": {},
            "guest_customization_cloud_init_meta_data": "",
            "guest_customization_cloud_init_user_data": "",
            "guest_customization_is_overridable": false,
            "guest_customization_sysprep": {},
            "guest_customization_sysprep_custom_key_values": {},
            "guest_os_id": "",
            "hardware_clock_timezone": "UTC",
            "host_reference": {
              "kind": "host",
              "name": "10.55.42.26",
              "uuid": "b7efea22-eb3b-49f1-b6a4-4d37f56f8627"
            },
            "hypervisor_type": null,
            "id": "6e4b0345-a2f1-4b99-ad61-327b02841f1f",
            "is_vcpu_hard_pinned": false,
            "machine_type": "PC",
            "memory_size_mib": 4096,
            "metadata": {
              "creation_time": "2024-07-22 13:16:21 +0000 UTC",
              "last_update_time": "2024-07-22 13:16:21 +0000 UTC",
              "name": "",
              "spec_hash": "",
              "spec_version": "0",
              "uuid": "6e4b0345-a2f1-4b99-ad61-327b02841f1f"
            },
            "name": "win-38",
            "ngt_credentials": {},
            "ngt_enabled_capability_list": [],
            "nic_list": [
              {
                "ip_endpoint_list": [
                  {
                    "ip": "10.55.42.232",
                    "type": "ASSIGNED"
                  }
                ],
                "is_connected": "true",
                "mac_address": "50:6b:8d:8f:e2:e7",
                "model": "",
                "network_function_chain_reference": {},
                "network_function_nic_type": "",
                "nic_type": "NORMAL_NIC",
                "num_queues": 1,
                "subnet_name": "Secondary_42",
                "subnet_uuid": "05eaa397-d398-4463-8a8a-b582e5628b5a",
                "uuid": "e9e4b8bd-b852-4268-b9a2-33c734e78765"
              }
            ],
            "nic_list_status": [
              {
                "floating_ip": "",
                "ip_endpoint_list": [
                  {
                    "ip": "10.55.42.232",
                    "type": "ASSIGNED"
                  }
                ],
                "is_connected": "true",
                "mac_address": "50:6b:8d:8f:e2:e7",
                "model": "",
                "network_function_chain_reference": {},
                "network_function_nic_type": "",
                "nic_type": "NORMAL_NIC",
                "num_queues": 1,
                "subnet_name": "Secondary_42",
                "subnet_uuid": "05eaa397-d398-4463-8a8a-b582e5628b5a",
                "uuid": "e9e4b8bd-b852-4268-b9a2-33c734e78765"
              }
            ],
            "num_sockets": 1,
            "num_vcpus_per_socket": 2,
            "num_vnuma_nodes": 0,
            "nutanix_guest_tools": {},
            "owner_reference": {
              "kind": "user",
              "name": "admin",
              "uuid": "00000000-0000-0000-0000-000000000000"
            },
            "parent_reference": {},
            "power_state": "ON",
            "power_state_mechanism": "HARD",
            "project_reference": {
              "kind": "project",
              "name": "_internal",
              "uuid": "48fbd98e-2217-481a-9f13-3a1c18ed088e"
            },
            "serial_port_list": [],
            "should_fail_on_script_failure": false,
            "state": "COMPLETE",
            "timeouts": null,
            "use_hot_add": true,
            "vga_console_enabled": true
          },
          "sensitive_attributes": [],
          "private": "eyJlMmJmYjczMC1lY2FhLTExZTYtOGY4OC0zNDM2M2JjN2M0YzAiOnsiY3JlYXRlIjozNjAwMDAwMDAwMDAwLCJkZWxldGUiOjM2MDAwMDAwMDAwMDAsInVwZGF0ZSI6MzYwMDAwMDAwMDAwMH0sInNjaGVtYV92ZXJzaW9uIjoiMSJ9",
          "dependencies": [
            "data.nutanix_cluster.cluster",
            "data.nutanix_subnet.subnet"
          ]
        },
        {
          "index_key": 39,
          "schema_version": 1,
          "attributes": {
            "api_version": "3.1",
            "availability_zone_reference": {},
            "boot_device_disk_address": {},
            "boot_device_mac_address": "",
            "boot_device_order_list": [
              "CDROM",
              "DISK",
              "NETWORK"
            ],
            "boot_type": "LEGACY",
            "categories": [],
            "cloud_init_cdrom_uuid": "",
            "cluster_name": "DM3-POC042",
            "cluster_uuid": "00061b19-2e68-cdea-0000-00000001b539",
            "description": "",
            "disk_list": [
              {
                "data_source_reference": {
                  "kind": "image",
                  "uuid": "66d40fe0-fdf0-4ad5-8e4e-e141cc7629ac"
                },
                "device_properties": [
                  {
                    "device_type": "DISK",
                    "disk_address": {
                      "adapter_type": "SCSI",
                      "device_index": "0"
                    }
                  }
                ],
                "disk_size_bytes": 214748364800,
                "disk_size_mib": 204800,
                "storage_config": [
                  {
                    "flash_mode": "",
                    "storage_container_reference": [
                      {
                        "kind": "storage_container",
                        "name": "SelfServiceContainer",
                        "url": "",
                        "uuid": "ba4b8c78-e099-41fc-a1b8-367e31b9973a"
                      }
                    ]
                  }
                ],
                "uuid": "0970bdd5-254c-4a22-8a55-10995394ebda",
                "volume_group_reference": {}
              },
              {
                "data_source_reference": {},
                "device_properties": [
                  {
                    "device_type": "DISK",
                    "disk_address": {
                      "adapter_type": "SCSI",
                      "device_index": "1"
                    }
                  }
                ],
                "disk_size_bytes": 10737418240,
                "disk_size_mib": 10240,
                "storage_config": [
                  {
                    "flash_mode": "",
                    "storage_container_reference": [
                      {
                        "kind": "storage_container",
                        "name": "SelfServiceContainer",
                        "url": "",
                        "uuid": "ba4b8c78-e099-41fc-a1b8-367e31b9973a"
                      }
                    ]
                  }
                ],
                "uuid": "113c392b-cf60-4ed3-b314-1a531b216a98",
                "volume_group_reference": {}
              }
            ],
            "enable_cpu_passthrough": false,
            "enable_script_exec": false,
            "gpu_list": [],
            "guest_customization_cloud_init_custom_key_values": {},
            "guest_customization_cloud_init_meta_data": "",
            "guest_customization_cloud_init_user_data": "",
            "guest_customization_is_overridable": false,
            "guest_customization_sysprep": {},
            "guest_customization_sysprep_custom_key_values": {},
            "guest_os_id": "",
            "hardware_clock_timezone": "UTC",
            "host_reference": {
              "kind": "host",
              "name": "10.55.42.25",
              "uuid": "552483d4-bc58-4508-a262-4a64e13534c5"
            },
            "hypervisor_type": null,
            "id": "0b83ccc2-d37e-45d7-b664-e17cd29f901d",
            "is_vcpu_hard_pinned": false,
            "machine_type": "PC",
            "memory_size_mib": 4096,
            "metadata": {
              "creation_time": "2024-07-22 13:16:28 +0000 UTC",
              "last_update_time": "2024-07-22 13:16:28 +0000 UTC",
              "name": "",
              "spec_hash": "",
              "spec_version": "0",
              "uuid": "0b83ccc2-d37e-45d7-b664-e17cd29f901d"
            },
            "name": "win-39",
            "ngt_credentials": {},
            "ngt_enabled_capability_list": [],
            "nic_list": [
              {
                "ip_endpoint_list": [
                  {
                    "ip": "10.55.42.240",
                    "type": "ASSIGNED"
                  }
                ],
                "is_connected": "true",
                "mac_address": "50:6b:8d:e1:4b:3d",
                "model": "",
                "network_function_chain_reference": {},
                "network_function_nic_type": "",
                "nic_type": "NORMAL_NIC",
                "num_queues": 1,
                "subnet_name": "Secondary_42",
                "subnet_uuid": "05eaa397-d398-4463-8a8a-b582e5628b5a",
                "uuid": "649b458c-b3b9-4827-b499-c0df1ebd2d3e"
              }
            ],
            "nic_list_status": [
              {
                "floating_ip": "",
                "ip_endpoint_list": [
                  {
                    "ip": "10.55.42.240",
                    "type": "ASSIGNED"
                  }
                ],
                "is_connected": "true",
                "mac_address": "50:6b:8d:e1:4b:3d",
                "model": "",
                "network_function_chain_reference": {},
                "network_function_nic_type": "",
                "nic_type": "NORMAL_NIC",
                "num_queues": 1,
                "subnet_name": "Secondary_42",
                "subnet_uuid": "05eaa397-d398-4463-8a8a-b582e5628b5a",
                "uuid": "649b458c-b3b9-4827-b499-c0df1ebd2d3e"
              }
            ],
            "num_sockets": 1,
            "num_vcpus_per_socket": 2,
            "num_vnuma_nodes": 0,
            "nutanix_guest_tools": {},
            "owner_reference": {
              "kind": "user",
              "name": "admin",
              "uuid": "00000000-0000-0000-0000-000000000000"
            },
            "parent_reference": {},
            "power_state": "ON",
            "power_state_mechanism": "HARD",
            "project_reference": {
              "kind": "project",
              "name": "_internal",
              "uuid": "48fbd98e-2217-481a-9f13-3a1c18ed088e"
            },
            "serial_port_list": [],
            "should_fail_on_script_failure": false,
            "state": "COMPLETE",
            "timeouts": null,
            "use_hot_add": true,
            "vga_console_enabled": true
          },
          "sensitive_attributes": [],
          "private": "eyJlMmJmYjczMC1lY2FhLTExZTYtOGY4OC0zNDM2M2JjN2M0YzAiOnsiY3JlYXRlIjozNjAwMDAwMDAwMDAwLCJkZWxldGUiOjM2MDAwMDAwMDAwMDAsInVwZGF0ZSI6MzYwMDAwMDAwMDAwMH0sInNjaGVtYV92ZXJzaW9uIjoiMSJ9",
          "dependencies": [
            "data.nutanix_cluster.cluster",
            "data.nutanix_subnet.subnet"
          ]
        },
        {
          "index_key": 40,
          "schema_version": 1,
          "attributes": {
            "api_version": "3.1",
            "availability_zone_reference": {},
            "boot_device_disk_address": {},
            "boot_device_mac_address": "",
            "boot_device_order_list": [
              "CDROM",
              "DISK",
              "NETWORK"
            ],
            "boot_type": "LEGACY",
            "categories": [],
            "cloud_init_cdrom_uuid": "",
            "cluster_name": "DM3-POC042",
            "cluster_uuid": "00061b19-2e68-cdea-0000-00000001b539",
            "description": "",
            "disk_list": [
              {
                "data_source_reference": {
                  "kind": "image",
                  "uuid": "66d40fe0-fdf0-4ad5-8e4e-e141cc7629ac"
                },
                "device_properties": [
                  {
                    "device_type": "DISK",
                    "disk_address": {
                      "adapter_type": "SCSI",
                      "device_index": "0"
                    }
                  }
                ],
                "disk_size_bytes": 214748364800,
                "disk_size_mib": 204800,
                "storage_config": [
                  {
                    "flash_mode": "",
                    "storage_container_reference": [
                      {
                        "kind": "storage_container",
                        "name": "SelfServiceContainer",
                        "url": "",
                        "uuid": "ba4b8c78-e099-41fc-a1b8-367e31b9973a"
                      }
                    ]
                  }
                ],
                "uuid": "2078ce93-dcbf-4b82-984c-c96a7ca3cf6f",
                "volume_group_reference": {}
              },
              {
                "data_source_reference": {},
                "device_properties": [
                  {
                    "device_type": "DISK",
                    "disk_address": {
                      "adapter_type": "SCSI",
                      "device_index": "1"
                    }
                  }
                ],
                "disk_size_bytes": 10737418240,
                "disk_size_mib": 10240,
                "storage_config": [
                  {
                    "flash_mode": "",
                    "storage_container_reference": [
                      {
                        "kind": "storage_container",
                        "name": "SelfServiceContainer",
                        "url": "",
                        "uuid": "ba4b8c78-e099-41fc-a1b8-367e31b9973a"
                      }
                    ]
                  }
                ],
                "uuid": "1dd50c6d-cfab-4d8a-ad55-94387a1cc726",
                "volume_group_reference": {}
              }
            ],
            "enable_cpu_passthrough": false,
            "enable_script_exec": false,
            "gpu_list": [],
            "guest_customization_cloud_init_custom_key_values": {},
            "guest_customization_cloud_init_meta_data": "",
            "guest_customization_cloud_init_user_data": "",
            "guest_customization_is_overridable": false,
            "guest_customization_sysprep": {},
            "guest_customization_sysprep_custom_key_values": {},
            "guest_os_id": "",
            "hardware_clock_timezone": "UTC",
            "host_reference": {
              "kind": "host",
              "name": "10.55.42.25",
              "uuid": "552483d4-bc58-4508-a262-4a64e13534c5"
            },
            "hypervisor_type": null,
            "id": "fe594e1e-dc1f-494d-86c5-64b556f3f704",
            "is_vcpu_hard_pinned": false,
            "machine_type": "PC",
            "memory_size_mib": 4096,
            "metadata": {
              "creation_time": "2024-07-22 13:16:26 +0000 UTC",
              "last_update_time": "2024-07-22 13:16:26 +0000 UTC",
              "name": "",
              "spec_hash": "",
              "spec_version": "0",
              "uuid": "fe594e1e-dc1f-494d-86c5-64b556f3f704"
            },
            "name": "win-40",
            "ngt_credentials": {},
            "ngt_enabled_capability_list": [],
            "nic_list": [
              {
                "ip_endpoint_list": [
                  {
                    "ip": "10.55.42.199",
                    "type": "ASSIGNED"
                  }
                ],
                "is_connected": "true",
                "mac_address": "50:6b:8d:b5:c3:3f",
                "model": "",
                "network_function_chain_reference": {},
                "network_function_nic_type": "",
                "nic_type": "NORMAL_NIC",
                "num_queues": 1,
                "subnet_name": "Secondary_42",
                "subnet_uuid": "05eaa397-d398-4463-8a8a-b582e5628b5a",
                "uuid": "4dfb96e3-538a-4231-a498-9204df9cc250"
              }
            ],
            "nic_list_status": [
              {
                "floating_ip": "",
                "ip_endpoint_list": [
                  {
                    "ip": "10.55.42.199",
                    "type": "ASSIGNED"
                  }
                ],
                "is_connected": "true",
                "mac_address": "50:6b:8d:b5:c3:3f",
                "model": "",
                "network_function_chain_reference": {},
                "network_function_nic_type": "",
                "nic_type": "NORMAL_NIC",
                "num_queues": 1,
                "subnet_name": "Secondary_42",
                "subnet_uuid": "05eaa397-d398-4463-8a8a-b582e5628b5a",
                "uuid": "4dfb96e3-538a-4231-a498-9204df9cc250"
              }
            ],
            "num_sockets": 1,
            "num_vcpus_per_socket": 2,
            "num_vnuma_nodes": 0,
            "nutanix_guest_tools": {},
            "owner_reference": {
              "kind": "user",
              "name": "admin",
              "uuid": "00000000-0000-0000-0000-000000000000"
            },
            "parent_reference": {},
            "power_state": "ON",
            "power_state_mechanism": "HARD",
            "project_reference": {
              "kind": "project",
              "name": "_internal",
              "uuid": "48fbd98e-2217-481a-9f13-3a1c18ed088e"
            },
            "serial_port_list": [],
            "should_fail_on_script_failure": false,
            "state": "COMPLETE",
            "timeouts": null,
            "use_hot_add": true,
            "vga_console_enabled": true
          },
          "sensitive_attributes": [],
          "private": "eyJlMmJmYjczMC1lY2FhLTExZTYtOGY4OC0zNDM2M2JjN2M0YzAiOnsiY3JlYXRlIjozNjAwMDAwMDAwMDAwLCJkZWxldGUiOjM2MDAwMDAwMDAwMDAsInVwZGF0ZSI6MzYwMDAwMDAwMDAwMH0sInNjaGVtYV92ZXJzaW9uIjoiMSJ9",
          "dependencies": [
            "data.nutanix_cluster.cluster",
            "data.nutanix_subnet.subnet"
          ]
        },
        {
          "index_key": 41,
          "schema_version": 1,
          "attributes": {
            "api_version": "3.1",
            "availability_zone_reference": {},
            "boot_device_disk_address": {},
            "boot_device_mac_address": "",
            "boot_device_order_list": [
              "CDROM",
              "DISK",
              "NETWORK"
            ],
            "boot_type": "LEGACY",
            "categories": [],
            "cloud_init_cdrom_uuid": "",
            "cluster_name": "DM3-POC042",
            "cluster_uuid": "00061b19-2e68-cdea-0000-00000001b539",
            "description": "",
            "disk_list": [
              {
                "data_source_reference": {
                  "kind": "image",
                  "uuid": "66d40fe0-fdf0-4ad5-8e4e-e141cc7629ac"
                },
                "device_properties": [
                  {
                    "device_type": "DISK",
                    "disk_address": {
                      "adapter_type": "SCSI",
                      "device_index": "0"
                    }
                  }
                ],
                "disk_size_bytes": 214748364800,
                "disk_size_mib": 204800,
                "storage_config": [
                  {
                    "flash_mode": "",
                    "storage_container_reference": [
                      {
                        "kind": "storage_container",
                        "name": "SelfServiceContainer",
                        "url": "",
                        "uuid": "ba4b8c78-e099-41fc-a1b8-367e31b9973a"
                      }
                    ]
                  }
                ],
                "uuid": "28010d88-3bac-4bf2-ad13-17bfa2b67274",
                "volume_group_reference": {}
              },
              {
                "data_source_reference": {},
                "device_properties": [
                  {
                    "device_type": "DISK",
                    "disk_address": {
                      "adapter_type": "SCSI",
                      "device_index": "1"
                    }
                  }
                ],
                "disk_size_bytes": 10737418240,
                "disk_size_mib": 10240,
                "storage_config": [
                  {
                    "flash_mode": "",
                    "storage_container_reference": [
                      {
                        "kind": "storage_container",
                        "name": "SelfServiceContainer",
                        "url": "",
                        "uuid": "ba4b8c78-e099-41fc-a1b8-367e31b9973a"
                      }
                    ]
                  }
                ],
                "uuid": "bcd84e8a-18d6-4280-b4bb-d4b4acc94b04",
                "volume_group_reference": {}
              }
            ],
            "enable_cpu_passthrough": false,
            "enable_script_exec": false,
            "gpu_list": [],
            "guest_customization_cloud_init_custom_key_values": {},
            "guest_customization_cloud_init_meta_data": "",
            "guest_customization_cloud_init_user_data": "",
            "guest_customization_is_overridable": false,
            "guest_customization_sysprep": {},
            "guest_customization_sysprep_custom_key_values": {},
            "guest_os_id": "",
            "hardware_clock_timezone": "UTC",
            "host_reference": {
              "kind": "host",
              "name": "10.55.42.26",
              "uuid": "b7efea22-eb3b-49f1-b6a4-4d37f56f8627"
            },
            "hypervisor_type": null,
            "id": "804cb01c-251e-4aa6-8631-3a048bfd9b7d",
            "is_vcpu_hard_pinned": false,
            "machine_type": "PC",
            "memory_size_mib": 4096,
            "metadata": {
              "creation_time": "2024-07-22 13:16:27 +0000 UTC",
              "last_update_time": "2024-07-22 13:16:27 +0000 UTC",
              "name": "",
              "spec_hash": "",
              "spec_version": "0",
              "uuid": "804cb01c-251e-4aa6-8631-3a048bfd9b7d"
            },
            "name": "win-41",
            "ngt_credentials": {},
            "ngt_enabled_capability_list": [],
            "nic_list": [
              {
                "ip_endpoint_list": [
                  {
                    "ip": "10.55.42.161",
                    "type": "ASSIGNED"
                  }
                ],
                "is_connected": "true",
                "mac_address": "50:6b:8d:ad:08:cb",
                "model": "",
                "network_function_chain_reference": {},
                "network_function_nic_type": "",
                "nic_type": "NORMAL_NIC",
                "num_queues": 1,
                "subnet_name": "Secondary_42",
                "subnet_uuid": "05eaa397-d398-4463-8a8a-b582e5628b5a",
                "uuid": "4d010897-b527-4675-8ae1-e9b12102c1fe"
              }
            ],
            "nic_list_status": [
              {
                "floating_ip": "",
                "ip_endpoint_list": [
                  {
                    "ip": "10.55.42.161",
                    "type": "ASSIGNED"
                  }
                ],
                "is_connected": "true",
                "mac_address": "50:6b:8d:ad:08:cb",
                "model": "",
                "network_function_chain_reference": {},
                "network_function_nic_type": "",
                "nic_type": "NORMAL_NIC",
                "num_queues": 1,
                "subnet_name": "Secondary_42",
                "subnet_uuid": "05eaa397-d398-4463-8a8a-b582e5628b5a",
                "uuid": "4d010897-b527-4675-8ae1-e9b12102c1fe"
              }
            ],
            "num_sockets": 1,
            "num_vcpus_per_socket": 2,
            "num_vnuma_nodes": 0,
            "nutanix_guest_tools": {},
            "owner_reference": {
              "kind": "user",
              "name": "admin",
              "uuid": "00000000-0000-0000-0000-000000000000"
            },
            "parent_reference": {},
            "power_state": "ON",
            "power_state_mechanism": "HARD",
            "project_reference": {
              "kind": "project",
              "name": "_internal",
              "uuid": "48fbd98e-2217-481a-9f13-3a1c18ed088e"
            },
            "serial_port_list": [],
            "should_fail_on_script_failure": false,
            "state": "COMPLETE",
            "timeouts": null,
            "use_hot_add": true,
            "vga_console_enabled": true
          },
          "sensitive_attributes": [],
          "private": "eyJlMmJmYjczMC1lY2FhLTExZTYtOGY4OC0zNDM2M2JjN2M0YzAiOnsiY3JlYXRlIjozNjAwMDAwMDAwMDAwLCJkZWxldGUiOjM2MDAwMDAwMDAwMDAsInVwZGF0ZSI6MzYwMDAwMDAwMDAwMH0sInNjaGVtYV92ZXJzaW9uIjoiMSJ9",
          "dependencies": [
            "data.nutanix_cluster.cluster",
            "data.nutanix_subnet.subnet"
          ]
        },
        {
          "index_key": 42,
          "schema_version": 1,
          "attributes": {
            "api_version": "3.1",
            "availability_zone_reference": {},
            "boot_device_disk_address": {},
            "boot_device_mac_address": "",
            "boot_device_order_list": [
              "CDROM",
              "DISK",
              "NETWORK"
            ],
            "boot_type": "LEGACY",
            "categories": [],
            "cloud_init_cdrom_uuid": "",
            "cluster_name": "DM3-POC042",
            "cluster_uuid": "00061b19-2e68-cdea-0000-00000001b539",
            "description": "",
            "disk_list": [
              {
                "data_source_reference": {
                  "kind": "image",
                  "uuid": "66d40fe0-fdf0-4ad5-8e4e-e141cc7629ac"
                },
                "device_properties": [
                  {
                    "device_type": "DISK",
                    "disk_address": {
                      "adapter_type": "SCSI",
                      "device_index": "0"
                    }
                  }
                ],
                "disk_size_bytes": 214748364800,
                "disk_size_mib": 204800,
                "storage_config": [
                  {
                    "flash_mode": "",
                    "storage_container_reference": [
                      {
                        "kind": "storage_container",
                        "name": "SelfServiceContainer",
                        "url": "",
                        "uuid": "ba4b8c78-e099-41fc-a1b8-367e31b9973a"
                      }
                    ]
                  }
                ],
                "uuid": "9726e470-3ffc-4e4b-bc6b-1b739aef2da3",
                "volume_group_reference": {}
              },
              {
                "data_source_reference": {},
                "device_properties": [
                  {
                    "device_type": "DISK",
                    "disk_address": {
                      "adapter_type": "SCSI",
                      "device_index": "1"
                    }
                  }
                ],
                "disk_size_bytes": 10737418240,
                "disk_size_mib": 10240,
                "storage_config": [
                  {
                    "flash_mode": "",
                    "storage_container_reference": [
                      {
                        "kind": "storage_container",
                        "name": "SelfServiceContainer",
                        "url": "",
                        "uuid": "ba4b8c78-e099-41fc-a1b8-367e31b9973a"
                      }
                    ]
                  }
                ],
                "uuid": "f044fa10-33c1-4213-8862-c1c3dd45233e",
                "volume_group_reference": {}
              }
            ],
            "enable_cpu_passthrough": false,
            "enable_script_exec": false,
            "gpu_list": [],
            "guest_customization_cloud_init_custom_key_values": {},
            "guest_customization_cloud_init_meta_data": "",
            "guest_customization_cloud_init_user_data": "",
            "guest_customization_is_overridable": false,
            "guest_customization_sysprep": {},
            "guest_customization_sysprep_custom_key_values": {},
            "guest_os_id": "",
            "hardware_clock_timezone": "UTC",
            "host_reference": {
              "kind": "host",
              "name": "10.55.42.28",
              "uuid": "ca6ea069-7ea3-4aaa-9d03-ec62d67f1865"
            },
            "hypervisor_type": null,
            "id": "79282bfb-ccd3-4eed-8633-0bcdfbe9842a",
            "is_vcpu_hard_pinned": false,
            "machine_type": "PC",
            "memory_size_mib": 4096,
            "metadata": {
              "creation_time": "2024-07-22 13:16:58 +0000 UTC",
              "last_update_time": "2024-07-22 13:16:58 +0000 UTC",
              "name": "",
              "spec_hash": "",
              "spec_version": "0",
              "uuid": "79282bfb-ccd3-4eed-8633-0bcdfbe9842a"
            },
            "name": "win-42",
            "ngt_credentials": {},
            "ngt_enabled_capability_list": [],
            "nic_list": [
              {
                "ip_endpoint_list": [
                  {
                    "ip": "10.55.42.217",
                    "type": "ASSIGNED"
                  }
                ],
                "is_connected": "true",
                "mac_address": "50:6b:8d:ed:48:1a",
                "model": "",
                "network_function_chain_reference": {},
                "network_function_nic_type": "",
                "nic_type": "NORMAL_NIC",
                "num_queues": 1,
                "subnet_name": "Secondary_42",
                "subnet_uuid": "05eaa397-d398-4463-8a8a-b582e5628b5a",
                "uuid": "fa70ecac-45df-4994-8073-ff71135e34fa"
              }
            ],
            "nic_list_status": [
              {
                "floating_ip": "",
                "ip_endpoint_list": [
                  {
                    "ip": "10.55.42.217",
                    "type": "ASSIGNED"
                  }
                ],
                "is_connected": "true",
                "mac_address": "50:6b:8d:ed:48:1a",
                "model": "",
                "network_function_chain_reference": {},
                "network_function_nic_type": "",
                "nic_type": "NORMAL_NIC",
                "num_queues": 1,
                "subnet_name": "Secondary_42",
                "subnet_uuid": "05eaa397-d398-4463-8a8a-b582e5628b5a",
                "uuid": "fa70ecac-45df-4994-8073-ff71135e34fa"
              }
            ],
            "num_sockets": 1,
            "num_vcpus_per_socket": 2,
            "num_vnuma_nodes": 0,
            "nutanix_guest_tools": {},
            "owner_reference": {
              "kind": "user",
              "name": "admin",
              "uuid": "00000000-0000-0000-0000-000000000000"
            },
            "parent_reference": {},
            "power_state": "ON",
            "power_state_mechanism": "HARD",
            "project_reference": {
              "kind": "project",
              "name": "_internal",
              "uuid": "48fbd98e-2217-481a-9f13-3a1c18ed088e"
            },
            "serial_port_list": [],
            "should_fail_on_script_failure": false,
            "state": "COMPLETE",
            "timeouts": null,
            "use_hot_add": true,
            "vga_console_enabled": true
          },
          "sensitive_attributes": [],
          "private": "eyJlMmJmYjczMC1lY2FhLTExZTYtOGY4OC0zNDM2M2JjN2M0YzAiOnsiY3JlYXRlIjozNjAwMDAwMDAwMDAwLCJkZWxldGUiOjM2MDAwMDAwMDAwMDAsInVwZGF0ZSI6MzYwMDAwMDAwMDAwMH0sInNjaGVtYV92ZXJzaW9uIjoiMSJ9",
          "dependencies": [
            "data.nutanix_cluster.cluster",
            "data.nutanix_subnet.subnet"
          ]
        },
        {
          "index_key": 43,
          "schema_version": 1,
          "attributes": {
            "api_version": "3.1",
            "availability_zone_reference": {},
            "boot_device_disk_address": {},
            "boot_device_mac_address": "",
            "boot_device_order_list": [
              "CDROM",
              "DISK",
              "NETWORK"
            ],
            "boot_type": "LEGACY",
            "categories": [],
            "cloud_init_cdrom_uuid": "",
            "cluster_name": "DM3-POC042",
            "cluster_uuid": "00061b19-2e68-cdea-0000-00000001b539",
            "description": "",
            "disk_list": [
              {
                "data_source_reference": {
                  "kind": "image",
                  "uuid": "66d40fe0-fdf0-4ad5-8e4e-e141cc7629ac"
                },
                "device_properties": [
                  {
                    "device_type": "DISK",
                    "disk_address": {
                      "adapter_type": "SCSI",
                      "device_index": "0"
                    }
                  }
                ],
                "disk_size_bytes": 214748364800,
                "disk_size_mib": 204800,
                "storage_config": [
                  {
                    "flash_mode": "",
                    "storage_container_reference": [
                      {
                        "kind": "storage_container",
                        "name": "SelfServiceContainer",
                        "url": "",
                        "uuid": "ba4b8c78-e099-41fc-a1b8-367e31b9973a"
                      }
                    ]
                  }
                ],
                "uuid": "18bf930f-8686-4708-a7d8-6e361248c7fd",
                "volume_group_reference": {}
              },
              {
                "data_source_reference": {},
                "device_properties": [
                  {
                    "device_type": "DISK",
                    "disk_address": {
                      "adapter_type": "SCSI",
                      "device_index": "1"
                    }
                  }
                ],
                "disk_size_bytes": 10737418240,
                "disk_size_mib": 10240,
                "storage_config": [
                  {
                    "flash_mode": "",
                    "storage_container_reference": [
                      {
                        "kind": "storage_container",
                        "name": "SelfServiceContainer",
                        "url": "",
                        "uuid": "ba4b8c78-e099-41fc-a1b8-367e31b9973a"
                      }
                    ]
                  }
                ],
                "uuid": "e33d6b9a-2a78-4250-ac8a-f061ea467982",
                "volume_group_reference": {}
              }
            ],
            "enable_cpu_passthrough": false,
            "enable_script_exec": false,
            "gpu_list": [],
            "guest_customization_cloud_init_custom_key_values": {},
            "guest_customization_cloud_init_meta_data": "",
            "guest_customization_cloud_init_user_data": "",
            "guest_customization_is_overridable": false,
            "guest_customization_sysprep": {},
            "guest_customization_sysprep_custom_key_values": {},
            "guest_os_id": "",
            "hardware_clock_timezone": "UTC",
            "host_reference": {
              "kind": "host",
              "name": "10.55.42.25",
              "uuid": "552483d4-bc58-4508-a262-4a64e13534c5"
            },
            "hypervisor_type": null,
            "id": "1d9ad5d6-be81-4460-82ba-66b825160c5b",
            "is_vcpu_hard_pinned": false,
            "machine_type": "PC",
            "memory_size_mib": 4096,
            "metadata": {
              "creation_time": "2024-07-22 13:17:09 +0000 UTC",
              "last_update_time": "2024-07-22 13:17:09 +0000 UTC",
              "name": "",
              "spec_hash": "",
              "spec_version": "0",
              "uuid": "1d9ad5d6-be81-4460-82ba-66b825160c5b"
            },
            "name": "win-43",
            "ngt_credentials": {},
            "ngt_enabled_capability_list": [],
            "nic_list": [
              {
                "ip_endpoint_list": [
                  {
                    "ip": "10.55.42.241",
                    "type": "ASSIGNED"
                  }
                ],
                "is_connected": "true",
                "mac_address": "50:6b:8d:ae:21:11",
                "model": "",
                "network_function_chain_reference": {},
                "network_function_nic_type": "",
                "nic_type": "NORMAL_NIC",
                "num_queues": 1,
                "subnet_name": "Secondary_42",
                "subnet_uuid": "05eaa397-d398-4463-8a8a-b582e5628b5a",
                "uuid": "048e3d79-8801-4d4b-9bdb-f0c73eb99549"
              }
            ],
            "nic_list_status": [
              {
                "floating_ip": "",
                "ip_endpoint_list": [
                  {
                    "ip": "10.55.42.241",
                    "type": "ASSIGNED"
                  }
                ],
                "is_connected": "true",
                "mac_address": "50:6b:8d:ae:21:11",
                "model": "",
                "network_function_chain_reference": {},
                "network_function_nic_type": "",
                "nic_type": "NORMAL_NIC",
                "num_queues": 1,
                "subnet_name": "Secondary_42",
                "subnet_uuid": "05eaa397-d398-4463-8a8a-b582e5628b5a",
                "uuid": "048e3d79-8801-4d4b-9bdb-f0c73eb99549"
              }
            ],
            "num_sockets": 1,
            "num_vcpus_per_socket": 2,
            "num_vnuma_nodes": 0,
            "nutanix_guest_tools": {},
            "owner_reference": {
              "kind": "user",
              "name": "admin",
              "uuid": "00000000-0000-0000-0000-000000000000"
            },
            "parent_reference": {},
            "power_state": "ON",
            "power_state_mechanism": "HARD",
            "project_reference": {
              "kind": "project",
              "name": "_internal",
              "uuid": "48fbd98e-2217-481a-9f13-3a1c18ed088e"
            },
            "serial_port_list": [],
            "should_fail_on_script_failure": false,
            "state": "COMPLETE",
            "timeouts": null,
            "use_hot_add": true,
            "vga_console_enabled": true
          },
          "sensitive_attributes": [],
          "private": "eyJlMmJmYjczMC1lY2FhLTExZTYtOGY4OC0zNDM2M2JjN2M0YzAiOnsiY3JlYXRlIjozNjAwMDAwMDAwMDAwLCJkZWxldGUiOjM2MDAwMDAwMDAwMDAsInVwZGF0ZSI6MzYwMDAwMDAwMDAwMH0sInNjaGVtYV92ZXJzaW9uIjoiMSJ9",
          "dependencies": [
            "data.nutanix_cluster.cluster",
            "data.nutanix_subnet.subnet"
          ]
        },
        {
          "index_key": 44,
          "schema_version": 1,
          "attributes": {
            "api_version": "3.1",
            "availability_zone_reference": {},
            "boot_device_disk_address": {},
            "boot_device_mac_address": "",
            "boot_device_order_list": [
              "CDROM",
              "DISK",
              "NETWORK"
            ],
            "boot_type": "LEGACY",
            "categories": [],
            "cloud_init_cdrom_uuid": "",
            "cluster_name": "DM3-POC042",
            "cluster_uuid": "00061b19-2e68-cdea-0000-00000001b539",
            "description": "",
            "disk_list": [
              {
                "data_source_reference": {
                  "kind": "image",
                  "uuid": "66d40fe0-fdf0-4ad5-8e4e-e141cc7629ac"
                },
                "device_properties": [
                  {
                    "device_type": "DISK",
                    "disk_address": {
                      "adapter_type": "SCSI",
                      "device_index": "0"
                    }
                  }
                ],
                "disk_size_bytes": 214748364800,
                "disk_size_mib": 204800,
                "storage_config": [
                  {
                    "flash_mode": "",
                    "storage_container_reference": [
                      {
                        "kind": "storage_container",
                        "name": "SelfServiceContainer",
                        "url": "",
                        "uuid": "ba4b8c78-e099-41fc-a1b8-367e31b9973a"
                      }
                    ]
                  }
                ],
                "uuid": "4fb59044-a7a6-4bea-b82f-824eee983b2a",
                "volume_group_reference": {}
              },
              {
                "data_source_reference": {},
                "device_properties": [
                  {
                    "device_type": "DISK",
                    "disk_address": {
                      "adapter_type": "SCSI",
                      "device_index": "1"
                    }
                  }
                ],
                "disk_size_bytes": 10737418240,
                "disk_size_mib": 10240,
                "storage_config": [
                  {
                    "flash_mode": "",
                    "storage_container_reference": [
                      {
                        "kind": "storage_container",
                        "name": "SelfServiceContainer",
                        "url": "",
                        "uuid": "ba4b8c78-e099-41fc-a1b8-367e31b9973a"
                      }
                    ]
                  }
                ],
                "uuid": "b997163c-95e4-48af-ae70-5c822781bc7f",
                "volume_group_reference": {}
              }
            ],
            "enable_cpu_passthrough": false,
            "enable_script_exec": false,
            "gpu_list": [],
            "guest_customization_cloud_init_custom_key_values": {},
            "guest_customization_cloud_init_meta_data": "",
            "guest_customization_cloud_init_user_data": "",
            "guest_customization_is_overridable": false,
            "guest_customization_sysprep": {},
            "guest_customization_sysprep_custom_key_values": {},
            "guest_os_id": "",
            "hardware_clock_timezone": "UTC",
            "host_reference": {
              "kind": "host",
              "name": "10.55.42.26",
              "uuid": "b7efea22-eb3b-49f1-b6a4-4d37f56f8627"
            },
            "hypervisor_type": null,
            "id": "436a901e-38bf-4ae8-be67-faf6026d6748",
            "is_vcpu_hard_pinned": false,
            "machine_type": "PC",
            "memory_size_mib": 4096,
            "metadata": {
              "creation_time": "2024-07-22 13:16:26 +0000 UTC",
              "last_update_time": "2024-07-22 13:16:26 +0000 UTC",
              "name": "",
              "spec_hash": "",
              "spec_version": "0",
              "uuid": "436a901e-38bf-4ae8-be67-faf6026d6748"
            },
            "name": "win-44",
            "ngt_credentials": {},
            "ngt_enabled_capability_list": [],
            "nic_list": [
              {
                "ip_endpoint_list": [
                  {
                    "ip": "10.55.42.243",
                    "type": "ASSIGNED"
                  }
                ],
                "is_connected": "true",
                "mac_address": "50:6b:8d:d8:cd:68",
                "model": "",
                "network_function_chain_reference": {},
                "network_function_nic_type": "",
                "nic_type": "NORMAL_NIC",
                "num_queues": 1,
                "subnet_name": "Secondary_42",
                "subnet_uuid": "05eaa397-d398-4463-8a8a-b582e5628b5a",
                "uuid": "92ede638-d3e9-4743-a1ee-bf44e3fb8f63"
              }
            ],
            "nic_list_status": [
              {
                "floating_ip": "",
                "ip_endpoint_list": [
                  {
                    "ip": "10.55.42.243",
                    "type": "ASSIGNED"
                  }
                ],
                "is_connected": "true",
                "mac_address": "50:6b:8d:d8:cd:68",
                "model": "",
                "network_function_chain_reference": {},
                "network_function_nic_type": "",
                "nic_type": "NORMAL_NIC",
                "num_queues": 1,
                "subnet_name": "Secondary_42",
                "subnet_uuid": "05eaa397-d398-4463-8a8a-b582e5628b5a",
                "uuid": "92ede638-d3e9-4743-a1ee-bf44e3fb8f63"
              }
            ],
            "num_sockets": 1,
            "num_vcpus_per_socket": 2,
            "num_vnuma_nodes": 0,
            "nutanix_guest_tools": {},
            "owner_reference": {
              "kind": "user",
              "name": "admin",
              "uuid": "00000000-0000-0000-0000-000000000000"
            },
            "parent_reference": {},
            "power_state": "ON",
            "power_state_mechanism": "HARD",
            "project_reference": {
              "kind": "project",
              "name": "_internal",
              "uuid": "48fbd98e-2217-481a-9f13-3a1c18ed088e"
            },
            "serial_port_list": [],
            "should_fail_on_script_failure": false,
            "state": "COMPLETE",
            "timeouts": null,
            "use_hot_add": true,
            "vga_console_enabled": true
          },
          "sensitive_attributes": [],
          "private": "eyJlMmJmYjczMC1lY2FhLTExZTYtOGY4OC0zNDM2M2JjN2M0YzAiOnsiY3JlYXRlIjozNjAwMDAwMDAwMDAwLCJkZWxldGUiOjM2MDAwMDAwMDAwMDAsInVwZGF0ZSI6MzYwMDAwMDAwMDAwMH0sInNjaGVtYV92ZXJzaW9uIjoiMSJ9",
          "dependencies": [
            "data.nutanix_cluster.cluster",
            "data.nutanix_subnet.subnet"
          ]
        },
        {
          "index_key": 45,
          "schema_version": 1,
          "attributes": {
            "api_version": "3.1",
            "availability_zone_reference": {},
            "boot_device_disk_address": {},
            "boot_device_mac_address": "",
            "boot_device_order_list": [
              "CDROM",
              "DISK",
              "NETWORK"
            ],
            "boot_type": "LEGACY",
            "categories": [],
            "cloud_init_cdrom_uuid": "",
            "cluster_name": "DM3-POC042",
            "cluster_uuid": "00061b19-2e68-cdea-0000-00000001b539",
            "description": "",
            "disk_list": [
              {
                "data_source_reference": {
                  "kind": "image",
                  "uuid": "66d40fe0-fdf0-4ad5-8e4e-e141cc7629ac"
                },
                "device_properties": [
                  {
                    "device_type": "DISK",
                    "disk_address": {
                      "adapter_type": "SCSI",
                      "device_index": "0"
                    }
                  }
                ],
                "disk_size_bytes": 214748364800,
                "disk_size_mib": 204800,
                "storage_config": [
                  {
                    "flash_mode": "",
                    "storage_container_reference": [
                      {
                        "kind": "storage_container",
                        "name": "SelfServiceContainer",
                        "url": "",
                        "uuid": "ba4b8c78-e099-41fc-a1b8-367e31b9973a"
                      }
                    ]
                  }
                ],
                "uuid": "4f0ff160-03be-44f6-ace2-b0b0463e093b",
                "volume_group_reference": {}
              },
              {
                "data_source_reference": {},
                "device_properties": [
                  {
                    "device_type": "DISK",
                    "disk_address": {
                      "adapter_type": "SCSI",
                      "device_index": "1"
                    }
                  }
                ],
                "disk_size_bytes": 10737418240,
                "disk_size_mib": 10240,
                "storage_config": [
                  {
                    "flash_mode": "",
                    "storage_container_reference": [
                      {
                        "kind": "storage_container",
                        "name": "SelfServiceContainer",
                        "url": "",
                        "uuid": "ba4b8c78-e099-41fc-a1b8-367e31b9973a"
                      }
                    ]
                  }
                ],
                "uuid": "1bcde69c-2c9b-4b32-8ae8-b16bb6ad73cd",
                "volume_group_reference": {}
              }
            ],
            "enable_cpu_passthrough": false,
            "enable_script_exec": false,
            "gpu_list": [],
            "guest_customization_cloud_init_custom_key_values": {},
            "guest_customization_cloud_init_meta_data": "",
            "guest_customization_cloud_init_user_data": "",
            "guest_customization_is_overridable": false,
            "guest_customization_sysprep": {},
            "guest_customization_sysprep_custom_key_values": {},
            "guest_os_id": "",
            "hardware_clock_timezone": "UTC",
            "host_reference": {
              "kind": "host",
              "name": "10.55.42.28",
              "uuid": "ca6ea069-7ea3-4aaa-9d03-ec62d67f1865"
            },
            "hypervisor_type": null,
            "id": "f18e4933-44b9-4e9f-85f9-72cd443469b5",
            "is_vcpu_hard_pinned": false,
            "machine_type": "PC",
            "memory_size_mib": 4096,
            "metadata": {
              "creation_time": "2024-07-22 13:17:13 +0000 UTC",
              "last_update_time": "2024-07-22 13:17:13 +0000 UTC",
              "name": "",
              "spec_hash": "",
              "spec_version": "0",
              "uuid": "f18e4933-44b9-4e9f-85f9-72cd443469b5"
            },
            "name": "win-45",
            "ngt_credentials": {},
            "ngt_enabled_capability_list": [],
            "nic_list": [
              {
                "ip_endpoint_list": [
                  {
                    "ip": "10.55.42.184",
                    "type": "ASSIGNED"
                  }
                ],
                "is_connected": "true",
                "mac_address": "50:6b:8d:d6:10:ba",
                "model": "",
                "network_function_chain_reference": {},
                "network_function_nic_type": "",
                "nic_type": "NORMAL_NIC",
                "num_queues": 1,
                "subnet_name": "Secondary_42",
                "subnet_uuid": "05eaa397-d398-4463-8a8a-b582e5628b5a",
                "uuid": "92b58f7d-1706-409e-a464-31ca308f31ec"
              }
            ],
            "nic_list_status": [
              {
                "floating_ip": "",
                "ip_endpoint_list": [
                  {
                    "ip": "10.55.42.184",
                    "type": "ASSIGNED"
                  }
                ],
                "is_connected": "true",
                "mac_address": "50:6b:8d:d6:10:ba",
                "model": "",
                "network_function_chain_reference": {},
                "network_function_nic_type": "",
                "nic_type": "NORMAL_NIC",
                "num_queues": 1,
                "subnet_name": "Secondary_42",
                "subnet_uuid": "05eaa397-d398-4463-8a8a-b582e5628b5a",
                "uuid": "92b58f7d-1706-409e-a464-31ca308f31ec"
              }
            ],
            "num_sockets": 1,
            "num_vcpus_per_socket": 2,
            "num_vnuma_nodes": 0,
            "nutanix_guest_tools": {},
            "owner_reference": {
              "kind": "user",
              "name": "admin",
              "uuid": "00000000-0000-0000-0000-000000000000"
            },
            "parent_reference": {},
            "power_state": "ON",
            "power_state_mechanism": "HARD",
            "project_reference": {
              "kind": "project",
              "name": "_internal",
              "uuid": "48fbd98e-2217-481a-9f13-3a1c18ed088e"
            },
            "serial_port_list": [],
            "should_fail_on_script_failure": false,
            "state": "COMPLETE",
            "timeouts": null,
            "use_hot_add": true,
            "vga_console_enabled": true
          },
          "sensitive_attributes": [],
          "private": "eyJlMmJmYjczMC1lY2FhLTExZTYtOGY4OC0zNDM2M2JjN2M0YzAiOnsiY3JlYXRlIjozNjAwMDAwMDAwMDAwLCJkZWxldGUiOjM2MDAwMDAwMDAwMDAsInVwZGF0ZSI6MzYwMDAwMDAwMDAwMH0sInNjaGVtYV92ZXJzaW9uIjoiMSJ9",
          "dependencies": [
            "data.nutanix_cluster.cluster",
            "data.nutanix_subnet.subnet"
          ]
        },
        {
          "index_key": 46,
          "schema_version": 1,
          "attributes": {
            "api_version": "3.1",
            "availability_zone_reference": {},
            "boot_device_disk_address": {},
            "boot_device_mac_address": "",
            "boot_device_order_list": [
              "CDROM",
              "DISK",
              "NETWORK"
            ],
            "boot_type": "LEGACY",
            "categories": [],
            "cloud_init_cdrom_uuid": "",
            "cluster_name": "DM3-POC042",
            "cluster_uuid": "00061b19-2e68-cdea-0000-00000001b539",
            "description": "",
            "disk_list": [
              {
                "data_source_reference": {
                  "kind": "image",
                  "uuid": "66d40fe0-fdf0-4ad5-8e4e-e141cc7629ac"
                },
                "device_properties": [
                  {
                    "device_type": "DISK",
                    "disk_address": {
                      "adapter_type": "SCSI",
                      "device_index": "0"
                    }
                  }
                ],
                "disk_size_bytes": 214748364800,
                "disk_size_mib": 204800,
                "storage_config": [
                  {
                    "flash_mode": "",
                    "storage_container_reference": [
                      {
                        "kind": "storage_container",
                        "name": "SelfServiceContainer",
                        "url": "",
                        "uuid": "ba4b8c78-e099-41fc-a1b8-367e31b9973a"
                      }
                    ]
                  }
                ],
                "uuid": "cde04581-cf19-42f8-97af-993e35a3eaee",
                "volume_group_reference": {}
              },
              {
                "data_source_reference": {},
                "device_properties": [
                  {
                    "device_type": "DISK",
                    "disk_address": {
                      "adapter_type": "SCSI",
                      "device_index": "1"
                    }
                  }
                ],
                "disk_size_bytes": 10737418240,
                "disk_size_mib": 10240,
                "storage_config": [
                  {
                    "flash_mode": "",
                    "storage_container_reference": [
                      {
                        "kind": "storage_container",
                        "name": "SelfServiceContainer",
                        "url": "",
                        "uuid": "ba4b8c78-e099-41fc-a1b8-367e31b9973a"
                      }
                    ]
                  }
                ],
                "uuid": "6aed2d49-dd27-4e26-bb82-80132eeded2b",
                "volume_group_reference": {}
              }
            ],
            "enable_cpu_passthrough": false,
            "enable_script_exec": false,
            "gpu_list": [],
            "guest_customization_cloud_init_custom_key_values": {},
            "guest_customization_cloud_init_meta_data": "",
            "guest_customization_cloud_init_user_data": "",
            "guest_customization_is_overridable": false,
            "guest_customization_sysprep": {},
            "guest_customization_sysprep_custom_key_values": {},
            "guest_os_id": "",
            "hardware_clock_timezone": "UTC",
            "host_reference": {
              "kind": "host",
              "name": "10.55.42.25",
              "uuid": "552483d4-bc58-4508-a262-4a64e13534c5"
            },
            "hypervisor_type": null,
            "id": "b41e6876-8009-4a6f-a665-5afeb5794aba",
            "is_vcpu_hard_pinned": false,
            "machine_type": "PC",
            "memory_size_mib": 4096,
            "metadata": {
              "creation_time": "2024-07-22 13:16:30 +0000 UTC",
              "last_update_time": "2024-07-22 13:16:30 +0000 UTC",
              "name": "",
              "spec_hash": "",
              "spec_version": "0",
              "uuid": "b41e6876-8009-4a6f-a665-5afeb5794aba"
            },
            "name": "win-46",
            "ngt_credentials": {},
            "ngt_enabled_capability_list": [],
            "nic_list": [
              {
                "ip_endpoint_list": [
                  {
                    "ip": "10.55.42.147",
                    "type": "ASSIGNED"
                  }
                ],
                "is_connected": "true",
                "mac_address": "50:6b:8d:a0:8b:c9",
                "model": "",
                "network_function_chain_reference": {},
                "network_function_nic_type": "",
                "nic_type": "NORMAL_NIC",
                "num_queues": 1,
                "subnet_name": "Secondary_42",
                "subnet_uuid": "05eaa397-d398-4463-8a8a-b582e5628b5a",
                "uuid": "5f6c948a-5a80-4037-be9b-a02efbc9cc56"
              }
            ],
            "nic_list_status": [
              {
                "floating_ip": "",
                "ip_endpoint_list": [
                  {
                    "ip": "10.55.42.147",
                    "type": "ASSIGNED"
                  }
                ],
                "is_connected": "true",
                "mac_address": "50:6b:8d:a0:8b:c9",
                "model": "",
                "network_function_chain_reference": {},
                "network_function_nic_type": "",
                "nic_type": "NORMAL_NIC",
                "num_queues": 1,
                "subnet_name": "Secondary_42",
                "subnet_uuid": "05eaa397-d398-4463-8a8a-b582e5628b5a",
                "uuid": "5f6c948a-5a80-4037-be9b-a02efbc9cc56"
              }
            ],
            "num_sockets": 1,
            "num_vcpus_per_socket": 2,
            "num_vnuma_nodes": 0,
            "nutanix_guest_tools": {},
            "owner_reference": {
              "kind": "user",
              "name": "admin",
              "uuid": "00000000-0000-0000-0000-000000000000"
            },
            "parent_reference": {},
            "power_state": "ON",
            "power_state_mechanism": "HARD",
            "project_reference": {
              "kind": "project",
              "name": "_internal",
              "uuid": "48fbd98e-2217-481a-9f13-3a1c18ed088e"
            },
            "serial_port_list": [],
            "should_fail_on_script_failure": false,
            "state": "COMPLETE",
            "timeouts": null,
            "use_hot_add": true,
            "vga_console_enabled": true
          },
          "sensitive_attributes": [],
          "private": "eyJlMmJmYjczMC1lY2FhLTExZTYtOGY4OC0zNDM2M2JjN2M0YzAiOnsiY3JlYXRlIjozNjAwMDAwMDAwMDAwLCJkZWxldGUiOjM2MDAwMDAwMDAwMDAsInVwZGF0ZSI6MzYwMDAwMDAwMDAwMH0sInNjaGVtYV92ZXJzaW9uIjoiMSJ9",
          "dependencies": [
            "data.nutanix_cluster.cluster",
            "data.nutanix_subnet.subnet"
          ]
        },
        {
          "index_key": 47,
          "schema_version": 1,
          "attributes": {
            "api_version": "3.1",
            "availability_zone_reference": {},
            "boot_device_disk_address": {},
            "boot_device_mac_address": "",
            "boot_device_order_list": [
              "CDROM",
              "DISK",
              "NETWORK"
            ],
            "boot_type": "LEGACY",
            "categories": [],
            "cloud_init_cdrom_uuid": "",
            "cluster_name": "DM3-POC042",
            "cluster_uuid": "00061b19-2e68-cdea-0000-00000001b539",
            "description": "",
            "disk_list": [
              {
                "data_source_reference": {
                  "kind": "image",
                  "uuid": "66d40fe0-fdf0-4ad5-8e4e-e141cc7629ac"
                },
                "device_properties": [
                  {
                    "device_type": "DISK",
                    "disk_address": {
                      "adapter_type": "SCSI",
                      "device_index": "0"
                    }
                  }
                ],
                "disk_size_bytes": 214748364800,
                "disk_size_mib": 204800,
                "storage_config": [
                  {
                    "flash_mode": "",
                    "storage_container_reference": [
                      {
                        "kind": "storage_container",
                        "name": "SelfServiceContainer",
                        "url": "",
                        "uuid": "ba4b8c78-e099-41fc-a1b8-367e31b9973a"
                      }
                    ]
                  }
                ],
                "uuid": "419bdf8a-35dd-4c3e-9e50-952d26df418d",
                "volume_group_reference": {}
              },
              {
                "data_source_reference": {},
                "device_properties": [
                  {
                    "device_type": "DISK",
                    "disk_address": {
                      "adapter_type": "SCSI",
                      "device_index": "1"
                    }
                  }
                ],
                "disk_size_bytes": 10737418240,
                "disk_size_mib": 10240,
                "storage_config": [
                  {
                    "flash_mode": "",
                    "storage_container_reference": [
                      {
                        "kind": "storage_container",
                        "name": "SelfServiceContainer",
                        "url": "",
                        "uuid": "ba4b8c78-e099-41fc-a1b8-367e31b9973a"
                      }
                    ]
                  }
                ],
                "uuid": "b5a81a77-1046-4077-a3f1-499d14cbcc56",
                "volume_group_reference": {}
              }
            ],
            "enable_cpu_passthrough": false,
            "enable_script_exec": false,
            "gpu_list": [],
            "guest_customization_cloud_init_custom_key_values": {},
            "guest_customization_cloud_init_meta_data": "",
            "guest_customization_cloud_init_user_data": "",
            "guest_customization_is_overridable": false,
            "guest_customization_sysprep": {},
            "guest_customization_sysprep_custom_key_values": {},
            "guest_os_id": "",
            "hardware_clock_timezone": "UTC",
            "host_reference": {
              "kind": "host",
              "name": "10.55.42.27",
              "uuid": "c9d70073-f27c-42c3-ba19-94f8cc93fe2f"
            },
            "hypervisor_type": null,
            "id": "f02241f0-bda9-4840-a013-b5254a30d5c0",
            "is_vcpu_hard_pinned": false,
            "machine_type": "PC",
            "memory_size_mib": 4096,
            "metadata": {
              "creation_time": "2024-07-22 13:16:31 +0000 UTC",
              "last_update_time": "2024-07-22 13:16:31 +0000 UTC",
              "name": "",
              "spec_hash": "",
              "spec_version": "0",
              "uuid": "f02241f0-bda9-4840-a013-b5254a30d5c0"
            },
            "name": "win-47",
            "ngt_credentials": {},
            "ngt_enabled_capability_list": [],
            "nic_list": [
              {
                "ip_endpoint_list": [
                  {
                    "ip": "10.55.42.222",
                    "type": "ASSIGNED"
                  }
                ],
                "is_connected": "true",
                "mac_address": "50:6b:8d:be:91:0a",
                "model": "",
                "network_function_chain_reference": {},
                "network_function_nic_type": "",
                "nic_type": "NORMAL_NIC",
                "num_queues": 1,
                "subnet_name": "Secondary_42",
                "subnet_uuid": "05eaa397-d398-4463-8a8a-b582e5628b5a",
                "uuid": "0eeb83ec-483e-4a10-bd1e-d522bebd29cb"
              }
            ],
            "nic_list_status": [
              {
                "floating_ip": "",
                "ip_endpoint_list": [
                  {
                    "ip": "10.55.42.222",
                    "type": "ASSIGNED"
                  }
                ],
                "is_connected": "true",
                "mac_address": "50:6b:8d:be:91:0a",
                "model": "",
                "network_function_chain_reference": {},
                "network_function_nic_type": "",
                "nic_type": "NORMAL_NIC",
                "num_queues": 1,
                "subnet_name": "Secondary_42",
                "subnet_uuid": "05eaa397-d398-4463-8a8a-b582e5628b5a",
                "uuid": "0eeb83ec-483e-4a10-bd1e-d522bebd29cb"
              }
            ],
            "num_sockets": 1,
            "num_vcpus_per_socket": 2,
            "num_vnuma_nodes": 0,
            "nutanix_guest_tools": {},
            "owner_reference": {
              "kind": "user",
              "name": "admin",
              "uuid": "00000000-0000-0000-0000-000000000000"
            },
            "parent_reference": {},
            "power_state": "ON",
            "power_state_mechanism": "HARD",
            "project_reference": {
              "kind": "project",
              "name": "_internal",
              "uuid": "48fbd98e-2217-481a-9f13-3a1c18ed088e"
            },
            "serial_port_list": [],
            "should_fail_on_script_failure": false,
            "state": "COMPLETE",
            "timeouts": null,
            "use_hot_add": true,
            "vga_console_enabled": true
          },
          "sensitive_attributes": [],
          "private": "eyJlMmJmYjczMC1lY2FhLTExZTYtOGY4OC0zNDM2M2JjN2M0YzAiOnsiY3JlYXRlIjozNjAwMDAwMDAwMDAwLCJkZWxldGUiOjM2MDAwMDAwMDAwMDAsInVwZGF0ZSI6MzYwMDAwMDAwMDAwMH0sInNjaGVtYV92ZXJzaW9uIjoiMSJ9",
          "dependencies": [
            "data.nutanix_cluster.cluster",
            "data.nutanix_subnet.subnet"
          ]
        },
        {
          "index_key": 48,
          "schema_version": 1,
          "attributes": {
            "api_version": "3.1",
            "availability_zone_reference": {},
            "boot_device_disk_address": {},
            "boot_device_mac_address": "",
            "boot_device_order_list": [
              "CDROM",
              "DISK",
              "NETWORK"
            ],
            "boot_type": "LEGACY",
            "categories": [],
            "cloud_init_cdrom_uuid": "",
            "cluster_name": "DM3-POC042",
            "cluster_uuid": "00061b19-2e68-cdea-0000-00000001b539",
            "description": "",
            "disk_list": [
              {
                "data_source_reference": {
                  "kind": "image",
                  "uuid": "66d40fe0-fdf0-4ad5-8e4e-e141cc7629ac"
                },
                "device_properties": [
                  {
                    "device_type": "DISK",
                    "disk_address": {
                      "adapter_type": "SCSI",
                      "device_index": "0"
                    }
                  }
                ],
                "disk_size_bytes": 214748364800,
                "disk_size_mib": 204800,
                "storage_config": [
                  {
                    "flash_mode": "",
                    "storage_container_reference": [
                      {
                        "kind": "storage_container",
                        "name": "SelfServiceContainer",
                        "url": "",
                        "uuid": "ba4b8c78-e099-41fc-a1b8-367e31b9973a"
                      }
                    ]
                  }
                ],
                "uuid": "a63ff92c-edcd-4487-bda1-671b157e7921",
                "volume_group_reference": {}
              },
              {
                "data_source_reference": {},
                "device_properties": [
                  {
                    "device_type": "DISK",
                    "disk_address": {
                      "adapter_type": "SCSI",
                      "device_index": "1"
                    }
                  }
                ],
                "disk_size_bytes": 10737418240,
                "disk_size_mib": 10240,
                "storage_config": [
                  {
                    "flash_mode": "",
                    "storage_container_reference": [
                      {
                        "kind": "storage_container",
                        "name": "SelfServiceContainer",
                        "url": "",
                        "uuid": "ba4b8c78-e099-41fc-a1b8-367e31b9973a"
                      }
                    ]
                  }
                ],
                "uuid": "337b15f5-034d-4194-8f5d-a2cce1e813a6",
                "volume_group_reference": {}
              }
            ],
            "enable_cpu_passthrough": false,
            "enable_script_exec": false,
            "gpu_list": [],
            "guest_customization_cloud_init_custom_key_values": {},
            "guest_customization_cloud_init_meta_data": "",
            "guest_customization_cloud_init_user_data": "",
            "guest_customization_is_overridable": false,
            "guest_customization_sysprep": {},
            "guest_customization_sysprep_custom_key_values": {},
            "guest_os_id": "",
            "hardware_clock_timezone": "UTC",
            "host_reference": {
              "kind": "host",
              "name": "10.55.42.25",
              "uuid": "552483d4-bc58-4508-a262-4a64e13534c5"
            },
            "hypervisor_type": null,
            "id": "df8d106e-e90d-4760-a4fb-084b60cce35d",
            "is_vcpu_hard_pinned": false,
            "machine_type": "PC",
            "memory_size_mib": 4096,
            "metadata": {
              "creation_time": "2024-07-22 13:16:28 +0000 UTC",
              "last_update_time": "2024-07-22 13:16:28 +0000 UTC",
              "name": "",
              "spec_hash": "",
              "spec_version": "0",
              "uuid": "df8d106e-e90d-4760-a4fb-084b60cce35d"
            },
            "name": "win-48",
            "ngt_credentials": {},
            "ngt_enabled_capability_list": [],
            "nic_list": [
              {
                "ip_endpoint_list": [
                  {
                    "ip": "10.55.42.157",
                    "type": "ASSIGNED"
                  }
                ],
                "is_connected": "true",
                "mac_address": "50:6b:8d:b4:a0:5c",
                "model": "",
                "network_function_chain_reference": {},
                "network_function_nic_type": "",
                "nic_type": "NORMAL_NIC",
                "num_queues": 1,
                "subnet_name": "Secondary_42",
                "subnet_uuid": "05eaa397-d398-4463-8a8a-b582e5628b5a",
                "uuid": "ca915dda-9243-4ac4-914a-fa3eb734c8b4"
              }
            ],
            "nic_list_status": [
              {
                "floating_ip": "",
                "ip_endpoint_list": [
                  {
                    "ip": "10.55.42.157",
                    "type": "ASSIGNED"
                  }
                ],
                "is_connected": "true",
                "mac_address": "50:6b:8d:b4:a0:5c",
                "model": "",
                "network_function_chain_reference": {},
                "network_function_nic_type": "",
                "nic_type": "NORMAL_NIC",
                "num_queues": 1,
                "subnet_name": "Secondary_42",
                "subnet_uuid": "05eaa397-d398-4463-8a8a-b582e5628b5a",
                "uuid": "ca915dda-9243-4ac4-914a-fa3eb734c8b4"
              }
            ],
            "num_sockets": 1,
            "num_vcpus_per_socket": 2,
            "num_vnuma_nodes": 0,
            "nutanix_guest_tools": {},
            "owner_reference": {
              "kind": "user",
              "name": "admin",
              "uuid": "00000000-0000-0000-0000-000000000000"
            },
            "parent_reference": {},
            "power_state": "ON",
            "power_state_mechanism": "HARD",
            "project_reference": {
              "kind": "project",
              "name": "_internal",
              "uuid": "48fbd98e-2217-481a-9f13-3a1c18ed088e"
            },
            "serial_port_list": [],
            "should_fail_on_script_failure": false,
            "state": "COMPLETE",
            "timeouts": null,
            "use_hot_add": true,
            "vga_console_enabled": true
          },
          "sensitive_attributes": [],
          "private": "eyJlMmJmYjczMC1lY2FhLTExZTYtOGY4OC0zNDM2M2JjN2M0YzAiOnsiY3JlYXRlIjozNjAwMDAwMDAwMDAwLCJkZWxldGUiOjM2MDAwMDAwMDAwMDAsInVwZGF0ZSI6MzYwMDAwMDAwMDAwMH0sInNjaGVtYV92ZXJzaW9uIjoiMSJ9",
          "dependencies": [
            "data.nutanix_cluster.cluster",
            "data.nutanix_subnet.subnet"
          ]
        },
        {
          "index_key": 49,
          "schema_version": 1,
          "attributes": {
            "api_version": "3.1",
            "availability_zone_reference": {},
            "boot_device_disk_address": {},
            "boot_device_mac_address": "",
            "boot_device_order_list": [
              "CDROM",
              "DISK",
              "NETWORK"
            ],
            "boot_type": "LEGACY",
            "categories": [],
            "cloud_init_cdrom_uuid": "",
            "cluster_name": "DM3-POC042",
            "cluster_uuid": "00061b19-2e68-cdea-0000-00000001b539",
            "description": "",
            "disk_list": [
              {
                "data_source_reference": {
                  "kind": "image",
                  "uuid": "66d40fe0-fdf0-4ad5-8e4e-e141cc7629ac"
                },
                "device_properties": [
                  {
                    "device_type": "DISK",
                    "disk_address": {
                      "adapter_type": "SCSI",
                      "device_index": "0"
                    }
                  }
                ],
                "disk_size_bytes": 214748364800,
                "disk_size_mib": 204800,
                "storage_config": [
                  {
                    "flash_mode": "",
                    "storage_container_reference": [
                      {
                        "kind": "storage_container",
                        "name": "SelfServiceContainer",
                        "url": "",
                        "uuid": "ba4b8c78-e099-41fc-a1b8-367e31b9973a"
                      }
                    ]
                  }
                ],
                "uuid": "1542fa9b-735c-4499-9d9f-d82889b87dbd",
                "volume_group_reference": {}
              },
              {
                "data_source_reference": {},
                "device_properties": [
                  {
                    "device_type": "DISK",
                    "disk_address": {
                      "adapter_type": "SCSI",
                      "device_index": "1"
                    }
                  }
                ],
                "disk_size_bytes": 10737418240,
                "disk_size_mib": 10240,
                "storage_config": [
                  {
                    "flash_mode": "",
                    "storage_container_reference": [
                      {
                        "kind": "storage_container",
                        "name": "SelfServiceContainer",
                        "url": "",
                        "uuid": "ba4b8c78-e099-41fc-a1b8-367e31b9973a"
                      }
                    ]
                  }
                ],
                "uuid": "0c8db58c-8fc4-49bc-8b96-d7cc34967d51",
                "volume_group_reference": {}
              }
            ],
            "enable_cpu_passthrough": false,
            "enable_script_exec": false,
            "gpu_list": [],
            "guest_customization_cloud_init_custom_key_values": {},
            "guest_customization_cloud_init_meta_data": "",
            "guest_customization_cloud_init_user_data": "",
            "guest_customization_is_overridable": false,
            "guest_customization_sysprep": {},
            "guest_customization_sysprep_custom_key_values": {},
            "guest_os_id": "",
            "hardware_clock_timezone": "UTC",
            "host_reference": {
              "kind": "host",
              "name": "10.55.42.26",
              "uuid": "b7efea22-eb3b-49f1-b6a4-4d37f56f8627"
            },
            "hypervisor_type": null,
            "id": "2d1288e6-8f3c-48bf-bea1-25c57c5a72aa",
            "is_vcpu_hard_pinned": false,
            "machine_type": "PC",
            "memory_size_mib": 4096,
            "metadata": {
              "creation_time": "2024-07-22 13:16:50 +0000 UTC",
              "last_update_time": "2024-07-22 13:16:50 +0000 UTC",
              "name": "",
              "spec_hash": "",
              "spec_version": "0",
              "uuid": "2d1288e6-8f3c-48bf-bea1-25c57c5a72aa"
            },
            "name": "win-49",
            "ngt_credentials": {},
            "ngt_enabled_capability_list": [],
            "nic_list": [
              {
                "ip_endpoint_list": [
                  {
                    "ip": "10.55.42.236",
                    "type": "ASSIGNED"
                  }
                ],
                "is_connected": "true",
                "mac_address": "50:6b:8d:c6:bf:d5",
                "model": "",
                "network_function_chain_reference": {},
                "network_function_nic_type": "",
                "nic_type": "NORMAL_NIC",
                "num_queues": 1,
                "subnet_name": "Secondary_42",
                "subnet_uuid": "05eaa397-d398-4463-8a8a-b582e5628b5a",
                "uuid": "354a5e72-007a-4b71-ab5c-89fdd90eb618"
              }
            ],
            "nic_list_status": [
              {
                "floating_ip": "",
                "ip_endpoint_list": [
                  {
                    "ip": "10.55.42.236",
                    "type": "ASSIGNED"
                  }
                ],
                "is_connected": "true",
                "mac_address": "50:6b:8d:c6:bf:d5",
                "model": "",
                "network_function_chain_reference": {},
                "network_function_nic_type": "",
                "nic_type": "NORMAL_NIC",
                "num_queues": 1,
                "subnet_name": "Secondary_42",
                "subnet_uuid": "05eaa397-d398-4463-8a8a-b582e5628b5a",
                "uuid": "354a5e72-007a-4b71-ab5c-89fdd90eb618"
              }
            ],
            "num_sockets": 1,
            "num_vcpus_per_socket": 2,
            "num_vnuma_nodes": 0,
            "nutanix_guest_tools": {},
            "owner_reference": {
              "kind": "user",
              "name": "admin",
              "uuid": "00000000-0000-0000-0000-000000000000"
            },
            "parent_reference": {},
            "power_state": "ON",
            "power_state_mechanism": "HARD",
            "project_reference": {
              "kind": "project",
              "name": "_internal",
              "uuid": "48fbd98e-2217-481a-9f13-3a1c18ed088e"
            },
            "serial_port_list": [],
            "should_fail_on_script_failure": false,
            "state": "COMPLETE",
            "timeouts": null,
            "use_hot_add": true,
            "vga_console_enabled": true
          },
          "sensitive_attributes": [],
          "private": "eyJlMmJmYjczMC1lY2FhLTExZTYtOGY4OC0zNDM2M2JjN2M0YzAiOnsiY3JlYXRlIjozNjAwMDAwMDAwMDAwLCJkZWxldGUiOjM2MDAwMDAwMDAwMDAsInVwZGF0ZSI6MzYwMDAwMDAwMDAwMH0sInNjaGVtYV92ZXJzaW9uIjoiMSJ9",
          "dependencies": [
            "data.nutanix_cluster.cluster",
            "data.nutanix_subnet.subnet"
          ]
        }
      ]
    }
  ],
  "check_results": null
}
