{
  "version": 4,
  "terraform_version": "1.14.3",
  "serial": 11,
  "lineage": "b18b506e-b964-3d41-b4df-7e815dfe476b",
  "outputs": {},
  "resources": [
    {
      "mode": "managed",
      "type": "nutanix_virtual_machine_v2",
      "name": "vm-3",
      "provider": "provider[\"registry.terraform.io/nutanix/nutanix\"]",
      "instances": [
        {
          "schema_version": 0,
          "attributes": {
            "apc_config": [
              {
                "cpu_model": [],
                "is_apc_enabled": false
              }
            ],
            "availability_zone": [],
            "bios_uuid": "fbb8c1b8-e6e2-463f-6786-6642ddafab6d",
            "boot_config": [
              {
                "legacy_boot": [
                  {
                    "boot_device": [],
                    "boot_order": [
                      "DISK",
                      "NETWORK"
                    ]
                  }
                ],
                "uefi_boot": []
              }
            ],
            "categories": [],
            "cd_roms": [],
            "cluster": [
              {
                "ext_id": "00064826-a544-d2a0-05f4-ac1f6b356a7c"
              }
            ],
            "create_time": "2026-03-10 05:10:47.232028 +0000 UTC",
            "description": "",
            "disks": [
              {
                "backing_info": [
                  {
                    "adfs_volume_group_reference": [],
                    "vm_disk": [
                      {
                        "data_source": [
                          {
                            "reference": [
                              {
                                "image_reference": [
                                  {
                                    "image_ext_id": "1b48e3c2-6cc4-4877-8c03-e24f7d3ff783"
                                  }
                                ],
                                "vm_disk_reference": []
                              }
                            ]
                          }
                        ],
                        "disk_ext_id": "a4508d64-ecf3-40d8-bf2e-6aa4e6d6ee6b",
                        "disk_size_bytes": 53687091200,
                        "is_migration_in_progress": false,
                        "storage_config": [],
                        "storage_container": [
                          {
                            "ext_id": "7aea6507-2057-4cca-97e2-fbb327ef7dc7"
                          }
                        ]
                      }
                    ]
                  }
                ],
                "disk_address": [
                  {
                    "bus_type": "SCSI",
                    "index": 0
                  }
                ],
                "ext_id": "a4508d64-ecf3-40d8-bf2e-6aa4e6d6ee6b"
              }
            ],
            "enabled_cpu_features": [],
            "ext_id": "fbb8c1b8-e6e2-463f-6786-6642ddafab6d",
            "generation_uuid": "666c5531-464e-44fd-b286-12cba8e2500c",
            "gpus": [],
            "guest_customization": [],
            "guest_tools": [],
            "hardware_clock_timezone": "UTC",
            "host": [
              {
                "ext_id": "406acfbc-1b13-480e-8a19-ace0aa2ff576"
              }
            ],
            "id": "fbb8c1b8-e6e2-463f-6786-6642ddafab6d",
            "is_agent_vm": false,
            "is_branding_enabled": true,
            "is_cpu_hotplug_enabled": true,
            "is_cpu_passthrough_enabled": false,
            "is_gpu_console_enabled": false,
            "is_memory_overcommit_enabled": false,
            "is_scsi_controller_enabled": true,
            "is_vcpu_hard_pinning_enabled": false,
            "is_vga_console_enabled": true,
            "machine_type": "PC",
            "memory_size_bytes": 1073741824,
            "name": "terraform_matthew_vm",
            "nics": [
              {
                "backing_info": [
                  {
                    "is_connected": true,
                    "mac_address": "50:6b:8d:e6:51:cd",
                    "model": "",
                    "num_queues": 1
                  }
                ],
                "ext_id": "0d691496-e532-46b2-8a0a-744c9e8da757",
                "network_info": [
                  {
                    "ipv4_config": [
                      {
                        "ip_address": [
                          {
                            "prefix_length": 32,
                            "value": "10.38.142.195"
                          }
                        ],
                        "secondary_ip_address_list": [],
                        "should_assign_ip": false
                      }
                    ],
                    "ipv4_info": [],
                    "network_function_chain": [],
                    "network_function_nic_type": "",
                    "nic_type": "NORMAL_NIC",
                    "should_allow_unknown_macs": false,
                    "subnet": [
                      {
                        "ext_id": "316de92a-4f8c-4bbc-9016-e60886ac6667"
                      }
                    ],
                    "trunked_vlans": [],
                    "vlan_mode": "ACCESS"
                  }
                ]
              }
            ],
            "num_cores_per_socket": 1,
            "num_numa_nodes": 0,
            "num_sockets": 1,
            "num_threads_per_core": 1,
            "ownership_info": [
              {
                "owner": [
                  {
                    "ext_id": "db103903-6bf0-571a-b8db-981c0ee99d78"
                  }
                ]
              }
            ],
            "power_state": "ON",
            "project": [
              {
                "ext_id": "0463eeec-b260-4ec3-bff3-efa9d0ba1bb3"
              }
            ],
            "protection_policy_state": [],
            "protection_type": "UNPROTECTED",
            "serial_ports": [],
            "source": [],
            "storage_config": [],
            "update_time": "2026-03-10 05:10:51.140833 +0000 UTC",
            "vtpm_config": [
              {
                "is_vtpm_enabled": false,
                "version": ""
              }
            ]
          },
          "sensitive_attributes": [],
          "identity_schema_version": 0,
          "private": "bnVsbA=="
        }
      ]
    }
  ],
  "check_results": null
}
