{
  "version": 4,
  "terraform_version": "1.12.2",
  "serial": 1,
  "lineage": "29b9efa3-54b5-98df-bbd6-4f6cd60bbf7b",
  "outputs": {},
  "resources": [
    {
      "mode": "data",
      "type": "nutanix_blueprint_runtime_editables",
      "name": "example",
      "provider": "provider[\"registry.terraform.io/nutanix/nutanix\"]",
      "instances": [
        {
          "schema_version": 0,
          "attributes": {
            "bp_name": "RHEL-Single-External",
            "bp_uuid": null,
            "id": "cb381f5f-c5f7-4e13-a0d7-a15177155412",
            "runtime_editables": [
              {
                "action_list": [],
                "app_profile": [],
                "credential_list": [
                  {
                    "context": "app_profile.Default.deployment.2a3092de_deployment.substrate.VM1.credential",
                    "description": "",
                    "name": "RHEL",
                    "type": "KEY",
                    "uuid": "c1012fba-46e3-4d4c-b004-a04dbd3f6278",
                    "value": "{\"username\":\"nutanix\",\"secret\":{\"attrs\":{\"is_secret_modified\":false},\"value\":\"\"}}"
                  }
                ],
                "deployment_list": [],
                "package_list": [],
                "restore_config_list": [
                  {
                    "context": "app_profile.Default.restore_config.Restore_ConfigRHEL9_Snapshot",
                    "description": "",
                    "name": "Restore_ConfigRHEL9_Snapshot",
                    "type": "",
                    "uuid": "6e38d519-a657-4234-8d32-07ad1f5b4c04",
                    "value": "{\"attrs_list\":[{\"app_protection_rule_reference\":\"\",\"app_protection_policy_reference\":\"\"}]}"
                  }
                ],
                "service_list": [],
                "snapshot_config_list": [],
                "substrate_list": [
                  {
                    "context": "app_profile.Default.deployment.2a3092de_deployment.substrate",
                    "description": "",
                    "name": "VM1",
                    "type": "AHV_VM",
                    "uuid": "07bf1f20-be30-4aed-906e-5ca0ae94eb32",
                    "value": "{\"spec\":{\"name\":\"vm-@@{calm_time}@@\",\"resources\":{\"nic_list\":{\"0\":{\"subnet_reference\":{\"kind\":\"subnet\",\"name\":\"\",\"uuid\":\"fbf1840a-2fdb-4ca2-972e-ea76efe7cd1e\"},\"vpc_reference\":null}},\"num_vcpus_per_socket\":1,\"memory_size_mib\":2048},\"categories\":\"\"}}"
                  }
                ],
                "task_list": [],
                "variable_list": [
                  {
                    "context": "app_profile.Default.variable",
                    "description": "",
                    "name": "GATEWAY",
                    "type": "LOCAL",
                    "uuid": "22171b33-72f0-6b65-e9ae-939248527b5c",
                    "value": "{\"value\":\"10.101.137.1\"}"
                  },
                  {
                    "context": "app_profile.Default.variable",
                    "description": "",
                    "name": "IP_ADDR",
                    "type": "LOCAL",
                    "uuid": "5caaf72e-6af9-35fe-b967-107788a4d573",
                    "value": "{\"value\":\"10.101.137.241\"}"
                  }
                ]
              }
            ]
          },
          "sensitive_attributes": [],
          "identity_schema_version": 0
        }
      ]
    },
    {
      "mode": "managed",
      "type": "local_file",
      "name": "dump_runtime_value",
      "provider": "provider[\"registry.terraform.io/hashicorp/local\"]",
      "instances": [
        {
          "schema_version": 0,
          "attributes": {
            "content": "[{\"action_list\":[],\"app_profile\":[],\"credential_list\":[{\"context\":\"app_profile.Default.deployment.2a3092de_deployment.substrate.VM1.credential\",\"description\":\"\",\"name\":\"RHEL\",\"type\":\"KEY\",\"uuid\":\"c1012fba-46e3-4d4c-b004-a04dbd3f6278\",\"value\":\"{\\\"username\\\":\\\"nutanix\\\",\\\"secret\\\":{\\\"attrs\\\":{\\\"is_secret_modified\\\":false},\\\"value\\\":\\\"\\\"}}\"}],\"deployment_list\":[],\"package_list\":[],\"restore_config_list\":[{\"context\":\"app_profile.Default.restore_config.Restore_ConfigRHEL9_Snapshot\",\"description\":\"\",\"name\":\"Restore_ConfigRHEL9_Snapshot\",\"type\":\"\",\"uuid\":\"6e38d519-a657-4234-8d32-07ad1f5b4c04\",\"value\":\"{\\\"attrs_list\\\":[{\\\"app_protection_rule_reference\\\":\\\"\\\",\\\"app_protection_policy_reference\\\":\\\"\\\"}]}\"}],\"service_list\":[],\"snapshot_config_list\":[],\"substrate_list\":[{\"context\":\"app_profile.Default.deployment.2a3092de_deployment.substrate\",\"description\":\"\",\"name\":\"VM1\",\"type\":\"AHV_VM\",\"uuid\":\"07bf1f20-be30-4aed-906e-5ca0ae94eb32\",\"value\":\"{\\\"spec\\\":{\\\"name\\\":\\\"vm-@@{calm_time}@@\\\",\\\"resources\\\":{\\\"nic_list\\\":{\\\"0\\\":{\\\"subnet_reference\\\":{\\\"kind\\\":\\\"subnet\\\",\\\"name\\\":\\\"\\\",\\\"uuid\\\":\\\"fbf1840a-2fdb-4ca2-972e-ea76efe7cd1e\\\"},\\\"vpc_reference\\\":null}},\\\"num_vcpus_per_socket\\\":1,\\\"memory_size_mib\\\":2048},\\\"categories\\\":\\\"\\\"}}\"}],\"task_list\":[],\"variable_list\":[{\"context\":\"app_profile.Default.variable\",\"description\":\"\",\"name\":\"GATEWAY\",\"type\":\"LOCAL\",\"uuid\":\"22171b33-72f0-6b65-e9ae-939248527b5c\",\"value\":\"{\\\"value\\\":\\\"10.101.137.1\\\"}\"},{\"context\":\"app_profile.Default.variable\",\"description\":\"\",\"name\":\"IP_ADDR\",\"type\":\"LOCAL\",\"uuid\":\"5caaf72e-6af9-35fe-b967-107788a4d573\",\"value\":\"{\\\"value\\\":\\\"10.101.137.241\\\"}\"}]}]",
            "content_base64": null,
            "content_base64sha256": "3DrM7tGO92OemCSXN4P2V2j784WiSIPulNfOXkjsjIk=",
            "content_base64sha512": "tTx9SNs+e0i2OXXXDlaUNBUsjKb1UHq1G1RrUchVc8x4tyO7MHtJFZvH5FlssTu3FtoGHcx+UljxhPSRD48Rfw==",
            "content_md5": "9be02340c102d40a1dc99185dbbebe33",
            "content_sha1": "838b282f6b02a30fdaa00adc1be787a1102a121d",
            "content_sha256": "dc3acceed18ef7639e9824973783f65768fbf385a24883ee94d7ce5e48ec8c89",
            "content_sha512": "b53c7d48db3e7b48b63975d70e569434152c8ca6f5507ab51b546b51c85573cc78b723bb307b49159bc7e4596cb13bb716da061dcc7e5258f184f4910f8f117f",
            "directory_permission": "0777",
            "file_permission": "0777",
            "filename": "runtime_value.json",
            "id": "838b282f6b02a30fdaa00adc1be787a1102a121d",
            "sensitive_content": null,
            "source": null
          },
          "sensitive_attributes": [
            [
              {
                "type": "get_attr",
                "value": "sensitive_content"
              }
            ]
          ],
          "identity_schema_version": 0,
          "dependencies": [
            "data.nutanix_blueprint_runtime_editables.example"
          ]
        }
      ]
    },
    {
      "mode": "managed",
      "type": "nutanix_self_service_app_provision",
      "name": "test",
      "provider": "provider[\"registry.terraform.io/nutanix/nutanix\"]",
      "instances": []
    }
  ],
  "check_results": null
}
